[0m[1mgoogle_storage_bucket.bucket: Refreshing state... [id=gce-race-game][0m
[0m[1mgoogle_compute_region_health_check.backend: Refreshing state... [id=projects/race-game-gce/regions/asia-south2/healthChecks/health-check-backend][0m
[0m[1mgoogle_storage_bucket_object.example_objects["tf-files/721548842530/Service/monitoring-googleapis-com.tf"]: Refreshing state... [id=gce-race-game-tf-files/721548842530/Service/monitoring-googleapis-com.tf][0m
[0m[1mgoogle_storage_bucket_object.example_objects["tf/vars.auto.tfvars"]: Refreshing state... [id=gce-race-game-tf/vars.auto.tfvars][0m
[0m[1mgoogle_storage_bucket_object.example_objects["tf-1/cloudsql.tf"]: Refreshing state... [id=gce-race-game-tf-1/cloudsql.tf][0m
[0m[1mgoogle_storage_bucket_object.example_objects["tf-files/projects/devops-gkem/ComputeTargetHTTPProxy/asia-south2/backend-proxy.tf"]: Refreshing state... [id=gce-race-game-tf-files/projects/devops-gkem/ComputeTargetHTTPProxy/asia-south2/backend-proxy.tf][0m
[0m[1mgoogle_storage_bucket_object.example_objects["tf/backend_instance_lb.tf"]: Refreshing state... [id=gce-race-game-tf/backend_instance_lb.tf][0m
[0m[1mgoogle_storage_bucket_object.example_objects["frontend-v1/public/home.css"]: Refreshing state... [id=gce-race-game-frontend-v1/public/home.css][0m
[0m[1mgoogle_storage_bucket_object.example_objects["config/nginx.conf"]: Refreshing state... [id=gce-race-game-config/nginx.conf][0m
[0m[1mgoogle_storage_bucket_object.example_objects["frontend/views/leaderboard.ejs"]: Refreshing state... [id=gce-race-game-frontend/views/leaderboard.ejs][0m
[0m[1mgoogle_storage_bucket_object.example_objects["frontend/public/login.css"]: Refreshing state... [id=gce-race-game-frontend/public/login.css][0m
[0m[1mgoogle_storage_bucket_object.example_objects["tf/.terraform.tfstate.lock.info"]: Refreshing state... [id=gce-race-game-tf/.terraform.tfstate.lock.info][0m
[0m[1mgoogle_storage_bucket_object.example_objects["tf-files/projects/devops-gkem/ComputeTargetHTTPProxy/global/proxy-frontend.tf"]: Refreshing state... [id=gce-race-game-tf-files/projects/devops-gkem/ComputeTargetHTTPProxy/global/proxy-frontend.tf][0m
[0m[1mgoogle_storage_bucket_object.example_objects["tf-files/projects/devops-gkem/ComputeAddress/global/range-sql.tf"]: Refreshing state... [id=gce-race-game-tf-files/projects/devops-gkem/ComputeAddress/global/range-sql.tf][0m
[0m[1mgoogle_storage_bucket_object.example_objects["frontend-v1/public/car2.jpg"]: Refreshing state... [id=gce-race-game-frontend-v1/public/car2.jpg][0m
[0m[1mgoogle_storage_bucket_object.example_objects["tf-files/721548842530/Service/cloudtrace-googleapis-com.tf"]: Refreshing state... [id=gce-race-game-tf-files/721548842530/Service/cloudtrace-googleapis-com.tf][0m
[0m[1mgoogle_storage_bucket_object.example_objects["tf-files/projects/devops-gkem/ComputeFirewall/allow-us.tf"]: Refreshing state... [id=gce-race-game-tf-files/projects/devops-gkem/ComputeFirewall/allow-us.tf][0m
[0m[1mgoogle_storage_bucket_object.example_objects["app/package-lock.json"]: Refreshing state... [id=gce-race-game-app/package-lock.json][0m
[0m[1mgoogle_storage_bucket_object.example_objects["tf-files/projects/devops-gkem/ComputeRoute/peering-route-700b28f412a0c358.tf"]: Refreshing state... [id=gce-race-game-tf-files/projects/devops-gkem/ComputeRoute/peering-route-700b28f412a0c358.tf][0m
[0m[1mgoogle_storage_bucket_object.example_objects["tf-files/721548842530/721548842530/Project/LoggingLogSink/a-default.tf"]: Refreshing state... [id=gce-race-game-tf-files/721548842530/721548842530/Project/LoggingLogSink/a-default.tf][0m
[0m[1mgoogle_storage_bucket_object.example_objects["tf-files/721548842530/Service/sqladmin-googleapis-com.tf"]: Refreshing state... [id=gce-race-game-tf-files/721548842530/Service/sqladmin-googleapis-com.tf][0m
[0m[1mgoogle_storage_bucket_object.example_objects["frontend-git/views/login.ejs"]: Refreshing state... [id=gce-race-game-frontend-git/views/login.ejs][0m
[0m[1mgoogle_storage_bucket_object.example_objects["tf-files/projects/devops-gkem/ComputeFirewall/default-allow-rdp.tf"]: Refreshing state... [id=gce-race-game-tf-files/projects/devops-gkem/ComputeFirewall/default-allow-rdp.tf][0m
[0m[1mgoogle_storage_bucket_object.example_objects["frontend/public/car.png"]: Refreshing state... [id=gce-race-game-frontend/public/car.png][0m
[0m[1mgoogle_storage_bucket_object.example_objects["tf-files/projects/devops-gkem/IAMServiceAccount/721548842530-compute.tf"]: Refreshing state... [id=gce-race-game-tf-files/projects/devops-gkem/IAMServiceAccount/721548842530-compute.tf][0m
[0m[1mgoogle_storage_bucket_object.example_objects["frontend-git/public/background.jpg"]: Refreshing state... [id=gce-race-game-frontend-git/public/background.jpg][0m
[0m[1mgoogle_storage_bucket_object.example_objects["frontend-git/public/race.css"]: Refreshing state... [id=gce-race-game-frontend-git/public/race.css][0m
[0m[1mgoogle_storage_bucket_object.example_objects["frontend-v1/public/back.jpg"]: Refreshing state... [id=gce-race-game-frontend-v1/public/back.jpg][0m
[0m[1mgoogle_storage_bucket_object.example_objects["tf-1/nat.tf"]: Refreshing state... [id=gce-race-game-tf-1/nat.tf][0m
[0m[1mgoogle_storage_bucket_object.example_objects["tf-files/projects/devops-gkem/ComputeSubnetwork/us-central1/frontend-us.tf"]: Refreshing state... [id=gce-race-game-tf-files/projects/devops-gkem/ComputeSubnetwork/us-central1/frontend-us.tf][0m
[0m[1mgoogle_storage_bucket_object.example_objects["tf-files/projects/devops-gkem/ComputeSubnetwork/asia-south2/subnet-proxy-asia.tf"]: Refreshing state... [id=gce-race-game-tf-files/projects/devops-gkem/ComputeSubnetwork/asia-south2/subnet-proxy-asia.tf][0m
[0m[1mgoogle_storage_bucket_object.example_objects["frontend/public/race.css"]: Refreshing state... [id=gce-race-game-frontend/public/race.css][0m
[0m[1mgoogle_storage_bucket_object.example_objects["tf-files/projects/devops-gkem/ComputeInstanceTemplate/us-central1/template-frontend-us-v2.tf"]: Refreshing state... [id=gce-race-game-tf-files/projects/devops-gkem/ComputeInstanceTemplate/us-central1/template-frontend-us-v2.tf][0m
[0m[1mgoogle_storage_bucket_object.example_objects["frontend/views/race.ejs"]: Refreshing state... [id=gce-race-game-frontend/views/race.ejs][0m
[0m[1mgoogle_storage_bucket_object.example_objects["tf-1/variables.tf"]: Refreshing state... [id=gce-race-game-tf-1/variables.tf][0m
[0m[1mgoogle_storage_bucket_object.example_objects["frontend-git/public/back.jpg"]: Refreshing state... [id=gce-race-game-frontend-git/public/back.jpg][0m
[0m[1mgoogle_storage_bucket_object.example_objects["frontend-git/public/leaderboard.css"]: Refreshing state... [id=gce-race-game-frontend-git/public/leaderboard.css][0m
[0m[1mgoogle_storage_bucket_object.example_objects["tf/database.sql"]: Refreshing state... [id=gce-race-game-tf/database.sql][0m
[0m[1mgoogle_storage_bucket_object.example_objects["tf-files/721548842530/721548842530/Project/LoggingLogSink/a-required.tf"]: Refreshing state... [id=gce-race-game-tf-files/721548842530/721548842530/Project/LoggingLogSink/a-required.tf][0m
[0m[1mgoogle_storage_bucket_object.example_objects["tf-files/projects/devops-gkem/ComputeFirewall/default-allow-icmp.tf"]: Refreshing state... [id=gce-race-game-tf-files/projects/devops-gkem/ComputeFirewall/default-allow-icmp.tf][0m
[0m[1mgoogle_storage_bucket_object.example_objects["tf-1/vars.auto.tfvars"]: Refreshing state... [id=gce-race-game-tf-1/vars.auto.tfvars][0m
[0m[1mgoogle_storage_bucket_object.example_objects["tf-files/721548842530/Service/storage-component-googleapis-com.tf"]: Refreshing state... [id=gce-race-game-tf-files/721548842530/Service/storage-component-googleapis-com.tf][0m
[0m[1mgoogle_storage_bucket_object.example_objects["tf/firewall-rules.tf"]: Refreshing state... [id=gce-race-game-tf/firewall-rules.tf][0m
[0m[1mgoogle_storage_bucket_object.example_objects["tf-files/projects/devops-gkem/SQLInstance/asia-south2/sql-backend.tf"]: Refreshing state... [id=gce-race-game-tf-files/projects/devops-gkem/SQLInstance/asia-south2/sql-backend.tf][0m
[0m[1mgoogle_storage_bucket_object.example_objects["packer-nodejs/main.pkr.hcl"]: Refreshing state... [id=gce-race-game-packer-nodejs/main.pkr.hcl][0m
[0m[1mgoogle_storage_bucket_object.example_objects["app/server.js"]: Refreshing state... [id=gce-race-game-app/server.js][0m
[0m[1mgoogle_storage_bucket_object.example_objects["frontend-v1/views/login.ejs"]: Refreshing state... [id=gce-race-game-frontend-v1/views/login.ejs][0m
[0m[1mgoogle_storage_bucket_object.example_objects["frontend/server.js"]: Refreshing state... [id=gce-race-game-frontend/server.js][0m
[0m[1mgoogle_storage_bucket_object.example_objects["service_account_sql_client.tf"]: Refreshing state... [id=gce-race-game-service_account_sql_client.tf][0m
[0m[1mgoogle_storage_bucket_object.example_objects["frontend/public/js/race.js"]: Refreshing state... [id=gce-race-game-frontend/public/js/race.js][0m
[0m[1mgoogle_storage_bucket_object.example_objects["tf-files/projects/devops-gkem/ComputeFirewall/fw-allow-health-check.tf"]: Refreshing state... [id=gce-race-game-tf-files/projects/devops-gkem/ComputeFirewall/fw-allow-health-check.tf][0m
[0m[1mgoogle_storage_bucket_object.example_objects["tf-1/.terraform.lock.hcl"]: Refreshing state... [id=gce-race-game-tf-1/.terraform.lock.hcl][0m
[0m[1mgoogle_storage_bucket_object.example_objects["tf-files/projects/devops-gkem/ComputeFirewall/allow-ssh.tf"]: Refreshing state... [id=gce-race-game-tf-files/projects/devops-gkem/ComputeFirewall/allow-ssh.tf][0m
[0m[1mgoogle_storage_bucket_object.example_objects["tf-files/721548842530/Service/bigquerystorage-googleapis-com.tf"]: Refreshing state... [id=gce-race-game-tf-files/721548842530/Service/bigquerystorage-googleapis-com.tf][0m
[0m[1mgoogle_storage_bucket_object.example_objects["tf-files/projects/devops-gkem/ComputeBackendService/asia-south2/backend-bs.tf"]: Refreshing state... [id=gce-race-game-tf-files/projects/devops-gkem/ComputeBackendService/asia-south2/backend-bs.tf][0m
[0m[1mgoogle_storage_bucket_object.example_objects["tf/instance_templates.tf"]: Refreshing state... [id=gce-race-game-tf/instance_templates.tf][0m
[0m[1mgoogle_storage_bucket_object.example_objects["frontend-git/package.json"]: Refreshing state... [id=gce-race-game-frontend-git/package.json][0m
[0m[1mgoogle_storage_bucket_object.example_objects["frontend-v1/public/car.png"]: Refreshing state... [id=gce-race-game-frontend-v1/public/car.png][0m
[0m[1mgoogle_storage_bucket_object.example_objects["tf/frontend_instance_lb.tf"]: Refreshing state... [id=gce-race-game-tf/frontend_instance_lb.tf][0m
[0m[1mgoogle_storage_bucket_object.example_objects["tf-files/projects/devops-gkem/ComputeAddress/asia-south2/nat-auto-ip-7211312-7-1699075686554745.tf"]: Refreshing state... [id=gce-race-game-tf-files/projects/devops-gkem/ComputeAddress/asia-south2/nat-auto-ip-7211312-7-1699075686554745.tf][0m
[0m[1mgoogle_storage_bucket_object.example_objects["frontend-git/public/car.png"]: Refreshing state... [id=gce-race-game-frontend-git/public/car.png][0m
[0m[1mgoogle_storage_bucket_object.example_objects["tf-files/projects/devops-gkem/ComputeFirewall/fw-allow-proxies.tf"]: Refreshing state... [id=gce-race-game-tf-files/projects/devops-gkem/ComputeFirewall/fw-allow-proxies.tf][0m
[0m[1mgoogle_storage_bucket_object.example_objects["frontend-v1/public/leaderboard.css"]: Refreshing state... [id=gce-race-game-frontend-v1/public/leaderboard.css][0m
[0m[1mgoogle_storage_bucket_object.example_objects["tf/.terraform.lock.hcl"]: Refreshing state... [id=gce-race-game-tf/.terraform.lock.hcl][0m
[0m[1mgoogle_storage_bucket_object.example_objects["frontend-v1/public/login.css"]: Refreshing state... [id=gce-race-game-frontend-v1/public/login.css][0m
[0m[1mgoogle_storage_bucket_object.example_objects["tf-files/721548842530/Service/servicenetworking-googleapis-com.tf"]: Refreshing state... [id=gce-race-game-tf-files/721548842530/Service/servicenetworking-googleapis-com.tf][0m
[0m[1mgoogle_storage_bucket_object.example_objects["tf-files/projects/devops-gkem/ComputeFirewall/default-allow-internal.tf"]: Refreshing state... [id=gce-race-game-tf-files/projects/devops-gkem/ComputeFirewall/default-allow-internal.tf][0m
[0m[1mgoogle_storage_bucket_object.example_objects["frontend-git/public/home.css"]: Refreshing state... [id=gce-race-game-frontend-git/public/home.css][0m
[0m[1mgoogle_storage_bucket_object.example_objects["tf-files/721548842530/Service/datastore-googleapis-com.tf"]: Refreshing state... [id=gce-race-game-tf-files/721548842530/Service/datastore-googleapis-com.tf][0m
[0m[1mgoogle_storage_bucket_object.example_objects["tf/.terraform/providers/registry.terraform.io/hashicorp/google-beta/5.4.0/linux_amd64/terraform-provider-google-beta_v5.4.0_x5"]: Refreshing state... [id=gce-race-game-tf/.terraform/providers/registry.terraform.io/hashicorp/google-beta/5.4.0/linux_amd64/terraform-provider-google-beta_v5.4.0_x5][0m
[0m[1mgoogle_storage_bucket_object.example_objects["packer-nodejs/image.pkr.hcl"]: Refreshing state... [id=gce-race-game-packer-nodejs/image.pkr.hcl][0m
[0m[1mgoogle_storage_bucket_object.example_objects["frontend-git/package-lock.json"]: Refreshing state... [id=gce-race-game-frontend-git/package-lock.json][0m
[0m[1mgoogle_storage_bucket_object.example_objects["app/package.json"]: Refreshing state... [id=gce-race-game-app/package.json][0m
[0m[1mgoogle_storage_bucket_object.example_objects["tf-files/projects/devops-gkem/ComputeInstanceTemplate/asia-south2/template-backend.tf"]: Refreshing state... [id=gce-race-game-tf-files/projects/devops-gkem/ComputeInstanceTemplate/asia-south2/template-backend.tf][0m
[0m[1mgoogle_storage_bucket_object.example_objects["tf/vpc.tf"]: Refreshing state... [id=gce-race-game-tf/vpc.tf][0m
[0m[1mgoogle_storage_bucket_object.example_objects["tf-files/projects/devops-gkem/ComputeURLMap/asia-south2/url-map-backend.tf"]: Refreshing state... [id=gce-race-game-tf-files/projects/devops-gkem/ComputeURLMap/asia-south2/url-map-backend.tf][0m
[0m[1mgoogle_storage_bucket_object.example_objects["tf-files/projects/devops-gkem/ComputeRouter/asia-south2/router-us.tf"]: Refreshing state... [id=gce-race-game-tf-files/projects/devops-gkem/ComputeRouter/asia-south2/router-us.tf][0m
[0m[1mgoogle_storage_bucket_object.example_objects["frontend-v1/server.js"]: Refreshing state... [id=gce-race-game-frontend-v1/server.js][0m
[0m[1mgoogle_storage_bucket_object.example_objects["frontend-git/views/leaderboard.ejs"]: Refreshing state... [id=gce-race-game-frontend-git/views/leaderboard.ejs][0m
[0m[1mgoogle_storage_bucket_object.example_objects["tf-files/projects/devops-gkem/ComputeFirewall/default-allow-ssh.tf"]: Refreshing state... [id=gce-race-game-tf-files/projects/devops-gkem/ComputeFirewall/default-allow-ssh.tf][0m
[0m[1mgoogle_storage_bucket_object.example_objects["tf-files/projects/devops-gkem/ComputeInstance/asia-south2-a/backend-1zdt.tf"]: Refreshing state... [id=gce-race-game-tf-files/projects/devops-gkem/ComputeInstance/asia-south2-a/backend-1zdt.tf][0m
[0m[1mgoogle_storage_bucket_object.example_objects["tf-files/projects/devops-gkem/ComputeInstanceGroup/asia-south2-a/frontend-asia.tf"]: Refreshing state... [id=gce-race-game-tf-files/projects/devops-gkem/ComputeInstanceGroup/asia-south2-a/frontend-asia.tf][0m
[0m[1mgoogle_storage_bucket_object.example_objects["backend-startup-script.sh"]: Refreshing state... [id=gce-race-game-backend-startup-script.sh][0m
[0m[1mgoogle_storage_bucket_object.example_objects["tf/terraform.tfstate"]: Refreshing state... [id=gce-race-game-tf/terraform.tfstate][0m
[0m[1mgoogle_storage_bucket_object.example_objects["tf-files/projects/devops-gkem/ComputeInstanceTemplate/asia-south2/frontend-asia-v2.tf"]: Refreshing state... [id=gce-race-game-tf-files/projects/devops-gkem/ComputeInstanceTemplate/asia-south2/frontend-asia-v2.tf][0m
[0m[1mgoogle_storage_bucket_object.example_objects["frontend-startup-script.sh"]: Refreshing state... [id=gce-race-game-frontend-startup-script.sh][0m
[0m[1mgoogle_storage_bucket_object.example_objects["frontend-v1/package.json"]: Refreshing state... [id=gce-race-game-frontend-v1/package.json][0m
[0m[1mgoogle_storage_bucket_object.example_objects["tf-files/projects/devops-gkem/ComputeInstanceGroup/asia-south2-a/backend-asia.tf"]: Refreshing state... [id=gce-race-game-tf-files/projects/devops-gkem/ComputeInstanceGroup/asia-south2-a/backend-asia.tf][0m
[0m[1mgoogle_storage_bucket_object.example_objects["tf-files/721548842530/Service/servicemanagement-googleapis-com.tf"]: Refreshing state... [id=gce-race-game-tf-files/721548842530/Service/servicemanagement-googleapis-com.tf][0m
[0m[1mgoogle_storage_bucket_object.example_objects["tf-files/devops-gkem/ComputeDisk/asia-south2-a/backend-1zdt.tf"]: Refreshing state... [id=gce-race-game-tf-files/devops-gkem/ComputeDisk/asia-south2-a/backend-1zdt.tf][0m
[0m[1mgoogle_storage_bucket_object.example_objects["tf-files/devops-gkem/ComputeDisk/asia-south2-a/asia-front-q1sf.tf"]: Refreshing state... [id=gce-race-game-tf-files/devops-gkem/ComputeDisk/asia-south2-a/asia-front-q1sf.tf][0m
[0m[1mgoogle_storage_bucket_object.example_objects["tf-files/721548842530/Service/storage-googleapis-com.tf"]: Refreshing state... [id=gce-race-game-tf-files/721548842530/Service/storage-googleapis-com.tf][0m
[0m[1mgoogle_storage_bucket_object.example_objects["frontend/public/home.css"]: Refreshing state... [id=gce-race-game-frontend/public/home.css][0m
[0m[1mgoogle_storage_bucket_object.example_objects["tf-files/projects/devops-gkem/ComputeRouter/us-central1/router-asia.tf"]: Refreshing state... [id=gce-race-game-tf-files/projects/devops-gkem/ComputeRouter/us-central1/router-asia.tf][0m
[0m[1mgoogle_storage_bucket_object.example_objects["tf-files/721548842530/Service/serviceusage-googleapis-com.tf"]: Refreshing state... [id=gce-race-game-tf-files/721548842530/Service/serviceusage-googleapis-com.tf][0m
[0m[1mgoogle_storage_bucket_object.example_objects["frontend/public/leaderboard.css"]: Refreshing state... [id=gce-race-game-frontend/public/leaderboard.css][0m
[0m[1mgoogle_storage_bucket_object.example_objects["tf-files/721548842530/Service/cloudapis-googleapis-com.tf"]: Refreshing state... [id=gce-race-game-tf-files/721548842530/Service/cloudapis-googleapis-com.tf][0m
[0m[1mgoogle_storage_bucket_object.example_objects["frontend/views/home.ejs"]: Refreshing state... [id=gce-race-game-frontend/views/home.ejs][0m
[0m[1mgoogle_storage_bucket_object.example_objects["frontend-v1/package-lock.json"]: Refreshing state... [id=gce-race-game-frontend-v1/package-lock.json][0m
[0m[1mgoogle_storage_bucket_object.example_objects["tf-files/projects/devops-gkem/ComputeBackendService/global/frontend-bs.tf"]: Refreshing state... [id=gce-race-game-tf-files/projects/devops-gkem/ComputeBackendService/global/frontend-bs.tf][0m
[0m[1mgoogle_storage_bucket_object.example_objects["tf-files/721548842530/Service/sql-component-googleapis-com.tf"]: Refreshing state... [id=gce-race-game-tf-files/721548842530/Service/sql-component-googleapis-com.tf][0m
[0m[1mgoogle_storage_bucket_object.example_objects["frontend/views/login.ejs"]: Refreshing state... [id=gce-race-game-frontend/views/login.ejs][0m
[0m[1mgoogle_storage_bucket_object.example_objects["frontend-git/views/race.ejs"]: Refreshing state... [id=gce-race-game-frontend-git/views/race.ejs][0m
[0m[1mgoogle_storage_bucket_object.example_objects["tf-files/projects/devops-gkem/ComputeInstanceGroup/us-central1-a/frontend-us.tf"]: Refreshing state... [id=gce-race-game-tf-files/projects/devops-gkem/ComputeInstanceGroup/us-central1-a/frontend-us.tf][0m
[0m[1mgoogle_storage_bucket_object.example_objects["tf-files/721548842530/Service/oslogin-googleapis-com.tf"]: Refreshing state... [id=gce-race-game-tf-files/721548842530/Service/oslogin-googleapis-com.tf][0m
[0m[1mgoogle_storage_bucket_object.example_objects["tf-files/projects/devops-gkem/ComputeHealthCheck/asia-south2/health-check-backend.tf"]: Refreshing state... [id=gce-race-game-tf-files/projects/devops-gkem/ComputeHealthCheck/asia-south2/health-check-backend.tf][0m
[0m[1mgoogle_storage_bucket_object.example_objects["tf-files/projects/devops-gkem/ComputeInstance/asia-south2-a/asia-front-q1sf.tf"]: Refreshing state... [id=gce-race-game-tf-files/projects/devops-gkem/ComputeInstance/asia-south2-a/asia-front-q1sf.tf][0m
[0m[1mgoogle_storage_bucket_object.example_objects["tf-1/terraform.tfstate.backup"]: Refreshing state... [id=gce-race-game-tf-1/terraform.tfstate.backup][0m
[0m[1mgoogle_storage_bucket_object.example_objects["tf-files/721548842530/Service/bigquery-googleapis-com.tf"]: Refreshing state... [id=gce-race-game-tf-files/721548842530/Service/bigquery-googleapis-com.tf][0m
[0m[1mgoogle_storage_bucket_object.example_objects["frontend-v1/views/home.ejs"]: Refreshing state... [id=gce-race-game-frontend-v1/views/home.ejs][0m
[0m[1mgoogle_storage_bucket_object.example_objects["tf-files/projects/devops-gkem/ComputeNetwork/network-1.tf"]: Refreshing state... [id=gce-race-game-tf-files/projects/devops-gkem/ComputeNetwork/network-1.tf][0m
[0m[1mgoogle_storage_bucket_object.example_objects["tf/terraform.tfstate.backup"]: Refreshing state... [id=gce-race-game-tf/terraform.tfstate.backup][0m
[0m[1mgoogle_storage_bucket_object.example_objects["frontend/public/background.jpg"]: Refreshing state... [id=gce-race-game-frontend/public/background.jpg][0m
[0m[1mgoogle_storage_bucket_object.example_objects["tf-files/projects/devops-gkem/StorageBucket/US/devops-gkem.tf"]: Refreshing state... [id=gce-race-game-tf-files/projects/devops-gkem/StorageBucket/US/devops-gkem.tf][0m
[0m[1mgoogle_storage_bucket_object.example_objects["tf/variables.tf"]: Refreshing state... [id=gce-race-game-tf/variables.tf][0m
[0m[1mgoogle_storage_bucket_object.example_objects["tf-files/projects/devops-gkem/ComputeAddress/us-central1/nat-auto-ip-7211312-11-1699090939319034.tf"]: Refreshing state... [id=gce-race-game-tf-files/projects/devops-gkem/ComputeAddress/us-central1/nat-auto-ip-7211312-11-1699090939319034.tf][0m
[0m[1mgoogle_storage_bucket_object.example_objects["frontend-v1/public/js/race.js"]: Refreshing state... [id=gce-race-game-frontend-v1/public/js/race.js][0m
[0m[1mgoogle_storage_bucket_object.example_objects["tf-files/projects/devops-gkem/StorageBucket/US/devops-gcp-gce.tf"]: Refreshing state... [id=gce-race-game-tf-files/projects/devops-gkem/StorageBucket/US/devops-gcp-gce.tf][0m
[0m[1mgoogle_storage_bucket_object.example_objects["startup-script.sh"]: Refreshing state... [id=gce-race-game-startup-script.sh][0m
[0m[1mgoogle_storage_bucket_object.example_objects["frontend/public/car2.jpg"]: Refreshing state... [id=gce-race-game-frontend/public/car2.jpg][0m
[0m[1mgoogle_storage_bucket_object.example_objects["frontend/package.json"]: Refreshing state... [id=gce-race-game-frontend/package.json][0m
[0m[1mgoogle_storage_bucket_object.example_objects["frontend/package-lock.json"]: Refreshing state... [id=gce-race-game-frontend/package-lock.json][0m
[0m[1mgoogle_storage_bucket_object.example_objects["tf-1/.terraform/providers/registry.terraform.io/hashicorp/google/5.4.0/linux_amd64/terraform-provider-google_v5.4.0_x5"]: Refreshing state... [id=gce-race-game-tf-1/.terraform/providers/registry.terraform.io/hashicorp/google/5.4.0/linux_amd64/terraform-provider-google_v5.4.0_x5][0m
[0m[1mgoogle_storage_bucket_object.example_objects["race.ejs"]: Refreshing state... [id=gce-race-game-race.ejs][0m
[0m[1mgoogle_storage_bucket_object.example_objects["tf-files/721548842530/Service/cloudasset-googleapis-com.tf"]: Refreshing state... [id=gce-race-game-tf-files/721548842530/Service/cloudasset-googleapis-com.tf][0m
[0m[1mgoogle_storage_bucket_object.example_objects["frontend-git/public/car2.jpg"]: Refreshing state... [id=gce-race-game-frontend-git/public/car2.jpg][0m
[0m[1mgoogle_storage_bucket_object.example_objects["tf/cloudsql.tf"]: Refreshing state... [id=gce-race-game-tf/cloudsql.tf][0m
[0m[1mgoogle_storage_bucket_object.example_objects["frontend-git/public/login.css"]: Refreshing state... [id=gce-race-game-frontend-git/public/login.css][0m
[0m[1mgoogle_storage_bucket_object.example_objects["frontend-git/server.js"]: Refreshing state... [id=gce-race-game-frontend-git/server.js][0m
[0m[1mgoogle_storage_bucket_object.example_objects["tf-files/721548842530/Service/storage-api-googleapis-com.tf"]: Refreshing state... [id=gce-race-game-tf-files/721548842530/Service/storage-api-googleapis-com.tf][0m
[0m[1mgoogle_storage_bucket_object.example_objects["tf-files/projects/devops-gkem/ComputeInstance/us-central1-a/us-front-4t1j.tf"]: Refreshing state... [id=gce-race-game-tf-files/projects/devops-gkem/ComputeInstance/us-central1-a/us-front-4t1j.tf][0m
[0m[1mgoogle_storage_bucket_object.example_objects["frontend-v1/public/race.css"]: Refreshing state... [id=gce-race-game-frontend-v1/public/race.css][0m
[0m[1mgoogle_storage_bucket_object.example_objects["frontend/public/back.jpg"]: Refreshing state... [id=gce-race-game-frontend/public/back.jpg][0m
[0m[1mgoogle_storage_bucket_object.example_objects["frontend-v1/public/background.jpg"]: Refreshing state... [id=gce-race-game-frontend-v1/public/background.jpg][0m
[0m[1mgoogle_storage_bucket_object.example_objects["tf-1/terraform.tfstate"]: Refreshing state... [id=gce-race-game-tf-1/terraform.tfstate][0m
[0m[1mgoogle_storage_bucket_object.example_objects["frontend-v1/views/leaderboard.ejs"]: Refreshing state... [id=gce-race-game-frontend-v1/views/leaderboard.ejs][0m
[0m[1mgoogle_storage_bucket_object.example_objects["tf-1/provider.tf"]: Refreshing state... [id=gce-race-game-tf-1/provider.tf][0m
[0m[1mgoogle_storage_bucket_object.example_objects["tf-files/721548842530/Service/logging-googleapis-com.tf"]: Refreshing state... [id=gce-race-game-tf-files/721548842530/Service/logging-googleapis-com.tf][0m
[0m[1mgoogle_storage_bucket_object.example_objects["tf-files/projects/devops-gkem/ComputeURLMap/global/url-map-frontend.tf"]: Refreshing state... [id=gce-race-game-tf-files/projects/devops-gkem/ComputeURLMap/global/url-map-frontend.tf][0m
[0m[1mgoogle_storage_bucket_object.example_objects["tf-files/projects/devops-gkem/ComputeSubnetwork/asia-south2/proxy-backend-asia.tf"]: Refreshing state... [id=gce-race-game-tf-files/projects/devops-gkem/ComputeSubnetwork/asia-south2/proxy-backend-asia.tf][0m
[0m[1mgoogle_storage_bucket_object.example_objects["tf/nat.tf"]: Refreshing state... [id=gce-race-game-tf/nat.tf][0m
[0m[1mgoogle_storage_bucket_object.example_objects["tf-files/projects/devops-gkem/ComputeSubnetwork/asia-south2/backend-asia.tf"]: Refreshing state... [id=gce-race-game-tf-files/projects/devops-gkem/ComputeSubnetwork/asia-south2/backend-asia.tf][0m
[0m[1mgoogle_storage_bucket_object.example_objects["tf-1/vpc.tf"]: Refreshing state... [id=gce-race-game-tf-1/vpc.tf][0m
[0m[1mgoogle_storage_bucket_object.example_objects["frontend-v1/views/race.ejs"]: Refreshing state... [id=gce-race-game-frontend-v1/views/race.ejs][0m
[0m[1mgoogle_storage_bucket_object.example_objects["tf/storage_bucket.tf"]: Refreshing state... [id=gce-race-game-tf/storage_bucket.tf][0m
[0m[1mgoogle_storage_bucket_object.example_objects["tf-files/721548842530/Service/compute-googleapis-com.tf"]: Refreshing state... [id=gce-race-game-tf-files/721548842530/Service/compute-googleapis-com.tf][0m
[0m[1mgoogle_storage_bucket_object.example_objects["frontend-git/public/js/race.js"]: Refreshing state... [id=gce-race-game-frontend-git/public/js/race.js][0m
[0m[1mgoogle_storage_bucket_object.example_objects["tf-files/projects/devops-gkem/ComputeFirewall/allow-ssh-network-1.tf"]: Refreshing state... [id=gce-race-game-tf-files/projects/devops-gkem/ComputeFirewall/allow-ssh-network-1.tf][0m
[0m[1mgoogle_storage_bucket_object.example_objects["tf/provider.tf"]: Refreshing state... [id=gce-race-game-tf/provider.tf][0m
[0m[1mgoogle_storage_bucket_object.example_objects["tf-files/projects/devops-gkem/ComputeInstanceTemplate/asia-south2/backend.tf"]: Refreshing state... [id=gce-race-game-tf-files/projects/devops-gkem/ComputeInstanceTemplate/asia-south2/backend.tf][0m
[0m[1mgoogle_storage_bucket_object.example_objects["tf-files/projects/devops-gkem/ComputeInstanceTemplate/asia-south2/template-frontend-asia.tf"]: Refreshing state... [id=gce-race-game-tf-files/projects/devops-gkem/ComputeInstanceTemplate/asia-south2/template-frontend-asia.tf][0m
[0m[1mgoogle_storage_bucket_object.example_objects["tf/cloud-sql-proxy"]: Refreshing state... [id=gce-race-game-tf/cloud-sql-proxy][0m
[0m[1mgoogle_storage_bucket_object.example_objects["tf-files/projects/devops-gkem/ComputeForwardingRule/global/frontend-fw.tf"]: Refreshing state... [id=gce-race-game-tf-files/projects/devops-gkem/ComputeForwardingRule/global/frontend-fw.tf][0m
[0m[1mgoogle_storage_bucket_object.example_objects["tf-files/projects/devops-gkem/ComputeHealthCheck/global/frontend-health-check-1.tf"]: Refreshing state... [id=gce-race-game-tf-files/projects/devops-gkem/ComputeHealthCheck/global/frontend-health-check-1.tf][0m
[0m[1mgoogle_storage_bucket_object.example_objects["tf-files/projects/devops-gkem/ComputeInstanceTemplate/us-central1/template-frontend-us.tf"]: Refreshing state... [id=gce-race-game-tf-files/projects/devops-gkem/ComputeInstanceTemplate/us-central1/template-frontend-us.tf][0m
[0m[1mgoogle_storage_bucket_object.example_objects["tf-files/projects/devops-gkem/ComputeHealthCheck/global/frontend-health-check.tf"]: Refreshing state... [id=gce-race-game-tf-files/projects/devops-gkem/ComputeHealthCheck/global/frontend-health-check.tf][0m
[0m[1mgoogle_storage_bucket_object.example_objects["tf/.terraform/providers/registry.terraform.io/hashicorp/google/5.4.0/linux_amd64/terraform-provider-google_v5.4.0_x5"]: Refreshing state... [id=gce-race-game-tf/.terraform/providers/registry.terraform.io/hashicorp/google/5.4.0/linux_amd64/terraform-provider-google_v5.4.0_x5][0m
[0m[1mgoogle_storage_bucket_object.example_objects["tf-files/devops-gkem/ComputeDisk/us-central1-a/us-front-4t1j.tf"]: Refreshing state... [id=gce-race-game-tf-files/devops-gkem/ComputeDisk/us-central1-a/us-front-4t1j.tf][0m
[0m[1mgoogle_storage_bucket_object.example_objects["tf-files/projects/devops-gkem/ComputeForwardingRule/asia-south2/backend-forwarding-rule.tf"]: Refreshing state... [id=gce-race-game-tf-files/projects/devops-gkem/ComputeForwardingRule/asia-south2/backend-forwarding-rule.tf][0m
[0m[1mgoogle_storage_bucket_object.example_objects["tf-files/projects/devops-gkem/ComputeAddress/global/frontend-lb.tf"]: Refreshing state... [id=gce-race-game-tf-files/projects/devops-gkem/ComputeAddress/global/frontend-lb.tf][0m
[0m[1mgoogle_storage_bucket_object.example_objects["tf-files/projects/devops-gkem/ComputeSubnetwork/asia-south2/frontend.tf"]: Refreshing state... [id=gce-race-game-tf-files/projects/devops-gkem/ComputeSubnetwork/asia-south2/frontend.tf][0m
[0m[1mgoogle_storage_bucket_object.example_objects["tf-files/projects/devops-gkem/ComputeInstanceTemplate/asia-south2/template-backend-1.tf"]: Refreshing state... [id=gce-race-game-tf-files/projects/devops-gkem/ComputeInstanceTemplate/asia-south2/template-backend-1.tf][0m
[0m[1mgoogle_storage_bucket_object.example_objects["frontend-git/views/home.ejs"]: Refreshing state... [id=gce-race-game-frontend-git/views/home.ejs][0m
[0m[1mgoogle_storage_bucket_object.example_objects["tf-files/721548842530/Service/bigquerymigration-googleapis-com.tf"]: Refreshing state... [id=gce-race-game-tf-files/721548842530/Service/bigquerymigration-googleapis-com.tf][0m
[0m[1mgoogle_storage_bucket_object.example_objects["tf/.terraform/providers/registry.terraform.io/hashicorp/null/3.2.1/linux_amd64/terraform-provider-null_v3.2.1_x5"]: Refreshing state... [id=gce-race-game-tf/.terraform/providers/registry.terraform.io/hashicorp/null/3.2.1/linux_amd64/terraform-provider-null_v3.2.1_x5][0m

Terraform used the selected providers to generate the following execution
plan. Resource actions are indicated with the following symbols:
  [32m+[0m create[0m
  [31m-[0m destroy[0m
[31m-[0m/[32m+[0m destroy and then create replacement[0m

Terraform will perform the following actions:

[1m  # google_compute_address.backend_ip[0m will be created
[0m  [32m+[0m[0m resource "google_compute_address" "backend_ip" {
      [32m+[0m[0m address            = "10.0.42.42"
      [32m+[0m[0m address_type       = "INTERNAL"
      [32m+[0m[0m creation_timestamp = (known after apply)
      [32m+[0m[0m effective_labels   = (known after apply)
      [32m+[0m[0m id                 = (known after apply)
      [32m+[0m[0m label_fingerprint  = (known after apply)
      [32m+[0m[0m name               = "my-internal-address"
      [32m+[0m[0m network            = (known after apply)
      [32m+[0m[0m network_tier       = (known after apply)
      [32m+[0m[0m prefix_length      = (known after apply)
      [32m+[0m[0m project            = "race-game-gce"
      [32m+[0m[0m purpose            = (known after apply)
      [32m+[0m[0m region             = "us-central1"
      [32m+[0m[0m self_link          = (known after apply)
      [32m+[0m[0m subnetwork         = (known after apply)
      [32m+[0m[0m terraform_labels   = (known after apply)
      [32m+[0m[0m users              = (known after apply)
    }

[1m  # google_compute_backend_service.frontend_service[0m will be created
[0m  [32m+[0m[0m resource "google_compute_backend_service" "frontend_service" {
      [32m+[0m[0m connection_draining_timeout_sec = 300
      [32m+[0m[0m creation_timestamp              = (known after apply)
      [32m+[0m[0m fingerprint                     = (known after apply)
      [32m+[0m[0m generated_id                    = (known after apply)
      [32m+[0m[0m health_checks                   = (known after apply)
      [32m+[0m[0m id                              = (known after apply)
      [32m+[0m[0m load_balancing_scheme           = "EXTERNAL"
      [32m+[0m[0m name                            = "frontend-bs"
      [32m+[0m[0m port_name                       = "http"
      [32m+[0m[0m project                         = "race-game-gce"
      [32m+[0m[0m protocol                        = "HTTP"
      [32m+[0m[0m self_link                       = (known after apply)
      [32m+[0m[0m session_affinity                = (known after apply)
      [32m+[0m[0m timeout_sec                     = 10

      [32m+[0m[0m backend {
          [32m+[0m[0m balancing_mode               = "UTILIZATION"
          [32m+[0m[0m capacity_scaler              = 1
          [32m+[0m[0m group                        = (known after apply)
          [32m+[0m[0m max_connections              = (known after apply)
          [32m+[0m[0m max_connections_per_endpoint = (known after apply)
          [32m+[0m[0m max_connections_per_instance = (known after apply)
          [32m+[0m[0m max_rate                     = (known after apply)
          [32m+[0m[0m max_rate_per_endpoint        = (known after apply)
          [32m+[0m[0m max_rate_per_instance        = (known after apply)
          [32m+[0m[0m max_utilization              = (known after apply)
        }
      [32m+[0m[0m backend {
          [32m+[0m[0m balancing_mode               = "UTILIZATION"
          [32m+[0m[0m capacity_scaler              = 1
          [32m+[0m[0m group                        = (known after apply)
          [32m+[0m[0m max_connections              = (known after apply)
          [32m+[0m[0m max_connections_per_endpoint = (known after apply)
          [32m+[0m[0m max_connections_per_instance = (known after apply)
          [32m+[0m[0m max_rate                     = (known after apply)
          [32m+[0m[0m max_rate_per_endpoint        = (known after apply)
          [32m+[0m[0m max_rate_per_instance        = (known after apply)
          [32m+[0m[0m max_utilization              = (known after apply)
        }
    }

[1m  # google_compute_firewall.allow_ssh[0m will be created
[0m  [32m+[0m[0m resource "google_compute_firewall" "allow_ssh" {
      [32m+[0m[0m creation_timestamp = (known after apply)
      [32m+[0m[0m destination_ranges = (known after apply)
      [32m+[0m[0m direction          = (known after apply)
      [32m+[0m[0m enable_logging     = (known after apply)
      [32m+[0m[0m id                 = (known after apply)
      [32m+[0m[0m name               = "allow-ssh"
      [32m+[0m[0m network            = (known after apply)
      [32m+[0m[0m priority           = 1000
      [32m+[0m[0m project            = "race-game-gce"
      [32m+[0m[0m self_link          = (known after apply)
      [32m+[0m[0m source_ranges      = [
          [32m+[0m[0m "0.0.0.0/0",
        ]
      [32m+[0m[0m target_tags        = [
          [32m+[0m[0m "lb-vm",
        ]

      [32m+[0m[0m allow {
          [32m+[0m[0m ports    = [
              [32m+[0m[0m "22",
            ]
          [32m+[0m[0m protocol = "tcp"
        }
    }

[1m  # google_compute_firewall.fw_allow_health_check[0m will be created
[0m  [32m+[0m[0m resource "google_compute_firewall" "fw_allow_health_check" {
      [32m+[0m[0m creation_timestamp = (known after apply)
      [32m+[0m[0m destination_ranges = (known after apply)
      [32m+[0m[0m direction          = (known after apply)
      [32m+[0m[0m enable_logging     = (known after apply)
      [32m+[0m[0m id                 = (known after apply)
      [32m+[0m[0m name               = "fw-allow-health-check"
      [32m+[0m[0m network            = (known after apply)
      [32m+[0m[0m priority           = 1000
      [32m+[0m[0m project            = "race-game-gce"
      [32m+[0m[0m self_link          = (known after apply)
      [32m+[0m[0m source_ranges      = [
          [32m+[0m[0m "130.211.0.0/22",
          [32m+[0m[0m "35.191.0.0/16",
        ]
      [32m+[0m[0m target_tags        = [
          [32m+[0m[0m "lb-vm",
        ]

      [32m+[0m[0m allow {
          [32m+[0m[0m ports    = []
          [32m+[0m[0m protocol = "tcp"
        }
    }

[1m  # google_compute_firewall.fw_allow_proxies[0m will be created
[0m  [32m+[0m[0m resource "google_compute_firewall" "fw_allow_proxies" {
      [32m+[0m[0m creation_timestamp = (known after apply)
      [32m+[0m[0m destination_ranges = (known after apply)
      [32m+[0m[0m direction          = (known after apply)
      [32m+[0m[0m enable_logging     = (known after apply)
      [32m+[0m[0m id                 = (known after apply)
      [32m+[0m[0m name               = "fw-allow-proxies"
      [32m+[0m[0m network            = (known after apply)
      [32m+[0m[0m priority           = 1000
      [32m+[0m[0m project            = "race-game-gce"
      [32m+[0m[0m self_link          = (known after apply)
      [32m+[0m[0m source_ranges      = [
          [32m+[0m[0m "192.168.3.0/24",
        ]
      [32m+[0m[0m target_tags        = [
          [32m+[0m[0m "lb-vm",
        ]

      [32m+[0m[0m allow {
          [32m+[0m[0m ports    = [
              [32m+[0m[0m "80",
              [32m+[0m[0m "8080",
            ]
          [32m+[0m[0m protocol = "tcp"
        }
    }

[1m  # google_compute_forwarding_rule.google_compute_forwarding_rule[0m will be created
[0m  [32m+[0m[0m resource "google_compute_forwarding_rule" "google_compute_forwarding_rule" {
      [32m+[0m[0m allow_global_access   = true
      [32m+[0m[0m base_forwarding_rule  = (known after apply)
      [32m+[0m[0m creation_timestamp    = (known after apply)
      [32m+[0m[0m effective_labels      = (known after apply)
      [32m+[0m[0m id                    = (known after apply)
      [32m+[0m[0m ip_address            = "10.0.42.42"
      [32m+[0m[0m ip_protocol           = "TCP"
      [32m+[0m[0m ip_version            = (known after apply)
      [32m+[0m[0m label_fingerprint     = (known after apply)
      [32m+[0m[0m load_balancing_scheme = "INTERNAL_MANAGED"
      [32m+[0m[0m name                  = "backend-fw"
      [32m+[0m[0m network               = (known after apply)
      [32m+[0m[0m network_tier          = "PREMIUM"
      [32m+[0m[0m port_range            = "80"
      [32m+[0m[0m project               = "race-game-gce"
      [32m+[0m[0m psc_connection_id     = (known after apply)
      [32m+[0m[0m psc_connection_status = (known after apply)
      [32m+[0m[0m recreate_closed_psc   = false
      [32m+[0m[0m region                = "asia-south2"
      [32m+[0m[0m self_link             = (known after apply)
      [32m+[0m[0m service_name          = (known after apply)
      [32m+[0m[0m subnetwork            = (known after apply)
      [32m+[0m[0m target                = (known after apply)
      [32m+[0m[0m terraform_labels      = (known after apply)
    }

[1m  # google_compute_global_address.reserved_ip_range[0m will be created
[0m  [32m+[0m[0m resource "google_compute_global_address" "reserved_ip_range" {
      [32m+[0m[0m address            = (known after apply)
      [32m+[0m[0m address_type       = "INTERNAL"
      [32m+[0m[0m creation_timestamp = (known after apply)
      [32m+[0m[0m id                 = (known after apply)
      [32m+[0m[0m name               = "sql-range"
      [32m+[0m[0m network            = (known after apply)
      [32m+[0m[0m prefix_length      = 16
      [32m+[0m[0m project            = "race-game-gce"
      [32m+[0m[0m purpose            = "VPC_PEERING"
      [32m+[0m[0m self_link          = (known after apply)
    }

[1m  # google_compute_global_forwarding_rule.frontend[0m will be created
[0m  [32m+[0m[0m resource "google_compute_global_forwarding_rule" "frontend" {
      [32m+[0m[0m base_forwarding_rule  = (known after apply)
      [32m+[0m[0m effective_labels      = (known after apply)
      [32m+[0m[0m id                    = (known after apply)
      [32m+[0m[0m ip_address            = (known after apply)
      [32m+[0m[0m ip_protocol           = (known after apply)
      [32m+[0m[0m label_fingerprint     = (known after apply)
      [32m+[0m[0m load_balancing_scheme = "EXTERNAL"
      [32m+[0m[0m name                  = "frontend-fw"
      [32m+[0m[0m network               = (known after apply)
      [32m+[0m[0m port_range            = "80"
      [32m+[0m[0m project               = "race-game-gce"
      [32m+[0m[0m psc_connection_id     = (known after apply)
      [32m+[0m[0m psc_connection_status = (known after apply)
      [32m+[0m[0m self_link             = (known after apply)
      [32m+[0m[0m subnetwork            = (known after apply)
      [32m+[0m[0m target                = (known after apply)
      [32m+[0m[0m terraform_labels      = (known after apply)
    }

[1m  # google_compute_http_health_check.frontend_health_check[0m will be created
[0m  [32m+[0m[0m resource "google_compute_http_health_check" "frontend_health_check" {
      [32m+[0m[0m check_interval_sec  = 1
      [32m+[0m[0m creation_timestamp  = (known after apply)
      [32m+[0m[0m healthy_threshold   = 2
      [32m+[0m[0m id                  = (known after apply)
      [32m+[0m[0m name                = "check-backend"
      [32m+[0m[0m port                = 80
      [32m+[0m[0m project             = "race-game-gce"
      [32m+[0m[0m request_path        = "/"
      [32m+[0m[0m self_link           = (known after apply)
      [32m+[0m[0m timeout_sec         = 1
      [32m+[0m[0m unhealthy_threshold = 2
    }

[1m  # google_compute_instance_group_manager.backend_asia[0m will be created
[0m  [32m+[0m[0m resource "google_compute_instance_group_manager" "backend_asia" {
      [32m+[0m[0m base_instance_name             = "backend"
      [32m+[0m[0m fingerprint                    = (known after apply)
      [32m+[0m[0m id                             = (known after apply)
      [32m+[0m[0m instance_group                 = (known after apply)
      [32m+[0m[0m list_managed_instances_results = "PAGELESS"
      [32m+[0m[0m name                           = "backend-asia"
      [32m+[0m[0m operation                      = (known after apply)
      [32m+[0m[0m project                        = "race-game-gce"
      [32m+[0m[0m self_link                      = (known after apply)
      [32m+[0m[0m status                         = (known after apply)
      [32m+[0m[0m target_size                    = 1
      [32m+[0m[0m wait_for_instances             = false
      [32m+[0m[0m wait_for_instances_status      = "STABLE"
      [32m+[0m[0m zone                           = "asia-south2-a"

      [32m+[0m[0m named_port {
          [32m+[0m[0m name = "http"
          [32m+[0m[0m port = 80
        }

      [32m+[0m[0m version {
          [32m+[0m[0m instance_template = (known after apply)
          [32m+[0m[0m name              = "primary"
        }
    }

[1m  # google_compute_instance_group_manager.frontend_asia[0m will be created
[0m  [32m+[0m[0m resource "google_compute_instance_group_manager" "frontend_asia" {
      [32m+[0m[0m base_instance_name             = "asia-front"
      [32m+[0m[0m fingerprint                    = (known after apply)
      [32m+[0m[0m id                             = (known after apply)
      [32m+[0m[0m instance_group                 = (known after apply)
      [32m+[0m[0m list_managed_instances_results = "PAGELESS"
      [32m+[0m[0m name                           = "frontend-asia"
      [32m+[0m[0m operation                      = (known after apply)
      [32m+[0m[0m project                        = "race-game-gce"
      [32m+[0m[0m self_link                      = (known after apply)
      [32m+[0m[0m status                         = (known after apply)
      [32m+[0m[0m target_size                    = 2
      [32m+[0m[0m wait_for_instances             = false
      [32m+[0m[0m wait_for_instances_status      = "STABLE"
      [32m+[0m[0m zone                           = "asia-south2-a"

      [32m+[0m[0m named_port {
          [32m+[0m[0m name = "http"
          [32m+[0m[0m port = 80
        }

      [32m+[0m[0m version {
          [32m+[0m[0m instance_template = (known after apply)
        }
    }

[1m  # google_compute_instance_group_manager.frontend_us[0m will be created
[0m  [32m+[0m[0m resource "google_compute_instance_group_manager" "frontend_us" {
      [32m+[0m[0m base_instance_name             = "us-front"
      [32m+[0m[0m fingerprint                    = (known after apply)
      [32m+[0m[0m id                             = (known after apply)
      [32m+[0m[0m instance_group                 = (known after apply)
      [32m+[0m[0m list_managed_instances_results = "PAGELESS"
      [32m+[0m[0m name                           = "frontend-us"
      [32m+[0m[0m operation                      = (known after apply)
      [32m+[0m[0m project                        = "race-game-gce"
      [32m+[0m[0m self_link                      = (known after apply)
      [32m+[0m[0m status                         = (known after apply)
      [32m+[0m[0m target_size                    = 2
      [32m+[0m[0m wait_for_instances             = false
      [32m+[0m[0m wait_for_instances_status      = "STABLE"
      [32m+[0m[0m zone                           = "us-central1-a"

      [32m+[0m[0m named_port {
          [32m+[0m[0m name = "http"
          [32m+[0m[0m port = 80
        }

      [32m+[0m[0m version {
          [32m+[0m[0m instance_template = (known after apply)
        }
    }

[1m  # google_compute_instance_template.backend_template_asia[0m will be created
[0m  [32m+[0m[0m resource "google_compute_instance_template" "backend_template_asia" {
      [32m+[0m[0m can_ip_forward       = false
      [32m+[0m[0m effective_labels     = (known after apply)
      [32m+[0m[0m id                   = (known after apply)
      [32m+[0m[0m machine_type         = "n1-standard-1"
      [32m+[0m[0m metadata             = (known after apply)
      [32m+[0m[0m metadata_fingerprint = (known after apply)
      [32m+[0m[0m name                 = "template-backend"
      [32m+[0m[0m name_prefix          = (known after apply)
      [32m+[0m[0m project              = "race-game-gce"
      [32m+[0m[0m region               = "asia-south2"
      [32m+[0m[0m self_link            = (known after apply)
      [32m+[0m[0m self_link_unique     = (known after apply)
      [32m+[0m[0m tags                 = [
          [32m+[0m[0m "lb-vm",
        ]
      [32m+[0m[0m tags_fingerprint     = (known after apply)
      [32m+[0m[0m terraform_labels     = (known after apply)

      [32m+[0m[0m disk {
          [32m+[0m[0m auto_delete      = true
          [32m+[0m[0m boot             = true
          [32m+[0m[0m device_name      = (known after apply)
          [32m+[0m[0m disk_size_gb     = (known after apply)
          [32m+[0m[0m disk_type        = (known after apply)
          [32m+[0m[0m interface        = (known after apply)
          [32m+[0m[0m mode             = (known after apply)
          [32m+[0m[0m provisioned_iops = (known after apply)
          [32m+[0m[0m source_image     = "projects/debian-cloud/global/images/debian-10-buster-v20221010"
          [32m+[0m[0m type             = (known after apply)
        }

      [32m+[0m[0m network_interface {
          [32m+[0m[0m internal_ipv6_prefix_length = (known after apply)
          [32m+[0m[0m ipv6_access_type            = (known after apply)
          [32m+[0m[0m ipv6_address                = (known after apply)
          [32m+[0m[0m name                        = (known after apply)
          [32m+[0m[0m network                     = (known after apply)
          [32m+[0m[0m stack_type                  = (known after apply)
          [32m+[0m[0m subnetwork                  = (known after apply)
          [32m+[0m[0m subnetwork_project          = (known after apply)
        }

      [32m+[0m[0m scheduling {
          [32m+[0m[0m automatic_restart   = true
          [32m+[0m[0m on_host_maintenance = "MIGRATE"
          [32m+[0m[0m preemptible         = false
          [32m+[0m[0m provisioning_model  = (known after apply)
        }
    }

[1m  # google_compute_instance_template.frontend_template_asia[0m will be created
[0m  [32m+[0m[0m resource "google_compute_instance_template" "frontend_template_asia" {
      [32m+[0m[0m can_ip_forward       = false
      [32m+[0m[0m effective_labels     = (known after apply)
      [32m+[0m[0m id                   = (known after apply)
      [32m+[0m[0m machine_type         = "n1-standard-1"
      [32m+[0m[0m metadata             = {
          [32m+[0m[0m "backend"        = "10.0.42.42"
          [32m+[0m[0m "startup-script" = <<-EOT
                #! /bin/bash
                # updating the apt-get package 
                
                apt update
                # installing nodejs
                apt install nginx -y
                apt install nodejs -y
                # installing npm
                apt install npm -y 
                
                
                mkdir /app
                cd /app
                # copying the app files from cloud storage to gce instance
                gsutil cp -r gs://gce-race-game/frontend/* .
                export BACKEND=$(curl http://metadata.google.internal/computeMetadata/v1/instance/attributes/backend -H "Metadata-Flavor: Google")
                sed -i "s/BACKEND_IP_ADDRESS/${BACKEND}/g" server.js
                # installing process manager module to automate the deployment process
                npm i -g pm2
                npm i 
                pm2 start server.js --name frontend
                # copying the nginx.conf file from cloud storage to required location
                # this enables nginx to act as a reverse proxy on port 80 and serve nodejs  website as a response
                gsutil cp gs://gce-race-game/config/nginx.conf /etc/nginx/nginx.conf
                # restarting the nginx service to reflect the changes
                service nginx restart
            EOT
        }
      [32m+[0m[0m metadata_fingerprint = (known after apply)
      [32m+[0m[0m name                 = "template-frontend-asia"
      [32m+[0m[0m name_prefix          = (known after apply)
      [32m+[0m[0m project              = "race-game-gce"
      [32m+[0m[0m region               = "asia-south2"
      [32m+[0m[0m self_link            = (known after apply)
      [32m+[0m[0m self_link_unique     = (known after apply)
      [32m+[0m[0m tags                 = [
          [32m+[0m[0m "lb-vm",
        ]
      [32m+[0m[0m tags_fingerprint     = (known after apply)
      [32m+[0m[0m terraform_labels     = (known after apply)

      [32m+[0m[0m disk {
          [32m+[0m[0m auto_delete      = true
          [32m+[0m[0m boot             = true
          [32m+[0m[0m device_name      = (known after apply)
          [32m+[0m[0m disk_size_gb     = (known after apply)
          [32m+[0m[0m disk_type        = (known after apply)
          [32m+[0m[0m interface        = (known after apply)
          [32m+[0m[0m mode             = (known after apply)
          [32m+[0m[0m provisioned_iops = (known after apply)
          [32m+[0m[0m source_image     = "projects/debian-cloud/global/images/debian-10-buster-v20221010"
          [32m+[0m[0m type             = (known after apply)
        }

      [32m+[0m[0m network_interface {
          [32m+[0m[0m internal_ipv6_prefix_length = (known after apply)
          [32m+[0m[0m ipv6_access_type            = (known after apply)
          [32m+[0m[0m ipv6_address                = (known after apply)
          [32m+[0m[0m name                        = (known after apply)
          [32m+[0m[0m network                     = (known after apply)
          [32m+[0m[0m stack_type                  = (known after apply)
          [32m+[0m[0m subnetwork                  = (known after apply)
          [32m+[0m[0m subnetwork_project          = (known after apply)
        }

      [32m+[0m[0m scheduling {
          [32m+[0m[0m automatic_restart   = true
          [32m+[0m[0m on_host_maintenance = "MIGRATE"
          [32m+[0m[0m preemptible         = false
          [32m+[0m[0m provisioning_model  = (known after apply)
        }
    }

[1m  # google_compute_instance_template.frontend_template_us[0m will be created
[0m  [32m+[0m[0m resource "google_compute_instance_template" "frontend_template_us" {
      [32m+[0m[0m can_ip_forward       = false
      [32m+[0m[0m effective_labels     = (known after apply)
      [32m+[0m[0m id                   = (known after apply)
      [32m+[0m[0m machine_type         = "n1-standard-1"
      [32m+[0m[0m metadata             = {
          [32m+[0m[0m "backend"        = "10.0.42.42"
          [32m+[0m[0m "startup-script" = <<-EOT
                #! /bin/bash
                # updating the apt-get package 
                
                apt update
                # installing nodejs
                apt install nginx -y
                apt install nodejs -y
                # installing npm
                apt install npm -y 
                
                
                mkdir /app
                cd /app
                # copying the app files from cloud storage to gce instance
                gsutil cp -r gs://gce-race-game/frontend/* .
                export BACKEND=$(curl http://metadata.google.internal/computeMetadata/v1/instance/attributes/backend -H "Metadata-Flavor: Google")
                sed -i "s/BACKEND_IP_ADDRESS/${BACKEND}/g" server.js
                # installing process manager module to automate the deployment process
                npm i -g pm2
                npm i 
                pm2 start server.js --name frontend
                # copying the nginx.conf file from cloud storage to required location
                # this enables nginx to act as a reverse proxy on port 80 and serve nodejs  website as a response
                gsutil cp gs://gce-race-game/config/nginx.conf /etc/nginx/nginx.conf
                # restarting the nginx service to reflect the changes
                service nginx restart
            EOT
        }
      [32m+[0m[0m metadata_fingerprint = (known after apply)
      [32m+[0m[0m name                 = "template-frontend-us"
      [32m+[0m[0m name_prefix          = (known after apply)
      [32m+[0m[0m project              = "race-game-gce"
      [32m+[0m[0m region               = "us-central1"
      [32m+[0m[0m self_link            = (known after apply)
      [32m+[0m[0m self_link_unique     = (known after apply)
      [32m+[0m[0m tags                 = [
          [32m+[0m[0m "lb-vm",
        ]
      [32m+[0m[0m tags_fingerprint     = (known after apply)
      [32m+[0m[0m terraform_labels     = (known after apply)

      [32m+[0m[0m disk {
          [32m+[0m[0m auto_delete      = true
          [32m+[0m[0m boot             = true
          [32m+[0m[0m device_name      = (known after apply)
          [32m+[0m[0m disk_size_gb     = (known after apply)
          [32m+[0m[0m disk_type        = (known after apply)
          [32m+[0m[0m interface        = (known after apply)
          [32m+[0m[0m mode             = (known after apply)
          [32m+[0m[0m provisioned_iops = (known after apply)
          [32m+[0m[0m source_image     = "projects/debian-cloud/global/images/debian-10-buster-v20221010"
          [32m+[0m[0m type             = (known after apply)
        }

      [32m+[0m[0m network_interface {
          [32m+[0m[0m internal_ipv6_prefix_length = (known after apply)
          [32m+[0m[0m ipv6_access_type            = (known after apply)
          [32m+[0m[0m ipv6_address                = (known after apply)
          [32m+[0m[0m name                        = (known after apply)
          [32m+[0m[0m network                     = (known after apply)
          [32m+[0m[0m stack_type                  = (known after apply)
          [32m+[0m[0m subnetwork                  = (known after apply)
          [32m+[0m[0m subnetwork_project          = (known after apply)
        }

      [32m+[0m[0m scheduling {
          [32m+[0m[0m automatic_restart   = true
          [32m+[0m[0m on_host_maintenance = "MIGRATE"
          [32m+[0m[0m preemptible         = false
          [32m+[0m[0m provisioning_model  = (known after apply)
        }
    }

[1m  # google_compute_network.network[0m will be created
[0m  [32m+[0m[0m resource "google_compute_network" "network" {
      [32m+[0m[0m auto_create_subnetworks                   = false
      [32m+[0m[0m delete_default_routes_on_create           = false
      [32m+[0m[0m gateway_ipv4                              = (known after apply)
      [32m+[0m[0m id                                        = (known after apply)
      [32m+[0m[0m internal_ipv6_range                       = (known after apply)
      [32m+[0m[0m mtu                                       = (known after apply)
      [32m+[0m[0m name                                      = "network-race"
      [32m+[0m[0m network_firewall_policy_enforcement_order = "AFTER_CLASSIC_FIREWALL"
      [32m+[0m[0m project                                   = "race-game-gce"
      [32m+[0m[0m routing_mode                              = (known after apply)
      [32m+[0m[0m self_link                                 = (known after apply)
    }

[1m  # google_compute_region_backend_service.backend_service[0m will be created
[0m  [32m+[0m[0m resource "google_compute_region_backend_service" "backend_service" {
      [32m+[0m[0m connection_draining_timeout_sec = 0
      [32m+[0m[0m creation_timestamp              = (known after apply)
      [32m+[0m[0m fingerprint                     = (known after apply)
      [32m+[0m[0m health_checks                   = [
          [32m+[0m[0m "https://www.googleapis.com/compute/v1/projects/race-game-gce/regions/asia-south2/healthChecks/health-check-backend",
        ]
      [32m+[0m[0m id                              = (known after apply)
      [32m+[0m[0m load_balancing_scheme           = "INTERNAL_MANAGED"
      [32m+[0m[0m name                            = "backend-bs"
      [32m+[0m[0m port_name                       = "http"
      [32m+[0m[0m project                         = "race-game-gce"
      [32m+[0m[0m protocol                        = "HTTP"
      [32m+[0m[0m region                          = "asia-south2"
      [32m+[0m[0m self_link                       = (known after apply)
      [32m+[0m[0m session_affinity                = (known after apply)
      [32m+[0m[0m timeout_sec                     = 30

      [32m+[0m[0m backend {
          [32m+[0m[0m balancing_mode  = "UTILIZATION"
          [32m+[0m[0m capacity_scaler = 1
          [32m+[0m[0m failover        = (known after apply)
          [32m+[0m[0m group           = (known after apply)
        }
    }

[1m  # google_compute_region_target_http_proxy.proxy_backend[0m will be created
[0m  [32m+[0m[0m resource "google_compute_region_target_http_proxy" "proxy_backend" {
      [32m+[0m[0m creation_timestamp = (known after apply)
      [32m+[0m[0m id                 = (known after apply)
      [32m+[0m[0m name               = "proxy-backend"
      [32m+[0m[0m project            = "race-game-gce"
      [32m+[0m[0m proxy_id           = (known after apply)
      [32m+[0m[0m region             = "asia-south2"
      [32m+[0m[0m self_link          = (known after apply)
      [32m+[0m[0m url_map            = (known after apply)
    }

[1m  # google_compute_region_url_map.backend_url_map[0m will be created
[0m  [32m+[0m[0m resource "google_compute_region_url_map" "backend_url_map" {
      [32m+[0m[0m creation_timestamp = (known after apply)
      [32m+[0m[0m default_service    = (known after apply)
      [32m+[0m[0m fingerprint        = (known after apply)
      [32m+[0m[0m id                 = (known after apply)
      [32m+[0m[0m map_id             = (known after apply)
      [32m+[0m[0m name               = "backend-url-map"
      [32m+[0m[0m project            = "race-game-gce"
      [32m+[0m[0m region             = "asia-south2"
      [32m+[0m[0m self_link          = (known after apply)
    }

[1m  # google_compute_router.router-asia[0m will be created
[0m  [32m+[0m[0m resource "google_compute_router" "router-asia" {
      [32m+[0m[0m creation_timestamp = (known after apply)
      [32m+[0m[0m id                 = (known after apply)
      [32m+[0m[0m name               = "router-asia"
      [32m+[0m[0m network            = (known after apply)
      [32m+[0m[0m project            = "race-game-gce"
      [32m+[0m[0m region             = "asia-south2"
      [32m+[0m[0m self_link          = (known after apply)

      [32m+[0m[0m bgp {
          [32m+[0m[0m advertise_mode     = "DEFAULT"
          [32m+[0m[0m asn                = 64514
          [32m+[0m[0m keepalive_interval = 20
        }
    }

[1m  # google_compute_router.router-us[0m will be created
[0m  [32m+[0m[0m resource "google_compute_router" "router-us" {
      [32m+[0m[0m creation_timestamp = (known after apply)
      [32m+[0m[0m id                 = (known after apply)
      [32m+[0m[0m name               = "router-us"
      [32m+[0m[0m network            = (known after apply)
      [32m+[0m[0m project            = "race-game-gce"
      [32m+[0m[0m region             = "us-central1"
      [32m+[0m[0m self_link          = (known after apply)

      [32m+[0m[0m bgp {
          [32m+[0m[0m advertise_mode     = "DEFAULT"
          [32m+[0m[0m asn                = 64514
          [32m+[0m[0m keepalive_interval = 20
        }
    }

[1m  # google_compute_router_nat.nat-asia[0m will be created
[0m  [32m+[0m[0m resource "google_compute_router_nat" "nat-asia" {
      [32m+[0m[0m enable_dynamic_port_allocation      = (known after apply)
      [32m+[0m[0m enable_endpoint_independent_mapping = (known after apply)
      [32m+[0m[0m icmp_idle_timeout_sec               = 30
      [32m+[0m[0m id                                  = (known after apply)
      [32m+[0m[0m name                                = "router-nat-asia"
      [32m+[0m[0m nat_ip_allocate_option              = "AUTO_ONLY"
      [32m+[0m[0m project                             = "race-game-gce"
      [32m+[0m[0m region                              = "asia-south2"
      [32m+[0m[0m router                              = "router-asia"
      [32m+[0m[0m source_subnetwork_ip_ranges_to_nat  = "ALL_SUBNETWORKS_ALL_PRIMARY_IP_RANGES"
      [32m+[0m[0m tcp_established_idle_timeout_sec    = 1200
      [32m+[0m[0m tcp_time_wait_timeout_sec           = 120
      [32m+[0m[0m tcp_transitory_idle_timeout_sec     = 30
      [32m+[0m[0m udp_idle_timeout_sec                = 30

      [32m+[0m[0m log_config {
          [32m+[0m[0m enable = true
          [32m+[0m[0m filter = "ALL"
        }
    }

[1m  # google_compute_router_nat.nat-us[0m will be created
[0m  [32m+[0m[0m resource "google_compute_router_nat" "nat-us" {
      [32m+[0m[0m enable_dynamic_port_allocation      = (known after apply)
      [32m+[0m[0m enable_endpoint_independent_mapping = (known after apply)
      [32m+[0m[0m icmp_idle_timeout_sec               = 30
      [32m+[0m[0m id                                  = (known after apply)
      [32m+[0m[0m name                                = "router-nat-us"
      [32m+[0m[0m nat_ip_allocate_option              = "AUTO_ONLY"
      [32m+[0m[0m project                             = "race-game-gce"
      [32m+[0m[0m region                              = "us-central1"
      [32m+[0m[0m router                              = "router-us"
      [32m+[0m[0m source_subnetwork_ip_ranges_to_nat  = "ALL_SUBNETWORKS_ALL_PRIMARY_IP_RANGES"
      [32m+[0m[0m tcp_established_idle_timeout_sec    = 1200
      [32m+[0m[0m tcp_time_wait_timeout_sec           = 120
      [32m+[0m[0m tcp_transitory_idle_timeout_sec     = 30
      [32m+[0m[0m udp_idle_timeout_sec                = 30

      [32m+[0m[0m log_config {
          [32m+[0m[0m enable = true
          [32m+[0m[0m filter = "ALL"
        }
    }

[1m  # google_compute_subnetwork.proxy_subnet[0m will be created
[0m  [32m+[0m[0m resource "google_compute_subnetwork" "proxy_subnet" {
      [32m+[0m[0m creation_timestamp         = (known after apply)
      [32m+[0m[0m external_ipv6_prefix       = (known after apply)
      [32m+[0m[0m fingerprint                = (known after apply)
      [32m+[0m[0m gateway_address            = (known after apply)
      [32m+[0m[0m id                         = (known after apply)
      [32m+[0m[0m internal_ipv6_prefix       = (known after apply)
      [32m+[0m[0m ip_cidr_range              = "192.168.3.0/24"
      [32m+[0m[0m ipv6_cidr_range            = (known after apply)
      [32m+[0m[0m name                       = "proxy-lb-asia"
      [32m+[0m[0m network                    = (known after apply)
      [32m+[0m[0m private_ip_google_access   = (known after apply)
      [32m+[0m[0m private_ipv6_google_access = (known after apply)
      [32m+[0m[0m project                    = "race-game-gce"
      [32m+[0m[0m purpose                    = "REGIONAL_MANAGED_PROXY"
      [32m+[0m[0m region                     = "asia-south2"
      [32m+[0m[0m role                       = "ACTIVE"
      [32m+[0m[0m secondary_ip_range         = (known after apply)
      [32m+[0m[0m self_link                  = (known after apply)
      [32m+[0m[0m stack_type                 = (known after apply)
    }

[1m  # google_compute_subnetwork.subnet["backend-asia"][0m will be created
[0m  [32m+[0m[0m resource "google_compute_subnetwork" "subnet" {
      [32m+[0m[0m creation_timestamp         = (known after apply)
      [32m+[0m[0m external_ipv6_prefix       = (known after apply)
      [32m+[0m[0m fingerprint                = (known after apply)
      [32m+[0m[0m gateway_address            = (known after apply)
      [32m+[0m[0m id                         = (known after apply)
      [32m+[0m[0m internal_ipv6_prefix       = (known after apply)
      [32m+[0m[0m ip_cidr_range              = "192.168.2.0/24"
      [32m+[0m[0m ipv6_cidr_range            = (known after apply)
      [32m+[0m[0m name                       = "backend-asia"
      [32m+[0m[0m network                    = (known after apply)
      [32m+[0m[0m private_ip_google_access   = true
      [32m+[0m[0m private_ipv6_google_access = (known after apply)
      [32m+[0m[0m project                    = "race-game-gce"
      [32m+[0m[0m purpose                    = (known after apply)
      [32m+[0m[0m region                     = "asia-south2"
      [32m+[0m[0m secondary_ip_range         = (known after apply)
      [32m+[0m[0m self_link                  = (known after apply)
      [32m+[0m[0m stack_type                 = (known after apply)
    }

[1m  # google_compute_subnetwork.subnet["frontend-asia"][0m will be created
[0m  [32m+[0m[0m resource "google_compute_subnetwork" "subnet" {
      [32m+[0m[0m creation_timestamp         = (known after apply)
      [32m+[0m[0m external_ipv6_prefix       = (known after apply)
      [32m+[0m[0m fingerprint                = (known after apply)
      [32m+[0m[0m gateway_address            = (known after apply)
      [32m+[0m[0m id                         = (known after apply)
      [32m+[0m[0m internal_ipv6_prefix       = (known after apply)
      [32m+[0m[0m ip_cidr_range              = "192.168.0.0/24"
      [32m+[0m[0m ipv6_cidr_range            = (known after apply)
      [32m+[0m[0m name                       = "frontend-asia"
      [32m+[0m[0m network                    = (known after apply)
      [32m+[0m[0m private_ip_google_access   = true
      [32m+[0m[0m private_ipv6_google_access = (known after apply)
      [32m+[0m[0m project                    = "race-game-gce"
      [32m+[0m[0m purpose                    = (known after apply)
      [32m+[0m[0m region                     = "asia-south2"
      [32m+[0m[0m secondary_ip_range         = (known after apply)
      [32m+[0m[0m self_link                  = (known after apply)
      [32m+[0m[0m stack_type                 = (known after apply)
    }

[1m  # google_compute_subnetwork.subnet["frontend-us"][0m will be created
[0m  [32m+[0m[0m resource "google_compute_subnetwork" "subnet" {
      [32m+[0m[0m creation_timestamp         = (known after apply)
      [32m+[0m[0m external_ipv6_prefix       = (known after apply)
      [32m+[0m[0m fingerprint                = (known after apply)
      [32m+[0m[0m gateway_address            = (known after apply)
      [32m+[0m[0m id                         = (known after apply)
      [32m+[0m[0m internal_ipv6_prefix       = (known after apply)
      [32m+[0m[0m ip_cidr_range              = "192.168.1.0/24"
      [32m+[0m[0m ipv6_cidr_range            = (known after apply)
      [32m+[0m[0m name                       = "frontend-us"
      [32m+[0m[0m network                    = (known after apply)
      [32m+[0m[0m private_ip_google_access   = true
      [32m+[0m[0m private_ipv6_google_access = (known after apply)
      [32m+[0m[0m project                    = "race-game-gce"
      [32m+[0m[0m purpose                    = (known after apply)
      [32m+[0m[0m region                     = "us-central1"
      [32m+[0m[0m secondary_ip_range         = (known after apply)
      [32m+[0m[0m self_link                  = (known after apply)
      [32m+[0m[0m stack_type                 = (known after apply)
    }

[1m  # google_compute_target_http_proxy.proxy_frontend[0m will be created
[0m  [32m+[0m[0m resource "google_compute_target_http_proxy" "proxy_frontend" {
      [32m+[0m[0m creation_timestamp = (known after apply)
      [32m+[0m[0m description        = "a description"
      [32m+[0m[0m id                 = (known after apply)
      [32m+[0m[0m name               = "frontend-fw"
      [32m+[0m[0m project            = "race-game-gce"
      [32m+[0m[0m proxy_bind         = (known after apply)
      [32m+[0m[0m proxy_id           = (known after apply)
      [32m+[0m[0m self_link          = (known after apply)
      [32m+[0m[0m url_map            = (known after apply)
    }

[1m  # google_compute_url_map.frontend_url_map[0m will be created
[0m  [32m+[0m[0m resource "google_compute_url_map" "frontend_url_map" {
      [32m+[0m[0m creation_timestamp = (known after apply)
      [32m+[0m[0m default_service    = (known after apply)
      [32m+[0m[0m description        = "a description"
      [32m+[0m[0m fingerprint        = (known after apply)
      [32m+[0m[0m id                 = (known after apply)
      [32m+[0m[0m map_id             = (known after apply)
      [32m+[0m[0m name               = "frontend-url-map"
      [32m+[0m[0m project            = "race-game-gce"
      [32m+[0m[0m self_link          = (known after apply)
    }

[1m  # google_service_networking_connection.private_access[0m will be created
[0m  [32m+[0m[0m resource "google_service_networking_connection" "private_access" {
      [32m+[0m[0m id                      = (known after apply)
      [32m+[0m[0m network                 = (known after apply)
      [32m+[0m[0m peering                 = (known after apply)
      [32m+[0m[0m reserved_peering_ranges = [
          [32m+[0m[0m "sql-range",
        ]
      [32m+[0m[0m service                 = "servicenetworking.googleapis.com"
    }

[1m  # google_sql_database.database[0m will be created
[0m  [32m+[0m[0m resource "google_sql_database" "database" {
      [32m+[0m[0m charset         = (known after apply)
      [32m+[0m[0m collation       = (known after apply)
      [32m+[0m[0m deletion_policy = "DELETE"
      [32m+[0m[0m id              = (known after apply)
      [32m+[0m[0m instance        = "sql-race-game"
      [32m+[0m[0m name            = "race_game"
      [32m+[0m[0m project         = "race-game-gce"
      [32m+[0m[0m self_link       = (known after apply)
    }

[1m  # google_sql_database_instance.instance[0m will be created
[0m  [32m+[0m[0m resource "google_sql_database_instance" "instance" {
      [32m+[0m[0m available_maintenance_versions = (known after apply)
      [32m+[0m[0m connection_name                = (known after apply)
      [32m+[0m[0m database_version               = "MYSQL_5_7"
      [32m+[0m[0m deletion_protection            = true
      [32m+[0m[0m dns_name                       = (known after apply)
      [32m+[0m[0m encryption_key_name            = (known after apply)
      [32m+[0m[0m first_ip_address               = (known after apply)
      [32m+[0m[0m id                             = (known after apply)
      [32m+[0m[0m instance_type                  = (known after apply)
      [32m+[0m[0m ip_address                     = (known after apply)
      [32m+[0m[0m maintenance_version            = (known after apply)
      [32m+[0m[0m master_instance_name           = (known after apply)
      [32m+[0m[0m name                           = "sql-race-game"
      [32m+[0m[0m private_ip_address             = (known after apply)
      [32m+[0m[0m project                        = "race-game-gce"
      [32m+[0m[0m psc_service_attachment_link    = (known after apply)
      [32m+[0m[0m public_ip_address              = (known after apply)
      [32m+[0m[0m region                         = "asia-south2"
      [32m+[0m[0m root_password                  = (sensitive value)
      [32m+[0m[0m self_link                      = (known after apply)
      [32m+[0m[0m server_ca_cert                 = (known after apply)
      [32m+[0m[0m service_account_email_address  = (known after apply)

      [32m+[0m[0m settings {
          [32m+[0m[0m activation_policy     = "ALWAYS"
          [32m+[0m[0m availability_type     = "ZONAL"
          [32m+[0m[0m connector_enforcement = (known after apply)
          [32m+[0m[0m disk_autoresize       = true
          [32m+[0m[0m disk_autoresize_limit = 0
          [32m+[0m[0m disk_size             = (known after apply)
          [32m+[0m[0m disk_type             = "PD_SSD"
          [32m+[0m[0m edition               = "ENTERPRISE"
          [32m+[0m[0m pricing_plan          = "PER_USE"
          [32m+[0m[0m tier                  = "db-f1-micro"
          [32m+[0m[0m user_labels           = (known after apply)
          [32m+[0m[0m version               = (known after apply)

          [32m+[0m[0m ip_configuration {
              [32m+[0m[0m enable_private_path_for_google_cloud_services = true
              [32m+[0m[0m ipv4_enabled                                  = false
              [32m+[0m[0m private_network                               = (known after apply)
            }
        }
    }

[1m  # google_storage_bucket_object.example_objects["tf-files/721548842530/721548842530/Project/LoggingLogSink/a-default.tf"][0m will be [1m[31mdestroyed[0m
  # (because key ["tf-files/721548842530/721548842530/Project/LoggingLogSink/a-default.tf"] is not in for_each map)
[0m  [31m-[0m[0m resource "google_storage_bucket_object" "example_objects" {
      [31m-[0m[0m bucket           = "gce-race-game" [90m-> null[0m[0m
      [31m-[0m[0m content_type     = "text/plain; charset=utf-8" [90m-> null[0m[0m
      [31m-[0m[0m crc32c           = "sD/klg==" [90m-> null[0m[0m
      [31m-[0m[0m detect_md5hash   = "J0VDfftzOMHlNUBfDuwQfA==" [90m-> null[0m[0m
      [31m-[0m[0m event_based_hold = false [90m-> null[0m[0m
      [31m-[0m[0m id               = "gce-race-game-tf-files/721548842530/721548842530/Project/LoggingLogSink/a-default.tf" [90m-> null[0m[0m
      [31m-[0m[0m md5hash          = "J0VDfftzOMHlNUBfDuwQfA==" [90m-> null[0m[0m
      [31m-[0m[0m media_link       = "https://storage.googleapis.com/download/storage/v1/b/gce-race-game/o/tf-files%2F721548842530%2F721548842530%2FProject%2FLoggingLogSink%2Fa-default.tf?generation=1699171996458093&alt=media" [90m-> null[0m[0m
      [31m-[0m[0m metadata         = {} [90m-> null[0m[0m
      [31m-[0m[0m name             = "tf-files/721548842530/721548842530/Project/LoggingLogSink/a-default.tf" [90m-> null[0m[0m
      [31m-[0m[0m output_name      = "tf-files/721548842530/721548842530/Project/LoggingLogSink/a-default.tf" [90m-> null[0m[0m
      [31m-[0m[0m self_link        = "https://www.googleapis.com/storage/v1/b/gce-race-game/o/tf-files%2F721548842530%2F721548842530%2FProject%2FLoggingLogSink%2Fa-default.tf" [90m-> null[0m[0m
      [31m-[0m[0m source           = "../tf-files/721548842530/721548842530/Project/LoggingLogSink/a-default.tf" [90m-> null[0m[0m
      [31m-[0m[0m storage_class    = "STANDARD" [90m-> null[0m[0m
      [31m-[0m[0m temporary_hold   = false [90m-> null[0m[0m
    }

[1m  # google_storage_bucket_object.example_objects["tf-files/721548842530/721548842530/Project/LoggingLogSink/a-required.tf"][0m will be [1m[31mdestroyed[0m
  # (because key ["tf-files/721548842530/721548842530/Project/LoggingLogSink/a-required.tf"] is not in for_each map)
[0m  [31m-[0m[0m resource "google_storage_bucket_object" "example_objects" {
      [31m-[0m[0m bucket           = "gce-race-game" [90m-> null[0m[0m
      [31m-[0m[0m content_type     = "text/plain; charset=utf-8" [90m-> null[0m[0m
      [31m-[0m[0m crc32c           = "r+CpbQ==" [90m-> null[0m[0m
      [31m-[0m[0m detect_md5hash   = "DaRrqf5YDieWYRR2/Pmbzg==" [90m-> null[0m[0m
      [31m-[0m[0m event_based_hold = false [90m-> null[0m[0m
      [31m-[0m[0m id               = "gce-race-game-tf-files/721548842530/721548842530/Project/LoggingLogSink/a-required.tf" [90m-> null[0m[0m
      [31m-[0m[0m md5hash          = "DaRrqf5YDieWYRR2/Pmbzg==" [90m-> null[0m[0m
      [31m-[0m[0m media_link       = "https://storage.googleapis.com/download/storage/v1/b/gce-race-game/o/tf-files%2F721548842530%2F721548842530%2FProject%2FLoggingLogSink%2Fa-required.tf?generation=1699171986852649&alt=media" [90m-> null[0m[0m
      [31m-[0m[0m metadata         = {} [90m-> null[0m[0m
      [31m-[0m[0m name             = "tf-files/721548842530/721548842530/Project/LoggingLogSink/a-required.tf" [90m-> null[0m[0m
      [31m-[0m[0m output_name      = "tf-files/721548842530/721548842530/Project/LoggingLogSink/a-required.tf" [90m-> null[0m[0m
      [31m-[0m[0m self_link        = "https://www.googleapis.com/storage/v1/b/gce-race-game/o/tf-files%2F721548842530%2F721548842530%2FProject%2FLoggingLogSink%2Fa-required.tf" [90m-> null[0m[0m
      [31m-[0m[0m source           = "../tf-files/721548842530/721548842530/Project/LoggingLogSink/a-required.tf" [90m-> null[0m[0m
      [31m-[0m[0m storage_class    = "STANDARD" [90m-> null[0m[0m
      [31m-[0m[0m temporary_hold   = false [90m-> null[0m[0m
    }

[1m  # google_storage_bucket_object.example_objects["tf-files/721548842530/Service/bigquery-googleapis-com.tf"][0m will be [1m[31mdestroyed[0m
  # (because key ["tf-files/721548842530/Service/bigquery-googleapis-com.tf"] is not in for_each map)
[0m  [31m-[0m[0m resource "google_storage_bucket_object" "example_objects" {
      [31m-[0m[0m bucket           = "gce-race-game" [90m-> null[0m[0m
      [31m-[0m[0m content_type     = "text/plain; charset=utf-8" [90m-> null[0m[0m
      [31m-[0m[0m crc32c           = "Hf3t/Q==" [90m-> null[0m[0m
      [31m-[0m[0m detect_md5hash   = "afASUyCy45S2HWazNva+MQ==" [90m-> null[0m[0m
      [31m-[0m[0m event_based_hold = false [90m-> null[0m[0m
      [31m-[0m[0m id               = "gce-race-game-tf-files/721548842530/Service/bigquery-googleapis-com.tf" [90m-> null[0m[0m
      [31m-[0m[0m md5hash          = "afASUyCy45S2HWazNva+MQ==" [90m-> null[0m[0m
      [31m-[0m[0m media_link       = "https://storage.googleapis.com/download/storage/v1/b/gce-race-game/o/tf-files%2F721548842530%2FService%2Fbigquery-googleapis-com.tf?generation=1699171997253493&alt=media" [90m-> null[0m[0m
      [31m-[0m[0m metadata         = {} [90m-> null[0m[0m
      [31m-[0m[0m name             = "tf-files/721548842530/Service/bigquery-googleapis-com.tf" [90m-> null[0m[0m
      [31m-[0m[0m output_name      = "tf-files/721548842530/Service/bigquery-googleapis-com.tf" [90m-> null[0m[0m
      [31m-[0m[0m self_link        = "https://www.googleapis.com/storage/v1/b/gce-race-game/o/tf-files%2F721548842530%2FService%2Fbigquery-googleapis-com.tf" [90m-> null[0m[0m
      [31m-[0m[0m source           = "../tf-files/721548842530/Service/bigquery-googleapis-com.tf" [90m-> null[0m[0m
      [31m-[0m[0m storage_class    = "STANDARD" [90m-> null[0m[0m
      [31m-[0m[0m temporary_hold   = false [90m-> null[0m[0m
    }

[1m  # google_storage_bucket_object.example_objects["tf-files/721548842530/Service/bigquerymigration-googleapis-com.tf"][0m will be [1m[31mdestroyed[0m
  # (because key ["tf-files/721548842530/Service/bigquerymigration-googleapis-com.tf"] is not in for_each map)
[0m  [31m-[0m[0m resource "google_storage_bucket_object" "example_objects" {
      [31m-[0m[0m bucket           = "gce-race-game" [90m-> null[0m[0m
      [31m-[0m[0m content_type     = "text/plain; charset=utf-8" [90m-> null[0m[0m
      [31m-[0m[0m crc32c           = "eXeaBA==" [90m-> null[0m[0m
      [31m-[0m[0m detect_md5hash   = "GYyhC1FYViTujG9XeYf8jA==" [90m-> null[0m[0m
      [31m-[0m[0m event_based_hold = false [90m-> null[0m[0m
      [31m-[0m[0m id               = "gce-race-game-tf-files/721548842530/Service/bigquerymigration-googleapis-com.tf" [90m-> null[0m[0m
      [31m-[0m[0m md5hash          = "GYyhC1FYViTujG9XeYf8jA==" [90m-> null[0m[0m
      [31m-[0m[0m media_link       = "https://storage.googleapis.com/download/storage/v1/b/gce-race-game/o/tf-files%2F721548842530%2FService%2Fbigquerymigration-googleapis-com.tf?generation=1699171992054324&alt=media" [90m-> null[0m[0m
      [31m-[0m[0m metadata         = {} [90m-> null[0m[0m
      [31m-[0m[0m name             = "tf-files/721548842530/Service/bigquerymigration-googleapis-com.tf" [90m-> null[0m[0m
      [31m-[0m[0m output_name      = "tf-files/721548842530/Service/bigquerymigration-googleapis-com.tf" [90m-> null[0m[0m
      [31m-[0m[0m self_link        = "https://www.googleapis.com/storage/v1/b/gce-race-game/o/tf-files%2F721548842530%2FService%2Fbigquerymigration-googleapis-com.tf" [90m-> null[0m[0m
      [31m-[0m[0m source           = "../tf-files/721548842530/Service/bigquerymigration-googleapis-com.tf" [90m-> null[0m[0m
      [31m-[0m[0m storage_class    = "STANDARD" [90m-> null[0m[0m
      [31m-[0m[0m temporary_hold   = false [90m-> null[0m[0m
    }

[1m  # google_storage_bucket_object.example_objects["tf-files/721548842530/Service/bigquerystorage-googleapis-com.tf"][0m will be [1m[31mdestroyed[0m
  # (because key ["tf-files/721548842530/Service/bigquerystorage-googleapis-com.tf"] is not in for_each map)
[0m  [31m-[0m[0m resource "google_storage_bucket_object" "example_objects" {
      [31m-[0m[0m bucket           = "gce-race-game" [90m-> null[0m[0m
      [31m-[0m[0m content_type     = "text/plain; charset=utf-8" [90m-> null[0m[0m
      [31m-[0m[0m crc32c           = "kTJTlg==" [90m-> null[0m[0m
      [31m-[0m[0m detect_md5hash   = "YCdKNHTaTtggs/xHcRXMFA==" [90m-> null[0m[0m
      [31m-[0m[0m event_based_hold = false [90m-> null[0m[0m
      [31m-[0m[0m id               = "gce-race-game-tf-files/721548842530/Service/bigquerystorage-googleapis-com.tf" [90m-> null[0m[0m
      [31m-[0m[0m md5hash          = "YCdKNHTaTtggs/xHcRXMFA==" [90m-> null[0m[0m
      [31m-[0m[0m media_link       = "https://storage.googleapis.com/download/storage/v1/b/gce-race-game/o/tf-files%2F721548842530%2FService%2Fbigquerystorage-googleapis-com.tf?generation=1699171997052203&alt=media" [90m-> null[0m[0m
      [31m-[0m[0m metadata         = {} [90m-> null[0m[0m
      [31m-[0m[0m name             = "tf-files/721548842530/Service/bigquerystorage-googleapis-com.tf" [90m-> null[0m[0m
      [31m-[0m[0m output_name      = "tf-files/721548842530/Service/bigquerystorage-googleapis-com.tf" [90m-> null[0m[0m
      [31m-[0m[0m self_link        = "https://www.googleapis.com/storage/v1/b/gce-race-game/o/tf-files%2F721548842530%2FService%2Fbigquerystorage-googleapis-com.tf" [90m-> null[0m[0m
      [31m-[0m[0m source           = "../tf-files/721548842530/Service/bigquerystorage-googleapis-com.tf" [90m-> null[0m[0m
      [31m-[0m[0m storage_class    = "STANDARD" [90m-> null[0m[0m
      [31m-[0m[0m temporary_hold   = false [90m-> null[0m[0m
    }

[1m  # google_storage_bucket_object.example_objects["tf-files/721548842530/Service/cloudapis-googleapis-com.tf"][0m will be [1m[31mdestroyed[0m
  # (because key ["tf-files/721548842530/Service/cloudapis-googleapis-com.tf"] is not in for_each map)
[0m  [31m-[0m[0m resource "google_storage_bucket_object" "example_objects" {
      [31m-[0m[0m bucket           = "gce-race-game" [90m-> null[0m[0m
      [31m-[0m[0m content_type     = "text/plain; charset=utf-8" [90m-> null[0m[0m
      [31m-[0m[0m crc32c           = "Ujtptw==" [90m-> null[0m[0m
      [31m-[0m[0m detect_md5hash   = "FDVn9WOQzfcp/NQwcj28+w==" [90m-> null[0m[0m
      [31m-[0m[0m event_based_hold = false [90m-> null[0m[0m
      [31m-[0m[0m id               = "gce-race-game-tf-files/721548842530/Service/cloudapis-googleapis-com.tf" [90m-> null[0m[0m
      [31m-[0m[0m md5hash          = "FDVn9WOQzfcp/NQwcj28+w==" [90m-> null[0m[0m
      [31m-[0m[0m media_link       = "https://storage.googleapis.com/download/storage/v1/b/gce-race-game/o/tf-files%2F721548842530%2FService%2Fcloudapis-googleapis-com.tf?generation=1699171988952037&alt=media" [90m-> null[0m[0m
      [31m-[0m[0m metadata         = {} [90m-> null[0m[0m
      [31m-[0m[0m name             = "tf-files/721548842530/Service/cloudapis-googleapis-com.tf" [90m-> null[0m[0m
      [31m-[0m[0m output_name      = "tf-files/721548842530/Service/cloudapis-googleapis-com.tf" [90m-> null[0m[0m
      [31m-[0m[0m self_link        = "https://www.googleapis.com/storage/v1/b/gce-race-game/o/tf-files%2F721548842530%2FService%2Fcloudapis-googleapis-com.tf" [90m-> null[0m[0m
      [31m-[0m[0m source           = "../tf-files/721548842530/Service/cloudapis-googleapis-com.tf" [90m-> null[0m[0m
      [31m-[0m[0m storage_class    = "STANDARD" [90m-> null[0m[0m
      [31m-[0m[0m temporary_hold   = false [90m-> null[0m[0m
    }

[1m  # google_storage_bucket_object.example_objects["tf-files/721548842530/Service/cloudasset-googleapis-com.tf"][0m will be [1m[31mdestroyed[0m
  # (because key ["tf-files/721548842530/Service/cloudasset-googleapis-com.tf"] is not in for_each map)
[0m  [31m-[0m[0m resource "google_storage_bucket_object" "example_objects" {
      [31m-[0m[0m bucket           = "gce-race-game" [90m-> null[0m[0m
      [31m-[0m[0m content_type     = "text/plain; charset=utf-8" [90m-> null[0m[0m
      [31m-[0m[0m crc32c           = "680bNw==" [90m-> null[0m[0m
      [31m-[0m[0m detect_md5hash   = "EipqqFGEOVhS0Y8c9xNkmA==" [90m-> null[0m[0m
      [31m-[0m[0m event_based_hold = false [90m-> null[0m[0m
      [31m-[0m[0m id               = "gce-race-game-tf-files/721548842530/Service/cloudasset-googleapis-com.tf" [90m-> null[0m[0m
      [31m-[0m[0m md5hash          = "EipqqFGEOVhS0Y8c9xNkmA==" [90m-> null[0m[0m
      [31m-[0m[0m media_link       = "https://storage.googleapis.com/download/storage/v1/b/gce-race-game/o/tf-files%2F721548842530%2FService%2Fcloudasset-googleapis-com.tf?generation=1699171999754958&alt=media" [90m-> null[0m[0m
      [31m-[0m[0m metadata         = {} [90m-> null[0m[0m
      [31m-[0m[0m name             = "tf-files/721548842530/Service/cloudasset-googleapis-com.tf" [90m-> null[0m[0m
      [31m-[0m[0m output_name      = "tf-files/721548842530/Service/cloudasset-googleapis-com.tf" [90m-> null[0m[0m
      [31m-[0m[0m self_link        = "https://www.googleapis.com/storage/v1/b/gce-race-game/o/tf-files%2F721548842530%2FService%2Fcloudasset-googleapis-com.tf" [90m-> null[0m[0m
      [31m-[0m[0m source           = "../tf-files/721548842530/Service/cloudasset-googleapis-com.tf" [90m-> null[0m[0m
      [31m-[0m[0m storage_class    = "STANDARD" [90m-> null[0m[0m
      [31m-[0m[0m temporary_hold   = false [90m-> null[0m[0m
    }

[1m  # google_storage_bucket_object.example_objects["tf-files/721548842530/Service/cloudtrace-googleapis-com.tf"][0m will be [1m[31mdestroyed[0m
  # (because key ["tf-files/721548842530/Service/cloudtrace-googleapis-com.tf"] is not in for_each map)
[0m  [31m-[0m[0m resource "google_storage_bucket_object" "example_objects" {
      [31m-[0m[0m bucket           = "gce-race-game" [90m-> null[0m[0m
      [31m-[0m[0m content_type     = "text/plain; charset=utf-8" [90m-> null[0m[0m
      [31m-[0m[0m crc32c           = "+GaEtQ==" [90m-> null[0m[0m
      [31m-[0m[0m detect_md5hash   = "riRe/uQBUAN/+xyFHU8zjg==" [90m-> null[0m[0m
      [31m-[0m[0m event_based_hold = false [90m-> null[0m[0m
      [31m-[0m[0m id               = "gce-race-game-tf-files/721548842530/Service/cloudtrace-googleapis-com.tf" [90m-> null[0m[0m
      [31m-[0m[0m md5hash          = "riRe/uQBUAN/+xyFHU8zjg==" [90m-> null[0m[0m
      [31m-[0m[0m media_link       = "https://storage.googleapis.com/download/storage/v1/b/gce-race-game/o/tf-files%2F721548842530%2FService%2Fcloudtrace-googleapis-com.tf?generation=1699171994655201&alt=media" [90m-> null[0m[0m
      [31m-[0m[0m metadata         = {} [90m-> null[0m[0m
      [31m-[0m[0m name             = "tf-files/721548842530/Service/cloudtrace-googleapis-com.tf" [90m-> null[0m[0m
      [31m-[0m[0m output_name      = "tf-files/721548842530/Service/cloudtrace-googleapis-com.tf" [90m-> null[0m[0m
      [31m-[0m[0m self_link        = "https://www.googleapis.com/storage/v1/b/gce-race-game/o/tf-files%2F721548842530%2FService%2Fcloudtrace-googleapis-com.tf" [90m-> null[0m[0m
      [31m-[0m[0m source           = "../tf-files/721548842530/Service/cloudtrace-googleapis-com.tf" [90m-> null[0m[0m
      [31m-[0m[0m storage_class    = "STANDARD" [90m-> null[0m[0m
      [31m-[0m[0m temporary_hold   = false [90m-> null[0m[0m
    }

[1m  # google_storage_bucket_object.example_objects["tf-files/721548842530/Service/compute-googleapis-com.tf"][0m will be [1m[31mdestroyed[0m
  # (because key ["tf-files/721548842530/Service/compute-googleapis-com.tf"] is not in for_each map)
[0m  [31m-[0m[0m resource "google_storage_bucket_object" "example_objects" {
      [31m-[0m[0m bucket           = "gce-race-game" [90m-> null[0m[0m
      [31m-[0m[0m content_type     = "text/plain; charset=utf-8" [90m-> null[0m[0m
      [31m-[0m[0m crc32c           = "+GmdnA==" [90m-> null[0m[0m
      [31m-[0m[0m detect_md5hash   = "Zc3/uANYyHRt51Pu5QQ2OQ==" [90m-> null[0m[0m
      [31m-[0m[0m event_based_hold = false [90m-> null[0m[0m
      [31m-[0m[0m id               = "gce-race-game-tf-files/721548842530/Service/compute-googleapis-com.tf" [90m-> null[0m[0m
      [31m-[0m[0m md5hash          = "Zc3/uANYyHRt51Pu5QQ2OQ==" [90m-> null[0m[0m
      [31m-[0m[0m media_link       = "https://storage.googleapis.com/download/storage/v1/b/gce-race-game/o/tf-files%2F721548842530%2FService%2Fcompute-googleapis-com.tf?generation=1699171987454495&alt=media" [90m-> null[0m[0m
      [31m-[0m[0m metadata         = {} [90m-> null[0m[0m
      [31m-[0m[0m name             = "tf-files/721548842530/Service/compute-googleapis-com.tf" [90m-> null[0m[0m
      [31m-[0m[0m output_name      = "tf-files/721548842530/Service/compute-googleapis-com.tf" [90m-> null[0m[0m
      [31m-[0m[0m self_link        = "https://www.googleapis.com/storage/v1/b/gce-race-game/o/tf-files%2F721548842530%2FService%2Fcompute-googleapis-com.tf" [90m-> null[0m[0m
      [31m-[0m[0m source           = "../tf-files/721548842530/Service/compute-googleapis-com.tf" [90m-> null[0m[0m
      [31m-[0m[0m storage_class    = "STANDARD" [90m-> null[0m[0m
      [31m-[0m[0m temporary_hold   = false [90m-> null[0m[0m
    }

[1m  # google_storage_bucket_object.example_objects["tf-files/721548842530/Service/datastore-googleapis-com.tf"][0m will be [1m[31mdestroyed[0m
  # (because key ["tf-files/721548842530/Service/datastore-googleapis-com.tf"] is not in for_each map)
[0m  [31m-[0m[0m resource "google_storage_bucket_object" "example_objects" {
      [31m-[0m[0m bucket           = "gce-race-game" [90m-> null[0m[0m
      [31m-[0m[0m content_type     = "text/plain; charset=utf-8" [90m-> null[0m[0m
      [31m-[0m[0m crc32c           = "Rpw0xQ==" [90m-> null[0m[0m
      [31m-[0m[0m detect_md5hash   = "lAGuBzQxGf9bKxbmRIaRYA==" [90m-> null[0m[0m
      [31m-[0m[0m event_based_hold = false [90m-> null[0m[0m
      [31m-[0m[0m id               = "gce-race-game-tf-files/721548842530/Service/datastore-googleapis-com.tf" [90m-> null[0m[0m
      [31m-[0m[0m md5hash          = "lAGuBzQxGf9bKxbmRIaRYA==" [90m-> null[0m[0m
      [31m-[0m[0m media_link       = "https://storage.googleapis.com/download/storage/v1/b/gce-race-game/o/tf-files%2F721548842530%2FService%2Fdatastore-googleapis-com.tf?generation=1699171995653757&alt=media" [90m-> null[0m[0m
      [31m-[0m[0m metadata         = {} [90m-> null[0m[0m
      [31m-[0m[0m name             = "tf-files/721548842530/Service/datastore-googleapis-com.tf" [90m-> null[0m[0m
      [31m-[0m[0m output_name      = "tf-files/721548842530/Service/datastore-googleapis-com.tf" [90m-> null[0m[0m
      [31m-[0m[0m self_link        = "https://www.googleapis.com/storage/v1/b/gce-race-game/o/tf-files%2F721548842530%2FService%2Fdatastore-googleapis-com.tf" [90m-> null[0m[0m
      [31m-[0m[0m source           = "../tf-files/721548842530/Service/datastore-googleapis-com.tf" [90m-> null[0m[0m
      [31m-[0m[0m storage_class    = "STANDARD" [90m-> null[0m[0m
      [31m-[0m[0m temporary_hold   = false [90m-> null[0m[0m
    }

[1m  # google_storage_bucket_object.example_objects["tf-files/721548842530/Service/logging-googleapis-com.tf"][0m will be [1m[31mdestroyed[0m
  # (because key ["tf-files/721548842530/Service/logging-googleapis-com.tf"] is not in for_each map)
[0m  [31m-[0m[0m resource "google_storage_bucket_object" "example_objects" {
      [31m-[0m[0m bucket           = "gce-race-game" [90m-> null[0m[0m
      [31m-[0m[0m content_type     = "text/plain; charset=utf-8" [90m-> null[0m[0m
      [31m-[0m[0m crc32c           = "x42SpQ==" [90m-> null[0m[0m
      [31m-[0m[0m detect_md5hash   = "gZnZX4z8GR1saRvu0Thakw==" [90m-> null[0m[0m
      [31m-[0m[0m event_based_hold = false [90m-> null[0m[0m
      [31m-[0m[0m id               = "gce-race-game-tf-files/721548842530/Service/logging-googleapis-com.tf" [90m-> null[0m[0m
      [31m-[0m[0m md5hash          = "gZnZX4z8GR1saRvu0Thakw==" [90m-> null[0m[0m
      [31m-[0m[0m media_link       = "https://storage.googleapis.com/download/storage/v1/b/gce-race-game/o/tf-files%2F721548842530%2FService%2Flogging-googleapis-com.tf?generation=1699172001463387&alt=media" [90m-> null[0m[0m
      [31m-[0m[0m metadata         = {} [90m-> null[0m[0m
      [31m-[0m[0m name             = "tf-files/721548842530/Service/logging-googleapis-com.tf" [90m-> null[0m[0m
      [31m-[0m[0m output_name      = "tf-files/721548842530/Service/logging-googleapis-com.tf" [90m-> null[0m[0m
      [31m-[0m[0m self_link        = "https://www.googleapis.com/storage/v1/b/gce-race-game/o/tf-files%2F721548842530%2FService%2Flogging-googleapis-com.tf" [90m-> null[0m[0m
      [31m-[0m[0m source           = "../tf-files/721548842530/Service/logging-googleapis-com.tf" [90m-> null[0m[0m
      [31m-[0m[0m storage_class    = "STANDARD" [90m-> null[0m[0m
      [31m-[0m[0m temporary_hold   = false [90m-> null[0m[0m
    }

[1m  # google_storage_bucket_object.example_objects["tf-files/721548842530/Service/monitoring-googleapis-com.tf"][0m will be [1m[31mdestroyed[0m
  # (because key ["tf-files/721548842530/Service/monitoring-googleapis-com.tf"] is not in for_each map)
[0m  [31m-[0m[0m resource "google_storage_bucket_object" "example_objects" {
      [31m-[0m[0m bucket           = "gce-race-game" [90m-> null[0m[0m
      [31m-[0m[0m content_type     = "text/plain; charset=utf-8" [90m-> null[0m[0m
      [31m-[0m[0m crc32c           = "GIb2ig==" [90m-> null[0m[0m
      [31m-[0m[0m detect_md5hash   = "3SOe8Dd/UnP1kFnhhGyFbw==" [90m-> null[0m[0m
      [31m-[0m[0m event_based_hold = false [90m-> null[0m[0m
      [31m-[0m[0m id               = "gce-race-game-tf-files/721548842530/Service/monitoring-googleapis-com.tf" [90m-> null[0m[0m
      [31m-[0m[0m md5hash          = "3SOe8Dd/UnP1kFnhhGyFbw==" [90m-> null[0m[0m
      [31m-[0m[0m media_link       = "https://storage.googleapis.com/download/storage/v1/b/gce-race-game/o/tf-files%2F721548842530%2FService%2Fmonitoring-googleapis-com.tf?generation=1699172005254566&alt=media" [90m-> null[0m[0m
      [31m-[0m[0m metadata         = {} [90m-> null[0m[0m
      [31m-[0m[0m name             = "tf-files/721548842530/Service/monitoring-googleapis-com.tf" [90m-> null[0m[0m
      [31m-[0m[0m output_name      = "tf-files/721548842530/Service/monitoring-googleapis-com.tf" [90m-> null[0m[0m
      [31m-[0m[0m self_link        = "https://www.googleapis.com/storage/v1/b/gce-race-game/o/tf-files%2F721548842530%2FService%2Fmonitoring-googleapis-com.tf" [90m-> null[0m[0m
      [31m-[0m[0m source           = "../tf-files/721548842530/Service/monitoring-googleapis-com.tf" [90m-> null[0m[0m
      [31m-[0m[0m storage_class    = "STANDARD" [90m-> null[0m[0m
      [31m-[0m[0m temporary_hold   = false [90m-> null[0m[0m
    }

[1m  # google_storage_bucket_object.example_objects["tf-files/721548842530/Service/oslogin-googleapis-com.tf"][0m will be [1m[31mdestroyed[0m
  # (because key ["tf-files/721548842530/Service/oslogin-googleapis-com.tf"] is not in for_each map)
[0m  [31m-[0m[0m resource "google_storage_bucket_object" "example_objects" {
      [31m-[0m[0m bucket           = "gce-race-game" [90m-> null[0m[0m
      [31m-[0m[0m content_type     = "text/plain; charset=utf-8" [90m-> null[0m[0m
      [31m-[0m[0m crc32c           = "vPJIYA==" [90m-> null[0m[0m
      [31m-[0m[0m detect_md5hash   = "ec4GqWmV2usLhoUoLIOF8g==" [90m-> null[0m[0m
      [31m-[0m[0m event_based_hold = false [90m-> null[0m[0m
      [31m-[0m[0m id               = "gce-race-game-tf-files/721548842530/Service/oslogin-googleapis-com.tf" [90m-> null[0m[0m
      [31m-[0m[0m md5hash          = "ec4GqWmV2usLhoUoLIOF8g==" [90m-> null[0m[0m
      [31m-[0m[0m media_link       = "https://storage.googleapis.com/download/storage/v1/b/gce-race-game/o/tf-files%2F721548842530%2FService%2Foslogin-googleapis-com.tf?generation=1699171999053605&alt=media" [90m-> null[0m[0m
      [31m-[0m[0m metadata         = {} [90m-> null[0m[0m
      [31m-[0m[0m name             = "tf-files/721548842530/Service/oslogin-googleapis-com.tf" [90m-> null[0m[0m
      [31m-[0m[0m output_name      = "tf-files/721548842530/Service/oslogin-googleapis-com.tf" [90m-> null[0m[0m
      [31m-[0m[0m self_link        = "https://www.googleapis.com/storage/v1/b/gce-race-game/o/tf-files%2F721548842530%2FService%2Foslogin-googleapis-com.tf" [90m-> null[0m[0m
      [31m-[0m[0m source           = "../tf-files/721548842530/Service/oslogin-googleapis-com.tf" [90m-> null[0m[0m
      [31m-[0m[0m storage_class    = "STANDARD" [90m-> null[0m[0m
      [31m-[0m[0m temporary_hold   = false [90m-> null[0m[0m
    }

[1m  # google_storage_bucket_object.example_objects["tf-files/721548842530/Service/servicemanagement-googleapis-com.tf"][0m will be [1m[31mdestroyed[0m
  # (because key ["tf-files/721548842530/Service/servicemanagement-googleapis-com.tf"] is not in for_each map)
[0m  [31m-[0m[0m resource "google_storage_bucket_object" "example_objects" {
      [31m-[0m[0m bucket           = "gce-race-game" [90m-> null[0m[0m
      [31m-[0m[0m content_type     = "text/plain; charset=utf-8" [90m-> null[0m[0m
      [31m-[0m[0m crc32c           = "WcpfIg==" [90m-> null[0m[0m
      [31m-[0m[0m detect_md5hash   = "6m5or0a8WdY30Aje5QNuxQ==" [90m-> null[0m[0m
      [31m-[0m[0m event_based_hold = false [90m-> null[0m[0m
      [31m-[0m[0m id               = "gce-race-game-tf-files/721548842530/Service/servicemanagement-googleapis-com.tf" [90m-> null[0m[0m
      [31m-[0m[0m md5hash          = "6m5or0a8WdY30Aje5QNuxQ==" [90m-> null[0m[0m
      [31m-[0m[0m media_link       = "https://storage.googleapis.com/download/storage/v1/b/gce-race-game/o/tf-files%2F721548842530%2FService%2Fservicemanagement-googleapis-com.tf?generation=1699171992556771&alt=media" [90m-> null[0m[0m
      [31m-[0m[0m metadata         = {} [90m-> null[0m[0m
      [31m-[0m[0m name             = "tf-files/721548842530/Service/servicemanagement-googleapis-com.tf" [90m-> null[0m[0m
      [31m-[0m[0m output_name      = "tf-files/721548842530/Service/servicemanagement-googleapis-com.tf" [90m-> null[0m[0m
      [31m-[0m[0m self_link        = "https://www.googleapis.com/storage/v1/b/gce-race-game/o/tf-files%2F721548842530%2FService%2Fservicemanagement-googleapis-com.tf" [90m-> null[0m[0m
      [31m-[0m[0m source           = "../tf-files/721548842530/Service/servicemanagement-googleapis-com.tf" [90m-> null[0m[0m
      [31m-[0m[0m storage_class    = "STANDARD" [90m-> null[0m[0m
      [31m-[0m[0m temporary_hold   = false [90m-> null[0m[0m
    }

[1m  # google_storage_bucket_object.example_objects["tf-files/721548842530/Service/servicenetworking-googleapis-com.tf"][0m will be [1m[31mdestroyed[0m
  # (because key ["tf-files/721548842530/Service/servicenetworking-googleapis-com.tf"] is not in for_each map)
[0m  [31m-[0m[0m resource "google_storage_bucket_object" "example_objects" {
      [31m-[0m[0m bucket           = "gce-race-game" [90m-> null[0m[0m
      [31m-[0m[0m content_type     = "text/plain; charset=utf-8" [90m-> null[0m[0m
      [31m-[0m[0m crc32c           = "QCjQSA==" [90m-> null[0m[0m
      [31m-[0m[0m detect_md5hash   = "GI/qW7b2TyTj54B1kjpABQ==" [90m-> null[0m[0m
      [31m-[0m[0m event_based_hold = false [90m-> null[0m[0m
      [31m-[0m[0m id               = "gce-race-game-tf-files/721548842530/Service/servicenetworking-googleapis-com.tf" [90m-> null[0m[0m
      [31m-[0m[0m md5hash          = "GI/qW7b2TyTj54B1kjpABQ==" [90m-> null[0m[0m
      [31m-[0m[0m media_link       = "https://storage.googleapis.com/download/storage/v1/b/gce-race-game/o/tf-files%2F721548842530%2FService%2Fservicenetworking-googleapis-com.tf?generation=1699172004552901&alt=media" [90m-> null[0m[0m
      [31m-[0m[0m metadata         = {} [90m-> null[0m[0m
      [31m-[0m[0m name             = "tf-files/721548842530/Service/servicenetworking-googleapis-com.tf" [90m-> null[0m[0m
      [31m-[0m[0m output_name      = "tf-files/721548842530/Service/servicenetworking-googleapis-com.tf" [90m-> null[0m[0m
      [31m-[0m[0m self_link        = "https://www.googleapis.com/storage/v1/b/gce-race-game/o/tf-files%2F721548842530%2FService%2Fservicenetworking-googleapis-com.tf" [90m-> null[0m[0m
      [31m-[0m[0m source           = "../tf-files/721548842530/Service/servicenetworking-googleapis-com.tf" [90m-> null[0m[0m
      [31m-[0m[0m storage_class    = "STANDARD" [90m-> null[0m[0m
      [31m-[0m[0m temporary_hold   = false [90m-> null[0m[0m
    }

[1m  # google_storage_bucket_object.example_objects["tf-files/721548842530/Service/serviceusage-googleapis-com.tf"][0m will be [1m[31mdestroyed[0m
  # (because key ["tf-files/721548842530/Service/serviceusage-googleapis-com.tf"] is not in for_each map)
[0m  [31m-[0m[0m resource "google_storage_bucket_object" "example_objects" {
      [31m-[0m[0m bucket           = "gce-race-game" [90m-> null[0m[0m
      [31m-[0m[0m content_type     = "text/plain; charset=utf-8" [90m-> null[0m[0m
      [31m-[0m[0m crc32c           = "yJZhYA==" [90m-> null[0m[0m
      [31m-[0m[0m detect_md5hash   = "WUxbTTmf/TjJ3Uqk/7kMMg==" [90m-> null[0m[0m
      [31m-[0m[0m event_based_hold = false [90m-> null[0m[0m
      [31m-[0m[0m id               = "gce-race-game-tf-files/721548842530/Service/serviceusage-googleapis-com.tf" [90m-> null[0m[0m
      [31m-[0m[0m md5hash          = "WUxbTTmf/TjJ3Uqk/7kMMg==" [90m-> null[0m[0m
      [31m-[0m[0m media_link       = "https://storage.googleapis.com/download/storage/v1/b/gce-race-game/o/tf-files%2F721548842530%2FService%2Fserviceusage-googleapis-com.tf?generation=1699171988752323&alt=media" [90m-> null[0m[0m
      [31m-[0m[0m metadata         = {} [90m-> null[0m[0m
      [31m-[0m[0m name             = "tf-files/721548842530/Service/serviceusage-googleapis-com.tf" [90m-> null[0m[0m
      [31m-[0m[0m output_name      = "tf-files/721548842530/Service/serviceusage-googleapis-com.tf" [90m-> null[0m[0m
      [31m-[0m[0m self_link        = "https://www.googleapis.com/storage/v1/b/gce-race-game/o/tf-files%2F721548842530%2FService%2Fserviceusage-googleapis-com.tf" [90m-> null[0m[0m
      [31m-[0m[0m source           = "../tf-files/721548842530/Service/serviceusage-googleapis-com.tf" [90m-> null[0m[0m
      [31m-[0m[0m storage_class    = "STANDARD" [90m-> null[0m[0m
      [31m-[0m[0m temporary_hold   = false [90m-> null[0m[0m
    }

[1m  # google_storage_bucket_object.example_objects["tf-files/721548842530/Service/sql-component-googleapis-com.tf"][0m will be [1m[31mdestroyed[0m
  # (because key ["tf-files/721548842530/Service/sql-component-googleapis-com.tf"] is not in for_each map)
[0m  [31m-[0m[0m resource "google_storage_bucket_object" "example_objects" {
      [31m-[0m[0m bucket           = "gce-race-game" [90m-> null[0m[0m
      [31m-[0m[0m content_type     = "text/plain; charset=utf-8" [90m-> null[0m[0m
      [31m-[0m[0m crc32c           = "+sWqWg==" [90m-> null[0m[0m
      [31m-[0m[0m detect_md5hash   = "l87mpVO08tKKIPajAWUSjw==" [90m-> null[0m[0m
      [31m-[0m[0m event_based_hold = false [90m-> null[0m[0m
      [31m-[0m[0m id               = "gce-race-game-tf-files/721548842530/Service/sql-component-googleapis-com.tf" [90m-> null[0m[0m
      [31m-[0m[0m md5hash          = "l87mpVO08tKKIPajAWUSjw==" [90m-> null[0m[0m
      [31m-[0m[0m media_link       = "https://storage.googleapis.com/download/storage/v1/b/gce-race-game/o/tf-files%2F721548842530%2FService%2Fsql-component-googleapis-com.tf?generation=1699171996349732&alt=media" [90m-> null[0m[0m
      [31m-[0m[0m metadata         = {} [90m-> null[0m[0m
      [31m-[0m[0m name             = "tf-files/721548842530/Service/sql-component-googleapis-com.tf" [90m-> null[0m[0m
      [31m-[0m[0m output_name      = "tf-files/721548842530/Service/sql-component-googleapis-com.tf" [90m-> null[0m[0m
      [31m-[0m[0m self_link        = "https://www.googleapis.com/storage/v1/b/gce-race-game/o/tf-files%2F721548842530%2FService%2Fsql-component-googleapis-com.tf" [90m-> null[0m[0m
      [31m-[0m[0m source           = "../tf-files/721548842530/Service/sql-component-googleapis-com.tf" [90m-> null[0m[0m
      [31m-[0m[0m storage_class    = "STANDARD" [90m-> null[0m[0m
      [31m-[0m[0m temporary_hold   = false [90m-> null[0m[0m
    }

[1m  # google_storage_bucket_object.example_objects["tf-files/721548842530/Service/sqladmin-googleapis-com.tf"][0m will be [1m[31mdestroyed[0m
  # (because key ["tf-files/721548842530/Service/sqladmin-googleapis-com.tf"] is not in for_each map)
[0m  [31m-[0m[0m resource "google_storage_bucket_object" "example_objects" {
      [31m-[0m[0m bucket           = "gce-race-game" [90m-> null[0m[0m
      [31m-[0m[0m content_type     = "text/plain; charset=utf-8" [90m-> null[0m[0m
      [31m-[0m[0m crc32c           = "vIUVJg==" [90m-> null[0m[0m
      [31m-[0m[0m detect_md5hash   = "r6Z5hR7G3SkDDEu09y1jaA==" [90m-> null[0m[0m
      [31m-[0m[0m event_based_hold = false [90m-> null[0m[0m
      [31m-[0m[0m id               = "gce-race-game-tf-files/721548842530/Service/sqladmin-googleapis-com.tf" [90m-> null[0m[0m
      [31m-[0m[0m md5hash          = "r6Z5hR7G3SkDDEu09y1jaA==" [90m-> null[0m[0m
      [31m-[0m[0m media_link       = "https://storage.googleapis.com/download/storage/v1/b/gce-race-game/o/tf-files%2F721548842530%2FService%2Fsqladmin-googleapis-com.tf?generation=1699172004753430&alt=media" [90m-> null[0m[0m
      [31m-[0m[0m metadata         = {} [90m-> null[0m[0m
      [31m-[0m[0m name             = "tf-files/721548842530/Service/sqladmin-googleapis-com.tf" [90m-> null[0m[0m
      [31m-[0m[0m output_name      = "tf-files/721548842530/Service/sqladmin-googleapis-com.tf" [90m-> null[0m[0m
      [31m-[0m[0m self_link        = "https://www.googleapis.com/storage/v1/b/gce-race-game/o/tf-files%2F721548842530%2FService%2Fsqladmin-googleapis-com.tf" [90m-> null[0m[0m
      [31m-[0m[0m source           = "../tf-files/721548842530/Service/sqladmin-googleapis-com.tf" [90m-> null[0m[0m
      [31m-[0m[0m storage_class    = "STANDARD" [90m-> null[0m[0m
      [31m-[0m[0m temporary_hold   = false [90m-> null[0m[0m
    }

[1m  # google_storage_bucket_object.example_objects["tf-files/721548842530/Service/storage-api-googleapis-com.tf"][0m will be [1m[31mdestroyed[0m
  # (because key ["tf-files/721548842530/Service/storage-api-googleapis-com.tf"] is not in for_each map)
[0m  [31m-[0m[0m resource "google_storage_bucket_object" "example_objects" {
      [31m-[0m[0m bucket           = "gce-race-game" [90m-> null[0m[0m
      [31m-[0m[0m content_type     = "text/plain; charset=utf-8" [90m-> null[0m[0m
      [31m-[0m[0m crc32c           = "IdrYMQ==" [90m-> null[0m[0m
      [31m-[0m[0m detect_md5hash   = "uSZj4/fLHjjmoiGG4zontw==" [90m-> null[0m[0m
      [31m-[0m[0m event_based_hold = false [90m-> null[0m[0m
      [31m-[0m[0m id               = "gce-race-game-tf-files/721548842530/Service/storage-api-googleapis-com.tf" [90m-> null[0m[0m
      [31m-[0m[0m md5hash          = "uSZj4/fLHjjmoiGG4zontw==" [90m-> null[0m[0m
      [31m-[0m[0m media_link       = "https://storage.googleapis.com/download/storage/v1/b/gce-race-game/o/tf-files%2F721548842530%2FService%2Fstorage-api-googleapis-com.tf?generation=1699172005255526&alt=media" [90m-> null[0m[0m
      [31m-[0m[0m metadata         = {} [90m-> null[0m[0m
      [31m-[0m[0m name             = "tf-files/721548842530/Service/storage-api-googleapis-com.tf" [90m-> null[0m[0m
      [31m-[0m[0m output_name      = "tf-files/721548842530/Service/storage-api-googleapis-com.tf" [90m-> null[0m[0m
      [31m-[0m[0m self_link        = "https://www.googleapis.com/storage/v1/b/gce-race-game/o/tf-files%2F721548842530%2FService%2Fstorage-api-googleapis-com.tf" [90m-> null[0m[0m
      [31m-[0m[0m source           = "../tf-files/721548842530/Service/storage-api-googleapis-com.tf" [90m-> null[0m[0m
      [31m-[0m[0m storage_class    = "STANDARD" [90m-> null[0m[0m
      [31m-[0m[0m temporary_hold   = false [90m-> null[0m[0m
    }

[1m  # google_storage_bucket_object.example_objects["tf-files/721548842530/Service/storage-component-googleapis-com.tf"][0m will be [1m[31mdestroyed[0m
  # (because key ["tf-files/721548842530/Service/storage-component-googleapis-com.tf"] is not in for_each map)
[0m  [31m-[0m[0m resource "google_storage_bucket_object" "example_objects" {
      [31m-[0m[0m bucket           = "gce-race-game" [90m-> null[0m[0m
      [31m-[0m[0m content_type     = "text/plain; charset=utf-8" [90m-> null[0m[0m
      [31m-[0m[0m crc32c           = "3s4/Tw==" [90m-> null[0m[0m
      [31m-[0m[0m detect_md5hash   = "5AZEQ8sVZqkkpjPoRY/zOg==" [90m-> null[0m[0m
      [31m-[0m[0m event_based_hold = false [90m-> null[0m[0m
      [31m-[0m[0m id               = "gce-race-game-tf-files/721548842530/Service/storage-component-googleapis-com.tf" [90m-> null[0m[0m
      [31m-[0m[0m md5hash          = "5AZEQ8sVZqkkpjPoRY/zOg==" [90m-> null[0m[0m
      [31m-[0m[0m media_link       = "https://storage.googleapis.com/download/storage/v1/b/gce-race-game/o/tf-files%2F721548842530%2FService%2Fstorage-component-googleapis-com.tf?generation=1699171999052199&alt=media" [90m-> null[0m[0m
      [31m-[0m[0m metadata         = {} [90m-> null[0m[0m
      [31m-[0m[0m name             = "tf-files/721548842530/Service/storage-component-googleapis-com.tf" [90m-> null[0m[0m
      [31m-[0m[0m output_name      = "tf-files/721548842530/Service/storage-component-googleapis-com.tf" [90m-> null[0m[0m
      [31m-[0m[0m self_link        = "https://www.googleapis.com/storage/v1/b/gce-race-game/o/tf-files%2F721548842530%2FService%2Fstorage-component-googleapis-com.tf" [90m-> null[0m[0m
      [31m-[0m[0m source           = "../tf-files/721548842530/Service/storage-component-googleapis-com.tf" [90m-> null[0m[0m
      [31m-[0m[0m storage_class    = "STANDARD" [90m-> null[0m[0m
      [31m-[0m[0m temporary_hold   = false [90m-> null[0m[0m
    }

[1m  # google_storage_bucket_object.example_objects["tf-files/721548842530/Service/storage-googleapis-com.tf"][0m will be [1m[31mdestroyed[0m
  # (because key ["tf-files/721548842530/Service/storage-googleapis-com.tf"] is not in for_each map)
[0m  [31m-[0m[0m resource "google_storage_bucket_object" "example_objects" {
      [31m-[0m[0m bucket           = "gce-race-game" [90m-> null[0m[0m
      [31m-[0m[0m content_type     = "text/plain; charset=utf-8" [90m-> null[0m[0m
      [31m-[0m[0m crc32c           = "2L1+QQ==" [90m-> null[0m[0m
      [31m-[0m[0m detect_md5hash   = "7oLGMA0U3RvOty1I/m8+HQ==" [90m-> null[0m[0m
      [31m-[0m[0m event_based_hold = false [90m-> null[0m[0m
      [31m-[0m[0m id               = "gce-race-game-tf-files/721548842530/Service/storage-googleapis-com.tf" [90m-> null[0m[0m
      [31m-[0m[0m md5hash          = "7oLGMA0U3RvOty1I/m8+HQ==" [90m-> null[0m[0m
      [31m-[0m[0m media_link       = "https://storage.googleapis.com/download/storage/v1/b/gce-race-game/o/tf-files%2F721548842530%2FService%2Fstorage-googleapis-com.tf?generation=1699172002257005&alt=media" [90m-> null[0m[0m
      [31m-[0m[0m metadata         = {} [90m-> null[0m[0m
      [31m-[0m[0m name             = "tf-files/721548842530/Service/storage-googleapis-com.tf" [90m-> null[0m[0m
      [31m-[0m[0m output_name      = "tf-files/721548842530/Service/storage-googleapis-com.tf" [90m-> null[0m[0m
      [31m-[0m[0m self_link        = "https://www.googleapis.com/storage/v1/b/gce-race-game/o/tf-files%2F721548842530%2FService%2Fstorage-googleapis-com.tf" [90m-> null[0m[0m
      [31m-[0m[0m source           = "../tf-files/721548842530/Service/storage-googleapis-com.tf" [90m-> null[0m[0m
      [31m-[0m[0m storage_class    = "STANDARD" [90m-> null[0m[0m
      [31m-[0m[0m temporary_hold   = false [90m-> null[0m[0m
    }

[1m  # google_storage_bucket_object.example_objects["tf-files/devops-gkem/ComputeDisk/asia-south2-a/asia-front-q1sf.tf"][0m will be [1m[31mdestroyed[0m
  # (because key ["tf-files/devops-gkem/ComputeDisk/asia-south2-a/asia-front-q1sf.tf"] is not in for_each map)
[0m  [31m-[0m[0m resource "google_storage_bucket_object" "example_objects" {
      [31m-[0m[0m bucket           = "gce-race-game" [90m-> null[0m[0m
      [31m-[0m[0m content_type     = "text/plain; charset=utf-8" [90m-> null[0m[0m
      [31m-[0m[0m crc32c           = "FmPdww==" [90m-> null[0m[0m
      [31m-[0m[0m detect_md5hash   = "6eDEk/gHt/dnO+4y62yyGQ==" [90m-> null[0m[0m
      [31m-[0m[0m event_based_hold = false [90m-> null[0m[0m
      [31m-[0m[0m id               = "gce-race-game-tf-files/devops-gkem/ComputeDisk/asia-south2-a/asia-front-q1sf.tf" [90m-> null[0m[0m
      [31m-[0m[0m md5hash          = "6eDEk/gHt/dnO+4y62yyGQ==" [90m-> null[0m[0m
      [31m-[0m[0m media_link       = "https://storage.googleapis.com/download/storage/v1/b/gce-race-game/o/tf-files%2Fdevops-gkem%2FComputeDisk%2Fasia-south2-a%2Fasia-front-q1sf.tf?generation=1699172000052952&alt=media" [90m-> null[0m[0m
      [31m-[0m[0m metadata         = {} [90m-> null[0m[0m
      [31m-[0m[0m name             = "tf-files/devops-gkem/ComputeDisk/asia-south2-a/asia-front-q1sf.tf" [90m-> null[0m[0m
      [31m-[0m[0m output_name      = "tf-files/devops-gkem/ComputeDisk/asia-south2-a/asia-front-q1sf.tf" [90m-> null[0m[0m
      [31m-[0m[0m self_link        = "https://www.googleapis.com/storage/v1/b/gce-race-game/o/tf-files%2Fdevops-gkem%2FComputeDisk%2Fasia-south2-a%2Fasia-front-q1sf.tf" [90m-> null[0m[0m
      [31m-[0m[0m source           = "../tf-files/devops-gkem/ComputeDisk/asia-south2-a/asia-front-q1sf.tf" [90m-> null[0m[0m
      [31m-[0m[0m storage_class    = "STANDARD" [90m-> null[0m[0m
      [31m-[0m[0m temporary_hold   = false [90m-> null[0m[0m
    }

[1m  # google_storage_bucket_object.example_objects["tf-files/devops-gkem/ComputeDisk/asia-south2-a/backend-1zdt.tf"][0m will be [1m[31mdestroyed[0m
  # (because key ["tf-files/devops-gkem/ComputeDisk/asia-south2-a/backend-1zdt.tf"] is not in for_each map)
[0m  [31m-[0m[0m resource "google_storage_bucket_object" "example_objects" {
      [31m-[0m[0m bucket           = "gce-race-game" [90m-> null[0m[0m
      [31m-[0m[0m content_type     = "text/plain; charset=utf-8" [90m-> null[0m[0m
      [31m-[0m[0m crc32c           = "sWF2cA==" [90m-> null[0m[0m
      [31m-[0m[0m detect_md5hash   = "IBLO4VMTgq2Cb5ftZFgtpA==" [90m-> null[0m[0m
      [31m-[0m[0m event_based_hold = false [90m-> null[0m[0m
      [31m-[0m[0m id               = "gce-race-game-tf-files/devops-gkem/ComputeDisk/asia-south2-a/backend-1zdt.tf" [90m-> null[0m[0m
      [31m-[0m[0m md5hash          = "IBLO4VMTgq2Cb5ftZFgtpA==" [90m-> null[0m[0m
      [31m-[0m[0m media_link       = "https://storage.googleapis.com/download/storage/v1/b/gce-race-game/o/tf-files%2Fdevops-gkem%2FComputeDisk%2Fasia-south2-a%2Fbackend-1zdt.tf?generation=1699172005352216&alt=media" [90m-> null[0m[0m
      [31m-[0m[0m metadata         = {} [90m-> null[0m[0m
      [31m-[0m[0m name             = "tf-files/devops-gkem/ComputeDisk/asia-south2-a/backend-1zdt.tf" [90m-> null[0m[0m
      [31m-[0m[0m output_name      = "tf-files/devops-gkem/ComputeDisk/asia-south2-a/backend-1zdt.tf" [90m-> null[0m[0m
      [31m-[0m[0m self_link        = "https://www.googleapis.com/storage/v1/b/gce-race-game/o/tf-files%2Fdevops-gkem%2FComputeDisk%2Fasia-south2-a%2Fbackend-1zdt.tf" [90m-> null[0m[0m
      [31m-[0m[0m source           = "../tf-files/devops-gkem/ComputeDisk/asia-south2-a/backend-1zdt.tf" [90m-> null[0m[0m
      [31m-[0m[0m storage_class    = "STANDARD" [90m-> null[0m[0m
      [31m-[0m[0m temporary_hold   = false [90m-> null[0m[0m
    }

[1m  # google_storage_bucket_object.example_objects["tf-files/devops-gkem/ComputeDisk/us-central1-a/us-front-4t1j.tf"][0m will be [1m[31mdestroyed[0m
  # (because key ["tf-files/devops-gkem/ComputeDisk/us-central1-a/us-front-4t1j.tf"] is not in for_each map)
[0m  [31m-[0m[0m resource "google_storage_bucket_object" "example_objects" {
      [31m-[0m[0m bucket           = "gce-race-game" [90m-> null[0m[0m
      [31m-[0m[0m content_type     = "text/plain; charset=utf-8" [90m-> null[0m[0m
      [31m-[0m[0m crc32c           = "E4k8Dg==" [90m-> null[0m[0m
      [31m-[0m[0m detect_md5hash   = "cRS54h4uMvG2Dq2lHPgmGw==" [90m-> null[0m[0m
      [31m-[0m[0m event_based_hold = false [90m-> null[0m[0m
      [31m-[0m[0m id               = "gce-race-game-tf-files/devops-gkem/ComputeDisk/us-central1-a/us-front-4t1j.tf" [90m-> null[0m[0m
      [31m-[0m[0m md5hash          = "cRS54h4uMvG2Dq2lHPgmGw==" [90m-> null[0m[0m
      [31m-[0m[0m media_link       = "https://storage.googleapis.com/download/storage/v1/b/gce-race-game/o/tf-files%2Fdevops-gkem%2FComputeDisk%2Fus-central1-a%2Fus-front-4t1j.tf?generation=1699171995650816&alt=media" [90m-> null[0m[0m
      [31m-[0m[0m metadata         = {} [90m-> null[0m[0m
      [31m-[0m[0m name             = "tf-files/devops-gkem/ComputeDisk/us-central1-a/us-front-4t1j.tf" [90m-> null[0m[0m
      [31m-[0m[0m output_name      = "tf-files/devops-gkem/ComputeDisk/us-central1-a/us-front-4t1j.tf" [90m-> null[0m[0m
      [31m-[0m[0m self_link        = "https://www.googleapis.com/storage/v1/b/gce-race-game/o/tf-files%2Fdevops-gkem%2FComputeDisk%2Fus-central1-a%2Fus-front-4t1j.tf" [90m-> null[0m[0m
      [31m-[0m[0m source           = "../tf-files/devops-gkem/ComputeDisk/us-central1-a/us-front-4t1j.tf" [90m-> null[0m[0m
      [31m-[0m[0m storage_class    = "STANDARD" [90m-> null[0m[0m
      [31m-[0m[0m temporary_hold   = false [90m-> null[0m[0m
    }

[1m  # google_storage_bucket_object.example_objects["tf-files/projects/devops-gkem/ComputeAddress/asia-south2/nat-auto-ip-7211312-7-1699075686554745.tf"][0m will be [1m[31mdestroyed[0m
  # (because key ["tf-files/projects/devops-gkem/ComputeAddress/asia-south2/nat-auto-ip-7211312-7-1699075686554745.tf"] is not in for_each map)
[0m  [31m-[0m[0m resource "google_storage_bucket_object" "example_objects" {
      [31m-[0m[0m bucket           = "gce-race-game" [90m-> null[0m[0m
      [31m-[0m[0m content_type     = "text/plain; charset=utf-8" [90m-> null[0m[0m
      [31m-[0m[0m crc32c           = "8h09SQ==" [90m-> null[0m[0m
      [31m-[0m[0m detect_md5hash   = "RG1Ki9Grz93p9+k74Qb1Wg==" [90m-> null[0m[0m
      [31m-[0m[0m event_based_hold = false [90m-> null[0m[0m
      [31m-[0m[0m id               = "gce-race-game-tf-files/projects/devops-gkem/ComputeAddress/asia-south2/nat-auto-ip-7211312-7-1699075686554745.tf" [90m-> null[0m[0m
      [31m-[0m[0m md5hash          = "RG1Ki9Grz93p9+k74Qb1Wg==" [90m-> null[0m[0m
      [31m-[0m[0m media_link       = "https://storage.googleapis.com/download/storage/v1/b/gce-race-game/o/tf-files%2Fprojects%2Fdevops-gkem%2FComputeAddress%2Fasia-south2%2Fnat-auto-ip-7211312-7-1699075686554745.tf?generation=1699171997153106&alt=media" [90m-> null[0m[0m
      [31m-[0m[0m metadata         = {} [90m-> null[0m[0m
      [31m-[0m[0m name             = "tf-files/projects/devops-gkem/ComputeAddress/asia-south2/nat-auto-ip-7211312-7-1699075686554745.tf" [90m-> null[0m[0m
      [31m-[0m[0m output_name      = "tf-files/projects/devops-gkem/ComputeAddress/asia-south2/nat-auto-ip-7211312-7-1699075686554745.tf" [90m-> null[0m[0m
      [31m-[0m[0m self_link        = "https://www.googleapis.com/storage/v1/b/gce-race-game/o/tf-files%2Fprojects%2Fdevops-gkem%2FComputeAddress%2Fasia-south2%2Fnat-auto-ip-7211312-7-1699075686554745.tf" [90m-> null[0m[0m
      [31m-[0m[0m source           = "../tf-files/projects/devops-gkem/ComputeAddress/asia-south2/nat-auto-ip-7211312-7-1699075686554745.tf" [90m-> null[0m[0m
      [31m-[0m[0m storage_class    = "STANDARD" [90m-> null[0m[0m
      [31m-[0m[0m temporary_hold   = false [90m-> null[0m[0m
    }

[1m  # google_storage_bucket_object.example_objects["tf-files/projects/devops-gkem/ComputeAddress/global/frontend-lb.tf"][0m will be [1m[31mdestroyed[0m
  # (because key ["tf-files/projects/devops-gkem/ComputeAddress/global/frontend-lb.tf"] is not in for_each map)
[0m  [31m-[0m[0m resource "google_storage_bucket_object" "example_objects" {
      [31m-[0m[0m bucket           = "gce-race-game" [90m-> null[0m[0m
      [31m-[0m[0m content_type     = "text/plain; charset=utf-8" [90m-> null[0m[0m
      [31m-[0m[0m crc32c           = "jx9+/w==" [90m-> null[0m[0m
      [31m-[0m[0m detect_md5hash   = "hgkTcT61RpjLKA9o4gR9NQ==" [90m-> null[0m[0m
      [31m-[0m[0m event_based_hold = false [90m-> null[0m[0m
      [31m-[0m[0m id               = "gce-race-game-tf-files/projects/devops-gkem/ComputeAddress/global/frontend-lb.tf" [90m-> null[0m[0m
      [31m-[0m[0m md5hash          = "hgkTcT61RpjLKA9o4gR9NQ==" [90m-> null[0m[0m
      [31m-[0m[0m media_link       = "https://storage.googleapis.com/download/storage/v1/b/gce-race-game/o/tf-files%2Fprojects%2Fdevops-gkem%2FComputeAddress%2Fglobal%2Ffrontend-lb.tf?generation=1699171996452798&alt=media" [90m-> null[0m[0m
      [31m-[0m[0m metadata         = {} [90m-> null[0m[0m
      [31m-[0m[0m name             = "tf-files/projects/devops-gkem/ComputeAddress/global/frontend-lb.tf" [90m-> null[0m[0m
      [31m-[0m[0m output_name      = "tf-files/projects/devops-gkem/ComputeAddress/global/frontend-lb.tf" [90m-> null[0m[0m
      [31m-[0m[0m self_link        = "https://www.googleapis.com/storage/v1/b/gce-race-game/o/tf-files%2Fprojects%2Fdevops-gkem%2FComputeAddress%2Fglobal%2Ffrontend-lb.tf" [90m-> null[0m[0m
      [31m-[0m[0m source           = "../tf-files/projects/devops-gkem/ComputeAddress/global/frontend-lb.tf" [90m-> null[0m[0m
      [31m-[0m[0m storage_class    = "STANDARD" [90m-> null[0m[0m
      [31m-[0m[0m temporary_hold   = false [90m-> null[0m[0m
    }

[1m  # google_storage_bucket_object.example_objects["tf-files/projects/devops-gkem/ComputeAddress/global/range-sql.tf"][0m will be [1m[31mdestroyed[0m
  # (because key ["tf-files/projects/devops-gkem/ComputeAddress/global/range-sql.tf"] is not in for_each map)
[0m  [31m-[0m[0m resource "google_storage_bucket_object" "example_objects" {
      [31m-[0m[0m bucket           = "gce-race-game" [90m-> null[0m[0m
      [31m-[0m[0m content_type     = "text/plain; charset=utf-8" [90m-> null[0m[0m
      [31m-[0m[0m crc32c           = "V4415Q==" [90m-> null[0m[0m
      [31m-[0m[0m detect_md5hash   = "TRuDy1D8Ecad9+dAnpMHYg==" [90m-> null[0m[0m
      [31m-[0m[0m event_based_hold = false [90m-> null[0m[0m
      [31m-[0m[0m id               = "gce-race-game-tf-files/projects/devops-gkem/ComputeAddress/global/range-sql.tf" [90m-> null[0m[0m
      [31m-[0m[0m md5hash          = "TRuDy1D8Ecad9+dAnpMHYg==" [90m-> null[0m[0m
      [31m-[0m[0m media_link       = "https://storage.googleapis.com/download/storage/v1/b/gce-race-game/o/tf-files%2Fprojects%2Fdevops-gkem%2FComputeAddress%2Fglobal%2Frange-sql.tf?generation=1699172005450251&alt=media" [90m-> null[0m[0m
      [31m-[0m[0m metadata         = {} [90m-> null[0m[0m
      [31m-[0m[0m name             = "tf-files/projects/devops-gkem/ComputeAddress/global/range-sql.tf" [90m-> null[0m[0m
      [31m-[0m[0m output_name      = "tf-files/projects/devops-gkem/ComputeAddress/global/range-sql.tf" [90m-> null[0m[0m
      [31m-[0m[0m self_link        = "https://www.googleapis.com/storage/v1/b/gce-race-game/o/tf-files%2Fprojects%2Fdevops-gkem%2FComputeAddress%2Fglobal%2Frange-sql.tf" [90m-> null[0m[0m
      [31m-[0m[0m source           = "../tf-files/projects/devops-gkem/ComputeAddress/global/range-sql.tf" [90m-> null[0m[0m
      [31m-[0m[0m storage_class    = "STANDARD" [90m-> null[0m[0m
      [31m-[0m[0m temporary_hold   = false [90m-> null[0m[0m
    }

[1m  # google_storage_bucket_object.example_objects["tf-files/projects/devops-gkem/ComputeAddress/us-central1/nat-auto-ip-7211312-11-1699090939319034.tf"][0m will be [1m[31mdestroyed[0m
  # (because key ["tf-files/projects/devops-gkem/ComputeAddress/us-central1/nat-auto-ip-7211312-11-1699090939319034.tf"] is not in for_each map)
[0m  [31m-[0m[0m resource "google_storage_bucket_object" "example_objects" {
      [31m-[0m[0m bucket           = "gce-race-game" [90m-> null[0m[0m
      [31m-[0m[0m content_type     = "text/plain; charset=utf-8" [90m-> null[0m[0m
      [31m-[0m[0m crc32c           = "ILfK8Q==" [90m-> null[0m[0m
      [31m-[0m[0m detect_md5hash   = "TM3hcrbKM4/57tcJonabaA==" [90m-> null[0m[0m
      [31m-[0m[0m event_based_hold = false [90m-> null[0m[0m
      [31m-[0m[0m id               = "gce-race-game-tf-files/projects/devops-gkem/ComputeAddress/us-central1/nat-auto-ip-7211312-11-1699090939319034.tf" [90m-> null[0m[0m
      [31m-[0m[0m md5hash          = "TM3hcrbKM4/57tcJonabaA==" [90m-> null[0m[0m
      [31m-[0m[0m media_link       = "https://storage.googleapis.com/download/storage/v1/b/gce-race-game/o/tf-files%2Fprojects%2Fdevops-gkem%2FComputeAddress%2Fus-central1%2Fnat-auto-ip-7211312-11-1699090939319034.tf?generation=1699171997053757&alt=media" [90m-> null[0m[0m
      [31m-[0m[0m metadata         = {} [90m-> null[0m[0m
      [31m-[0m[0m name             = "tf-files/projects/devops-gkem/ComputeAddress/us-central1/nat-auto-ip-7211312-11-1699090939319034.tf" [90m-> null[0m[0m
      [31m-[0m[0m output_name      = "tf-files/projects/devops-gkem/ComputeAddress/us-central1/nat-auto-ip-7211312-11-1699090939319034.tf" [90m-> null[0m[0m
      [31m-[0m[0m self_link        = "https://www.googleapis.com/storage/v1/b/gce-race-game/o/tf-files%2Fprojects%2Fdevops-gkem%2FComputeAddress%2Fus-central1%2Fnat-auto-ip-7211312-11-1699090939319034.tf" [90m-> null[0m[0m
      [31m-[0m[0m source           = "../tf-files/projects/devops-gkem/ComputeAddress/us-central1/nat-auto-ip-7211312-11-1699090939319034.tf" [90m-> null[0m[0m
      [31m-[0m[0m storage_class    = "STANDARD" [90m-> null[0m[0m
      [31m-[0m[0m temporary_hold   = false [90m-> null[0m[0m
    }

[1m  # google_storage_bucket_object.example_objects["tf-files/projects/devops-gkem/ComputeBackendService/asia-south2/backend-bs.tf"][0m will be [1m[31mdestroyed[0m
  # (because key ["tf-files/projects/devops-gkem/ComputeBackendService/asia-south2/backend-bs.tf"] is not in for_each map)
[0m  [31m-[0m[0m resource "google_storage_bucket_object" "example_objects" {
      [31m-[0m[0m bucket           = "gce-race-game" [90m-> null[0m[0m
      [31m-[0m[0m content_type     = "text/plain; charset=utf-8" [90m-> null[0m[0m
      [31m-[0m[0m crc32c           = "Fn3DWA==" [90m-> null[0m[0m
      [31m-[0m[0m detect_md5hash   = "8vrP+BU24ttPlWrhOjF0LQ==" [90m-> null[0m[0m
      [31m-[0m[0m event_based_hold = false [90m-> null[0m[0m
      [31m-[0m[0m id               = "gce-race-game-tf-files/projects/devops-gkem/ComputeBackendService/asia-south2/backend-bs.tf" [90m-> null[0m[0m
      [31m-[0m[0m md5hash          = "8vrP+BU24ttPlWrhOjF0LQ==" [90m-> null[0m[0m
      [31m-[0m[0m media_link       = "https://storage.googleapis.com/download/storage/v1/b/gce-race-game/o/tf-files%2Fprojects%2Fdevops-gkem%2FComputeBackendService%2Fasia-south2%2Fbackend-bs.tf?generation=1699172006754952&alt=media" [90m-> null[0m[0m
      [31m-[0m[0m metadata         = {} [90m-> null[0m[0m
      [31m-[0m[0m name             = "tf-files/projects/devops-gkem/ComputeBackendService/asia-south2/backend-bs.tf" [90m-> null[0m[0m
      [31m-[0m[0m output_name      = "tf-files/projects/devops-gkem/ComputeBackendService/asia-south2/backend-bs.tf" [90m-> null[0m[0m
      [31m-[0m[0m self_link        = "https://www.googleapis.com/storage/v1/b/gce-race-game/o/tf-files%2Fprojects%2Fdevops-gkem%2FComputeBackendService%2Fasia-south2%2Fbackend-bs.tf" [90m-> null[0m[0m
      [31m-[0m[0m source           = "../tf-files/projects/devops-gkem/ComputeBackendService/asia-south2/backend-bs.tf" [90m-> null[0m[0m
      [31m-[0m[0m storage_class    = "STANDARD" [90m-> null[0m[0m
      [31m-[0m[0m temporary_hold   = false [90m-> null[0m[0m
    }

[1m  # google_storage_bucket_object.example_objects["tf-files/projects/devops-gkem/ComputeBackendService/global/frontend-bs.tf"][0m will be [1m[31mdestroyed[0m
  # (because key ["tf-files/projects/devops-gkem/ComputeBackendService/global/frontend-bs.tf"] is not in for_each map)
[0m  [31m-[0m[0m resource "google_storage_bucket_object" "example_objects" {
      [31m-[0m[0m bucket           = "gce-race-game" [90m-> null[0m[0m
      [31m-[0m[0m content_type     = "text/plain; charset=utf-8" [90m-> null[0m[0m
      [31m-[0m[0m crc32c           = "fVN2/A==" [90m-> null[0m[0m
      [31m-[0m[0m detect_md5hash   = "O/BXpLTPkipk/UqEpTrAZg==" [90m-> null[0m[0m
      [31m-[0m[0m event_based_hold = false [90m-> null[0m[0m
      [31m-[0m[0m id               = "gce-race-game-tf-files/projects/devops-gkem/ComputeBackendService/global/frontend-bs.tf" [90m-> null[0m[0m
      [31m-[0m[0m md5hash          = "O/BXpLTPkipk/UqEpTrAZg==" [90m-> null[0m[0m
      [31m-[0m[0m media_link       = "https://storage.googleapis.com/download/storage/v1/b/gce-race-game/o/tf-files%2Fprojects%2Fdevops-gkem%2FComputeBackendService%2Fglobal%2Ffrontend-bs.tf?generation=1699171998552286&alt=media" [90m-> null[0m[0m
      [31m-[0m[0m metadata         = {} [90m-> null[0m[0m
      [31m-[0m[0m name             = "tf-files/projects/devops-gkem/ComputeBackendService/global/frontend-bs.tf" [90m-> null[0m[0m
      [31m-[0m[0m output_name      = "tf-files/projects/devops-gkem/ComputeBackendService/global/frontend-bs.tf" [90m-> null[0m[0m
      [31m-[0m[0m self_link        = "https://www.googleapis.com/storage/v1/b/gce-race-game/o/tf-files%2Fprojects%2Fdevops-gkem%2FComputeBackendService%2Fglobal%2Ffrontend-bs.tf" [90m-> null[0m[0m
      [31m-[0m[0m source           = "../tf-files/projects/devops-gkem/ComputeBackendService/global/frontend-bs.tf" [90m-> null[0m[0m
      [31m-[0m[0m storage_class    = "STANDARD" [90m-> null[0m[0m
      [31m-[0m[0m temporary_hold   = false [90m-> null[0m[0m
    }

[1m  # google_storage_bucket_object.example_objects["tf-files/projects/devops-gkem/ComputeFirewall/allow-ssh-network-1.tf"][0m will be [1m[31mdestroyed[0m
  # (because key ["tf-files/projects/devops-gkem/ComputeFirewall/allow-ssh-network-1.tf"] is not in for_each map)
[0m  [31m-[0m[0m resource "google_storage_bucket_object" "example_objects" {
      [31m-[0m[0m bucket           = "gce-race-game" [90m-> null[0m[0m
      [31m-[0m[0m content_type     = "text/plain; charset=utf-8" [90m-> null[0m[0m
      [31m-[0m[0m crc32c           = "gZLbqw==" [90m-> null[0m[0m
      [31m-[0m[0m detect_md5hash   = "E4NZ9f6a9D9SMJWaakKOEA==" [90m-> null[0m[0m
      [31m-[0m[0m event_based_hold = false [90m-> null[0m[0m
      [31m-[0m[0m id               = "gce-race-game-tf-files/projects/devops-gkem/ComputeFirewall/allow-ssh-network-1.tf" [90m-> null[0m[0m
      [31m-[0m[0m md5hash          = "E4NZ9f6a9D9SMJWaakKOEA==" [90m-> null[0m[0m
      [31m-[0m[0m media_link       = "https://storage.googleapis.com/download/storage/v1/b/gce-race-game/o/tf-files%2Fprojects%2Fdevops-gkem%2FComputeFirewall%2Fallow-ssh-network-1.tf?generation=1699171987453787&alt=media" [90m-> null[0m[0m
      [31m-[0m[0m metadata         = {} [90m-> null[0m[0m
      [31m-[0m[0m name             = "tf-files/projects/devops-gkem/ComputeFirewall/allow-ssh-network-1.tf" [90m-> null[0m[0m
      [31m-[0m[0m output_name      = "tf-files/projects/devops-gkem/ComputeFirewall/allow-ssh-network-1.tf" [90m-> null[0m[0m
      [31m-[0m[0m self_link        = "https://www.googleapis.com/storage/v1/b/gce-race-game/o/tf-files%2Fprojects%2Fdevops-gkem%2FComputeFirewall%2Fallow-ssh-network-1.tf" [90m-> null[0m[0m
      [31m-[0m[0m source           = "../tf-files/projects/devops-gkem/ComputeFirewall/allow-ssh-network-1.tf" [90m-> null[0m[0m
      [31m-[0m[0m storage_class    = "STANDARD" [90m-> null[0m[0m
      [31m-[0m[0m temporary_hold   = false [90m-> null[0m[0m
    }

[1m  # google_storage_bucket_object.example_objects["tf-files/projects/devops-gkem/ComputeFirewall/allow-ssh.tf"][0m will be [1m[31mdestroyed[0m
  # (because key ["tf-files/projects/devops-gkem/ComputeFirewall/allow-ssh.tf"] is not in for_each map)
[0m  [31m-[0m[0m resource "google_storage_bucket_object" "example_objects" {
      [31m-[0m[0m bucket           = "gce-race-game" [90m-> null[0m[0m
      [31m-[0m[0m content_type     = "text/plain; charset=utf-8" [90m-> null[0m[0m
      [31m-[0m[0m crc32c           = "3j7m1A==" [90m-> null[0m[0m
      [31m-[0m[0m detect_md5hash   = "n7egymtcUjK1bncD9ANfdw==" [90m-> null[0m[0m
      [31m-[0m[0m event_based_hold = false [90m-> null[0m[0m
      [31m-[0m[0m id               = "gce-race-game-tf-files/projects/devops-gkem/ComputeFirewall/allow-ssh.tf" [90m-> null[0m[0m
      [31m-[0m[0m md5hash          = "n7egymtcUjK1bncD9ANfdw==" [90m-> null[0m[0m
      [31m-[0m[0m media_link       = "https://storage.googleapis.com/download/storage/v1/b/gce-race-game/o/tf-files%2Fprojects%2Fdevops-gkem%2FComputeFirewall%2Fallow-ssh.tf?generation=1699172000754105&alt=media" [90m-> null[0m[0m
      [31m-[0m[0m metadata         = {} [90m-> null[0m[0m
      [31m-[0m[0m name             = "tf-files/projects/devops-gkem/ComputeFirewall/allow-ssh.tf" [90m-> null[0m[0m
      [31m-[0m[0m output_name      = "tf-files/projects/devops-gkem/ComputeFirewall/allow-ssh.tf" [90m-> null[0m[0m
      [31m-[0m[0m self_link        = "https://www.googleapis.com/storage/v1/b/gce-race-game/o/tf-files%2Fprojects%2Fdevops-gkem%2FComputeFirewall%2Fallow-ssh.tf" [90m-> null[0m[0m
      [31m-[0m[0m source           = "../tf-files/projects/devops-gkem/ComputeFirewall/allow-ssh.tf" [90m-> null[0m[0m
      [31m-[0m[0m storage_class    = "STANDARD" [90m-> null[0m[0m
      [31m-[0m[0m temporary_hold   = false [90m-> null[0m[0m
    }

[1m  # google_storage_bucket_object.example_objects["tf-files/projects/devops-gkem/ComputeFirewall/allow-us.tf"][0m will be [1m[31mdestroyed[0m
  # (because key ["tf-files/projects/devops-gkem/ComputeFirewall/allow-us.tf"] is not in for_each map)
[0m  [31m-[0m[0m resource "google_storage_bucket_object" "example_objects" {
      [31m-[0m[0m bucket           = "gce-race-game" [90m-> null[0m[0m
      [31m-[0m[0m content_type     = "text/plain; charset=utf-8" [90m-> null[0m[0m
      [31m-[0m[0m crc32c           = "D80EhQ==" [90m-> null[0m[0m
      [31m-[0m[0m detect_md5hash   = "KDHUH/zU64zk4gLq8j5CHA==" [90m-> null[0m[0m
      [31m-[0m[0m event_based_hold = false [90m-> null[0m[0m
      [31m-[0m[0m id               = "gce-race-game-tf-files/projects/devops-gkem/ComputeFirewall/allow-us.tf" [90m-> null[0m[0m
      [31m-[0m[0m md5hash          = "KDHUH/zU64zk4gLq8j5CHA==" [90m-> null[0m[0m
      [31m-[0m[0m media_link       = "https://storage.googleapis.com/download/storage/v1/b/gce-race-game/o/tf-files%2Fprojects%2Fdevops-gkem%2FComputeFirewall%2Fallow-us.tf?generation=1699171997352623&alt=media" [90m-> null[0m[0m
      [31m-[0m[0m metadata         = {} [90m-> null[0m[0m
      [31m-[0m[0m name             = "tf-files/projects/devops-gkem/ComputeFirewall/allow-us.tf" [90m-> null[0m[0m
      [31m-[0m[0m output_name      = "tf-files/projects/devops-gkem/ComputeFirewall/allow-us.tf" [90m-> null[0m[0m
      [31m-[0m[0m self_link        = "https://www.googleapis.com/storage/v1/b/gce-race-game/o/tf-files%2Fprojects%2Fdevops-gkem%2FComputeFirewall%2Fallow-us.tf" [90m-> null[0m[0m
      [31m-[0m[0m source           = "../tf-files/projects/devops-gkem/ComputeFirewall/allow-us.tf" [90m-> null[0m[0m
      [31m-[0m[0m storage_class    = "STANDARD" [90m-> null[0m[0m
      [31m-[0m[0m temporary_hold   = false [90m-> null[0m[0m
    }

[1m  # google_storage_bucket_object.example_objects["tf-files/projects/devops-gkem/ComputeFirewall/default-allow-icmp.tf"][0m will be [1m[31mdestroyed[0m
  # (because key ["tf-files/projects/devops-gkem/ComputeFirewall/default-allow-icmp.tf"] is not in for_each map)
[0m  [31m-[0m[0m resource "google_storage_bucket_object" "example_objects" {
      [31m-[0m[0m bucket           = "gce-race-game" [90m-> null[0m[0m
      [31m-[0m[0m content_type     = "text/plain; charset=utf-8" [90m-> null[0m[0m
      [31m-[0m[0m crc32c           = "Iv6KoA==" [90m-> null[0m[0m
      [31m-[0m[0m detect_md5hash   = "iQvcFtlodOnwZcopFKpjiw==" [90m-> null[0m[0m
      [31m-[0m[0m event_based_hold = false [90m-> null[0m[0m
      [31m-[0m[0m id               = "gce-race-game-tf-files/projects/devops-gkem/ComputeFirewall/default-allow-icmp.tf" [90m-> null[0m[0m
      [31m-[0m[0m md5hash          = "iQvcFtlodOnwZcopFKpjiw==" [90m-> null[0m[0m
      [31m-[0m[0m media_link       = "https://storage.googleapis.com/download/storage/v1/b/gce-race-game/o/tf-files%2Fprojects%2Fdevops-gkem%2FComputeFirewall%2Fdefault-allow-icmp.tf?generation=1699172001952657&alt=media" [90m-> null[0m[0m
      [31m-[0m[0m metadata         = {} [90m-> null[0m[0m
      [31m-[0m[0m name             = "tf-files/projects/devops-gkem/ComputeFirewall/default-allow-icmp.tf" [90m-> null[0m[0m
      [31m-[0m[0m output_name      = "tf-files/projects/devops-gkem/ComputeFirewall/default-allow-icmp.tf" [90m-> null[0m[0m
      [31m-[0m[0m self_link        = "https://www.googleapis.com/storage/v1/b/gce-race-game/o/tf-files%2Fprojects%2Fdevops-gkem%2FComputeFirewall%2Fdefault-allow-icmp.tf" [90m-> null[0m[0m
      [31m-[0m[0m source           = "../tf-files/projects/devops-gkem/ComputeFirewall/default-allow-icmp.tf" [90m-> null[0m[0m
      [31m-[0m[0m storage_class    = "STANDARD" [90m-> null[0m[0m
      [31m-[0m[0m temporary_hold   = false [90m-> null[0m[0m
    }

[1m  # google_storage_bucket_object.example_objects["tf-files/projects/devops-gkem/ComputeFirewall/default-allow-internal.tf"][0m will be [1m[31mdestroyed[0m
  # (because key ["tf-files/projects/devops-gkem/ComputeFirewall/default-allow-internal.tf"] is not in for_each map)
[0m  [31m-[0m[0m resource "google_storage_bucket_object" "example_objects" {
      [31m-[0m[0m bucket           = "gce-race-game" [90m-> null[0m[0m
      [31m-[0m[0m content_type     = "text/plain; charset=utf-8" [90m-> null[0m[0m
      [31m-[0m[0m crc32c           = "9g9Sdw==" [90m-> null[0m[0m
      [31m-[0m[0m detect_md5hash   = "/kqj0iXcFxDKWPPEZEYbxg==" [90m-> null[0m[0m
      [31m-[0m[0m event_based_hold = false [90m-> null[0m[0m
      [31m-[0m[0m id               = "gce-race-game-tf-files/projects/devops-gkem/ComputeFirewall/default-allow-internal.tf" [90m-> null[0m[0m
      [31m-[0m[0m md5hash          = "/kqj0iXcFxDKWPPEZEYbxg==" [90m-> null[0m[0m
      [31m-[0m[0m media_link       = "https://storage.googleapis.com/download/storage/v1/b/gce-race-game/o/tf-files%2Fprojects%2Fdevops-gkem%2FComputeFirewall%2Fdefault-allow-internal.tf?generation=1699171988952277&alt=media" [90m-> null[0m[0m
      [31m-[0m[0m metadata         = {} [90m-> null[0m[0m
      [31m-[0m[0m name             = "tf-files/projects/devops-gkem/ComputeFirewall/default-allow-internal.tf" [90m-> null[0m[0m
      [31m-[0m[0m output_name      = "tf-files/projects/devops-gkem/ComputeFirewall/default-allow-internal.tf" [90m-> null[0m[0m
      [31m-[0m[0m self_link        = "https://www.googleapis.com/storage/v1/b/gce-race-game/o/tf-files%2Fprojects%2Fdevops-gkem%2FComputeFirewall%2Fdefault-allow-internal.tf" [90m-> null[0m[0m
      [31m-[0m[0m source           = "../tf-files/projects/devops-gkem/ComputeFirewall/default-allow-internal.tf" [90m-> null[0m[0m
      [31m-[0m[0m storage_class    = "STANDARD" [90m-> null[0m[0m
      [31m-[0m[0m temporary_hold   = false [90m-> null[0m[0m
    }

[1m  # google_storage_bucket_object.example_objects["tf-files/projects/devops-gkem/ComputeFirewall/default-allow-rdp.tf"][0m will be [1m[31mdestroyed[0m
  # (because key ["tf-files/projects/devops-gkem/ComputeFirewall/default-allow-rdp.tf"] is not in for_each map)
[0m  [31m-[0m[0m resource "google_storage_bucket_object" "example_objects" {
      [31m-[0m[0m bucket           = "gce-race-game" [90m-> null[0m[0m
      [31m-[0m[0m content_type     = "text/plain; charset=utf-8" [90m-> null[0m[0m
      [31m-[0m[0m crc32c           = "rkOcKQ==" [90m-> null[0m[0m
      [31m-[0m[0m detect_md5hash   = "OPHm/Zpa6nHwri9yIXPp3g==" [90m-> null[0m[0m
      [31m-[0m[0m event_based_hold = false [90m-> null[0m[0m
      [31m-[0m[0m id               = "gce-race-game-tf-files/projects/devops-gkem/ComputeFirewall/default-allow-rdp.tf" [90m-> null[0m[0m
      [31m-[0m[0m md5hash          = "OPHm/Zpa6nHwri9yIXPp3g==" [90m-> null[0m[0m
      [31m-[0m[0m media_link       = "https://storage.googleapis.com/download/storage/v1/b/gce-race-game/o/tf-files%2Fprojects%2Fdevops-gkem%2FComputeFirewall%2Fdefault-allow-rdp.tf?generation=1699172003958732&alt=media" [90m-> null[0m[0m
      [31m-[0m[0m metadata         = {} [90m-> null[0m[0m
      [31m-[0m[0m name             = "tf-files/projects/devops-gkem/ComputeFirewall/default-allow-rdp.tf" [90m-> null[0m[0m
      [31m-[0m[0m output_name      = "tf-files/projects/devops-gkem/ComputeFirewall/default-allow-rdp.tf" [90m-> null[0m[0m
      [31m-[0m[0m self_link        = "https://www.googleapis.com/storage/v1/b/gce-race-game/o/tf-files%2Fprojects%2Fdevops-gkem%2FComputeFirewall%2Fdefault-allow-rdp.tf" [90m-> null[0m[0m
      [31m-[0m[0m source           = "../tf-files/projects/devops-gkem/ComputeFirewall/default-allow-rdp.tf" [90m-> null[0m[0m
      [31m-[0m[0m storage_class    = "STANDARD" [90m-> null[0m[0m
      [31m-[0m[0m temporary_hold   = false [90m-> null[0m[0m
    }

[1m  # google_storage_bucket_object.example_objects["tf-files/projects/devops-gkem/ComputeFirewall/default-allow-ssh.tf"][0m will be [1m[31mdestroyed[0m
  # (because key ["tf-files/projects/devops-gkem/ComputeFirewall/default-allow-ssh.tf"] is not in for_each map)
[0m  [31m-[0m[0m resource "google_storage_bucket_object" "example_objects" {
      [31m-[0m[0m bucket           = "gce-race-game" [90m-> null[0m[0m
      [31m-[0m[0m content_type     = "text/plain; charset=utf-8" [90m-> null[0m[0m
      [31m-[0m[0m crc32c           = "LvdFfA==" [90m-> null[0m[0m
      [31m-[0m[0m detect_md5hash   = "9A3m1mNlW7pgvZhnQHZe3Q==" [90m-> null[0m[0m
      [31m-[0m[0m event_based_hold = false [90m-> null[0m[0m
      [31m-[0m[0m id               = "gce-race-game-tf-files/projects/devops-gkem/ComputeFirewall/default-allow-ssh.tf" [90m-> null[0m[0m
      [31m-[0m[0m md5hash          = "9A3m1mNlW7pgvZhnQHZe3Q==" [90m-> null[0m[0m
      [31m-[0m[0m media_link       = "https://storage.googleapis.com/download/storage/v1/b/gce-race-game/o/tf-files%2Fprojects%2Fdevops-gkem%2FComputeFirewall%2Fdefault-allow-ssh.tf?generation=1699171999353348&alt=media" [90m-> null[0m[0m
      [31m-[0m[0m metadata         = {} [90m-> null[0m[0m
      [31m-[0m[0m name             = "tf-files/projects/devops-gkem/ComputeFirewall/default-allow-ssh.tf" [90m-> null[0m[0m
      [31m-[0m[0m output_name      = "tf-files/projects/devops-gkem/ComputeFirewall/default-allow-ssh.tf" [90m-> null[0m[0m
      [31m-[0m[0m self_link        = "https://www.googleapis.com/storage/v1/b/gce-race-game/o/tf-files%2Fprojects%2Fdevops-gkem%2FComputeFirewall%2Fdefault-allow-ssh.tf" [90m-> null[0m[0m
      [31m-[0m[0m source           = "../tf-files/projects/devops-gkem/ComputeFirewall/default-allow-ssh.tf" [90m-> null[0m[0m
      [31m-[0m[0m storage_class    = "STANDARD" [90m-> null[0m[0m
      [31m-[0m[0m temporary_hold   = false [90m-> null[0m[0m
    }

[1m  # google_storage_bucket_object.example_objects["tf-files/projects/devops-gkem/ComputeFirewall/fw-allow-health-check.tf"][0m will be [1m[31mdestroyed[0m
  # (because key ["tf-files/projects/devops-gkem/ComputeFirewall/fw-allow-health-check.tf"] is not in for_each map)
[0m  [31m-[0m[0m resource "google_storage_bucket_object" "example_objects" {
      [31m-[0m[0m bucket           = "gce-race-game" [90m-> null[0m[0m
      [31m-[0m[0m content_type     = "text/plain; charset=utf-8" [90m-> null[0m[0m
      [31m-[0m[0m crc32c           = "2EXMYQ==" [90m-> null[0m[0m
      [31m-[0m[0m detect_md5hash   = "eIaexhN0hNIuI3f8c4eDqg==" [90m-> null[0m[0m
      [31m-[0m[0m event_based_hold = false [90m-> null[0m[0m
      [31m-[0m[0m id               = "gce-race-game-tf-files/projects/devops-gkem/ComputeFirewall/fw-allow-health-check.tf" [90m-> null[0m[0m
      [31m-[0m[0m md5hash          = "eIaexhN0hNIuI3f8c4eDqg==" [90m-> null[0m[0m
      [31m-[0m[0m media_link       = "https://storage.googleapis.com/download/storage/v1/b/gce-race-game/o/tf-files%2Fprojects%2Fdevops-gkem%2FComputeFirewall%2Ffw-allow-health-check.tf?generation=1699171997051908&alt=media" [90m-> null[0m[0m
      [31m-[0m[0m metadata         = {} [90m-> null[0m[0m
      [31m-[0m[0m name             = "tf-files/projects/devops-gkem/ComputeFirewall/fw-allow-health-check.tf" [90m-> null[0m[0m
      [31m-[0m[0m output_name      = "tf-files/projects/devops-gkem/ComputeFirewall/fw-allow-health-check.tf" [90m-> null[0m[0m
      [31m-[0m[0m self_link        = "https://www.googleapis.com/storage/v1/b/gce-race-game/o/tf-files%2Fprojects%2Fdevops-gkem%2FComputeFirewall%2Ffw-allow-health-check.tf" [90m-> null[0m[0m
      [31m-[0m[0m source           = "../tf-files/projects/devops-gkem/ComputeFirewall/fw-allow-health-check.tf" [90m-> null[0m[0m
      [31m-[0m[0m storage_class    = "STANDARD" [90m-> null[0m[0m
      [31m-[0m[0m temporary_hold   = false [90m-> null[0m[0m
    }

[1m  # google_storage_bucket_object.example_objects["tf-files/projects/devops-gkem/ComputeFirewall/fw-allow-proxies.tf"][0m will be [1m[31mdestroyed[0m
  # (because key ["tf-files/projects/devops-gkem/ComputeFirewall/fw-allow-proxies.tf"] is not in for_each map)
[0m  [31m-[0m[0m resource "google_storage_bucket_object" "example_objects" {
      [31m-[0m[0m bucket           = "gce-race-game" [90m-> null[0m[0m
      [31m-[0m[0m content_type     = "text/plain; charset=utf-8" [90m-> null[0m[0m
      [31m-[0m[0m crc32c           = "8cYk6w==" [90m-> null[0m[0m
      [31m-[0m[0m detect_md5hash   = "3d7kcAQEmskPvsE+s+mTnA==" [90m-> null[0m[0m
      [31m-[0m[0m event_based_hold = false [90m-> null[0m[0m
      [31m-[0m[0m id               = "gce-race-game-tf-files/projects/devops-gkem/ComputeFirewall/fw-allow-proxies.tf" [90m-> null[0m[0m
      [31m-[0m[0m md5hash          = "3d7kcAQEmskPvsE+s+mTnA==" [90m-> null[0m[0m
      [31m-[0m[0m media_link       = "https://storage.googleapis.com/download/storage/v1/b/gce-race-game/o/tf-files%2Fprojects%2Fdevops-gkem%2FComputeFirewall%2Ffw-allow-proxies.tf?generation=1699171986752880&alt=media" [90m-> null[0m[0m
      [31m-[0m[0m metadata         = {} [90m-> null[0m[0m
      [31m-[0m[0m name             = "tf-files/projects/devops-gkem/ComputeFirewall/fw-allow-proxies.tf" [90m-> null[0m[0m
      [31m-[0m[0m output_name      = "tf-files/projects/devops-gkem/ComputeFirewall/fw-allow-proxies.tf" [90m-> null[0m[0m
      [31m-[0m[0m self_link        = "https://www.googleapis.com/storage/v1/b/gce-race-game/o/tf-files%2Fprojects%2Fdevops-gkem%2FComputeFirewall%2Ffw-allow-proxies.tf" [90m-> null[0m[0m
      [31m-[0m[0m source           = "../tf-files/projects/devops-gkem/ComputeFirewall/fw-allow-proxies.tf" [90m-> null[0m[0m
      [31m-[0m[0m storage_class    = "STANDARD" [90m-> null[0m[0m
      [31m-[0m[0m temporary_hold   = false [90m-> null[0m[0m
    }

[1m  # google_storage_bucket_object.example_objects["tf-files/projects/devops-gkem/ComputeForwardingRule/asia-south2/backend-forwarding-rule.tf"][0m will be [1m[31mdestroyed[0m
  # (because key ["tf-files/projects/devops-gkem/ComputeForwardingRule/asia-south2/backend-forwarding-rule.tf"] is not in for_each map)
[0m  [31m-[0m[0m resource "google_storage_bucket_object" "example_objects" {
      [31m-[0m[0m bucket           = "gce-race-game" [90m-> null[0m[0m
      [31m-[0m[0m content_type     = "text/plain; charset=utf-8" [90m-> null[0m[0m
      [31m-[0m[0m crc32c           = "Ci+LpQ==" [90m-> null[0m[0m
      [31m-[0m[0m detect_md5hash   = "RB7x7I2/q3X59SGi6cWYYA==" [90m-> null[0m[0m
      [31m-[0m[0m event_based_hold = false [90m-> null[0m[0m
      [31m-[0m[0m id               = "gce-race-game-tf-files/projects/devops-gkem/ComputeForwardingRule/asia-south2/backend-forwarding-rule.tf" [90m-> null[0m[0m
      [31m-[0m[0m md5hash          = "RB7x7I2/q3X59SGi6cWYYA==" [90m-> null[0m[0m
      [31m-[0m[0m media_link       = "https://storage.googleapis.com/download/storage/v1/b/gce-race-game/o/tf-files%2Fprojects%2Fdevops-gkem%2FComputeForwardingRule%2Fasia-south2%2Fbackend-forwarding-rule.tf?generation=1699172006652377&alt=media" [90m-> null[0m[0m
      [31m-[0m[0m metadata         = {} [90m-> null[0m[0m
      [31m-[0m[0m name             = "tf-files/projects/devops-gkem/ComputeForwardingRule/asia-south2/backend-forwarding-rule.tf" [90m-> null[0m[0m
      [31m-[0m[0m output_name      = "tf-files/projects/devops-gkem/ComputeForwardingRule/asia-south2/backend-forwarding-rule.tf" [90m-> null[0m[0m
      [31m-[0m[0m self_link        = "https://www.googleapis.com/storage/v1/b/gce-race-game/o/tf-files%2Fprojects%2Fdevops-gkem%2FComputeForwardingRule%2Fasia-south2%2Fbackend-forwarding-rule.tf" [90m-> null[0m[0m
      [31m-[0m[0m source           = "../tf-files/projects/devops-gkem/ComputeForwardingRule/asia-south2/backend-forwarding-rule.tf" [90m-> null[0m[0m
      [31m-[0m[0m storage_class    = "STANDARD" [90m-> null[0m[0m
      [31m-[0m[0m temporary_hold   = false [90m-> null[0m[0m
    }

[1m  # google_storage_bucket_object.example_objects["tf-files/projects/devops-gkem/ComputeForwardingRule/global/frontend-fw.tf"][0m will be [1m[31mdestroyed[0m
  # (because key ["tf-files/projects/devops-gkem/ComputeForwardingRule/global/frontend-fw.tf"] is not in for_each map)
[0m  [31m-[0m[0m resource "google_storage_bucket_object" "example_objects" {
      [31m-[0m[0m bucket           = "gce-race-game" [90m-> null[0m[0m
      [31m-[0m[0m content_type     = "text/plain; charset=utf-8" [90m-> null[0m[0m
      [31m-[0m[0m crc32c           = "RD1mew==" [90m-> null[0m[0m
      [31m-[0m[0m detect_md5hash   = "gYT5r0xVTibDBTmhyPJzxg==" [90m-> null[0m[0m
      [31m-[0m[0m event_based_hold = false [90m-> null[0m[0m
      [31m-[0m[0m id               = "gce-race-game-tf-files/projects/devops-gkem/ComputeForwardingRule/global/frontend-fw.tf" [90m-> null[0m[0m
      [31m-[0m[0m md5hash          = "gYT5r0xVTibDBTmhyPJzxg==" [90m-> null[0m[0m
      [31m-[0m[0m media_link       = "https://storage.googleapis.com/download/storage/v1/b/gce-race-game/o/tf-files%2Fprojects%2Fdevops-gkem%2FComputeForwardingRule%2Fglobal%2Ffrontend-fw.tf?generation=1699171990452803&alt=media" [90m-> null[0m[0m
      [31m-[0m[0m metadata         = {} [90m-> null[0m[0m
      [31m-[0m[0m name             = "tf-files/projects/devops-gkem/ComputeForwardingRule/global/frontend-fw.tf" [90m-> null[0m[0m
      [31m-[0m[0m output_name      = "tf-files/projects/devops-gkem/ComputeForwardingRule/global/frontend-fw.tf" [90m-> null[0m[0m
      [31m-[0m[0m self_link        = "https://www.googleapis.com/storage/v1/b/gce-race-game/o/tf-files%2Fprojects%2Fdevops-gkem%2FComputeForwardingRule%2Fglobal%2Ffrontend-fw.tf" [90m-> null[0m[0m
      [31m-[0m[0m source           = "../tf-files/projects/devops-gkem/ComputeForwardingRule/global/frontend-fw.tf" [90m-> null[0m[0m
      [31m-[0m[0m storage_class    = "STANDARD" [90m-> null[0m[0m
      [31m-[0m[0m temporary_hold   = false [90m-> null[0m[0m
    }

[1m  # google_storage_bucket_object.example_objects["tf-files/projects/devops-gkem/ComputeHealthCheck/asia-south2/health-check-backend.tf"][0m will be [1m[31mdestroyed[0m
  # (because key ["tf-files/projects/devops-gkem/ComputeHealthCheck/asia-south2/health-check-backend.tf"] is not in for_each map)
[0m  [31m-[0m[0m resource "google_storage_bucket_object" "example_objects" {
      [31m-[0m[0m bucket           = "gce-race-game" [90m-> null[0m[0m
      [31m-[0m[0m content_type     = "text/plain; charset=utf-8" [90m-> null[0m[0m
      [31m-[0m[0m crc32c           = "M0nT9g==" [90m-> null[0m[0m
      [31m-[0m[0m detect_md5hash   = "65FTFWjZNT3ILyejH0diBQ==" [90m-> null[0m[0m
      [31m-[0m[0m event_based_hold = false [90m-> null[0m[0m
      [31m-[0m[0m id               = "gce-race-game-tf-files/projects/devops-gkem/ComputeHealthCheck/asia-south2/health-check-backend.tf" [90m-> null[0m[0m
      [31m-[0m[0m md5hash          = "65FTFWjZNT3ILyejH0diBQ==" [90m-> null[0m[0m
      [31m-[0m[0m media_link       = "https://storage.googleapis.com/download/storage/v1/b/gce-race-game/o/tf-files%2Fprojects%2Fdevops-gkem%2FComputeHealthCheck%2Fasia-south2%2Fhealth-check-backend.tf?generation=1699172005953326&alt=media" [90m-> null[0m[0m
      [31m-[0m[0m metadata         = {} [90m-> null[0m[0m
      [31m-[0m[0m name             = "tf-files/projects/devops-gkem/ComputeHealthCheck/asia-south2/health-check-backend.tf" [90m-> null[0m[0m
      [31m-[0m[0m output_name      = "tf-files/projects/devops-gkem/ComputeHealthCheck/asia-south2/health-check-backend.tf" [90m-> null[0m[0m
      [31m-[0m[0m self_link        = "https://www.googleapis.com/storage/v1/b/gce-race-game/o/tf-files%2Fprojects%2Fdevops-gkem%2FComputeHealthCheck%2Fasia-south2%2Fhealth-check-backend.tf" [90m-> null[0m[0m
      [31m-[0m[0m source           = "../tf-files/projects/devops-gkem/ComputeHealthCheck/asia-south2/health-check-backend.tf" [90m-> null[0m[0m
      [31m-[0m[0m storage_class    = "STANDARD" [90m-> null[0m[0m
      [31m-[0m[0m temporary_hold   = false [90m-> null[0m[0m
    }

[1m  # google_storage_bucket_object.example_objects["tf-files/projects/devops-gkem/ComputeHealthCheck/global/frontend-health-check-1.tf"][0m will be [1m[31mdestroyed[0m
  # (because key ["tf-files/projects/devops-gkem/ComputeHealthCheck/global/frontend-health-check-1.tf"] is not in for_each map)
[0m  [31m-[0m[0m resource "google_storage_bucket_object" "example_objects" {
      [31m-[0m[0m bucket           = "gce-race-game" [90m-> null[0m[0m
      [31m-[0m[0m content_type     = "text/plain; charset=utf-8" [90m-> null[0m[0m
      [31m-[0m[0m crc32c           = "cx/8Yg==" [90m-> null[0m[0m
      [31m-[0m[0m detect_md5hash   = "pjGcsoSDAU3sgOdrrtgvuw==" [90m-> null[0m[0m
      [31m-[0m[0m event_based_hold = false [90m-> null[0m[0m
      [31m-[0m[0m id               = "gce-race-game-tf-files/projects/devops-gkem/ComputeHealthCheck/global/frontend-health-check-1.tf" [90m-> null[0m[0m
      [31m-[0m[0m md5hash          = "pjGcsoSDAU3sgOdrrtgvuw==" [90m-> null[0m[0m
      [31m-[0m[0m media_link       = "https://storage.googleapis.com/download/storage/v1/b/gce-race-game/o/tf-files%2Fprojects%2Fdevops-gkem%2FComputeHealthCheck%2Fglobal%2Ffrontend-health-check-1.tf?generation=1699172003758223&alt=media" [90m-> null[0m[0m
      [31m-[0m[0m metadata         = {} [90m-> null[0m[0m
      [31m-[0m[0m name             = "tf-files/projects/devops-gkem/ComputeHealthCheck/global/frontend-health-check-1.tf" [90m-> null[0m[0m
      [31m-[0m[0m output_name      = "tf-files/projects/devops-gkem/ComputeHealthCheck/global/frontend-health-check-1.tf" [90m-> null[0m[0m
      [31m-[0m[0m self_link        = "https://www.googleapis.com/storage/v1/b/gce-race-game/o/tf-files%2Fprojects%2Fdevops-gkem%2FComputeHealthCheck%2Fglobal%2Ffrontend-health-check-1.tf" [90m-> null[0m[0m
      [31m-[0m[0m source           = "../tf-files/projects/devops-gkem/ComputeHealthCheck/global/frontend-health-check-1.tf" [90m-> null[0m[0m
      [31m-[0m[0m storage_class    = "STANDARD" [90m-> null[0m[0m
      [31m-[0m[0m temporary_hold   = false [90m-> null[0m[0m
    }

[1m  # google_storage_bucket_object.example_objects["tf-files/projects/devops-gkem/ComputeHealthCheck/global/frontend-health-check.tf"][0m will be [1m[31mdestroyed[0m
  # (because key ["tf-files/projects/devops-gkem/ComputeHealthCheck/global/frontend-health-check.tf"] is not in for_each map)
[0m  [31m-[0m[0m resource "google_storage_bucket_object" "example_objects" {
      [31m-[0m[0m bucket           = "gce-race-game" [90m-> null[0m[0m
      [31m-[0m[0m content_type     = "text/plain; charset=utf-8" [90m-> null[0m[0m
      [31m-[0m[0m crc32c           = "kTzp1g==" [90m-> null[0m[0m
      [31m-[0m[0m detect_md5hash   = "3Kl9bNdznwbnKJGOtIlhdg==" [90m-> null[0m[0m
      [31m-[0m[0m event_based_hold = false [90m-> null[0m[0m
      [31m-[0m[0m id               = "gce-race-game-tf-files/projects/devops-gkem/ComputeHealthCheck/global/frontend-health-check.tf" [90m-> null[0m[0m
      [31m-[0m[0m md5hash          = "3Kl9bNdznwbnKJGOtIlhdg==" [90m-> null[0m[0m
      [31m-[0m[0m media_link       = "https://storage.googleapis.com/download/storage/v1/b/gce-race-game/o/tf-files%2Fprojects%2Fdevops-gkem%2FComputeHealthCheck%2Fglobal%2Ffrontend-health-check.tf?generation=1699171998555251&alt=media" [90m-> null[0m[0m
      [31m-[0m[0m metadata         = {} [90m-> null[0m[0m
      [31m-[0m[0m name             = "tf-files/projects/devops-gkem/ComputeHealthCheck/global/frontend-health-check.tf" [90m-> null[0m[0m
      [31m-[0m[0m output_name      = "tf-files/projects/devops-gkem/ComputeHealthCheck/global/frontend-health-check.tf" [90m-> null[0m[0m
      [31m-[0m[0m self_link        = "https://www.googleapis.com/storage/v1/b/gce-race-game/o/tf-files%2Fprojects%2Fdevops-gkem%2FComputeHealthCheck%2Fglobal%2Ffrontend-health-check.tf" [90m-> null[0m[0m
      [31m-[0m[0m source           = "../tf-files/projects/devops-gkem/ComputeHealthCheck/global/frontend-health-check.tf" [90m-> null[0m[0m
      [31m-[0m[0m storage_class    = "STANDARD" [90m-> null[0m[0m
      [31m-[0m[0m temporary_hold   = false [90m-> null[0m[0m
    }

[1m  # google_storage_bucket_object.example_objects["tf-files/projects/devops-gkem/ComputeInstance/asia-south2-a/asia-front-q1sf.tf"][0m will be [1m[31mdestroyed[0m
  # (because key ["tf-files/projects/devops-gkem/ComputeInstance/asia-south2-a/asia-front-q1sf.tf"] is not in for_each map)
[0m  [31m-[0m[0m resource "google_storage_bucket_object" "example_objects" {
      [31m-[0m[0m bucket           = "gce-race-game" [90m-> null[0m[0m
      [31m-[0m[0m content_type     = "text/plain; charset=utf-8" [90m-> null[0m[0m
      [31m-[0m[0m crc32c           = "pvqNsg==" [90m-> null[0m[0m
      [31m-[0m[0m detect_md5hash   = "2Jp9mjs/S2qt57ZgpaznaQ==" [90m-> null[0m[0m
      [31m-[0m[0m event_based_hold = false [90m-> null[0m[0m
      [31m-[0m[0m id               = "gce-race-game-tf-files/projects/devops-gkem/ComputeInstance/asia-south2-a/asia-front-q1sf.tf" [90m-> null[0m[0m
      [31m-[0m[0m md5hash          = "2Jp9mjs/S2qt57ZgpaznaQ==" [90m-> null[0m[0m
      [31m-[0m[0m media_link       = "https://storage.googleapis.com/download/storage/v1/b/gce-race-game/o/tf-files%2Fprojects%2Fdevops-gkem%2FComputeInstance%2Fasia-south2-a%2Fasia-front-q1sf.tf?generation=1699171994853545&alt=media" [90m-> null[0m[0m
      [31m-[0m[0m metadata         = {} [90m-> null[0m[0m
      [31m-[0m[0m name             = "tf-files/projects/devops-gkem/ComputeInstance/asia-south2-a/asia-front-q1sf.tf" [90m-> null[0m[0m
      [31m-[0m[0m output_name      = "tf-files/projects/devops-gkem/ComputeInstance/asia-south2-a/asia-front-q1sf.tf" [90m-> null[0m[0m
      [31m-[0m[0m self_link        = "https://www.googleapis.com/storage/v1/b/gce-race-game/o/tf-files%2Fprojects%2Fdevops-gkem%2FComputeInstance%2Fasia-south2-a%2Fasia-front-q1sf.tf" [90m-> null[0m[0m
      [31m-[0m[0m source           = "../tf-files/projects/devops-gkem/ComputeInstance/asia-south2-a/asia-front-q1sf.tf" [90m-> null[0m[0m
      [31m-[0m[0m storage_class    = "STANDARD" [90m-> null[0m[0m
      [31m-[0m[0m temporary_hold   = false [90m-> null[0m[0m
    }

[1m  # google_storage_bucket_object.example_objects["tf-files/projects/devops-gkem/ComputeInstance/asia-south2-a/backend-1zdt.tf"][0m will be [1m[31mdestroyed[0m
  # (because key ["tf-files/projects/devops-gkem/ComputeInstance/asia-south2-a/backend-1zdt.tf"] is not in for_each map)
[0m  [31m-[0m[0m resource "google_storage_bucket_object" "example_objects" {
      [31m-[0m[0m bucket           = "gce-race-game" [90m-> null[0m[0m
      [31m-[0m[0m content_type     = "text/plain; charset=utf-8" [90m-> null[0m[0m
      [31m-[0m[0m crc32c           = "W//1gg==" [90m-> null[0m[0m
      [31m-[0m[0m detect_md5hash   = "cHyyZcQQOdgP8cQzTGZItA==" [90m-> null[0m[0m
      [31m-[0m[0m event_based_hold = false [90m-> null[0m[0m
      [31m-[0m[0m id               = "gce-race-game-tf-files/projects/devops-gkem/ComputeInstance/asia-south2-a/backend-1zdt.tf" [90m-> null[0m[0m
      [31m-[0m[0m md5hash          = "cHyyZcQQOdgP8cQzTGZItA==" [90m-> null[0m[0m
      [31m-[0m[0m media_link       = "https://storage.googleapis.com/download/storage/v1/b/gce-race-game/o/tf-files%2Fprojects%2Fdevops-gkem%2FComputeInstance%2Fasia-south2-a%2Fbackend-1zdt.tf?generation=1699171988745869&alt=media" [90m-> null[0m[0m
      [31m-[0m[0m metadata         = {} [90m-> null[0m[0m
      [31m-[0m[0m name             = "tf-files/projects/devops-gkem/ComputeInstance/asia-south2-a/backend-1zdt.tf" [90m-> null[0m[0m
      [31m-[0m[0m output_name      = "tf-files/projects/devops-gkem/ComputeInstance/asia-south2-a/backend-1zdt.tf" [90m-> null[0m[0m
      [31m-[0m[0m self_link        = "https://www.googleapis.com/storage/v1/b/gce-race-game/o/tf-files%2Fprojects%2Fdevops-gkem%2FComputeInstance%2Fasia-south2-a%2Fbackend-1zdt.tf" [90m-> null[0m[0m
      [31m-[0m[0m source           = "../tf-files/projects/devops-gkem/ComputeInstance/asia-south2-a/backend-1zdt.tf" [90m-> null[0m[0m
      [31m-[0m[0m storage_class    = "STANDARD" [90m-> null[0m[0m
      [31m-[0m[0m temporary_hold   = false [90m-> null[0m[0m
    }

[1m  # google_storage_bucket_object.example_objects["tf-files/projects/devops-gkem/ComputeInstance/us-central1-a/us-front-4t1j.tf"][0m will be [1m[31mdestroyed[0m
  # (because key ["tf-files/projects/devops-gkem/ComputeInstance/us-central1-a/us-front-4t1j.tf"] is not in for_each map)
[0m  [31m-[0m[0m resource "google_storage_bucket_object" "example_objects" {
      [31m-[0m[0m bucket           = "gce-race-game" [90m-> null[0m[0m
      [31m-[0m[0m content_type     = "text/plain; charset=utf-8" [90m-> null[0m[0m
      [31m-[0m[0m crc32c           = "qOGD1Q==" [90m-> null[0m[0m
      [31m-[0m[0m detect_md5hash   = "WxIL1dyVWCfM3Zw/V2dSQA==" [90m-> null[0m[0m
      [31m-[0m[0m event_based_hold = false [90m-> null[0m[0m
      [31m-[0m[0m id               = "gce-race-game-tf-files/projects/devops-gkem/ComputeInstance/us-central1-a/us-front-4t1j.tf" [90m-> null[0m[0m
      [31m-[0m[0m md5hash          = "WxIL1dyVWCfM3Zw/V2dSQA==" [90m-> null[0m[0m
      [31m-[0m[0m media_link       = "https://storage.googleapis.com/download/storage/v1/b/gce-race-game/o/tf-files%2Fprojects%2Fdevops-gkem%2FComputeInstance%2Fus-central1-a%2Fus-front-4t1j.tf?generation=1699172000953172&alt=media" [90m-> null[0m[0m
      [31m-[0m[0m metadata         = {} [90m-> null[0m[0m
      [31m-[0m[0m name             = "tf-files/projects/devops-gkem/ComputeInstance/us-central1-a/us-front-4t1j.tf" [90m-> null[0m[0m
      [31m-[0m[0m output_name      = "tf-files/projects/devops-gkem/ComputeInstance/us-central1-a/us-front-4t1j.tf" [90m-> null[0m[0m
      [31m-[0m[0m self_link        = "https://www.googleapis.com/storage/v1/b/gce-race-game/o/tf-files%2Fprojects%2Fdevops-gkem%2FComputeInstance%2Fus-central1-a%2Fus-front-4t1j.tf" [90m-> null[0m[0m
      [31m-[0m[0m source           = "../tf-files/projects/devops-gkem/ComputeInstance/us-central1-a/us-front-4t1j.tf" [90m-> null[0m[0m
      [31m-[0m[0m storage_class    = "STANDARD" [90m-> null[0m[0m
      [31m-[0m[0m temporary_hold   = false [90m-> null[0m[0m
    }

[1m  # google_storage_bucket_object.example_objects["tf-files/projects/devops-gkem/ComputeInstanceGroup/asia-south2-a/backend-asia.tf"][0m will be [1m[31mdestroyed[0m
  # (because key ["tf-files/projects/devops-gkem/ComputeInstanceGroup/asia-south2-a/backend-asia.tf"] is not in for_each map)
[0m  [31m-[0m[0m resource "google_storage_bucket_object" "example_objects" {
      [31m-[0m[0m bucket           = "gce-race-game" [90m-> null[0m[0m
      [31m-[0m[0m content_type     = "text/plain; charset=utf-8" [90m-> null[0m[0m
      [31m-[0m[0m crc32c           = "k83D6g==" [90m-> null[0m[0m
      [31m-[0m[0m detect_md5hash   = "RCat+eWRI9fnefcNuJHKew==" [90m-> null[0m[0m
      [31m-[0m[0m event_based_hold = false [90m-> null[0m[0m
      [31m-[0m[0m id               = "gce-race-game-tf-files/projects/devops-gkem/ComputeInstanceGroup/asia-south2-a/backend-asia.tf" [90m-> null[0m[0m
      [31m-[0m[0m md5hash          = "RCat+eWRI9fnefcNuJHKew==" [90m-> null[0m[0m
      [31m-[0m[0m media_link       = "https://storage.googleapis.com/download/storage/v1/b/gce-race-game/o/tf-files%2Fprojects%2Fdevops-gkem%2FComputeInstanceGroup%2Fasia-south2-a%2Fbackend-asia.tf?generation=1699171991277791&alt=media" [90m-> null[0m[0m
      [31m-[0m[0m metadata         = {} [90m-> null[0m[0m
      [31m-[0m[0m name             = "tf-files/projects/devops-gkem/ComputeInstanceGroup/asia-south2-a/backend-asia.tf" [90m-> null[0m[0m
      [31m-[0m[0m output_name      = "tf-files/projects/devops-gkem/ComputeInstanceGroup/asia-south2-a/backend-asia.tf" [90m-> null[0m[0m
      [31m-[0m[0m self_link        = "https://www.googleapis.com/storage/v1/b/gce-race-game/o/tf-files%2Fprojects%2Fdevops-gkem%2FComputeInstanceGroup%2Fasia-south2-a%2Fbackend-asia.tf" [90m-> null[0m[0m
      [31m-[0m[0m source           = "../tf-files/projects/devops-gkem/ComputeInstanceGroup/asia-south2-a/backend-asia.tf" [90m-> null[0m[0m
      [31m-[0m[0m storage_class    = "STANDARD" [90m-> null[0m[0m
      [31m-[0m[0m temporary_hold   = false [90m-> null[0m[0m
    }

[1m  # google_storage_bucket_object.example_objects["tf-files/projects/devops-gkem/ComputeInstanceGroup/asia-south2-a/frontend-asia.tf"][0m will be [1m[31mdestroyed[0m
  # (because key ["tf-files/projects/devops-gkem/ComputeInstanceGroup/asia-south2-a/frontend-asia.tf"] is not in for_each map)
[0m  [31m-[0m[0m resource "google_storage_bucket_object" "example_objects" {
      [31m-[0m[0m bucket           = "gce-race-game" [90m-> null[0m[0m
      [31m-[0m[0m content_type     = "text/plain; charset=utf-8" [90m-> null[0m[0m
      [31m-[0m[0m crc32c           = "R5D8lg==" [90m-> null[0m[0m
      [31m-[0m[0m detect_md5hash   = "c9dK4H667ED4UMUPNufeBw==" [90m-> null[0m[0m
      [31m-[0m[0m event_based_hold = false [90m-> null[0m[0m
      [31m-[0m[0m id               = "gce-race-game-tf-files/projects/devops-gkem/ComputeInstanceGroup/asia-south2-a/frontend-asia.tf" [90m-> null[0m[0m
      [31m-[0m[0m md5hash          = "c9dK4H667ED4UMUPNufeBw==" [90m-> null[0m[0m
      [31m-[0m[0m media_link       = "https://storage.googleapis.com/download/storage/v1/b/gce-race-game/o/tf-files%2Fprojects%2Fdevops-gkem%2FComputeInstanceGroup%2Fasia-south2-a%2Ffrontend-asia.tf?generation=1699172004255681&alt=media" [90m-> null[0m[0m
      [31m-[0m[0m metadata         = {} [90m-> null[0m[0m
      [31m-[0m[0m name             = "tf-files/projects/devops-gkem/ComputeInstanceGroup/asia-south2-a/frontend-asia.tf" [90m-> null[0m[0m
      [31m-[0m[0m output_name      = "tf-files/projects/devops-gkem/ComputeInstanceGroup/asia-south2-a/frontend-asia.tf" [90m-> null[0m[0m
      [31m-[0m[0m self_link        = "https://www.googleapis.com/storage/v1/b/gce-race-game/o/tf-files%2Fprojects%2Fdevops-gkem%2FComputeInstanceGroup%2Fasia-south2-a%2Ffrontend-asia.tf" [90m-> null[0m[0m
      [31m-[0m[0m source           = "../tf-files/projects/devops-gkem/ComputeInstanceGroup/asia-south2-a/frontend-asia.tf" [90m-> null[0m[0m
      [31m-[0m[0m storage_class    = "STANDARD" [90m-> null[0m[0m
      [31m-[0m[0m temporary_hold   = false [90m-> null[0m[0m
    }

[1m  # google_storage_bucket_object.example_objects["tf-files/projects/devops-gkem/ComputeInstanceGroup/us-central1-a/frontend-us.tf"][0m will be [1m[31mdestroyed[0m
  # (because key ["tf-files/projects/devops-gkem/ComputeInstanceGroup/us-central1-a/frontend-us.tf"] is not in for_each map)
[0m  [31m-[0m[0m resource "google_storage_bucket_object" "example_objects" {
      [31m-[0m[0m bucket           = "gce-race-game" [90m-> null[0m[0m
      [31m-[0m[0m content_type     = "text/plain; charset=utf-8" [90m-> null[0m[0m
      [31m-[0m[0m crc32c           = "2phTWQ==" [90m-> null[0m[0m
      [31m-[0m[0m detect_md5hash   = "/4IwuR7Rf+TiyWgftMYqQg==" [90m-> null[0m[0m
      [31m-[0m[0m event_based_hold = false [90m-> null[0m[0m
      [31m-[0m[0m id               = "gce-race-game-tf-files/projects/devops-gkem/ComputeInstanceGroup/us-central1-a/frontend-us.tf" [90m-> null[0m[0m
      [31m-[0m[0m md5hash          = "/4IwuR7Rf+TiyWgftMYqQg==" [90m-> null[0m[0m
      [31m-[0m[0m media_link       = "https://storage.googleapis.com/download/storage/v1/b/gce-race-game/o/tf-files%2Fprojects%2Fdevops-gkem%2FComputeInstanceGroup%2Fus-central1-a%2Ffrontend-us.tf?generation=1699171993653087&alt=media" [90m-> null[0m[0m
      [31m-[0m[0m metadata         = {} [90m-> null[0m[0m
      [31m-[0m[0m name             = "tf-files/projects/devops-gkem/ComputeInstanceGroup/us-central1-a/frontend-us.tf" [90m-> null[0m[0m
      [31m-[0m[0m output_name      = "tf-files/projects/devops-gkem/ComputeInstanceGroup/us-central1-a/frontend-us.tf" [90m-> null[0m[0m
      [31m-[0m[0m self_link        = "https://www.googleapis.com/storage/v1/b/gce-race-game/o/tf-files%2Fprojects%2Fdevops-gkem%2FComputeInstanceGroup%2Fus-central1-a%2Ffrontend-us.tf" [90m-> null[0m[0m
      [31m-[0m[0m source           = "../tf-files/projects/devops-gkem/ComputeInstanceGroup/us-central1-a/frontend-us.tf" [90m-> null[0m[0m
      [31m-[0m[0m storage_class    = "STANDARD" [90m-> null[0m[0m
      [31m-[0m[0m temporary_hold   = false [90m-> null[0m[0m
    }

[1m  # google_storage_bucket_object.example_objects["tf-files/projects/devops-gkem/ComputeInstanceTemplate/asia-south2/backend.tf"][0m will be [1m[31mdestroyed[0m
  # (because key ["tf-files/projects/devops-gkem/ComputeInstanceTemplate/asia-south2/backend.tf"] is not in for_each map)
[0m  [31m-[0m[0m resource "google_storage_bucket_object" "example_objects" {
      [31m-[0m[0m bucket           = "gce-race-game" [90m-> null[0m[0m
      [31m-[0m[0m content_type     = "text/plain; charset=utf-8" [90m-> null[0m[0m
      [31m-[0m[0m crc32c           = "3wReaQ==" [90m-> null[0m[0m
      [31m-[0m[0m detect_md5hash   = "ROWfXn/uEcp5bty5T2bhNw==" [90m-> null[0m[0m
      [31m-[0m[0m event_based_hold = false [90m-> null[0m[0m
      [31m-[0m[0m id               = "gce-race-game-tf-files/projects/devops-gkem/ComputeInstanceTemplate/asia-south2/backend.tf" [90m-> null[0m[0m
      [31m-[0m[0m md5hash          = "ROWfXn/uEcp5bty5T2bhNw==" [90m-> null[0m[0m
      [31m-[0m[0m media_link       = "https://storage.googleapis.com/download/storage/v1/b/gce-race-game/o/tf-files%2Fprojects%2Fdevops-gkem%2FComputeInstanceTemplate%2Fasia-south2%2Fbackend.tf?generation=1699171987456828&alt=media" [90m-> null[0m[0m
      [31m-[0m[0m metadata         = {} [90m-> null[0m[0m
      [31m-[0m[0m name             = "tf-files/projects/devops-gkem/ComputeInstanceTemplate/asia-south2/backend.tf" [90m-> null[0m[0m
      [31m-[0m[0m output_name      = "tf-files/projects/devops-gkem/ComputeInstanceTemplate/asia-south2/backend.tf" [90m-> null[0m[0m
      [31m-[0m[0m self_link        = "https://www.googleapis.com/storage/v1/b/gce-race-game/o/tf-files%2Fprojects%2Fdevops-gkem%2FComputeInstanceTemplate%2Fasia-south2%2Fbackend.tf" [90m-> null[0m[0m
      [31m-[0m[0m source           = "../tf-files/projects/devops-gkem/ComputeInstanceTemplate/asia-south2/backend.tf" [90m-> null[0m[0m
      [31m-[0m[0m storage_class    = "STANDARD" [90m-> null[0m[0m
      [31m-[0m[0m temporary_hold   = false [90m-> null[0m[0m
    }

[1m  # google_storage_bucket_object.example_objects["tf-files/projects/devops-gkem/ComputeInstanceTemplate/asia-south2/frontend-asia-v2.tf"][0m will be [1m[31mdestroyed[0m
  # (because key ["tf-files/projects/devops-gkem/ComputeInstanceTemplate/asia-south2/frontend-asia-v2.tf"] is not in for_each map)
[0m  [31m-[0m[0m resource "google_storage_bucket_object" "example_objects" {
      [31m-[0m[0m bucket           = "gce-race-game" [90m-> null[0m[0m
      [31m-[0m[0m content_type     = "text/plain; charset=utf-8" [90m-> null[0m[0m
      [31m-[0m[0m crc32c           = "aZPfDg==" [90m-> null[0m[0m
      [31m-[0m[0m detect_md5hash   = "P7Hw6JUtLO7p8yVULkm8ew==" [90m-> null[0m[0m
      [31m-[0m[0m event_based_hold = false [90m-> null[0m[0m
      [31m-[0m[0m id               = "gce-race-game-tf-files/projects/devops-gkem/ComputeInstanceTemplate/asia-south2/frontend-asia-v2.tf" [90m-> null[0m[0m
      [31m-[0m[0m md5hash          = "P7Hw6JUtLO7p8yVULkm8ew==" [90m-> null[0m[0m
      [31m-[0m[0m media_link       = "https://storage.googleapis.com/download/storage/v1/b/gce-race-game/o/tf-files%2Fprojects%2Fdevops-gkem%2FComputeInstanceTemplate%2Fasia-south2%2Ffrontend-asia-v2.tf?generation=1699171996354869&alt=media" [90m-> null[0m[0m
      [31m-[0m[0m metadata         = {} [90m-> null[0m[0m
      [31m-[0m[0m name             = "tf-files/projects/devops-gkem/ComputeInstanceTemplate/asia-south2/frontend-asia-v2.tf" [90m-> null[0m[0m
      [31m-[0m[0m output_name      = "tf-files/projects/devops-gkem/ComputeInstanceTemplate/asia-south2/frontend-asia-v2.tf" [90m-> null[0m[0m
      [31m-[0m[0m self_link        = "https://www.googleapis.com/storage/v1/b/gce-race-game/o/tf-files%2Fprojects%2Fdevops-gkem%2FComputeInstanceTemplate%2Fasia-south2%2Ffrontend-asia-v2.tf" [90m-> null[0m[0m
      [31m-[0m[0m source           = "../tf-files/projects/devops-gkem/ComputeInstanceTemplate/asia-south2/frontend-asia-v2.tf" [90m-> null[0m[0m
      [31m-[0m[0m storage_class    = "STANDARD" [90m-> null[0m[0m
      [31m-[0m[0m temporary_hold   = false [90m-> null[0m[0m
    }

[1m  # google_storage_bucket_object.example_objects["tf-files/projects/devops-gkem/ComputeInstanceTemplate/asia-south2/template-backend-1.tf"][0m will be [1m[31mdestroyed[0m
  # (because key ["tf-files/projects/devops-gkem/ComputeInstanceTemplate/asia-south2/template-backend-1.tf"] is not in for_each map)
[0m  [31m-[0m[0m resource "google_storage_bucket_object" "example_objects" {
      [31m-[0m[0m bucket           = "gce-race-game" [90m-> null[0m[0m
      [31m-[0m[0m content_type     = "text/plain; charset=utf-8" [90m-> null[0m[0m
      [31m-[0m[0m crc32c           = "NAZ/Fg==" [90m-> null[0m[0m
      [31m-[0m[0m detect_md5hash   = "Q0xW5ZoDUTjaFOn+96fV/g==" [90m-> null[0m[0m
      [31m-[0m[0m event_based_hold = false [90m-> null[0m[0m
      [31m-[0m[0m id               = "gce-race-game-tf-files/projects/devops-gkem/ComputeInstanceTemplate/asia-south2/template-backend-1.tf" [90m-> null[0m[0m
      [31m-[0m[0m md5hash          = "Q0xW5ZoDUTjaFOn+96fV/g==" [90m-> null[0m[0m
      [31m-[0m[0m media_link       = "https://storage.googleapis.com/download/storage/v1/b/gce-race-game/o/tf-files%2Fprojects%2Fdevops-gkem%2FComputeInstanceTemplate%2Fasia-south2%2Ftemplate-backend-1.tf?generation=1699172004057242&alt=media" [90m-> null[0m[0m
      [31m-[0m[0m metadata         = {} [90m-> null[0m[0m
      [31m-[0m[0m name             = "tf-files/projects/devops-gkem/ComputeInstanceTemplate/asia-south2/template-backend-1.tf" [90m-> null[0m[0m
      [31m-[0m[0m output_name      = "tf-files/projects/devops-gkem/ComputeInstanceTemplate/asia-south2/template-backend-1.tf" [90m-> null[0m[0m
      [31m-[0m[0m self_link        = "https://www.googleapis.com/storage/v1/b/gce-race-game/o/tf-files%2Fprojects%2Fdevops-gkem%2FComputeInstanceTemplate%2Fasia-south2%2Ftemplate-backend-1.tf" [90m-> null[0m[0m
      [31m-[0m[0m source           = "../tf-files/projects/devops-gkem/ComputeInstanceTemplate/asia-south2/template-backend-1.tf" [90m-> null[0m[0m
      [31m-[0m[0m storage_class    = "STANDARD" [90m-> null[0m[0m
      [31m-[0m[0m temporary_hold   = false [90m-> null[0m[0m
    }

[1m  # google_storage_bucket_object.example_objects["tf-files/projects/devops-gkem/ComputeInstanceTemplate/asia-south2/template-backend.tf"][0m will be [1m[31mdestroyed[0m
  # (because key ["tf-files/projects/devops-gkem/ComputeInstanceTemplate/asia-south2/template-backend.tf"] is not in for_each map)
[0m  [31m-[0m[0m resource "google_storage_bucket_object" "example_objects" {
      [31m-[0m[0m bucket           = "gce-race-game" [90m-> null[0m[0m
      [31m-[0m[0m content_type     = "text/plain; charset=utf-8" [90m-> null[0m[0m
      [31m-[0m[0m crc32c           = "i+2H3A==" [90m-> null[0m[0m
      [31m-[0m[0m detect_md5hash   = "9AGzaI8l0zEqgJj1JDe5aQ==" [90m-> null[0m[0m
      [31m-[0m[0m event_based_hold = false [90m-> null[0m[0m
      [31m-[0m[0m id               = "gce-race-game-tf-files/projects/devops-gkem/ComputeInstanceTemplate/asia-south2/template-backend.tf" [90m-> null[0m[0m
      [31m-[0m[0m md5hash          = "9AGzaI8l0zEqgJj1JDe5aQ==" [90m-> null[0m[0m
      [31m-[0m[0m media_link       = "https://storage.googleapis.com/download/storage/v1/b/gce-race-game/o/tf-files%2Fprojects%2Fdevops-gkem%2FComputeInstanceTemplate%2Fasia-south2%2Ftemplate-backend.tf?generation=1699171988751612&alt=media" [90m-> null[0m[0m
      [31m-[0m[0m metadata         = {} [90m-> null[0m[0m
      [31m-[0m[0m name             = "tf-files/projects/devops-gkem/ComputeInstanceTemplate/asia-south2/template-backend.tf" [90m-> null[0m[0m
      [31m-[0m[0m output_name      = "tf-files/projects/devops-gkem/ComputeInstanceTemplate/asia-south2/template-backend.tf" [90m-> null[0m[0m
      [31m-[0m[0m self_link        = "https://www.googleapis.com/storage/v1/b/gce-race-game/o/tf-files%2Fprojects%2Fdevops-gkem%2FComputeInstanceTemplate%2Fasia-south2%2Ftemplate-backend.tf" [90m-> null[0m[0m
      [31m-[0m[0m source           = "../tf-files/projects/devops-gkem/ComputeInstanceTemplate/asia-south2/template-backend.tf" [90m-> null[0m[0m
      [31m-[0m[0m storage_class    = "STANDARD" [90m-> null[0m[0m
      [31m-[0m[0m temporary_hold   = false [90m-> null[0m[0m
    }

[1m  # google_storage_bucket_object.example_objects["tf-files/projects/devops-gkem/ComputeInstanceTemplate/asia-south2/template-frontend-asia.tf"][0m will be [1m[31mdestroyed[0m
  # (because key ["tf-files/projects/devops-gkem/ComputeInstanceTemplate/asia-south2/template-frontend-asia.tf"] is not in for_each map)
[0m  [31m-[0m[0m resource "google_storage_bucket_object" "example_objects" {
      [31m-[0m[0m bucket           = "gce-race-game" [90m-> null[0m[0m
      [31m-[0m[0m content_type     = "text/plain; charset=utf-8" [90m-> null[0m[0m
      [31m-[0m[0m crc32c           = "lL6j6Q==" [90m-> null[0m[0m
      [31m-[0m[0m detect_md5hash   = "LBSIhEw2y6IqoqKms0xwlQ==" [90m-> null[0m[0m
      [31m-[0m[0m event_based_hold = false [90m-> null[0m[0m
      [31m-[0m[0m id               = "gce-race-game-tf-files/projects/devops-gkem/ComputeInstanceTemplate/asia-south2/template-frontend-asia.tf" [90m-> null[0m[0m
      [31m-[0m[0m md5hash          = "LBSIhEw2y6IqoqKms0xwlQ==" [90m-> null[0m[0m
      [31m-[0m[0m media_link       = "https://storage.googleapis.com/download/storage/v1/b/gce-race-game/o/tf-files%2Fprojects%2Fdevops-gkem%2FComputeInstanceTemplate%2Fasia-south2%2Ftemplate-frontend-asia.tf?generation=1699172004655700&alt=media" [90m-> null[0m[0m
      [31m-[0m[0m metadata         = {} [90m-> null[0m[0m
      [31m-[0m[0m name             = "tf-files/projects/devops-gkem/ComputeInstanceTemplate/asia-south2/template-frontend-asia.tf" [90m-> null[0m[0m
      [31m-[0m[0m output_name      = "tf-files/projects/devops-gkem/ComputeInstanceTemplate/asia-south2/template-frontend-asia.tf" [90m-> null[0m[0m
      [31m-[0m[0m self_link        = "https://www.googleapis.com/storage/v1/b/gce-race-game/o/tf-files%2Fprojects%2Fdevops-gkem%2FComputeInstanceTemplate%2Fasia-south2%2Ftemplate-frontend-asia.tf" [90m-> null[0m[0m
      [31m-[0m[0m source           = "../tf-files/projects/devops-gkem/ComputeInstanceTemplate/asia-south2/template-frontend-asia.tf" [90m-> null[0m[0m
      [31m-[0m[0m storage_class    = "STANDARD" [90m-> null[0m[0m
      [31m-[0m[0m temporary_hold   = false [90m-> null[0m[0m
    }

[1m  # google_storage_bucket_object.example_objects["tf-files/projects/devops-gkem/ComputeInstanceTemplate/us-central1/template-frontend-us-v2.tf"][0m will be [1m[31mdestroyed[0m
  # (because key ["tf-files/projects/devops-gkem/ComputeInstanceTemplate/us-central1/template-frontend-us-v2.tf"] is not in for_each map)
[0m  [31m-[0m[0m resource "google_storage_bucket_object" "example_objects" {
      [31m-[0m[0m bucket           = "gce-race-game" [90m-> null[0m[0m
      [31m-[0m[0m content_type     = "text/plain; charset=utf-8" [90m-> null[0m[0m
      [31m-[0m[0m crc32c           = "eJCMPQ==" [90m-> null[0m[0m
      [31m-[0m[0m detect_md5hash   = "KgibOgimp3C/a0yog23+Lw==" [90m-> null[0m[0m
      [31m-[0m[0m event_based_hold = false [90m-> null[0m[0m
      [31m-[0m[0m id               = "gce-race-game-tf-files/projects/devops-gkem/ComputeInstanceTemplate/us-central1/template-frontend-us-v2.tf" [90m-> null[0m[0m
      [31m-[0m[0m md5hash          = "KgibOgimp3C/a0yog23+Lw==" [90m-> null[0m[0m
      [31m-[0m[0m media_link       = "https://storage.googleapis.com/download/storage/v1/b/gce-race-game/o/tf-files%2Fprojects%2Fdevops-gkem%2FComputeInstanceTemplate%2Fus-central1%2Ftemplate-frontend-us-v2.tf?generation=1699172000056592&alt=media" [90m-> null[0m[0m
      [31m-[0m[0m metadata         = {} [90m-> null[0m[0m
      [31m-[0m[0m name             = "tf-files/projects/devops-gkem/ComputeInstanceTemplate/us-central1/template-frontend-us-v2.tf" [90m-> null[0m[0m
      [31m-[0m[0m output_name      = "tf-files/projects/devops-gkem/ComputeInstanceTemplate/us-central1/template-frontend-us-v2.tf" [90m-> null[0m[0m
      [31m-[0m[0m self_link        = "https://www.googleapis.com/storage/v1/b/gce-race-game/o/tf-files%2Fprojects%2Fdevops-gkem%2FComputeInstanceTemplate%2Fus-central1%2Ftemplate-frontend-us-v2.tf" [90m-> null[0m[0m
      [31m-[0m[0m source           = "../tf-files/projects/devops-gkem/ComputeInstanceTemplate/us-central1/template-frontend-us-v2.tf" [90m-> null[0m[0m
      [31m-[0m[0m storage_class    = "STANDARD" [90m-> null[0m[0m
      [31m-[0m[0m temporary_hold   = false [90m-> null[0m[0m
    }

[1m  # google_storage_bucket_object.example_objects["tf-files/projects/devops-gkem/ComputeInstanceTemplate/us-central1/template-frontend-us.tf"][0m will be [1m[31mdestroyed[0m
  # (because key ["tf-files/projects/devops-gkem/ComputeInstanceTemplate/us-central1/template-frontend-us.tf"] is not in for_each map)
[0m  [31m-[0m[0m resource "google_storage_bucket_object" "example_objects" {
      [31m-[0m[0m bucket           = "gce-race-game" [90m-> null[0m[0m
      [31m-[0m[0m content_type     = "text/plain; charset=utf-8" [90m-> null[0m[0m
      [31m-[0m[0m crc32c           = "WURhhg==" [90m-> null[0m[0m
      [31m-[0m[0m detect_md5hash   = "9Z9RMAWvms+bBAIdTSdMhw==" [90m-> null[0m[0m
      [31m-[0m[0m event_based_hold = false [90m-> null[0m[0m
      [31m-[0m[0m id               = "gce-race-game-tf-files/projects/devops-gkem/ComputeInstanceTemplate/us-central1/template-frontend-us.tf" [90m-> null[0m[0m
      [31m-[0m[0m md5hash          = "9Z9RMAWvms+bBAIdTSdMhw==" [90m-> null[0m[0m
      [31m-[0m[0m media_link       = "https://storage.googleapis.com/download/storage/v1/b/gce-race-game/o/tf-files%2Fprojects%2Fdevops-gkem%2FComputeInstanceTemplate%2Fus-central1%2Ftemplate-frontend-us.tf?generation=1699172004555633&alt=media" [90m-> null[0m[0m
      [31m-[0m[0m metadata         = {} [90m-> null[0m[0m
      [31m-[0m[0m name             = "tf-files/projects/devops-gkem/ComputeInstanceTemplate/us-central1/template-frontend-us.tf" [90m-> null[0m[0m
      [31m-[0m[0m output_name      = "tf-files/projects/devops-gkem/ComputeInstanceTemplate/us-central1/template-frontend-us.tf" [90m-> null[0m[0m
      [31m-[0m[0m self_link        = "https://www.googleapis.com/storage/v1/b/gce-race-game/o/tf-files%2Fprojects%2Fdevops-gkem%2FComputeInstanceTemplate%2Fus-central1%2Ftemplate-frontend-us.tf" [90m-> null[0m[0m
      [31m-[0m[0m source           = "../tf-files/projects/devops-gkem/ComputeInstanceTemplate/us-central1/template-frontend-us.tf" [90m-> null[0m[0m
      [31m-[0m[0m storage_class    = "STANDARD" [90m-> null[0m[0m
      [31m-[0m[0m temporary_hold   = false [90m-> null[0m[0m
    }

[1m  # google_storage_bucket_object.example_objects["tf-files/projects/devops-gkem/ComputeNetwork/network-1.tf"][0m will be [1m[31mdestroyed[0m
  # (because key ["tf-files/projects/devops-gkem/ComputeNetwork/network-1.tf"] is not in for_each map)
[0m  [31m-[0m[0m resource "google_storage_bucket_object" "example_objects" {
      [31m-[0m[0m bucket           = "gce-race-game" [90m-> null[0m[0m
      [31m-[0m[0m content_type     = "text/plain; charset=utf-8" [90m-> null[0m[0m
      [31m-[0m[0m crc32c           = "/tmIPg==" [90m-> null[0m[0m
      [31m-[0m[0m detect_md5hash   = "YmtR4zvvuoXledV+EFhKxA==" [90m-> null[0m[0m
      [31m-[0m[0m event_based_hold = false [90m-> null[0m[0m
      [31m-[0m[0m id               = "gce-race-game-tf-files/projects/devops-gkem/ComputeNetwork/network-1.tf" [90m-> null[0m[0m
      [31m-[0m[0m md5hash          = "YmtR4zvvuoXledV+EFhKxA==" [90m-> null[0m[0m
      [31m-[0m[0m media_link       = "https://storage.googleapis.com/download/storage/v1/b/gce-race-game/o/tf-files%2Fprojects%2Fdevops-gkem%2FComputeNetwork%2Fnetwork-1.tf?generation=1699171994753864&alt=media" [90m-> null[0m[0m
      [31m-[0m[0m metadata         = {} [90m-> null[0m[0m
      [31m-[0m[0m name             = "tf-files/projects/devops-gkem/ComputeNetwork/network-1.tf" [90m-> null[0m[0m
      [31m-[0m[0m output_name      = "tf-files/projects/devops-gkem/ComputeNetwork/network-1.tf" [90m-> null[0m[0m
      [31m-[0m[0m self_link        = "https://www.googleapis.com/storage/v1/b/gce-race-game/o/tf-files%2Fprojects%2Fdevops-gkem%2FComputeNetwork%2Fnetwork-1.tf" [90m-> null[0m[0m
      [31m-[0m[0m source           = "../tf-files/projects/devops-gkem/ComputeNetwork/network-1.tf" [90m-> null[0m[0m
      [31m-[0m[0m storage_class    = "STANDARD" [90m-> null[0m[0m
      [31m-[0m[0m temporary_hold   = false [90m-> null[0m[0m
    }

[1m  # google_storage_bucket_object.example_objects["tf-files/projects/devops-gkem/ComputeRoute/peering-route-700b28f412a0c358.tf"][0m will be [1m[31mdestroyed[0m
  # (because key ["tf-files/projects/devops-gkem/ComputeRoute/peering-route-700b28f412a0c358.tf"] is not in for_each map)
[0m  [31m-[0m[0m resource "google_storage_bucket_object" "example_objects" {
      [31m-[0m[0m bucket           = "gce-race-game" [90m-> null[0m[0m
      [31m-[0m[0m content_type     = "text/plain; charset=utf-8" [90m-> null[0m[0m
      [31m-[0m[0m crc32c           = "sSkLTw==" [90m-> null[0m[0m
      [31m-[0m[0m detect_md5hash   = "aY1UkpFPV7eetVY/qiwKsA==" [90m-> null[0m[0m
      [31m-[0m[0m event_based_hold = false [90m-> null[0m[0m
      [31m-[0m[0m id               = "gce-race-game-tf-files/projects/devops-gkem/ComputeRoute/peering-route-700b28f412a0c358.tf" [90m-> null[0m[0m
      [31m-[0m[0m md5hash          = "aY1UkpFPV7eetVY/qiwKsA==" [90m-> null[0m[0m
      [31m-[0m[0m media_link       = "https://storage.googleapis.com/download/storage/v1/b/gce-race-game/o/tf-files%2Fprojects%2Fdevops-gkem%2FComputeRoute%2Fpeering-route-700b28f412a0c358.tf?generation=1699171989660146&alt=media" [90m-> null[0m[0m
      [31m-[0m[0m metadata         = {} [90m-> null[0m[0m
      [31m-[0m[0m name             = "tf-files/projects/devops-gkem/ComputeRoute/peering-route-700b28f412a0c358.tf" [90m-> null[0m[0m
      [31m-[0m[0m output_name      = "tf-files/projects/devops-gkem/ComputeRoute/peering-route-700b28f412a0c358.tf" [90m-> null[0m[0m
      [31m-[0m[0m self_link        = "https://www.googleapis.com/storage/v1/b/gce-race-game/o/tf-files%2Fprojects%2Fdevops-gkem%2FComputeRoute%2Fpeering-route-700b28f412a0c358.tf" [90m-> null[0m[0m
      [31m-[0m[0m source           = "../tf-files/projects/devops-gkem/ComputeRoute/peering-route-700b28f412a0c358.tf" [90m-> null[0m[0m
      [31m-[0m[0m storage_class    = "STANDARD" [90m-> null[0m[0m
      [31m-[0m[0m temporary_hold   = false [90m-> null[0m[0m
    }

[1m  # google_storage_bucket_object.example_objects["tf-files/projects/devops-gkem/ComputeRouter/asia-south2/router-us.tf"][0m will be [1m[31mdestroyed[0m
  # (because key ["tf-files/projects/devops-gkem/ComputeRouter/asia-south2/router-us.tf"] is not in for_each map)
[0m  [31m-[0m[0m resource "google_storage_bucket_object" "example_objects" {
      [31m-[0m[0m bucket           = "gce-race-game" [90m-> null[0m[0m
      [31m-[0m[0m content_type     = "text/plain; charset=utf-8" [90m-> null[0m[0m
      [31m-[0m[0m crc32c           = "RsxcLg==" [90m-> null[0m[0m
      [31m-[0m[0m detect_md5hash   = "sDu5a7VYrHce757RNWiGaQ==" [90m-> null[0m[0m
      [31m-[0m[0m event_based_hold = false [90m-> null[0m[0m
      [31m-[0m[0m id               = "gce-race-game-tf-files/projects/devops-gkem/ComputeRouter/asia-south2/router-us.tf" [90m-> null[0m[0m
      [31m-[0m[0m md5hash          = "sDu5a7VYrHce757RNWiGaQ==" [90m-> null[0m[0m
      [31m-[0m[0m media_link       = "https://storage.googleapis.com/download/storage/v1/b/gce-race-game/o/tf-files%2Fprojects%2Fdevops-gkem%2FComputeRouter%2Fasia-south2%2Frouter-us.tf?generation=1699172006049821&alt=media" [90m-> null[0m[0m
      [31m-[0m[0m metadata         = {} [90m-> null[0m[0m
      [31m-[0m[0m name             = "tf-files/projects/devops-gkem/ComputeRouter/asia-south2/router-us.tf" [90m-> null[0m[0m
      [31m-[0m[0m output_name      = "tf-files/projects/devops-gkem/ComputeRouter/asia-south2/router-us.tf" [90m-> null[0m[0m
      [31m-[0m[0m self_link        = "https://www.googleapis.com/storage/v1/b/gce-race-game/o/tf-files%2Fprojects%2Fdevops-gkem%2FComputeRouter%2Fasia-south2%2Frouter-us.tf" [90m-> null[0m[0m
      [31m-[0m[0m source           = "../tf-files/projects/devops-gkem/ComputeRouter/asia-south2/router-us.tf" [90m-> null[0m[0m
      [31m-[0m[0m storage_class    = "STANDARD" [90m-> null[0m[0m
      [31m-[0m[0m temporary_hold   = false [90m-> null[0m[0m
    }

[1m  # google_storage_bucket_object.example_objects["tf-files/projects/devops-gkem/ComputeRouter/us-central1/router-asia.tf"][0m will be [1m[31mdestroyed[0m
  # (because key ["tf-files/projects/devops-gkem/ComputeRouter/us-central1/router-asia.tf"] is not in for_each map)
[0m  [31m-[0m[0m resource "google_storage_bucket_object" "example_objects" {
      [31m-[0m[0m bucket           = "gce-race-game" [90m-> null[0m[0m
      [31m-[0m[0m content_type     = "text/plain; charset=utf-8" [90m-> null[0m[0m
      [31m-[0m[0m crc32c           = "jOSV2A==" [90m-> null[0m[0m
      [31m-[0m[0m detect_md5hash   = "MoQCinCinwfUkMCU2LuDNw==" [90m-> null[0m[0m
      [31m-[0m[0m event_based_hold = false [90m-> null[0m[0m
      [31m-[0m[0m id               = "gce-race-game-tf-files/projects/devops-gkem/ComputeRouter/us-central1/router-asia.tf" [90m-> null[0m[0m
      [31m-[0m[0m md5hash          = "MoQCinCinwfUkMCU2LuDNw==" [90m-> null[0m[0m
      [31m-[0m[0m media_link       = "https://storage.googleapis.com/download/storage/v1/b/gce-race-game/o/tf-files%2Fprojects%2Fdevops-gkem%2FComputeRouter%2Fus-central1%2Frouter-asia.tf?generation=1699171993453864&alt=media" [90m-> null[0m[0m
      [31m-[0m[0m metadata         = {} [90m-> null[0m[0m
      [31m-[0m[0m name             = "tf-files/projects/devops-gkem/ComputeRouter/us-central1/router-asia.tf" [90m-> null[0m[0m
      [31m-[0m[0m output_name      = "tf-files/projects/devops-gkem/ComputeRouter/us-central1/router-asia.tf" [90m-> null[0m[0m
      [31m-[0m[0m self_link        = "https://www.googleapis.com/storage/v1/b/gce-race-game/o/tf-files%2Fprojects%2Fdevops-gkem%2FComputeRouter%2Fus-central1%2Frouter-asia.tf" [90m-> null[0m[0m
      [31m-[0m[0m source           = "../tf-files/projects/devops-gkem/ComputeRouter/us-central1/router-asia.tf" [90m-> null[0m[0m
      [31m-[0m[0m storage_class    = "STANDARD" [90m-> null[0m[0m
      [31m-[0m[0m temporary_hold   = false [90m-> null[0m[0m
    }

[1m  # google_storage_bucket_object.example_objects["tf-files/projects/devops-gkem/ComputeSubnetwork/asia-south2/backend-asia.tf"][0m will be [1m[31mdestroyed[0m
  # (because key ["tf-files/projects/devops-gkem/ComputeSubnetwork/asia-south2/backend-asia.tf"] is not in for_each map)
[0m  [31m-[0m[0m resource "google_storage_bucket_object" "example_objects" {
      [31m-[0m[0m bucket           = "gce-race-game" [90m-> null[0m[0m
      [31m-[0m[0m content_type     = "text/plain; charset=utf-8" [90m-> null[0m[0m
      [31m-[0m[0m crc32c           = "sx4qIw==" [90m-> null[0m[0m
      [31m-[0m[0m detect_md5hash   = "buHx0g/NCxfbDpSGJ3dtfA==" [90m-> null[0m[0m
      [31m-[0m[0m event_based_hold = false [90m-> null[0m[0m
      [31m-[0m[0m id               = "gce-race-game-tf-files/projects/devops-gkem/ComputeSubnetwork/asia-south2/backend-asia.tf" [90m-> null[0m[0m
      [31m-[0m[0m md5hash          = "buHx0g/NCxfbDpSGJ3dtfA==" [90m-> null[0m[0m
      [31m-[0m[0m media_link       = "https://storage.googleapis.com/download/storage/v1/b/gce-race-game/o/tf-files%2Fprojects%2Fdevops-gkem%2FComputeSubnetwork%2Fasia-south2%2Fbackend-asia.tf?generation=1699172000152784&alt=media" [90m-> null[0m[0m
      [31m-[0m[0m metadata         = {} [90m-> null[0m[0m
      [31m-[0m[0m name             = "tf-files/projects/devops-gkem/ComputeSubnetwork/asia-south2/backend-asia.tf" [90m-> null[0m[0m
      [31m-[0m[0m output_name      = "tf-files/projects/devops-gkem/ComputeSubnetwork/asia-south2/backend-asia.tf" [90m-> null[0m[0m
      [31m-[0m[0m self_link        = "https://www.googleapis.com/storage/v1/b/gce-race-game/o/tf-files%2Fprojects%2Fdevops-gkem%2FComputeSubnetwork%2Fasia-south2%2Fbackend-asia.tf" [90m-> null[0m[0m
      [31m-[0m[0m source           = "../tf-files/projects/devops-gkem/ComputeSubnetwork/asia-south2/backend-asia.tf" [90m-> null[0m[0m
      [31m-[0m[0m storage_class    = "STANDARD" [90m-> null[0m[0m
      [31m-[0m[0m temporary_hold   = false [90m-> null[0m[0m
    }

[1m  # google_storage_bucket_object.example_objects["tf-files/projects/devops-gkem/ComputeSubnetwork/asia-south2/frontend.tf"][0m will be [1m[31mdestroyed[0m
  # (because key ["tf-files/projects/devops-gkem/ComputeSubnetwork/asia-south2/frontend.tf"] is not in for_each map)
[0m  [31m-[0m[0m resource "google_storage_bucket_object" "example_objects" {
      [31m-[0m[0m bucket           = "gce-race-game" [90m-> null[0m[0m
      [31m-[0m[0m content_type     = "text/plain; charset=utf-8" [90m-> null[0m[0m
      [31m-[0m[0m crc32c           = "bxkxJQ==" [90m-> null[0m[0m
      [31m-[0m[0m detect_md5hash   = "TVxu4Qqv1SrVlW276H5vdQ==" [90m-> null[0m[0m
      [31m-[0m[0m event_based_hold = false [90m-> null[0m[0m
      [31m-[0m[0m id               = "gce-race-game-tf-files/projects/devops-gkem/ComputeSubnetwork/asia-south2/frontend.tf" [90m-> null[0m[0m
      [31m-[0m[0m md5hash          = "TVxu4Qqv1SrVlW276H5vdQ==" [90m-> null[0m[0m
      [31m-[0m[0m media_link       = "https://storage.googleapis.com/download/storage/v1/b/gce-race-game/o/tf-files%2Fprojects%2Fdevops-gkem%2FComputeSubnetwork%2Fasia-south2%2Ffrontend.tf?generation=1699172006753808&alt=media" [90m-> null[0m[0m
      [31m-[0m[0m metadata         = {} [90m-> null[0m[0m
      [31m-[0m[0m name             = "tf-files/projects/devops-gkem/ComputeSubnetwork/asia-south2/frontend.tf" [90m-> null[0m[0m
      [31m-[0m[0m output_name      = "tf-files/projects/devops-gkem/ComputeSubnetwork/asia-south2/frontend.tf" [90m-> null[0m[0m
      [31m-[0m[0m self_link        = "https://www.googleapis.com/storage/v1/b/gce-race-game/o/tf-files%2Fprojects%2Fdevops-gkem%2FComputeSubnetwork%2Fasia-south2%2Ffrontend.tf" [90m-> null[0m[0m
      [31m-[0m[0m source           = "../tf-files/projects/devops-gkem/ComputeSubnetwork/asia-south2/frontend.tf" [90m-> null[0m[0m
      [31m-[0m[0m storage_class    = "STANDARD" [90m-> null[0m[0m
      [31m-[0m[0m temporary_hold   = false [90m-> null[0m[0m
    }

[1m  # google_storage_bucket_object.example_objects["tf-files/projects/devops-gkem/ComputeSubnetwork/asia-south2/proxy-backend-asia.tf"][0m will be [1m[31mdestroyed[0m
  # (because key ["tf-files/projects/devops-gkem/ComputeSubnetwork/asia-south2/proxy-backend-asia.tf"] is not in for_each map)
[0m  [31m-[0m[0m resource "google_storage_bucket_object" "example_objects" {
      [31m-[0m[0m bucket           = "gce-race-game" [90m-> null[0m[0m
      [31m-[0m[0m content_type     = "text/plain; charset=utf-8" [90m-> null[0m[0m
      [31m-[0m[0m crc32c           = "rdt8aQ==" [90m-> null[0m[0m
      [31m-[0m[0m detect_md5hash   = "jLs6FlxXMwKqOHoVwn6jKQ==" [90m-> null[0m[0m
      [31m-[0m[0m event_based_hold = false [90m-> null[0m[0m
      [31m-[0m[0m id               = "gce-race-game-tf-files/projects/devops-gkem/ComputeSubnetwork/asia-south2/proxy-backend-asia.tf" [90m-> null[0m[0m
      [31m-[0m[0m md5hash          = "jLs6FlxXMwKqOHoVwn6jKQ==" [90m-> null[0m[0m
      [31m-[0m[0m media_link       = "https://storage.googleapis.com/download/storage/v1/b/gce-race-game/o/tf-files%2Fprojects%2Fdevops-gkem%2FComputeSubnetwork%2Fasia-south2%2Fproxy-backend-asia.tf?generation=1699171996953688&alt=media" [90m-> null[0m[0m
      [31m-[0m[0m metadata         = {} [90m-> null[0m[0m
      [31m-[0m[0m name             = "tf-files/projects/devops-gkem/ComputeSubnetwork/asia-south2/proxy-backend-asia.tf" [90m-> null[0m[0m
      [31m-[0m[0m output_name      = "tf-files/projects/devops-gkem/ComputeSubnetwork/asia-south2/proxy-backend-asia.tf" [90m-> null[0m[0m
      [31m-[0m[0m self_link        = "https://www.googleapis.com/storage/v1/b/gce-race-game/o/tf-files%2Fprojects%2Fdevops-gkem%2FComputeSubnetwork%2Fasia-south2%2Fproxy-backend-asia.tf" [90m-> null[0m[0m
      [31m-[0m[0m source           = "../tf-files/projects/devops-gkem/ComputeSubnetwork/asia-south2/proxy-backend-asia.tf" [90m-> null[0m[0m
      [31m-[0m[0m storage_class    = "STANDARD" [90m-> null[0m[0m
      [31m-[0m[0m temporary_hold   = false [90m-> null[0m[0m
    }

[1m  # google_storage_bucket_object.example_objects["tf-files/projects/devops-gkem/ComputeSubnetwork/asia-south2/subnet-proxy-asia.tf"][0m will be [1m[31mdestroyed[0m
  # (because key ["tf-files/projects/devops-gkem/ComputeSubnetwork/asia-south2/subnet-proxy-asia.tf"] is not in for_each map)
[0m  [31m-[0m[0m resource "google_storage_bucket_object" "example_objects" {
      [31m-[0m[0m bucket           = "gce-race-game" [90m-> null[0m[0m
      [31m-[0m[0m content_type     = "text/plain; charset=utf-8" [90m-> null[0m[0m
      [31m-[0m[0m crc32c           = "GYOdfA==" [90m-> null[0m[0m
      [31m-[0m[0m detect_md5hash   = "7VYSTi+wnH0Xs9ylPzkj5g==" [90m-> null[0m[0m
      [31m-[0m[0m event_based_hold = false [90m-> null[0m[0m
      [31m-[0m[0m id               = "gce-race-game-tf-files/projects/devops-gkem/ComputeSubnetwork/asia-south2/subnet-proxy-asia.tf" [90m-> null[0m[0m
      [31m-[0m[0m md5hash          = "7VYSTi+wnH0Xs9ylPzkj5g==" [90m-> null[0m[0m
      [31m-[0m[0m media_link       = "https://storage.googleapis.com/download/storage/v1/b/gce-race-game/o/tf-files%2Fprojects%2Fdevops-gkem%2FComputeSubnetwork%2Fasia-south2%2Fsubnet-proxy-asia.tf?generation=1699172000550544&alt=media" [90m-> null[0m[0m
      [31m-[0m[0m metadata         = {} [90m-> null[0m[0m
      [31m-[0m[0m name             = "tf-files/projects/devops-gkem/ComputeSubnetwork/asia-south2/subnet-proxy-asia.tf" [90m-> null[0m[0m
      [31m-[0m[0m output_name      = "tf-files/projects/devops-gkem/ComputeSubnetwork/asia-south2/subnet-proxy-asia.tf" [90m-> null[0m[0m
      [31m-[0m[0m self_link        = "https://www.googleapis.com/storage/v1/b/gce-race-game/o/tf-files%2Fprojects%2Fdevops-gkem%2FComputeSubnetwork%2Fasia-south2%2Fsubnet-proxy-asia.tf" [90m-> null[0m[0m
      [31m-[0m[0m source           = "../tf-files/projects/devops-gkem/ComputeSubnetwork/asia-south2/subnet-proxy-asia.tf" [90m-> null[0m[0m
      [31m-[0m[0m storage_class    = "STANDARD" [90m-> null[0m[0m
      [31m-[0m[0m temporary_hold   = false [90m-> null[0m[0m
    }

[1m  # google_storage_bucket_object.example_objects["tf-files/projects/devops-gkem/ComputeSubnetwork/us-central1/frontend-us.tf"][0m will be [1m[31mdestroyed[0m
  # (because key ["tf-files/projects/devops-gkem/ComputeSubnetwork/us-central1/frontend-us.tf"] is not in for_each map)
[0m  [31m-[0m[0m resource "google_storage_bucket_object" "example_objects" {
      [31m-[0m[0m bucket           = "gce-race-game" [90m-> null[0m[0m
      [31m-[0m[0m content_type     = "text/plain; charset=utf-8" [90m-> null[0m[0m
      [31m-[0m[0m crc32c           = "Ml4pSQ==" [90m-> null[0m[0m
      [31m-[0m[0m detect_md5hash   = "SsRtZA9UacmC39I3Fh5yaw==" [90m-> null[0m[0m
      [31m-[0m[0m event_based_hold = false [90m-> null[0m[0m
      [31m-[0m[0m id               = "gce-race-game-tf-files/projects/devops-gkem/ComputeSubnetwork/us-central1/frontend-us.tf" [90m-> null[0m[0m
      [31m-[0m[0m md5hash          = "SsRtZA9UacmC39I3Fh5yaw==" [90m-> null[0m[0m
      [31m-[0m[0m media_link       = "https://storage.googleapis.com/download/storage/v1/b/gce-race-game/o/tf-files%2Fprojects%2Fdevops-gkem%2FComputeSubnetwork%2Fus-central1%2Ffrontend-us.tf?generation=1699172002553713&alt=media" [90m-> null[0m[0m
      [31m-[0m[0m metadata         = {} [90m-> null[0m[0m
      [31m-[0m[0m name             = "tf-files/projects/devops-gkem/ComputeSubnetwork/us-central1/frontend-us.tf" [90m-> null[0m[0m
      [31m-[0m[0m output_name      = "tf-files/projects/devops-gkem/ComputeSubnetwork/us-central1/frontend-us.tf" [90m-> null[0m[0m
      [31m-[0m[0m self_link        = "https://www.googleapis.com/storage/v1/b/gce-race-game/o/tf-files%2Fprojects%2Fdevops-gkem%2FComputeSubnetwork%2Fus-central1%2Ffrontend-us.tf" [90m-> null[0m[0m
      [31m-[0m[0m source           = "../tf-files/projects/devops-gkem/ComputeSubnetwork/us-central1/frontend-us.tf" [90m-> null[0m[0m
      [31m-[0m[0m storage_class    = "STANDARD" [90m-> null[0m[0m
      [31m-[0m[0m temporary_hold   = false [90m-> null[0m[0m
    }

[1m  # google_storage_bucket_object.example_objects["tf-files/projects/devops-gkem/ComputeTargetHTTPProxy/asia-south2/backend-proxy.tf"][0m will be [1m[31mdestroyed[0m
  # (because key ["tf-files/projects/devops-gkem/ComputeTargetHTTPProxy/asia-south2/backend-proxy.tf"] is not in for_each map)
[0m  [31m-[0m[0m resource "google_storage_bucket_object" "example_objects" {
      [31m-[0m[0m bucket           = "gce-race-game" [90m-> null[0m[0m
      [31m-[0m[0m content_type     = "text/plain; charset=utf-8" [90m-> null[0m[0m
      [31m-[0m[0m crc32c           = "sT3PHw==" [90m-> null[0m[0m
      [31m-[0m[0m detect_md5hash   = "buFGtfmL2wj7qB/60pzxPA==" [90m-> null[0m[0m
      [31m-[0m[0m event_based_hold = false [90m-> null[0m[0m
      [31m-[0m[0m id               = "gce-race-game-tf-files/projects/devops-gkem/ComputeTargetHTTPProxy/asia-south2/backend-proxy.tf" [90m-> null[0m[0m
      [31m-[0m[0m md5hash          = "buFGtfmL2wj7qB/60pzxPA==" [90m-> null[0m[0m
      [31m-[0m[0m media_link       = "https://storage.googleapis.com/download/storage/v1/b/gce-race-game/o/tf-files%2Fprojects%2Fdevops-gkem%2FComputeTargetHTTPProxy%2Fasia-south2%2Fbackend-proxy.tf?generation=1699172003254058&alt=media" [90m-> null[0m[0m
      [31m-[0m[0m metadata         = {} [90m-> null[0m[0m
      [31m-[0m[0m name             = "tf-files/projects/devops-gkem/ComputeTargetHTTPProxy/asia-south2/backend-proxy.tf" [90m-> null[0m[0m
      [31m-[0m[0m output_name      = "tf-files/projects/devops-gkem/ComputeTargetHTTPProxy/asia-south2/backend-proxy.tf" [90m-> null[0m[0m
      [31m-[0m[0m self_link        = "https://www.googleapis.com/storage/v1/b/gce-race-game/o/tf-files%2Fprojects%2Fdevops-gkem%2FComputeTargetHTTPProxy%2Fasia-south2%2Fbackend-proxy.tf" [90m-> null[0m[0m
      [31m-[0m[0m source           = "../tf-files/projects/devops-gkem/ComputeTargetHTTPProxy/asia-south2/backend-proxy.tf" [90m-> null[0m[0m
      [31m-[0m[0m storage_class    = "STANDARD" [90m-> null[0m[0m
      [31m-[0m[0m temporary_hold   = false [90m-> null[0m[0m
    }

[1m  # google_storage_bucket_object.example_objects["tf-files/projects/devops-gkem/ComputeTargetHTTPProxy/global/proxy-frontend.tf"][0m will be [1m[31mdestroyed[0m
  # (because key ["tf-files/projects/devops-gkem/ComputeTargetHTTPProxy/global/proxy-frontend.tf"] is not in for_each map)
[0m  [31m-[0m[0m resource "google_storage_bucket_object" "example_objects" {
      [31m-[0m[0m bucket           = "gce-race-game" [90m-> null[0m[0m
      [31m-[0m[0m content_type     = "text/plain; charset=utf-8" [90m-> null[0m[0m
      [31m-[0m[0m crc32c           = "fr5oiw==" [90m-> null[0m[0m
      [31m-[0m[0m detect_md5hash   = "Lj7dixebR7hMWxGpZoP3gA==" [90m-> null[0m[0m
      [31m-[0m[0m event_based_hold = false [90m-> null[0m[0m
      [31m-[0m[0m id               = "gce-race-game-tf-files/projects/devops-gkem/ComputeTargetHTTPProxy/global/proxy-frontend.tf" [90m-> null[0m[0m
      [31m-[0m[0m md5hash          = "Lj7dixebR7hMWxGpZoP3gA==" [90m-> null[0m[0m
      [31m-[0m[0m media_link       = "https://storage.googleapis.com/download/storage/v1/b/gce-race-game/o/tf-files%2Fprojects%2Fdevops-gkem%2FComputeTargetHTTPProxy%2Fglobal%2Fproxy-frontend.tf?generation=1699172003762760&alt=media" [90m-> null[0m[0m
      [31m-[0m[0m metadata         = {} [90m-> null[0m[0m
      [31m-[0m[0m name             = "tf-files/projects/devops-gkem/ComputeTargetHTTPProxy/global/proxy-frontend.tf" [90m-> null[0m[0m
      [31m-[0m[0m output_name      = "tf-files/projects/devops-gkem/ComputeTargetHTTPProxy/global/proxy-frontend.tf" [90m-> null[0m[0m
      [31m-[0m[0m self_link        = "https://www.googleapis.com/storage/v1/b/gce-race-game/o/tf-files%2Fprojects%2Fdevops-gkem%2FComputeTargetHTTPProxy%2Fglobal%2Fproxy-frontend.tf" [90m-> null[0m[0m
      [31m-[0m[0m source           = "../tf-files/projects/devops-gkem/ComputeTargetHTTPProxy/global/proxy-frontend.tf" [90m-> null[0m[0m
      [31m-[0m[0m storage_class    = "STANDARD" [90m-> null[0m[0m
      [31m-[0m[0m temporary_hold   = false [90m-> null[0m[0m
    }

[1m  # google_storage_bucket_object.example_objects["tf-files/projects/devops-gkem/ComputeURLMap/asia-south2/url-map-backend.tf"][0m will be [1m[31mdestroyed[0m
  # (because key ["tf-files/projects/devops-gkem/ComputeURLMap/asia-south2/url-map-backend.tf"] is not in for_each map)
[0m  [31m-[0m[0m resource "google_storage_bucket_object" "example_objects" {
      [31m-[0m[0m bucket           = "gce-race-game" [90m-> null[0m[0m
      [31m-[0m[0m content_type     = "text/plain; charset=utf-8" [90m-> null[0m[0m
      [31m-[0m[0m crc32c           = "5Jo0Mg==" [90m-> null[0m[0m
      [31m-[0m[0m detect_md5hash   = "f3oxMA652/YP2AEYsRL4tg==" [90m-> null[0m[0m
      [31m-[0m[0m event_based_hold = false [90m-> null[0m[0m
      [31m-[0m[0m id               = "gce-race-game-tf-files/projects/devops-gkem/ComputeURLMap/asia-south2/url-map-backend.tf" [90m-> null[0m[0m
      [31m-[0m[0m md5hash          = "f3oxMA652/YP2AEYsRL4tg==" [90m-> null[0m[0m
      [31m-[0m[0m media_link       = "https://storage.googleapis.com/download/storage/v1/b/gce-race-game/o/tf-files%2Fprojects%2Fdevops-gkem%2FComputeURLMap%2Fasia-south2%2Furl-map-backend.tf?generation=1699171999353203&alt=media" [90m-> null[0m[0m
      [31m-[0m[0m metadata         = {} [90m-> null[0m[0m
      [31m-[0m[0m name             = "tf-files/projects/devops-gkem/ComputeURLMap/asia-south2/url-map-backend.tf" [90m-> null[0m[0m
      [31m-[0m[0m output_name      = "tf-files/projects/devops-gkem/ComputeURLMap/asia-south2/url-map-backend.tf" [90m-> null[0m[0m
      [31m-[0m[0m self_link        = "https://www.googleapis.com/storage/v1/b/gce-race-game/o/tf-files%2Fprojects%2Fdevops-gkem%2FComputeURLMap%2Fasia-south2%2Furl-map-backend.tf" [90m-> null[0m[0m
      [31m-[0m[0m source           = "../tf-files/projects/devops-gkem/ComputeURLMap/asia-south2/url-map-backend.tf" [90m-> null[0m[0m
      [31m-[0m[0m storage_class    = "STANDARD" [90m-> null[0m[0m
      [31m-[0m[0m temporary_hold   = false [90m-> null[0m[0m
    }

[1m  # google_storage_bucket_object.example_objects["tf-files/projects/devops-gkem/ComputeURLMap/global/url-map-frontend.tf"][0m will be [1m[31mdestroyed[0m
  # (because key ["tf-files/projects/devops-gkem/ComputeURLMap/global/url-map-frontend.tf"] is not in for_each map)
[0m  [31m-[0m[0m resource "google_storage_bucket_object" "example_objects" {
      [31m-[0m[0m bucket           = "gce-race-game" [90m-> null[0m[0m
      [31m-[0m[0m content_type     = "text/plain; charset=utf-8" [90m-> null[0m[0m
      [31m-[0m[0m crc32c           = "znuX2Q==" [90m-> null[0m[0m
      [31m-[0m[0m detect_md5hash   = "y8oGUtCYpGfHqBZeXdo4QA==" [90m-> null[0m[0m
      [31m-[0m[0m event_based_hold = false [90m-> null[0m[0m
      [31m-[0m[0m id               = "gce-race-game-tf-files/projects/devops-gkem/ComputeURLMap/global/url-map-frontend.tf" [90m-> null[0m[0m
      [31m-[0m[0m md5hash          = "y8oGUtCYpGfHqBZeXdo4QA==" [90m-> null[0m[0m
      [31m-[0m[0m media_link       = "https://storage.googleapis.com/download/storage/v1/b/gce-race-game/o/tf-files%2Fprojects%2Fdevops-gkem%2FComputeURLMap%2Fglobal%2Furl-map-frontend.tf?generation=1699171995755351&alt=media" [90m-> null[0m[0m
      [31m-[0m[0m metadata         = {} [90m-> null[0m[0m
      [31m-[0m[0m name             = "tf-files/projects/devops-gkem/ComputeURLMap/global/url-map-frontend.tf" [90m-> null[0m[0m
      [31m-[0m[0m output_name      = "tf-files/projects/devops-gkem/ComputeURLMap/global/url-map-frontend.tf" [90m-> null[0m[0m
      [31m-[0m[0m self_link        = "https://www.googleapis.com/storage/v1/b/gce-race-game/o/tf-files%2Fprojects%2Fdevops-gkem%2FComputeURLMap%2Fglobal%2Furl-map-frontend.tf" [90m-> null[0m[0m
      [31m-[0m[0m source           = "../tf-files/projects/devops-gkem/ComputeURLMap/global/url-map-frontend.tf" [90m-> null[0m[0m
      [31m-[0m[0m storage_class    = "STANDARD" [90m-> null[0m[0m
      [31m-[0m[0m temporary_hold   = false [90m-> null[0m[0m
    }

[1m  # google_storage_bucket_object.example_objects["tf-files/projects/devops-gkem/IAMServiceAccount/721548842530-compute.tf"][0m will be [1m[31mdestroyed[0m
  # (because key ["tf-files/projects/devops-gkem/IAMServiceAccount/721548842530-compute.tf"] is not in for_each map)
[0m  [31m-[0m[0m resource "google_storage_bucket_object" "example_objects" {
      [31m-[0m[0m bucket           = "gce-race-game" [90m-> null[0m[0m
      [31m-[0m[0m content_type     = "text/plain; charset=utf-8" [90m-> null[0m[0m
      [31m-[0m[0m crc32c           = "fDH8zw==" [90m-> null[0m[0m
      [31m-[0m[0m detect_md5hash   = "ug319WnDwWAviz9TC6anfQ==" [90m-> null[0m[0m
      [31m-[0m[0m event_based_hold = false [90m-> null[0m[0m
      [31m-[0m[0m id               = "gce-race-game-tf-files/projects/devops-gkem/IAMServiceAccount/721548842530-compute.tf" [90m-> null[0m[0m
      [31m-[0m[0m md5hash          = "ug319WnDwWAviz9TC6anfQ==" [90m-> null[0m[0m
      [31m-[0m[0m media_link       = "https://storage.googleapis.com/download/storage/v1/b/gce-race-game/o/tf-files%2Fprojects%2Fdevops-gkem%2FIAMServiceAccount%2F721548842530-compute.tf?generation=1699171993851864&alt=media" [90m-> null[0m[0m
      [31m-[0m[0m metadata         = {} [90m-> null[0m[0m
      [31m-[0m[0m name             = "tf-files/projects/devops-gkem/IAMServiceAccount/721548842530-compute.tf" [90m-> null[0m[0m
      [31m-[0m[0m output_name      = "tf-files/projects/devops-gkem/IAMServiceAccount/721548842530-compute.tf" [90m-> null[0m[0m
      [31m-[0m[0m self_link        = "https://www.googleapis.com/storage/v1/b/gce-race-game/o/tf-files%2Fprojects%2Fdevops-gkem%2FIAMServiceAccount%2F721548842530-compute.tf" [90m-> null[0m[0m
      [31m-[0m[0m source           = "../tf-files/projects/devops-gkem/IAMServiceAccount/721548842530-compute.tf" [90m-> null[0m[0m
      [31m-[0m[0m storage_class    = "STANDARD" [90m-> null[0m[0m
      [31m-[0m[0m temporary_hold   = false [90m-> null[0m[0m
    }

[1m  # google_storage_bucket_object.example_objects["tf-files/projects/devops-gkem/SQLInstance/asia-south2/sql-backend.tf"][0m will be [1m[31mdestroyed[0m
  # (because key ["tf-files/projects/devops-gkem/SQLInstance/asia-south2/sql-backend.tf"] is not in for_each map)
[0m  [31m-[0m[0m resource "google_storage_bucket_object" "example_objects" {
      [31m-[0m[0m bucket           = "gce-race-game" [90m-> null[0m[0m
      [31m-[0m[0m content_type     = "text/plain; charset=utf-8" [90m-> null[0m[0m
      [31m-[0m[0m crc32c           = "oO9l2w==" [90m-> null[0m[0m
      [31m-[0m[0m detect_md5hash   = "jdKCxCRhfbjbcKl9hwAgZA==" [90m-> null[0m[0m
      [31m-[0m[0m event_based_hold = false [90m-> null[0m[0m
      [31m-[0m[0m id               = "gce-race-game-tf-files/projects/devops-gkem/SQLInstance/asia-south2/sql-backend.tf" [90m-> null[0m[0m
      [31m-[0m[0m md5hash          = "jdKCxCRhfbjbcKl9hwAgZA==" [90m-> null[0m[0m
      [31m-[0m[0m media_link       = "https://storage.googleapis.com/download/storage/v1/b/gce-race-game/o/tf-files%2Fprojects%2Fdevops-gkem%2FSQLInstance%2Fasia-south2%2Fsql-backend.tf?generation=1699171997750151&alt=media" [90m-> null[0m[0m
      [31m-[0m[0m metadata         = {} [90m-> null[0m[0m
      [31m-[0m[0m name             = "tf-files/projects/devops-gkem/SQLInstance/asia-south2/sql-backend.tf" [90m-> null[0m[0m
      [31m-[0m[0m output_name      = "tf-files/projects/devops-gkem/SQLInstance/asia-south2/sql-backend.tf" [90m-> null[0m[0m
      [31m-[0m[0m self_link        = "https://www.googleapis.com/storage/v1/b/gce-race-game/o/tf-files%2Fprojects%2Fdevops-gkem%2FSQLInstance%2Fasia-south2%2Fsql-backend.tf" [90m-> null[0m[0m
      [31m-[0m[0m source           = "../tf-files/projects/devops-gkem/SQLInstance/asia-south2/sql-backend.tf" [90m-> null[0m[0m
      [31m-[0m[0m storage_class    = "STANDARD" [90m-> null[0m[0m
      [31m-[0m[0m temporary_hold   = false [90m-> null[0m[0m
    }

[1m  # google_storage_bucket_object.example_objects["tf-files/projects/devops-gkem/StorageBucket/US/devops-gcp-gce.tf"][0m will be [1m[31mdestroyed[0m
  # (because key ["tf-files/projects/devops-gkem/StorageBucket/US/devops-gcp-gce.tf"] is not in for_each map)
[0m  [31m-[0m[0m resource "google_storage_bucket_object" "example_objects" {
      [31m-[0m[0m bucket           = "gce-race-game" [90m-> null[0m[0m
      [31m-[0m[0m content_type     = "text/plain; charset=utf-8" [90m-> null[0m[0m
      [31m-[0m[0m crc32c           = "JtueLQ==" [90m-> null[0m[0m
      [31m-[0m[0m detect_md5hash   = "e2GUKH5Jk76QMPdtdADadQ==" [90m-> null[0m[0m
      [31m-[0m[0m event_based_hold = false [90m-> null[0m[0m
      [31m-[0m[0m id               = "gce-race-game-tf-files/projects/devops-gkem/StorageBucket/US/devops-gcp-gce.tf" [90m-> null[0m[0m
      [31m-[0m[0m md5hash          = "e2GUKH5Jk76QMPdtdADadQ==" [90m-> null[0m[0m
      [31m-[0m[0m media_link       = "https://storage.googleapis.com/download/storage/v1/b/gce-race-game/o/tf-files%2Fprojects%2Fdevops-gkem%2FStorageBucket%2FUS%2Fdevops-gcp-gce.tf?generation=1699171999754041&alt=media" [90m-> null[0m[0m
      [31m-[0m[0m metadata         = {} [90m-> null[0m[0m
      [31m-[0m[0m name             = "tf-files/projects/devops-gkem/StorageBucket/US/devops-gcp-gce.tf" [90m-> null[0m[0m
      [31m-[0m[0m output_name      = "tf-files/projects/devops-gkem/StorageBucket/US/devops-gcp-gce.tf" [90m-> null[0m[0m
      [31m-[0m[0m self_link        = "https://www.googleapis.com/storage/v1/b/gce-race-game/o/tf-files%2Fprojects%2Fdevops-gkem%2FStorageBucket%2FUS%2Fdevops-gcp-gce.tf" [90m-> null[0m[0m
      [31m-[0m[0m source           = "../tf-files/projects/devops-gkem/StorageBucket/US/devops-gcp-gce.tf" [90m-> null[0m[0m
      [31m-[0m[0m storage_class    = "STANDARD" [90m-> null[0m[0m
      [31m-[0m[0m temporary_hold   = false [90m-> null[0m[0m
    }

[1m  # google_storage_bucket_object.example_objects["tf-files/projects/devops-gkem/StorageBucket/US/devops-gkem.tf"][0m will be [1m[31mdestroyed[0m
  # (because key ["tf-files/projects/devops-gkem/StorageBucket/US/devops-gkem.tf"] is not in for_each map)
[0m  [31m-[0m[0m resource "google_storage_bucket_object" "example_objects" {
      [31m-[0m[0m bucket           = "gce-race-game" [90m-> null[0m[0m
      [31m-[0m[0m content_type     = "text/plain; charset=utf-8" [90m-> null[0m[0m
      [31m-[0m[0m crc32c           = "h1dU0g==" [90m-> null[0m[0m
      [31m-[0m[0m detect_md5hash   = "GQPeVyArUNk7I0/qUESo9Q==" [90m-> null[0m[0m
      [31m-[0m[0m event_based_hold = false [90m-> null[0m[0m
      [31m-[0m[0m id               = "gce-race-game-tf-files/projects/devops-gkem/StorageBucket/US/devops-gkem.tf" [90m-> null[0m[0m
      [31m-[0m[0m md5hash          = "GQPeVyArUNk7I0/qUESo9Q==" [90m-> null[0m[0m
      [31m-[0m[0m media_link       = "https://storage.googleapis.com/download/storage/v1/b/gce-race-game/o/tf-files%2Fprojects%2Fdevops-gkem%2FStorageBucket%2FUS%2Fdevops-gkem.tf?generation=1699171987452784&alt=media" [90m-> null[0m[0m
      [31m-[0m[0m metadata         = {} [90m-> null[0m[0m
      [31m-[0m[0m name             = "tf-files/projects/devops-gkem/StorageBucket/US/devops-gkem.tf" [90m-> null[0m[0m
      [31m-[0m[0m output_name      = "tf-files/projects/devops-gkem/StorageBucket/US/devops-gkem.tf" [90m-> null[0m[0m
      [31m-[0m[0m self_link        = "https://www.googleapis.com/storage/v1/b/gce-race-game/o/tf-files%2Fprojects%2Fdevops-gkem%2FStorageBucket%2FUS%2Fdevops-gkem.tf" [90m-> null[0m[0m
      [31m-[0m[0m source           = "../tf-files/projects/devops-gkem/StorageBucket/US/devops-gkem.tf" [90m-> null[0m[0m
      [31m-[0m[0m storage_class    = "STANDARD" [90m-> null[0m[0m
      [31m-[0m[0m temporary_hold   = false [90m-> null[0m[0m
    }

[1m  # google_storage_bucket_object.example_objects["tf-fin/.terraform.lock.hcl"][0m will be created
[0m  [32m+[0m[0m resource "google_storage_bucket_object" "example_objects" {
      [32m+[0m[0m bucket         = "gce-race-game"
      [32m+[0m[0m content        = (sensitive value)
      [32m+[0m[0m content_type   = (known after apply)
      [32m+[0m[0m crc32c         = (known after apply)
      [32m+[0m[0m detect_md5hash = "different hash"
      [32m+[0m[0m id             = (known after apply)
      [32m+[0m[0m kms_key_name   = (known after apply)
      [32m+[0m[0m md5hash        = (known after apply)
      [32m+[0m[0m media_link     = (known after apply)
      [32m+[0m[0m name           = "tf-fin/.terraform.lock.hcl"
      [32m+[0m[0m output_name    = (known after apply)
      [32m+[0m[0m self_link      = (known after apply)
      [32m+[0m[0m source         = "../tf-fin/.terraform.lock.hcl"
      [32m+[0m[0m storage_class  = (known after apply)
    }

[1m  # google_storage_bucket_object.example_objects["tf-fin/.terraform.tfstate.lock.info"][0m will be created
[0m  [32m+[0m[0m resource "google_storage_bucket_object" "example_objects" {
      [32m+[0m[0m bucket         = "gce-race-game"
      [32m+[0m[0m content        = (sensitive value)
      [32m+[0m[0m content_type   = (known after apply)
      [32m+[0m[0m crc32c         = (known after apply)
      [32m+[0m[0m detect_md5hash = "different hash"
      [32m+[0m[0m id             = (known after apply)
      [32m+[0m[0m kms_key_name   = (known after apply)
      [32m+[0m[0m md5hash        = (known after apply)
      [32m+[0m[0m media_link     = (known after apply)
      [32m+[0m[0m name           = "tf-fin/.terraform.tfstate.lock.info"
      [32m+[0m[0m output_name    = (known after apply)
      [32m+[0m[0m self_link      = (known after apply)
      [32m+[0m[0m source         = "../tf-fin/.terraform.tfstate.lock.info"
      [32m+[0m[0m storage_class  = (known after apply)
    }

[1m  # google_storage_bucket_object.example_objects["tf-fin/.terraform/providers/registry.terraform.io/hashicorp/google-beta/5.4.0/linux_amd64/terraform-provider-google-beta_v5.4.0_x5"][0m will be created
[0m  [32m+[0m[0m resource "google_storage_bucket_object" "example_objects" {
      [32m+[0m[0m bucket         = "gce-race-game"
      [32m+[0m[0m content        = (sensitive value)
      [32m+[0m[0m content_type   = (known after apply)
      [32m+[0m[0m crc32c         = (known after apply)
      [32m+[0m[0m detect_md5hash = "different hash"
      [32m+[0m[0m id             = (known after apply)
      [32m+[0m[0m kms_key_name   = (known after apply)
      [32m+[0m[0m md5hash        = (known after apply)
      [32m+[0m[0m media_link     = (known after apply)
      [32m+[0m[0m name           = "tf-fin/.terraform/providers/registry.terraform.io/hashicorp/google-beta/5.4.0/linux_amd64/terraform-provider-google-beta_v5.4.0_x5"
      [32m+[0m[0m output_name    = (known after apply)
      [32m+[0m[0m self_link      = (known after apply)
      [32m+[0m[0m source         = "../tf-fin/.terraform/providers/registry.terraform.io/hashicorp/google-beta/5.4.0/linux_amd64/terraform-provider-google-beta_v5.4.0_x5"
      [32m+[0m[0m storage_class  = (known after apply)
    }

[1m  # google_storage_bucket_object.example_objects["tf-fin/.terraform/providers/registry.terraform.io/hashicorp/google/5.4.0/linux_amd64/terraform-provider-google_v5.4.0_x5"][0m will be created
[0m  [32m+[0m[0m resource "google_storage_bucket_object" "example_objects" {
      [32m+[0m[0m bucket         = "gce-race-game"
      [32m+[0m[0m content        = (sensitive value)
      [32m+[0m[0m content_type   = (known after apply)
      [32m+[0m[0m crc32c         = (known after apply)
      [32m+[0m[0m detect_md5hash = "different hash"
      [32m+[0m[0m id             = (known after apply)
      [32m+[0m[0m kms_key_name   = (known after apply)
      [32m+[0m[0m md5hash        = (known after apply)
      [32m+[0m[0m media_link     = (known after apply)
      [32m+[0m[0m name           = "tf-fin/.terraform/providers/registry.terraform.io/hashicorp/google/5.4.0/linux_amd64/terraform-provider-google_v5.4.0_x5"
      [32m+[0m[0m output_name    = (known after apply)
      [32m+[0m[0m self_link      = (known after apply)
      [32m+[0m[0m source         = "../tf-fin/.terraform/providers/registry.terraform.io/hashicorp/google/5.4.0/linux_amd64/terraform-provider-google_v5.4.0_x5"
      [32m+[0m[0m storage_class  = (known after apply)
    }

[1m  # google_storage_bucket_object.example_objects["tf-fin/.terraform/providers/registry.terraform.io/hashicorp/null/3.2.1/linux_amd64/terraform-provider-null_v3.2.1_x5"][0m will be created
[0m  [32m+[0m[0m resource "google_storage_bucket_object" "example_objects" {
      [32m+[0m[0m bucket         = "gce-race-game"
      [32m+[0m[0m content        = (sensitive value)
      [32m+[0m[0m content_type   = (known after apply)
      [32m+[0m[0m crc32c         = (known after apply)
      [32m+[0m[0m detect_md5hash = "different hash"
      [32m+[0m[0m id             = (known after apply)
      [32m+[0m[0m kms_key_name   = (known after apply)
      [32m+[0m[0m md5hash        = (known after apply)
      [32m+[0m[0m media_link     = (known after apply)
      [32m+[0m[0m name           = "tf-fin/.terraform/providers/registry.terraform.io/hashicorp/null/3.2.1/linux_amd64/terraform-provider-null_v3.2.1_x5"
      [32m+[0m[0m output_name    = (known after apply)
      [32m+[0m[0m self_link      = (known after apply)
      [32m+[0m[0m source         = "../tf-fin/.terraform/providers/registry.terraform.io/hashicorp/null/3.2.1/linux_amd64/terraform-provider-null_v3.2.1_x5"
      [32m+[0m[0m storage_class  = (known after apply)
    }

[1m  # google_storage_bucket_object.example_objects["tf-fin/backend_instance_lb.tf"][0m will be created
[0m  [32m+[0m[0m resource "google_storage_bucket_object" "example_objects" {
      [32m+[0m[0m bucket         = "gce-race-game"
      [32m+[0m[0m content        = (sensitive value)
      [32m+[0m[0m content_type   = (known after apply)
      [32m+[0m[0m crc32c         = (known after apply)
      [32m+[0m[0m detect_md5hash = "different hash"
      [32m+[0m[0m id             = (known after apply)
      [32m+[0m[0m kms_key_name   = (known after apply)
      [32m+[0m[0m md5hash        = (known after apply)
      [32m+[0m[0m media_link     = (known after apply)
      [32m+[0m[0m name           = "tf-fin/backend_instance_lb.tf"
      [32m+[0m[0m output_name    = (known after apply)
      [32m+[0m[0m self_link      = (known after apply)
      [32m+[0m[0m source         = "../tf-fin/backend_instance_lb.tf"
      [32m+[0m[0m storage_class  = (known after apply)
    }

[1m  # google_storage_bucket_object.example_objects["tf-fin/cloud-sql-proxy"][0m will be created
[0m  [32m+[0m[0m resource "google_storage_bucket_object" "example_objects" {
      [32m+[0m[0m bucket         = "gce-race-game"
      [32m+[0m[0m content        = (sensitive value)
      [32m+[0m[0m content_type   = (known after apply)
      [32m+[0m[0m crc32c         = (known after apply)
      [32m+[0m[0m detect_md5hash = "different hash"
      [32m+[0m[0m id             = (known after apply)
      [32m+[0m[0m kms_key_name   = (known after apply)
      [32m+[0m[0m md5hash        = (known after apply)
      [32m+[0m[0m media_link     = (known after apply)
      [32m+[0m[0m name           = "tf-fin/cloud-sql-proxy"
      [32m+[0m[0m output_name    = (known after apply)
      [32m+[0m[0m self_link      = (known after apply)
      [32m+[0m[0m source         = "../tf-fin/cloud-sql-proxy"
      [32m+[0m[0m storage_class  = (known after apply)
    }

[1m  # google_storage_bucket_object.example_objects["tf-fin/cloudsql.tf"][0m will be created
[0m  [32m+[0m[0m resource "google_storage_bucket_object" "example_objects" {
      [32m+[0m[0m bucket         = "gce-race-game"
      [32m+[0m[0m content        = (sensitive value)
      [32m+[0m[0m content_type   = (known after apply)
      [32m+[0m[0m crc32c         = (known after apply)
      [32m+[0m[0m detect_md5hash = "different hash"
      [32m+[0m[0m id             = (known after apply)
      [32m+[0m[0m kms_key_name   = (known after apply)
      [32m+[0m[0m md5hash        = (known after apply)
      [32m+[0m[0m media_link     = (known after apply)
      [32m+[0m[0m name           = "tf-fin/cloudsql.tf"
      [32m+[0m[0m output_name    = (known after apply)
      [32m+[0m[0m self_link      = (known after apply)
      [32m+[0m[0m source         = "../tf-fin/cloudsql.tf"
      [32m+[0m[0m storage_class  = (known after apply)
    }

[1m  # google_storage_bucket_object.example_objects["tf-fin/database.sql"][0m will be created
[0m  [32m+[0m[0m resource "google_storage_bucket_object" "example_objects" {
      [32m+[0m[0m bucket         = "gce-race-game"
      [32m+[0m[0m content        = (sensitive value)
      [32m+[0m[0m content_type   = (known after apply)
      [32m+[0m[0m crc32c         = (known after apply)
      [32m+[0m[0m detect_md5hash = "different hash"
      [32m+[0m[0m id             = (known after apply)
      [32m+[0m[0m kms_key_name   = (known after apply)
      [32m+[0m[0m md5hash        = (known after apply)
      [32m+[0m[0m media_link     = (known after apply)
      [32m+[0m[0m name           = "tf-fin/database.sql"
      [32m+[0m[0m output_name    = (known after apply)
      [32m+[0m[0m self_link      = (known after apply)
      [32m+[0m[0m source         = "../tf-fin/database.sql"
      [32m+[0m[0m storage_class  = (known after apply)
    }

[1m  # google_storage_bucket_object.example_objects["tf-fin/firewall-rules.tf"][0m will be created
[0m  [32m+[0m[0m resource "google_storage_bucket_object" "example_objects" {
      [32m+[0m[0m bucket         = "gce-race-game"
      [32m+[0m[0m content        = (sensitive value)
      [32m+[0m[0m content_type   = (known after apply)
      [32m+[0m[0m crc32c         = (known after apply)
      [32m+[0m[0m detect_md5hash = "different hash"
      [32m+[0m[0m id             = (known after apply)
      [32m+[0m[0m kms_key_name   = (known after apply)
      [32m+[0m[0m md5hash        = (known after apply)
      [32m+[0m[0m media_link     = (known after apply)
      [32m+[0m[0m name           = "tf-fin/firewall-rules.tf"
      [32m+[0m[0m output_name    = (known after apply)
      [32m+[0m[0m self_link      = (known after apply)
      [32m+[0m[0m source         = "../tf-fin/firewall-rules.tf"
      [32m+[0m[0m storage_class  = (known after apply)
    }

[1m  # google_storage_bucket_object.example_objects["tf-fin/frontend_instance_lb.tf"][0m will be created
[0m  [32m+[0m[0m resource "google_storage_bucket_object" "example_objects" {
      [32m+[0m[0m bucket         = "gce-race-game"
      [32m+[0m[0m content        = (sensitive value)
      [32m+[0m[0m content_type   = (known after apply)
      [32m+[0m[0m crc32c         = (known after apply)
      [32m+[0m[0m detect_md5hash = "different hash"
      [32m+[0m[0m id             = (known after apply)
      [32m+[0m[0m kms_key_name   = (known after apply)
      [32m+[0m[0m md5hash        = (known after apply)
      [32m+[0m[0m media_link     = (known after apply)
      [32m+[0m[0m name           = "tf-fin/frontend_instance_lb.tf"
      [32m+[0m[0m output_name    = (known after apply)
      [32m+[0m[0m self_link      = (known after apply)
      [32m+[0m[0m source         = "../tf-fin/frontend_instance_lb.tf"
      [32m+[0m[0m storage_class  = (known after apply)
    }

[1m  # google_storage_bucket_object.example_objects["tf-fin/instance_templates.tf"][0m will be created
[0m  [32m+[0m[0m resource "google_storage_bucket_object" "example_objects" {
      [32m+[0m[0m bucket         = "gce-race-game"
      [32m+[0m[0m content        = (sensitive value)
      [32m+[0m[0m content_type   = (known after apply)
      [32m+[0m[0m crc32c         = (known after apply)
      [32m+[0m[0m detect_md5hash = "different hash"
      [32m+[0m[0m id             = (known after apply)
      [32m+[0m[0m kms_key_name   = (known after apply)
      [32m+[0m[0m md5hash        = (known after apply)
      [32m+[0m[0m media_link     = (known after apply)
      [32m+[0m[0m name           = "tf-fin/instance_templates.tf"
      [32m+[0m[0m output_name    = (known after apply)
      [32m+[0m[0m self_link      = (known after apply)
      [32m+[0m[0m source         = "../tf-fin/instance_templates.tf"
      [32m+[0m[0m storage_class  = (known after apply)
    }

[1m  # google_storage_bucket_object.example_objects["tf-fin/nat.tf"][0m will be created
[0m  [32m+[0m[0m resource "google_storage_bucket_object" "example_objects" {
      [32m+[0m[0m bucket         = "gce-race-game"
      [32m+[0m[0m content        = (sensitive value)
      [32m+[0m[0m content_type   = (known after apply)
      [32m+[0m[0m crc32c         = (known after apply)
      [32m+[0m[0m detect_md5hash = "different hash"
      [32m+[0m[0m id             = (known after apply)
      [32m+[0m[0m kms_key_name   = (known after apply)
      [32m+[0m[0m md5hash        = (known after apply)
      [32m+[0m[0m media_link     = (known after apply)
      [32m+[0m[0m name           = "tf-fin/nat.tf"
      [32m+[0m[0m output_name    = (known after apply)
      [32m+[0m[0m self_link      = (known after apply)
      [32m+[0m[0m source         = "../tf-fin/nat.tf"
      [32m+[0m[0m storage_class  = (known after apply)
    }

[1m  # google_storage_bucket_object.example_objects["tf-fin/output.txt"][0m will be created
[0m  [32m+[0m[0m resource "google_storage_bucket_object" "example_objects" {
      [32m+[0m[0m bucket         = "gce-race-game"
      [32m+[0m[0m content        = (sensitive value)
      [32m+[0m[0m content_type   = (known after apply)
      [32m+[0m[0m crc32c         = (known after apply)
      [32m+[0m[0m detect_md5hash = "different hash"
      [32m+[0m[0m id             = (known after apply)
      [32m+[0m[0m kms_key_name   = (known after apply)
      [32m+[0m[0m md5hash        = (known after apply)
      [32m+[0m[0m media_link     = (known after apply)
      [32m+[0m[0m name           = "tf-fin/output.txt"
      [32m+[0m[0m output_name    = (known after apply)
      [32m+[0m[0m self_link      = (known after apply)
      [32m+[0m[0m source         = "../tf-fin/output.txt"
      [32m+[0m[0m storage_class  = (known after apply)
    }

[1m  # google_storage_bucket_object.example_objects["tf-fin/provider.tf"][0m will be created
[0m  [32m+[0m[0m resource "google_storage_bucket_object" "example_objects" {
      [32m+[0m[0m bucket         = "gce-race-game"
      [32m+[0m[0m content        = (sensitive value)
      [32m+[0m[0m content_type   = (known after apply)
      [32m+[0m[0m crc32c         = (known after apply)
      [32m+[0m[0m detect_md5hash = "different hash"
      [32m+[0m[0m id             = (known after apply)
      [32m+[0m[0m kms_key_name   = (known after apply)
      [32m+[0m[0m md5hash        = (known after apply)
      [32m+[0m[0m media_link     = (known after apply)
      [32m+[0m[0m name           = "tf-fin/provider.tf"
      [32m+[0m[0m output_name    = (known after apply)
      [32m+[0m[0m self_link      = (known after apply)
      [32m+[0m[0m source         = "../tf-fin/provider.tf"
      [32m+[0m[0m storage_class  = (known after apply)
    }

[1m  # google_storage_bucket_object.example_objects["tf-fin/storage_bucket.tf"][0m will be created
[0m  [32m+[0m[0m resource "google_storage_bucket_object" "example_objects" {
      [32m+[0m[0m bucket         = "gce-race-game"
      [32m+[0m[0m content        = (sensitive value)
      [32m+[0m[0m content_type   = (known after apply)
      [32m+[0m[0m crc32c         = (known after apply)
      [32m+[0m[0m detect_md5hash = "different hash"
      [32m+[0m[0m id             = (known after apply)
      [32m+[0m[0m kms_key_name   = (known after apply)
      [32m+[0m[0m md5hash        = (known after apply)
      [32m+[0m[0m media_link     = (known after apply)
      [32m+[0m[0m name           = "tf-fin/storage_bucket.tf"
      [32m+[0m[0m output_name    = (known after apply)
      [32m+[0m[0m self_link      = (known after apply)
      [32m+[0m[0m source         = "../tf-fin/storage_bucket.tf"
      [32m+[0m[0m storage_class  = (known after apply)
    }

[1m  # google_storage_bucket_object.example_objects["tf-fin/terraform.tfstate"][0m will be created
[0m  [32m+[0m[0m resource "google_storage_bucket_object" "example_objects" {
      [32m+[0m[0m bucket         = "gce-race-game"
      [32m+[0m[0m content        = (sensitive value)
      [32m+[0m[0m content_type   = (known after apply)
      [32m+[0m[0m crc32c         = (known after apply)
      [32m+[0m[0m detect_md5hash = "different hash"
      [32m+[0m[0m id             = (known after apply)
      [32m+[0m[0m kms_key_name   = (known after apply)
      [32m+[0m[0m md5hash        = (known after apply)
      [32m+[0m[0m media_link     = (known after apply)
      [32m+[0m[0m name           = "tf-fin/terraform.tfstate"
      [32m+[0m[0m output_name    = (known after apply)
      [32m+[0m[0m self_link      = (known after apply)
      [32m+[0m[0m source         = "../tf-fin/terraform.tfstate"
      [32m+[0m[0m storage_class  = (known after apply)
    }

[1m  # google_storage_bucket_object.example_objects["tf-fin/terraform.tfstate.backup"][0m will be created
[0m  [32m+[0m[0m resource "google_storage_bucket_object" "example_objects" {
      [32m+[0m[0m bucket         = "gce-race-game"
      [32m+[0m[0m content        = (sensitive value)
      [32m+[0m[0m content_type   = (known after apply)
      [32m+[0m[0m crc32c         = (known after apply)
      [32m+[0m[0m detect_md5hash = "different hash"
      [32m+[0m[0m id             = (known after apply)
      [32m+[0m[0m kms_key_name   = (known after apply)
      [32m+[0m[0m md5hash        = (known after apply)
      [32m+[0m[0m media_link     = (known after apply)
      [32m+[0m[0m name           = "tf-fin/terraform.tfstate.backup"
      [32m+[0m[0m output_name    = (known after apply)
      [32m+[0m[0m self_link      = (known after apply)
      [32m+[0m[0m source         = "../tf-fin/terraform.tfstate.backup"
      [32m+[0m[0m storage_class  = (known after apply)
    }

[1m  # google_storage_bucket_object.example_objects["tf-fin/variables.tf"][0m will be created
[0m  [32m+[0m[0m resource "google_storage_bucket_object" "example_objects" {
      [32m+[0m[0m bucket         = "gce-race-game"
      [32m+[0m[0m content        = (sensitive value)
      [32m+[0m[0m content_type   = (known after apply)
      [32m+[0m[0m crc32c         = (known after apply)
      [32m+[0m[0m detect_md5hash = "different hash"
      [32m+[0m[0m id             = (known after apply)
      [32m+[0m[0m kms_key_name   = (known after apply)
      [32m+[0m[0m md5hash        = (known after apply)
      [32m+[0m[0m media_link     = (known after apply)
      [32m+[0m[0m name           = "tf-fin/variables.tf"
      [32m+[0m[0m output_name    = (known after apply)
      [32m+[0m[0m self_link      = (known after apply)
      [32m+[0m[0m source         = "../tf-fin/variables.tf"
      [32m+[0m[0m storage_class  = (known after apply)
    }

[1m  # google_storage_bucket_object.example_objects["tf-fin/vars.auto.tfvars"][0m will be created
[0m  [32m+[0m[0m resource "google_storage_bucket_object" "example_objects" {
      [32m+[0m[0m bucket         = "gce-race-game"
      [32m+[0m[0m content        = (sensitive value)
      [32m+[0m[0m content_type   = (known after apply)
      [32m+[0m[0m crc32c         = (known after apply)
      [32m+[0m[0m detect_md5hash = "different hash"
      [32m+[0m[0m id             = (known after apply)
      [32m+[0m[0m kms_key_name   = (known after apply)
      [32m+[0m[0m md5hash        = (known after apply)
      [32m+[0m[0m media_link     = (known after apply)
      [32m+[0m[0m name           = "tf-fin/vars.auto.tfvars"
      [32m+[0m[0m output_name    = (known after apply)
      [32m+[0m[0m self_link      = (known after apply)
      [32m+[0m[0m source         = "../tf-fin/vars.auto.tfvars"
      [32m+[0m[0m storage_class  = (known after apply)
    }

[1m  # google_storage_bucket_object.example_objects["tf-fin/vpc.tf"][0m will be created
[0m  [32m+[0m[0m resource "google_storage_bucket_object" "example_objects" {
      [32m+[0m[0m bucket         = "gce-race-game"
      [32m+[0m[0m content        = (sensitive value)
      [32m+[0m[0m content_type   = (known after apply)
      [32m+[0m[0m crc32c         = (known after apply)
      [32m+[0m[0m detect_md5hash = "different hash"
      [32m+[0m[0m id             = (known after apply)
      [32m+[0m[0m kms_key_name   = (known after apply)
      [32m+[0m[0m md5hash        = (known after apply)
      [32m+[0m[0m media_link     = (known after apply)
      [32m+[0m[0m name           = "tf-fin/vpc.tf"
      [32m+[0m[0m output_name    = (known after apply)
      [32m+[0m[0m self_link      = (known after apply)
      [32m+[0m[0m source         = "../tf-fin/vpc.tf"
      [32m+[0m[0m storage_class  = (known after apply)
    }

[1m  # google_storage_bucket_object.example_objects["tf-final/.terraform.lock.hcl"][0m will be created
[0m  [32m+[0m[0m resource "google_storage_bucket_object" "example_objects" {
      [32m+[0m[0m bucket         = "gce-race-game"
      [32m+[0m[0m content        = (sensitive value)
      [32m+[0m[0m content_type   = (known after apply)
      [32m+[0m[0m crc32c         = (known after apply)
      [32m+[0m[0m detect_md5hash = "different hash"
      [32m+[0m[0m id             = (known after apply)
      [32m+[0m[0m kms_key_name   = (known after apply)
      [32m+[0m[0m md5hash        = (known after apply)
      [32m+[0m[0m media_link     = (known after apply)
      [32m+[0m[0m name           = "tf-final/.terraform.lock.hcl"
      [32m+[0m[0m output_name    = (known after apply)
      [32m+[0m[0m self_link      = (known after apply)
      [32m+[0m[0m source         = "../tf-final/.terraform.lock.hcl"
      [32m+[0m[0m storage_class  = (known after apply)
    }

[1m  # google_storage_bucket_object.example_objects["tf-final/.terraform/providers/registry.terraform.io/hashicorp/google-beta/5.4.0/linux_amd64/terraform-provider-google-beta_v5.4.0_x5"][0m will be created
[0m  [32m+[0m[0m resource "google_storage_bucket_object" "example_objects" {
      [32m+[0m[0m bucket         = "gce-race-game"
      [32m+[0m[0m content        = (sensitive value)
      [32m+[0m[0m content_type   = (known after apply)
      [32m+[0m[0m crc32c         = (known after apply)
      [32m+[0m[0m detect_md5hash = "different hash"
      [32m+[0m[0m id             = (known after apply)
      [32m+[0m[0m kms_key_name   = (known after apply)
      [32m+[0m[0m md5hash        = (known after apply)
      [32m+[0m[0m media_link     = (known after apply)
      [32m+[0m[0m name           = "tf-final/.terraform/providers/registry.terraform.io/hashicorp/google-beta/5.4.0/linux_amd64/terraform-provider-google-beta_v5.4.0_x5"
      [32m+[0m[0m output_name    = (known after apply)
      [32m+[0m[0m self_link      = (known after apply)
      [32m+[0m[0m source         = "../tf-final/.terraform/providers/registry.terraform.io/hashicorp/google-beta/5.4.0/linux_amd64/terraform-provider-google-beta_v5.4.0_x5"
      [32m+[0m[0m storage_class  = (known after apply)
    }

[1m  # google_storage_bucket_object.example_objects["tf-final/.terraform/providers/registry.terraform.io/hashicorp/google/5.4.0/linux_amd64/terraform-provider-google_v5.4.0_x5"][0m will be created
[0m  [32m+[0m[0m resource "google_storage_bucket_object" "example_objects" {
      [32m+[0m[0m bucket         = "gce-race-game"
      [32m+[0m[0m content        = (sensitive value)
      [32m+[0m[0m content_type   = (known after apply)
      [32m+[0m[0m crc32c         = (known after apply)
      [32m+[0m[0m detect_md5hash = "different hash"
      [32m+[0m[0m id             = (known after apply)
      [32m+[0m[0m kms_key_name   = (known after apply)
      [32m+[0m[0m md5hash        = (known after apply)
      [32m+[0m[0m media_link     = (known after apply)
      [32m+[0m[0m name           = "tf-final/.terraform/providers/registry.terraform.io/hashicorp/google/5.4.0/linux_amd64/terraform-provider-google_v5.4.0_x5"
      [32m+[0m[0m output_name    = (known after apply)
      [32m+[0m[0m self_link      = (known after apply)
      [32m+[0m[0m source         = "../tf-final/.terraform/providers/registry.terraform.io/hashicorp/google/5.4.0/linux_amd64/terraform-provider-google_v5.4.0_x5"
      [32m+[0m[0m storage_class  = (known after apply)
    }

[1m  # google_storage_bucket_object.example_objects["tf-final/.terraform/providers/registry.terraform.io/hashicorp/null/3.2.1/linux_amd64/terraform-provider-null_v3.2.1_x5"][0m will be created
[0m  [32m+[0m[0m resource "google_storage_bucket_object" "example_objects" {
      [32m+[0m[0m bucket         = "gce-race-game"
      [32m+[0m[0m content        = (sensitive value)
      [32m+[0m[0m content_type   = (known after apply)
      [32m+[0m[0m crc32c         = (known after apply)
      [32m+[0m[0m detect_md5hash = "different hash"
      [32m+[0m[0m id             = (known after apply)
      [32m+[0m[0m kms_key_name   = (known after apply)
      [32m+[0m[0m md5hash        = (known after apply)
      [32m+[0m[0m media_link     = (known after apply)
      [32m+[0m[0m name           = "tf-final/.terraform/providers/registry.terraform.io/hashicorp/null/3.2.1/linux_amd64/terraform-provider-null_v3.2.1_x5"
      [32m+[0m[0m output_name    = (known after apply)
      [32m+[0m[0m self_link      = (known after apply)
      [32m+[0m[0m source         = "../tf-final/.terraform/providers/registry.terraform.io/hashicorp/null/3.2.1/linux_amd64/terraform-provider-null_v3.2.1_x5"
      [32m+[0m[0m storage_class  = (known after apply)
    }

[1m  # google_storage_bucket_object.example_objects["tf-final/backend_instance_lb.tf"][0m will be created
[0m  [32m+[0m[0m resource "google_storage_bucket_object" "example_objects" {
      [32m+[0m[0m bucket         = "gce-race-game"
      [32m+[0m[0m content        = (sensitive value)
      [32m+[0m[0m content_type   = (known after apply)
      [32m+[0m[0m crc32c         = (known after apply)
      [32m+[0m[0m detect_md5hash = "different hash"
      [32m+[0m[0m id             = (known after apply)
      [32m+[0m[0m kms_key_name   = (known after apply)
      [32m+[0m[0m md5hash        = (known after apply)
      [32m+[0m[0m media_link     = (known after apply)
      [32m+[0m[0m name           = "tf-final/backend_instance_lb.tf"
      [32m+[0m[0m output_name    = (known after apply)
      [32m+[0m[0m self_link      = (known after apply)
      [32m+[0m[0m source         = "../tf-final/backend_instance_lb.tf"
      [32m+[0m[0m storage_class  = (known after apply)
    }

[1m  # google_storage_bucket_object.example_objects["tf-final/cloud-sql-proxy"][0m will be created
[0m  [32m+[0m[0m resource "google_storage_bucket_object" "example_objects" {
      [32m+[0m[0m bucket         = "gce-race-game"
      [32m+[0m[0m content        = (sensitive value)
      [32m+[0m[0m content_type   = (known after apply)
      [32m+[0m[0m crc32c         = (known after apply)
      [32m+[0m[0m detect_md5hash = "different hash"
      [32m+[0m[0m id             = (known after apply)
      [32m+[0m[0m kms_key_name   = (known after apply)
      [32m+[0m[0m md5hash        = (known after apply)
      [32m+[0m[0m media_link     = (known after apply)
      [32m+[0m[0m name           = "tf-final/cloud-sql-proxy"
      [32m+[0m[0m output_name    = (known after apply)
      [32m+[0m[0m self_link      = (known after apply)
      [32m+[0m[0m source         = "../tf-final/cloud-sql-proxy"
      [32m+[0m[0m storage_class  = (known after apply)
    }

[1m  # google_storage_bucket_object.example_objects["tf-final/cloudsql.tf"][0m will be created
[0m  [32m+[0m[0m resource "google_storage_bucket_object" "example_objects" {
      [32m+[0m[0m bucket         = "gce-race-game"
      [32m+[0m[0m content        = (sensitive value)
      [32m+[0m[0m content_type   = (known after apply)
      [32m+[0m[0m crc32c         = (known after apply)
      [32m+[0m[0m detect_md5hash = "different hash"
      [32m+[0m[0m id             = (known after apply)
      [32m+[0m[0m kms_key_name   = (known after apply)
      [32m+[0m[0m md5hash        = (known after apply)
      [32m+[0m[0m media_link     = (known after apply)
      [32m+[0m[0m name           = "tf-final/cloudsql.tf"
      [32m+[0m[0m output_name    = (known after apply)
      [32m+[0m[0m self_link      = (known after apply)
      [32m+[0m[0m source         = "../tf-final/cloudsql.tf"
      [32m+[0m[0m storage_class  = (known after apply)
    }

[1m  # google_storage_bucket_object.example_objects["tf-final/database.sql"][0m will be created
[0m  [32m+[0m[0m resource "google_storage_bucket_object" "example_objects" {
      [32m+[0m[0m bucket         = "gce-race-game"
      [32m+[0m[0m content        = (sensitive value)
      [32m+[0m[0m content_type   = (known after apply)
      [32m+[0m[0m crc32c         = (known after apply)
      [32m+[0m[0m detect_md5hash = "different hash"
      [32m+[0m[0m id             = (known after apply)
      [32m+[0m[0m kms_key_name   = (known after apply)
      [32m+[0m[0m md5hash        = (known after apply)
      [32m+[0m[0m media_link     = (known after apply)
      [32m+[0m[0m name           = "tf-final/database.sql"
      [32m+[0m[0m output_name    = (known after apply)
      [32m+[0m[0m self_link      = (known after apply)
      [32m+[0m[0m source         = "../tf-final/database.sql"
      [32m+[0m[0m storage_class  = (known after apply)
    }

[1m  # google_storage_bucket_object.example_objects["tf-final/firewall-rules.tf"][0m will be created
[0m  [32m+[0m[0m resource "google_storage_bucket_object" "example_objects" {
      [32m+[0m[0m bucket         = "gce-race-game"
      [32m+[0m[0m content        = (sensitive value)
      [32m+[0m[0m content_type   = (known after apply)
      [32m+[0m[0m crc32c         = (known after apply)
      [32m+[0m[0m detect_md5hash = "different hash"
      [32m+[0m[0m id             = (known after apply)
      [32m+[0m[0m kms_key_name   = (known after apply)
      [32m+[0m[0m md5hash        = (known after apply)
      [32m+[0m[0m media_link     = (known after apply)
      [32m+[0m[0m name           = "tf-final/firewall-rules.tf"
      [32m+[0m[0m output_name    = (known after apply)
      [32m+[0m[0m self_link      = (known after apply)
      [32m+[0m[0m source         = "../tf-final/firewall-rules.tf"
      [32m+[0m[0m storage_class  = (known after apply)
    }

[1m  # google_storage_bucket_object.example_objects["tf-final/frontend_instance_lb.tf"][0m will be created
[0m  [32m+[0m[0m resource "google_storage_bucket_object" "example_objects" {
      [32m+[0m[0m bucket         = "gce-race-game"
      [32m+[0m[0m content        = (sensitive value)
      [32m+[0m[0m content_type   = (known after apply)
      [32m+[0m[0m crc32c         = (known after apply)
      [32m+[0m[0m detect_md5hash = "different hash"
      [32m+[0m[0m id             = (known after apply)
      [32m+[0m[0m kms_key_name   = (known after apply)
      [32m+[0m[0m md5hash        = (known after apply)
      [32m+[0m[0m media_link     = (known after apply)
      [32m+[0m[0m name           = "tf-final/frontend_instance_lb.tf"
      [32m+[0m[0m output_name    = (known after apply)
      [32m+[0m[0m self_link      = (known after apply)
      [32m+[0m[0m source         = "../tf-final/frontend_instance_lb.tf"
      [32m+[0m[0m storage_class  = (known after apply)
    }

[1m  # google_storage_bucket_object.example_objects["tf-final/instance_templates.tf"][0m will be created
[0m  [32m+[0m[0m resource "google_storage_bucket_object" "example_objects" {
      [32m+[0m[0m bucket         = "gce-race-game"
      [32m+[0m[0m content        = (sensitive value)
      [32m+[0m[0m content_type   = (known after apply)
      [32m+[0m[0m crc32c         = (known after apply)
      [32m+[0m[0m detect_md5hash = "different hash"
      [32m+[0m[0m id             = (known after apply)
      [32m+[0m[0m kms_key_name   = (known after apply)
      [32m+[0m[0m md5hash        = (known after apply)
      [32m+[0m[0m media_link     = (known after apply)
      [32m+[0m[0m name           = "tf-final/instance_templates.tf"
      [32m+[0m[0m output_name    = (known after apply)
      [32m+[0m[0m self_link      = (known after apply)
      [32m+[0m[0m source         = "../tf-final/instance_templates.tf"
      [32m+[0m[0m storage_class  = (known after apply)
    }

[1m  # google_storage_bucket_object.example_objects["tf-final/nat.tf"][0m will be created
[0m  [32m+[0m[0m resource "google_storage_bucket_object" "example_objects" {
      [32m+[0m[0m bucket         = "gce-race-game"
      [32m+[0m[0m content        = (sensitive value)
      [32m+[0m[0m content_type   = (known after apply)
      [32m+[0m[0m crc32c         = (known after apply)
      [32m+[0m[0m detect_md5hash = "different hash"
      [32m+[0m[0m id             = (known after apply)
      [32m+[0m[0m kms_key_name   = (known after apply)
      [32m+[0m[0m md5hash        = (known after apply)
      [32m+[0m[0m media_link     = (known after apply)
      [32m+[0m[0m name           = "tf-final/nat.tf"
      [32m+[0m[0m output_name    = (known after apply)
      [32m+[0m[0m self_link      = (known after apply)
      [32m+[0m[0m source         = "../tf-final/nat.tf"
      [32m+[0m[0m storage_class  = (known after apply)
    }

[1m  # google_storage_bucket_object.example_objects["tf-final/provider.tf"][0m will be created
[0m  [32m+[0m[0m resource "google_storage_bucket_object" "example_objects" {
      [32m+[0m[0m bucket         = "gce-race-game"
      [32m+[0m[0m content        = (sensitive value)
      [32m+[0m[0m content_type   = (known after apply)
      [32m+[0m[0m crc32c         = (known after apply)
      [32m+[0m[0m detect_md5hash = "different hash"
      [32m+[0m[0m id             = (known after apply)
      [32m+[0m[0m kms_key_name   = (known after apply)
      [32m+[0m[0m md5hash        = (known after apply)
      [32m+[0m[0m media_link     = (known after apply)
      [32m+[0m[0m name           = "tf-final/provider.tf"
      [32m+[0m[0m output_name    = (known after apply)
      [32m+[0m[0m self_link      = (known after apply)
      [32m+[0m[0m source         = "../tf-final/provider.tf"
      [32m+[0m[0m storage_class  = (known after apply)
    }

[1m  # google_storage_bucket_object.example_objects["tf-final/storage_bucket.tf"][0m will be created
[0m  [32m+[0m[0m resource "google_storage_bucket_object" "example_objects" {
      [32m+[0m[0m bucket         = "gce-race-game"
      [32m+[0m[0m content        = (sensitive value)
      [32m+[0m[0m content_type   = (known after apply)
      [32m+[0m[0m crc32c         = (known after apply)
      [32m+[0m[0m detect_md5hash = "different hash"
      [32m+[0m[0m id             = (known after apply)
      [32m+[0m[0m kms_key_name   = (known after apply)
      [32m+[0m[0m md5hash        = (known after apply)
      [32m+[0m[0m media_link     = (known after apply)
      [32m+[0m[0m name           = "tf-final/storage_bucket.tf"
      [32m+[0m[0m output_name    = (known after apply)
      [32m+[0m[0m self_link      = (known after apply)
      [32m+[0m[0m source         = "../tf-final/storage_bucket.tf"
      [32m+[0m[0m storage_class  = (known after apply)
    }

[1m  # google_storage_bucket_object.example_objects["tf-final/terraform.tfstate"][0m will be created
[0m  [32m+[0m[0m resource "google_storage_bucket_object" "example_objects" {
      [32m+[0m[0m bucket         = "gce-race-game"
      [32m+[0m[0m content        = (sensitive value)
      [32m+[0m[0m content_type   = (known after apply)
      [32m+[0m[0m crc32c         = (known after apply)
      [32m+[0m[0m detect_md5hash = "different hash"
      [32m+[0m[0m id             = (known after apply)
      [32m+[0m[0m kms_key_name   = (known after apply)
      [32m+[0m[0m md5hash        = (known after apply)
      [32m+[0m[0m media_link     = (known after apply)
      [32m+[0m[0m name           = "tf-final/terraform.tfstate"
      [32m+[0m[0m output_name    = (known after apply)
      [32m+[0m[0m self_link      = (known after apply)
      [32m+[0m[0m source         = "../tf-final/terraform.tfstate"
      [32m+[0m[0m storage_class  = (known after apply)
    }

[1m  # google_storage_bucket_object.example_objects["tf-final/terraform.tfstate.backup"][0m will be created
[0m  [32m+[0m[0m resource "google_storage_bucket_object" "example_objects" {
      [32m+[0m[0m bucket         = "gce-race-game"
      [32m+[0m[0m content        = (sensitive value)
      [32m+[0m[0m content_type   = (known after apply)
      [32m+[0m[0m crc32c         = (known after apply)
      [32m+[0m[0m detect_md5hash = "different hash"
      [32m+[0m[0m id             = (known after apply)
      [32m+[0m[0m kms_key_name   = (known after apply)
      [32m+[0m[0m md5hash        = (known after apply)
      [32m+[0m[0m media_link     = (known after apply)
      [32m+[0m[0m name           = "tf-final/terraform.tfstate.backup"
      [32m+[0m[0m output_name    = (known after apply)
      [32m+[0m[0m self_link      = (known after apply)
      [32m+[0m[0m source         = "../tf-final/terraform.tfstate.backup"
      [32m+[0m[0m storage_class  = (known after apply)
    }

[1m  # google_storage_bucket_object.example_objects["tf-final/variables.tf"][0m will be created
[0m  [32m+[0m[0m resource "google_storage_bucket_object" "example_objects" {
      [32m+[0m[0m bucket         = "gce-race-game"
      [32m+[0m[0m content        = (sensitive value)
      [32m+[0m[0m content_type   = (known after apply)
      [32m+[0m[0m crc32c         = (known after apply)
      [32m+[0m[0m detect_md5hash = "different hash"
      [32m+[0m[0m id             = (known after apply)
      [32m+[0m[0m kms_key_name   = (known after apply)
      [32m+[0m[0m md5hash        = (known after apply)
      [32m+[0m[0m media_link     = (known after apply)
      [32m+[0m[0m name           = "tf-final/variables.tf"
      [32m+[0m[0m output_name    = (known after apply)
      [32m+[0m[0m self_link      = (known after apply)
      [32m+[0m[0m source         = "../tf-final/variables.tf"
      [32m+[0m[0m storage_class  = (known after apply)
    }

[1m  # google_storage_bucket_object.example_objects["tf-final/vars.auto.tfvars"][0m will be created
[0m  [32m+[0m[0m resource "google_storage_bucket_object" "example_objects" {
      [32m+[0m[0m bucket         = "gce-race-game"
      [32m+[0m[0m content        = (sensitive value)
      [32m+[0m[0m content_type   = (known after apply)
      [32m+[0m[0m crc32c         = (known after apply)
      [32m+[0m[0m detect_md5hash = "different hash"
      [32m+[0m[0m id             = (known after apply)
      [32m+[0m[0m kms_key_name   = (known after apply)
      [32m+[0m[0m md5hash        = (known after apply)
      [32m+[0m[0m media_link     = (known after apply)
      [32m+[0m[0m name           = "tf-final/vars.auto.tfvars"
      [32m+[0m[0m output_name    = (known after apply)
      [32m+[0m[0m self_link      = (known after apply)
      [32m+[0m[0m source         = "../tf-final/vars.auto.tfvars"
      [32m+[0m[0m storage_class  = (known after apply)
    }

[1m  # google_storage_bucket_object.example_objects["tf-final/vpc.tf"][0m will be created
[0m  [32m+[0m[0m resource "google_storage_bucket_object" "example_objects" {
      [32m+[0m[0m bucket         = "gce-race-game"
      [32m+[0m[0m content        = (sensitive value)
      [32m+[0m[0m content_type   = (known after apply)
      [32m+[0m[0m crc32c         = (known after apply)
      [32m+[0m[0m detect_md5hash = "different hash"
      [32m+[0m[0m id             = (known after apply)
      [32m+[0m[0m kms_key_name   = (known after apply)
      [32m+[0m[0m md5hash        = (known after apply)
      [32m+[0m[0m media_link     = (known after apply)
      [32m+[0m[0m name           = "tf-final/vpc.tf"
      [32m+[0m[0m output_name    = (known after apply)
      [32m+[0m[0m self_link      = (known after apply)
      [32m+[0m[0m source         = "../tf-final/vpc.tf"
      [32m+[0m[0m storage_class  = (known after apply)
    }

[1m  # google_storage_bucket_object.example_objects["tf/.terraform.tfstate.lock.info"][0m will be [1m[31mdestroyed[0m
  # (because key ["tf/.terraform.tfstate.lock.info"] is not in for_each map)
[0m  [31m-[0m[0m resource "google_storage_bucket_object" "example_objects" {
      [31m-[0m[0m bucket           = "gce-race-game" [90m-> null[0m[0m
      [31m-[0m[0m content_type     = "text/plain; charset=utf-8" [90m-> null[0m[0m
      [31m-[0m[0m crc32c           = "XJrP1A==" [90m-> null[0m[0m
      [31m-[0m[0m detect_md5hash   = "dBkhSGy5XkJUmAq7evdeUw==" [90m-> null[0m[0m
      [31m-[0m[0m event_based_hold = false [90m-> null[0m[0m
      [31m-[0m[0m id               = "gce-race-game-tf/.terraform.tfstate.lock.info" [90m-> null[0m[0m
      [31m-[0m[0m md5hash          = "dBkhSGy5XkJUmAq7evdeUw==" [90m-> null[0m[0m
      [31m-[0m[0m media_link       = "https://storage.googleapis.com/download/storage/v1/b/gce-race-game/o/tf%2F.terraform.tfstate.lock.info?generation=1699195323454783&alt=media" [90m-> null[0m[0m
      [31m-[0m[0m metadata         = {} [90m-> null[0m[0m
      [31m-[0m[0m name             = "tf/.terraform.tfstate.lock.info" [90m-> null[0m[0m
      [31m-[0m[0m output_name      = "tf/.terraform.tfstate.lock.info" [90m-> null[0m[0m
      [31m-[0m[0m self_link        = "https://www.googleapis.com/storage/v1/b/gce-race-game/o/tf%2F.terraform.tfstate.lock.info" [90m-> null[0m[0m
      [31m-[0m[0m source           = "../tf/.terraform.tfstate.lock.info" [90m-> null[0m[0m
      [31m-[0m[0m storage_class    = "STANDARD" [90m-> null[0m[0m
      [31m-[0m[0m temporary_hold   = false [90m-> null[0m[0m
    }

[1m  # google_storage_bucket_object.example_objects["tf/terraform.tfstate"][0m must be [1m[31mreplaced[0m
[0m[31m-[0m/[32m+[0m[0m resource "google_storage_bucket_object" "example_objects" {
      [32m+[0m[0m content          = (sensitive value)
      [33m~[0m[0m content_type     = "text/plain; charset=utf-8" -> (known after apply)
      [33m~[0m[0m crc32c           = "UMcajw==" -> (known after apply)
      [33m~[0m[0m detect_md5hash   = "zbHkoRd/as8icEk49ruStg==" [33m->[0m[0m "different hash" [31m# forces replacement[0m[0m
      [31m-[0m[0m event_based_hold = false [90m-> null[0m[0m
      [33m~[0m[0m id               = "gce-race-game-tf/terraform.tfstate" -> (known after apply)
      [32m+[0m[0m kms_key_name     = (known after apply)
      [33m~[0m[0m md5hash          = "zbHkoRd/as8icEk49ruStg==" -> (known after apply)
      [33m~[0m[0m media_link       = "https://storage.googleapis.com/download/storage/v1/b/gce-race-game/o/tf%2Fterraform.tfstate?generation=1699195324164107&alt=media" -> (known after apply)
      [31m-[0m[0m metadata         = {} [90m-> null[0m[0m
        name             = "tf/terraform.tfstate"
      [33m~[0m[0m output_name      = "tf/terraform.tfstate" -> (known after apply)
      [33m~[0m[0m self_link        = "https://www.googleapis.com/storage/v1/b/gce-race-game/o/tf%2Fterraform.tfstate" -> (known after apply)
      [33m~[0m[0m storage_class    = "STANDARD" -> (known after apply)
      [31m-[0m[0m temporary_hold   = false [90m-> null[0m[0m
        [90m# (2 unchanged attributes hidden)[0m[0m
    }

[1mPlan:[0m 73 to add, 0 to change, 76 to destroy.
[0m
Changes to Outputs:
  [32m+[0m[0m IP_ADDRESS        = (known after apply)
  [32m+[0m[0m subnet_proxy_info = {
      [32m+[0m[0m id    = (known after apply)
      [32m+[0m[0m range = "192.168.3.0/24"
    }
  [32m+[0m[0m subnets_info      = {
      [32m+[0m[0m backend-asia  = {
          [32m+[0m[0m id     = (known after apply)
          [32m+[0m[0m range  = "192.168.2.0/24"
          [32m+[0m[0m region = "asia-south2"
        }
      [32m+[0m[0m frontend-asia = {
          [32m+[0m[0m id     = (known after apply)
          [32m+[0m[0m range  = "192.168.0.0/24"
          [32m+[0m[0m region = "asia-south2"
        }
      [32m+[0m[0m frontend-us   = {
          [32m+[0m[0m id     = (known after apply)
          [32m+[0m[0m range  = "192.168.1.0/24"
          [32m+[0m[0m region = "us-central1"
        }
    }
[90m
─────────────────────────────────────────────────────────────────────────────[0m

Note: You didn't use the -out option to save this plan, so Terraform can't
guarantee to take exactly these actions if you run "terraform apply" now.
