{
  "version": 4,
  "terraform_version": "1.6.1",
  "serial": 261,
  "lineage": "435d27cc-cc64-2b25-9ea3-03e250f36169",
  "outputs": {
    "IP_ADDRESS": {
      "value": "34.160.57.229",
      "type": "string"
    },
    "network_name": {
      "value": "network-race",
      "type": "string"
    },
    "subnet_proxy_info": {
      "value": {
        "id": "projects/race-tf/regions/asia-south2/subnetworks/proxy-lb-asia",
        "range": "192.168.3.0/24"
      },
      "type": [
        "object",
        {
          "id": "string",
          "range": "string"
        }
      ]
    },
    "subnets_info": {
      "value": {
        "backend-asia": {
          "id": "projects/race-tf/regions/asia-south2/subnetworks/backend-asia",
          "range": "192.168.2.0/24",
          "region": "asia-south2"
        },
        "frontend-asia": {
          "id": "projects/race-tf/regions/asia-south2/subnetworks/frontend-asia",
          "range": "192.168.0.0/24",
          "region": "asia-south2"
        },
        "frontend-us": {
          "id": "projects/race-tf/regions/us-central1/subnetworks/frontend-us",
          "range": "192.168.1.0/24",
          "region": "us-central1"
        }
      },
      "type": [
        "object",
        {
          "backend-asia": [
            "object",
            {
              "id": "string",
              "range": "string",
              "region": "string"
            }
          ],
          "frontend-asia": [
            "object",
            {
              "id": "string",
              "range": "string",
              "region": "string"
            }
          ],
          "frontend-us": [
            "object",
            {
              "id": "string",
              "range": "string",
              "region": "string"
            }
          ]
        }
      ]
    }
  },
  "resources": [
    {
      "mode": "managed",
      "type": "google_compute_address",
      "name": "backend_ip",
      "provider": "provider[\"registry.terraform.io/hashicorp/google\"]",
      "instances": [
        {
          "schema_version": 0,
          "attributes": {
            "address": "192.168.0.3",
            "address_type": "INTERNAL",
            "creation_timestamp": "2023-11-05T20:59:57.604-08:00",
            "description": "",
            "effective_labels": {},
            "id": "projects/race-tf/regions/asia-south2/addresses/my-internal-address",
            "ip_version": "",
            "ipv6_endpoint_type": "",
            "label_fingerprint": "42WmSpB8rSM=",
            "labels": {},
            "name": "my-internal-address",
            "network": "",
            "network_tier": "PREMIUM",
            "prefix_length": 0,
            "project": "race-tf",
            "purpose": "GCE_ENDPOINT",
            "region": "asia-south2",
            "self_link": "https://www.googleapis.com/compute/v1/projects/race-tf/regions/asia-south2/addresses/my-internal-address",
            "subnetwork": "https://www.googleapis.com/compute/v1/projects/race-tf/regions/asia-south2/subnetworks/frontend-asia",
            "terraform_labels": {},
            "timeouts": null,
            "users": []
          },
          "sensitive_attributes": [],
          "private": "eyJlMmJmYjczMC1lY2FhLTExZTYtOGY4OC0zNDM2M2JjN2M0YzAiOnsiY3JlYXRlIjoxMjAwMDAwMDAwMDAwLCJkZWxldGUiOjEyMDAwMDAwMDAwMDAsInVwZGF0ZSI6MTIwMDAwMDAwMDAwMH19",
          "dependencies": [
            "google_compute_network.network",
            "google_compute_subnetwork.subnet"
          ]
        }
      ]
    },
    {
      "mode": "managed",
      "type": "google_compute_backend_service",
      "name": "frontend_service",
      "provider": "provider[\"registry.terraform.io/hashicorp/google\"]",
      "instances": [
        {
          "schema_version": 1,
          "attributes": {
            "affinity_cookie_ttl_sec": 0,
            "backend": [
              {
                "balancing_mode": "UTILIZATION",
                "capacity_scaler": 1,
                "description": "",
                "group": "https://www.googleapis.com/compute/v1/projects/race-tf/zones/asia-south2-a/instanceGroups/frontend-us",
                "max_connections": 0,
                "max_connections_per_endpoint": 0,
                "max_connections_per_instance": 0,
                "max_rate": 0,
                "max_rate_per_endpoint": 0,
                "max_rate_per_instance": 0,
                "max_utilization": 0
              },
              {
                "balancing_mode": "UTILIZATION",
                "capacity_scaler": 1,
                "description": "",
                "group": "https://www.googleapis.com/compute/v1/projects/race-tf/zones/us-central1-a/instanceGroups/frontend-asia",
                "max_connections": 0,
                "max_connections_per_endpoint": 0,
                "max_connections_per_instance": 0,
                "max_rate": 0,
                "max_rate_per_endpoint": 0,
                "max_rate_per_instance": 0,
                "max_utilization": 0
              }
            ],
            "cdn_policy": [],
            "circuit_breakers": [],
            "compression_mode": "",
            "connection_draining_timeout_sec": 300,
            "consistent_hash": [],
            "creation_timestamp": "2023-11-05T21:48:47.008-08:00",
            "custom_request_headers": null,
            "custom_response_headers": null,
            "description": "",
            "edge_security_policy": "",
            "enable_cdn": false,
            "fingerprint": "FuHEuxhd8Fs=",
            "generated_id": 2994638041590907088,
            "health_checks": [
              "projects/race-tf/global/httpHealthChecks/check-backend"
            ],
            "iap": [],
            "id": "projects/race-tf/global/backendServices/frontend-bs",
            "load_balancing_scheme": "EXTERNAL_MANAGED",
            "locality_lb_policies": [],
            "locality_lb_policy": "",
            "log_config": [],
            "name": "frontend-bs",
            "outlier_detection": [],
            "port_name": "http",
            "project": "race-tf",
            "protocol": "HTTP",
            "security_policy": "",
            "security_settings": [],
            "self_link": "https://www.googleapis.com/compute/v1/projects/race-tf/global/backendServices/frontend-bs",
            "session_affinity": "NONE",
            "timeout_sec": 10,
            "timeouts": null
          },
          "sensitive_attributes": [],
          "private": "eyJlMmJmYjczMC1lY2FhLTExZTYtOGY4OC0zNDM2M2JjN2M0YzAiOnsiY3JlYXRlIjoxMjAwMDAwMDAwMDAwLCJkZWxldGUiOjEyMDAwMDAwMDAwMDAsInVwZGF0ZSI6MTIwMDAwMDAwMDAwMH0sInNjaGVtYV92ZXJzaW9uIjoiMSJ9",
          "dependencies": [
            "google_compute_address.backend_ip",
            "google_compute_http_health_check.frontend_health_check",
            "google_compute_instance_group_manager.frontend_asia",
            "google_compute_instance_group_manager.frontend_us",
            "google_compute_instance_template.frontend_template_asia",
            "google_compute_instance_template.frontend_template_us",
            "google_compute_network.network",
            "google_compute_subnetwork.subnet",
            "google_service_account.compute_sa"
          ]
        }
      ]
    },
    {
      "mode": "managed",
      "type": "google_compute_firewall",
      "name": "allow_ssh",
      "provider": "provider[\"registry.terraform.io/hashicorp/google\"]",
      "instances": [
        {
          "schema_version": 1,
          "attributes": {
            "allow": [
              {
                "ports": [
                  "22"
                ],
                "protocol": "tcp"
              }
            ],
            "creation_timestamp": "2023-11-05T20:29:41.527-08:00",
            "deny": [],
            "description": "",
            "destination_ranges": [],
            "direction": "INGRESS",
            "disabled": false,
            "enable_logging": null,
            "id": "projects/race-tf/global/firewalls/allow-ssh",
            "log_config": [],
            "name": "allow-ssh",
            "network": "https://www.googleapis.com/compute/v1/projects/race-tf/global/networks/network-race",
            "priority": 1000,
            "project": "race-tf",
            "self_link": "https://www.googleapis.com/compute/v1/projects/race-tf/global/firewalls/allow-ssh",
            "source_ranges": [
              "0.0.0.0/0"
            ],
            "source_service_accounts": [],
            "source_tags": [],
            "target_service_accounts": [],
            "target_tags": [
              "lb-vm"
            ],
            "timeouts": null
          },
          "sensitive_attributes": [],
          "private": "eyJlMmJmYjczMC1lY2FhLTExZTYtOGY4OC0zNDM2M2JjN2M0YzAiOnsiY3JlYXRlIjoxMjAwMDAwMDAwMDAwLCJkZWxldGUiOjEyMDAwMDAwMDAwMDAsInVwZGF0ZSI6MTIwMDAwMDAwMDAwMH0sInNjaGVtYV92ZXJzaW9uIjoiMSJ9",
          "dependencies": [
            "google_compute_network.network"
          ]
        }
      ]
    },
    {
      "mode": "managed",
      "type": "google_compute_firewall",
      "name": "fw_allow_health_check",
      "provider": "provider[\"registry.terraform.io/hashicorp/google\"]",
      "instances": [
        {
          "schema_version": 1,
          "attributes": {
            "allow": [
              {
                "ports": [],
                "protocol": "tcp"
              }
            ],
            "creation_timestamp": "2023-11-05T20:29:44.204-08:00",
            "deny": [],
            "description": "",
            "destination_ranges": [],
            "direction": "INGRESS",
            "disabled": false,
            "enable_logging": null,
            "id": "projects/race-tf/global/firewalls/fw-allow-health-check",
            "log_config": [],
            "name": "fw-allow-health-check",
            "network": "https://www.googleapis.com/compute/v1/projects/race-tf/global/networks/network-race",
            "priority": 1000,
            "project": "race-tf",
            "self_link": "https://www.googleapis.com/compute/v1/projects/race-tf/global/firewalls/fw-allow-health-check",
            "source_ranges": [
              "130.211.0.0/22",
              "35.191.0.0/16"
            ],
            "source_service_accounts": [],
            "source_tags": [],
            "target_service_accounts": [],
            "target_tags": [
              "lb-vm"
            ],
            "timeouts": null
          },
          "sensitive_attributes": [],
          "private": "eyJlMmJmYjczMC1lY2FhLTExZTYtOGY4OC0zNDM2M2JjN2M0YzAiOnsiY3JlYXRlIjoxMjAwMDAwMDAwMDAwLCJkZWxldGUiOjEyMDAwMDAwMDAwMDAsInVwZGF0ZSI6MTIwMDAwMDAwMDAwMH0sInNjaGVtYV92ZXJzaW9uIjoiMSJ9",
          "dependencies": [
            "google_compute_network.network"
          ]
        }
      ]
    },
    {
      "mode": "managed",
      "type": "google_compute_firewall",
      "name": "fw_allow_proxies",
      "provider": "provider[\"registry.terraform.io/hashicorp/google\"]",
      "instances": [
        {
          "schema_version": 1,
          "attributes": {
            "allow": [
              {
                "ports": [
                  "80",
                  "8080"
                ],
                "protocol": "tcp"
              }
            ],
            "creation_timestamp": "2023-11-05T20:30:12.240-08:00",
            "deny": [],
            "description": "",
            "destination_ranges": [],
            "direction": "INGRESS",
            "disabled": false,
            "enable_logging": null,
            "id": "projects/race-tf/global/firewalls/fw-allow-proxies",
            "log_config": [],
            "name": "fw-allow-proxies",
            "network": "https://www.googleapis.com/compute/v1/projects/race-tf/global/networks/network-race",
            "priority": 1000,
            "project": "race-tf",
            "self_link": "https://www.googleapis.com/compute/v1/projects/race-tf/global/firewalls/fw-allow-proxies",
            "source_ranges": [
              "192.168.3.0/24"
            ],
            "source_service_accounts": [],
            "source_tags": [],
            "target_service_accounts": [],
            "target_tags": [
              "lb-vm"
            ],
            "timeouts": null
          },
          "sensitive_attributes": [],
          "private": "eyJlMmJmYjczMC1lY2FhLTExZTYtOGY4OC0zNDM2M2JjN2M0YzAiOnsiY3JlYXRlIjoxMjAwMDAwMDAwMDAwLCJkZWxldGUiOjEyMDAwMDAwMDAwMDAsInVwZGF0ZSI6MTIwMDAwMDAwMDAwMH0sInNjaGVtYV92ZXJzaW9uIjoiMSJ9",
          "dependencies": [
            "google_compute_network.network",
            "google_compute_subnetwork.proxy_subnet"
          ]
        }
      ]
    },
    {
      "mode": "managed",
      "type": "google_compute_forwarding_rule",
      "name": "google_compute_forwarding_rule",
      "provider": "provider[\"registry.terraform.io/hashicorp/google\"]",
      "instances": [
        {
          "schema_version": 0,
          "attributes": {
            "all_ports": false,
            "allow_global_access": true,
            "allow_psc_global_access": false,
            "backend_service": "",
            "base_forwarding_rule": "",
            "creation_timestamp": "2023-11-05T21:49:29.232-08:00",
            "description": "",
            "effective_labels": {},
            "id": "projects/race-tf/regions/asia-south2/forwardingRules/backend-fw",
            "ip_address": "192.168.0.3",
            "ip_protocol": "TCP",
            "ip_version": "",
            "is_mirroring_collector": false,
            "label_fingerprint": "42WmSpB8rSM=",
            "labels": null,
            "load_balancing_scheme": "INTERNAL_MANAGED",
            "name": "backend-fw",
            "network": "https://www.googleapis.com/compute/v1/projects/race-tf/global/networks/network-race",
            "network_tier": "PREMIUM",
            "no_automate_dns_zone": null,
            "port_range": "80-80",
            "ports": null,
            "project": "race-tf",
            "psc_connection_id": "",
            "psc_connection_status": "",
            "recreate_closed_psc": false,
            "region": "asia-south2",
            "self_link": "https://www.googleapis.com/compute/v1/projects/race-tf/regions/asia-south2/forwardingRules/backend-fw",
            "service_directory_registrations": [],
            "service_label": "",
            "service_name": "",
            "source_ip_ranges": null,
            "subnetwork": "https://www.googleapis.com/compute/v1/projects/race-tf/regions/asia-south2/subnetworks/frontend-asia",
            "target": "https://www.googleapis.com/compute/v1/projects/race-tf/regions/asia-south2/targetHttpProxies/proxy-backend",
            "terraform_labels": {},
            "timeouts": null
          },
          "sensitive_attributes": [],
          "private": "eyJlMmJmYjczMC1lY2FhLTExZTYtOGY4OC0zNDM2M2JjN2M0YzAiOnsiY3JlYXRlIjoxMjAwMDAwMDAwMDAwLCJkZWxldGUiOjEyMDAwMDAwMDAwMDAsInVwZGF0ZSI6MTIwMDAwMDAwMDAwMH19",
          "dependencies": [
            "google_compute_address.backend_ip",
            "google_compute_global_address.reserved_ip_range",
            "google_compute_instance_group_manager.backend_asia",
            "google_compute_instance_template.backend_template_asia",
            "google_compute_network.network",
            "google_compute_region_backend_service.backend_service",
            "google_compute_region_health_check.backend",
            "google_compute_region_target_http_proxy.proxy_backend",
            "google_compute_region_url_map.backend_url_map",
            "google_compute_subnetwork.proxy_subnet",
            "google_compute_subnetwork.subnet",
            "google_service_account.compute_sa",
            "google_service_networking_connection.private_access",
            "google_sql_database_instance.instance"
          ]
        }
      ]
    },
    {
      "mode": "managed",
      "type": "google_compute_global_address",
      "name": "reserved_ip_range",
      "provider": "provider[\"registry.terraform.io/hashicorp/google\"]",
      "instances": [
        {
          "schema_version": 0,
          "attributes": {
            "address": "10.58.0.0",
            "address_type": "INTERNAL",
            "creation_timestamp": "2023-11-05T20:29:41.838-08:00",
            "description": "",
            "id": "projects/race-tf/global/addresses/sql-range",
            "ip_version": "",
            "name": "sql-range",
            "network": "https://www.googleapis.com/compute/v1/projects/race-tf/global/networks/network-race",
            "prefix_length": 16,
            "project": "race-tf",
            "purpose": "VPC_PEERING",
            "self_link": "https://www.googleapis.com/compute/v1/projects/race-tf/global/addresses/sql-range",
            "timeouts": null
          },
          "sensitive_attributes": [],
          "private": "eyJlMmJmYjczMC1lY2FhLTExZTYtOGY4OC0zNDM2M2JjN2M0YzAiOnsiY3JlYXRlIjoxMjAwMDAwMDAwMDAwLCJkZWxldGUiOjEyMDAwMDAwMDAwMDB9fQ==",
          "dependencies": [
            "google_compute_network.network"
          ]
        }
      ]
    },
    {
      "mode": "managed",
      "type": "google_compute_global_forwarding_rule",
      "name": "frontend",
      "provider": "provider[\"registry.terraform.io/hashicorp/google\"]",
      "instances": [
        {
          "schema_version": 0,
          "attributes": {
            "base_forwarding_rule": "",
            "description": "",
            "effective_labels": {},
            "id": "projects/race-tf/global/forwardingRules/frontend-fw",
            "ip_address": "34.160.57.229",
            "ip_protocol": "TCP",
            "ip_version": "",
            "label_fingerprint": "42WmSpB8rSM=",
            "labels": null,
            "load_balancing_scheme": "EXTERNAL_MANAGED",
            "metadata_filters": [],
            "name": "frontend-fw",
            "network": "",
            "no_automate_dns_zone": null,
            "port_range": "80-80",
            "project": "race-tf",
            "psc_connection_id": "",
            "psc_connection_status": "",
            "self_link": "https://www.googleapis.com/compute/v1/projects/race-tf/global/forwardingRules/frontend-fw",
            "source_ip_ranges": null,
            "subnetwork": "",
            "target": "https://www.googleapis.com/compute/v1/projects/race-tf/global/targetHttpProxies/frontend-fw",
            "terraform_labels": {},
            "timeouts": null
          },
          "sensitive_attributes": [],
          "private": "eyJlMmJmYjczMC1lY2FhLTExZTYtOGY4OC0zNDM2M2JjN2M0YzAiOnsiY3JlYXRlIjoxMjAwMDAwMDAwMDAwLCJkZWxldGUiOjEyMDAwMDAwMDAwMDAsInVwZGF0ZSI6MTIwMDAwMDAwMDAwMH19",
          "dependencies": [
            "google_compute_address.backend_ip",
            "google_compute_backend_service.frontend_service",
            "google_compute_http_health_check.frontend_health_check",
            "google_compute_instance_group_manager.frontend_asia",
            "google_compute_instance_group_manager.frontend_us",
            "google_compute_instance_template.frontend_template_asia",
            "google_compute_instance_template.frontend_template_us",
            "google_compute_network.network",
            "google_compute_subnetwork.subnet",
            "google_compute_target_http_proxy.proxy_frontend",
            "google_compute_url_map.frontend_url_map",
            "google_service_account.compute_sa"
          ]
        }
      ]
    },
    {
      "mode": "managed",
      "type": "google_compute_http_health_check",
      "name": "frontend_health_check",
      "provider": "provider[\"registry.terraform.io/hashicorp/google\"]",
      "instances": [
        {
          "schema_version": 0,
          "attributes": {
            "check_interval_sec": 1,
            "creation_timestamp": "2023-11-05T21:46:15.784-08:00",
            "description": "",
            "healthy_threshold": 2,
            "host": "",
            "id": "projects/race-tf/global/httpHealthChecks/check-backend",
            "name": "check-backend",
            "port": 80,
            "project": "race-tf",
            "request_path": "/",
            "self_link": "https://www.googleapis.com/compute/v1/projects/race-tf/global/httpHealthChecks/check-backend",
            "timeout_sec": 1,
            "timeouts": null,
            "unhealthy_threshold": 2
          },
          "sensitive_attributes": [],
          "private": "eyJlMmJmYjczMC1lY2FhLTExZTYtOGY4OC0zNDM2M2JjN2M0YzAiOnsiY3JlYXRlIjoxMjAwMDAwMDAwMDAwLCJkZWxldGUiOjEyMDAwMDAwMDAwMDAsInVwZGF0ZSI6MTIwMDAwMDAwMDAwMH19"
        }
      ]
    },
    {
      "mode": "managed",
      "type": "google_compute_instance_group_manager",
      "name": "backend_asia",
      "provider": "provider[\"registry.terraform.io/hashicorp/google\"]",
      "instances": [
        {
          "schema_version": 0,
          "attributes": {
            "auto_healing_policies": [],
            "base_instance_name": "backend",
            "description": "",
            "fingerprint": "M7s_H5ggHso=",
            "id": "projects/race-tf/zones/asia-south2-a/instanceGroupManagers/backend-asia",
            "instance_group": "https://www.googleapis.com/compute/v1/projects/race-tf/zones/asia-south2-a/instanceGroups/backend-asia",
            "instance_lifecycle_policy": [
              {
                "force_update_on_repair": "NO"
              }
            ],
            "list_managed_instances_results": "PAGELESS",
            "name": "backend-asia",
            "named_port": [
              {
                "name": "http",
                "port": 80
              }
            ],
            "operation": null,
            "project": "race-tf",
            "self_link": "https://www.googleapis.com/compute/v1/projects/race-tf/zones/asia-south2-a/instanceGroupManagers/backend-asia",
            "stateful_disk": [],
            "stateful_external_ip": [],
            "stateful_internal_ip": [],
            "status": [
              {
                "is_stable": false,
                "stateful": [
                  {
                    "has_stateful_config": false,
                    "per_instance_configs": [
                      {
                        "all_effective": true
                      }
                    ]
                  }
                ],
                "version_target": [
                  {
                    "is_reached": true
                  }
                ]
              }
            ],
            "target_pools": null,
            "target_size": 1,
            "timeouts": null,
            "update_policy": [
              {
                "max_surge_fixed": 1,
                "max_surge_percent": 0,
                "max_unavailable_fixed": 1,
                "max_unavailable_percent": 0,
                "minimal_action": "REPLACE",
                "most_disruptive_allowed_action": "",
                "replacement_method": "SUBSTITUTE",
                "type": "OPPORTUNISTIC"
              }
            ],
            "version": [
              {
                "instance_template": "https://www.googleapis.com/compute/v1/projects/race-tf/global/instanceTemplates/template-backend",
                "name": "primary",
                "target_size": []
              }
            ],
            "wait_for_instances": false,
            "wait_for_instances_status": "STABLE",
            "zone": "asia-south2-a"
          },
          "sensitive_attributes": [],
          "private": "eyJlMmJmYjczMC1lY2FhLTExZTYtOGY4OC0zNDM2M2JjN2M0YzAiOnsiY3JlYXRlIjo5MDAwMDAwMDAwMDAsImRlbGV0ZSI6OTAwMDAwMDAwMDAwLCJ1cGRhdGUiOjkwMDAwMDAwMDAwMH19",
          "dependencies": [
            "google_compute_global_address.reserved_ip_range",
            "google_compute_instance_template.backend_template_asia",
            "google_compute_network.network",
            "google_compute_subnetwork.subnet",
            "google_service_account.compute_sa",
            "google_service_networking_connection.private_access",
            "google_sql_database_instance.instance"
          ]
        }
      ]
    },
    {
      "mode": "managed",
      "type": "google_compute_instance_group_manager",
      "name": "frontend_asia",
      "provider": "provider[\"registry.terraform.io/hashicorp/google\"]",
      "instances": [
        {
          "schema_version": 0,
          "attributes": {
            "auto_healing_policies": [],
            "base_instance_name": "us-front",
            "description": "",
            "fingerprint": "LknvRsovMqo=",
            "id": "projects/race-tf/zones/us-central1-a/instanceGroupManagers/frontend-asia",
            "instance_group": "https://www.googleapis.com/compute/v1/projects/race-tf/zones/us-central1-a/instanceGroups/frontend-asia",
            "instance_lifecycle_policy": [
              {
                "force_update_on_repair": "NO"
              }
            ],
            "list_managed_instances_results": "PAGELESS",
            "name": "frontend-asia",
            "named_port": [
              {
                "name": "http",
                "port": 80
              }
            ],
            "operation": null,
            "project": "race-tf",
            "self_link": "https://www.googleapis.com/compute/v1/projects/race-tf/zones/us-central1-a/instanceGroupManagers/frontend-asia",
            "stateful_disk": [],
            "stateful_external_ip": [],
            "stateful_internal_ip": [],
            "status": [
              {
                "is_stable": false,
                "stateful": [
                  {
                    "has_stateful_config": false,
                    "per_instance_configs": [
                      {
                        "all_effective": true
                      }
                    ]
                  }
                ],
                "version_target": [
                  {
                    "is_reached": true
                  }
                ]
              }
            ],
            "target_pools": null,
            "target_size": 2,
            "timeouts": null,
            "update_policy": [
              {
                "max_surge_fixed": 1,
                "max_surge_percent": 0,
                "max_unavailable_fixed": 1,
                "max_unavailable_percent": 0,
                "minimal_action": "REPLACE",
                "most_disruptive_allowed_action": "",
                "replacement_method": "SUBSTITUTE",
                "type": "OPPORTUNISTIC"
              }
            ],
            "version": [
              {
                "instance_template": "https://www.googleapis.com/compute/v1/projects/race-tf/global/instanceTemplates/template-frontend-asia",
                "name": "",
                "target_size": []
              }
            ],
            "wait_for_instances": false,
            "wait_for_instances_status": "STABLE",
            "zone": "us-central1-a"
          },
          "sensitive_attributes": [],
          "private": "eyJlMmJmYjczMC1lY2FhLTExZTYtOGY4OC0zNDM2M2JjN2M0YzAiOnsiY3JlYXRlIjo5MDAwMDAwMDAwMDAsImRlbGV0ZSI6OTAwMDAwMDAwMDAwLCJ1cGRhdGUiOjkwMDAwMDAwMDAwMH19",
          "dependencies": [
            "google_compute_address.backend_ip",
            "google_compute_instance_template.frontend_template_asia",
            "google_compute_network.network",
            "google_compute_subnetwork.subnet",
            "google_service_account.compute_sa"
          ]
        }
      ]
    },
    {
      "mode": "managed",
      "type": "google_compute_instance_group_manager",
      "name": "frontend_us",
      "provider": "provider[\"registry.terraform.io/hashicorp/google\"]",
      "instances": [
        {
          "schema_version": 0,
          "attributes": {
            "auto_healing_policies": [],
            "base_instance_name": "asia-front",
            "description": "",
            "fingerprint": "lJN3BftEBMM=",
            "id": "projects/race-tf/zones/asia-south2-a/instanceGroupManagers/frontend-us",
            "instance_group": "https://www.googleapis.com/compute/v1/projects/race-tf/zones/asia-south2-a/instanceGroups/frontend-us",
            "instance_lifecycle_policy": [
              {
                "force_update_on_repair": "NO"
              }
            ],
            "list_managed_instances_results": "PAGELESS",
            "name": "frontend-us",
            "named_port": [
              {
                "name": "http",
                "port": 80
              }
            ],
            "operation": null,
            "project": "race-tf",
            "self_link": "https://www.googleapis.com/compute/v1/projects/race-tf/zones/asia-south2-a/instanceGroupManagers/frontend-us",
            "stateful_disk": [],
            "stateful_external_ip": [],
            "stateful_internal_ip": [],
            "status": [
              {
                "is_stable": false,
                "stateful": [
                  {
                    "has_stateful_config": false,
                    "per_instance_configs": [
                      {
                        "all_effective": true
                      }
                    ]
                  }
                ],
                "version_target": [
                  {
                    "is_reached": true
                  }
                ]
              }
            ],
            "target_pools": null,
            "target_size": 2,
            "timeouts": null,
            "update_policy": [
              {
                "max_surge_fixed": 1,
                "max_surge_percent": 0,
                "max_unavailable_fixed": 1,
                "max_unavailable_percent": 0,
                "minimal_action": "REPLACE",
                "most_disruptive_allowed_action": "",
                "replacement_method": "SUBSTITUTE",
                "type": "OPPORTUNISTIC"
              }
            ],
            "version": [
              {
                "instance_template": "https://www.googleapis.com/compute/v1/projects/race-tf/global/instanceTemplates/template-frontend-us",
                "name": "",
                "target_size": []
              }
            ],
            "wait_for_instances": false,
            "wait_for_instances_status": "STABLE",
            "zone": "asia-south2-a"
          },
          "sensitive_attributes": [],
          "private": "eyJlMmJmYjczMC1lY2FhLTExZTYtOGY4OC0zNDM2M2JjN2M0YzAiOnsiY3JlYXRlIjo5MDAwMDAwMDAwMDAsImRlbGV0ZSI6OTAwMDAwMDAwMDAwLCJ1cGRhdGUiOjkwMDAwMDAwMDAwMH19",
          "dependencies": [
            "google_compute_address.backend_ip",
            "google_compute_instance_template.frontend_template_us",
            "google_compute_network.network",
            "google_compute_subnetwork.subnet",
            "google_service_account.compute_sa"
          ]
        }
      ]
    },
    {
      "mode": "managed",
      "type": "google_compute_instance_template",
      "name": "backend_template_asia",
      "provider": "provider[\"registry.terraform.io/hashicorp/google\"]",
      "instances": [
        {
          "schema_version": 1,
          "attributes": {
            "advanced_machine_features": [],
            "can_ip_forward": false,
            "confidential_instance_config": null,
            "description": "",
            "disk": [
              {
                "auto_delete": true,
                "boot": true,
                "device_name": "persistent-disk-0",
                "disk_encryption_key": [],
                "disk_name": "",
                "disk_size_gb": 0,
                "disk_type": "pd-standard",
                "interface": "SCSI",
                "labels": null,
                "mode": "READ_WRITE",
                "provisioned_iops": 0,
                "resource_policies": null,
                "source": "",
                "source_image": "projects/debian-cloud/global/images/family/debian-11",
                "source_image_encryption_key": [],
                "source_snapshot": "",
                "source_snapshot_encryption_key": [],
                "type": "PERSISTENT"
              }
            ],
            "effective_labels": {},
            "guest_accelerator": [],
            "id": "projects/race-tf/global/instanceTemplates/template-backend",
            "instance_description": "",
            "labels": null,
            "machine_type": "n1-standard-1",
            "metadata": {
              "database": "10.58.0.3",
              "startup-script": "#! /bin/bash\n# updating the apt-get package \n\napt update\n# installing nodejs\napt install nginx -y\napt install nodejs -y\n# installing npm\napt install npm -y \n\n\nmkdir /app\ncd /app\n\n# copying the app files from cloud storage to gce instance\ngsutil cp -r gs://race-gce-files/app/* .\n# installing process manager module to automate the deployment process\nnpm i -g pm2\nnpm i \nexport DATABASE=$(curl http://metadata.google.internal/computeMetadata/v1/instance/attributes/database -H \"Metadata-Flavor: Google\")\nsed -i \"s/DATABASE_IP_ADDRESS/${DATABASE}/g\" server.js\npm2 start server.js --name todo \n# copying the nginx.conf file from cloud storage to required location\n# this enables nginx to act as a reverse proxy on port 80 and serve nodejs  website as a response\ngsutil cp gs://race-gce-files/config/nginx.conf /etc/nginx/nginx.conf\n# restarting the nginx service to reflect the changes\nservice nginx restart\n"
            },
            "metadata_fingerprint": "QI3IuWE9Jnw=",
            "metadata_startup_script": null,
            "min_cpu_platform": "",
            "name": "template-backend",
            "name_prefix": null,
            "network_interface": [
              {
                "access_config": [],
                "alias_ip_range": [],
                "internal_ipv6_prefix_length": 0,
                "ipv6_access_config": [],
                "ipv6_access_type": "",
                "ipv6_address": "",
                "name": "nic0",
                "network": "https://www.googleapis.com/compute/v1/projects/race-tf/global/networks/network-race",
                "network_ip": "",
                "nic_type": "",
                "queue_count": 0,
                "stack_type": "",
                "subnetwork": "https://www.googleapis.com/compute/v1/projects/race-tf/regions/asia-south2/subnetworks/frontend-asia",
                "subnetwork_project": "race-tf"
              }
            ],
            "network_performance_config": [],
            "project": "race-tf",
            "region": "asia-south2",
            "reservation_affinity": [],
            "resource_policies": null,
            "scheduling": [
              {
                "automatic_restart": true,
                "instance_termination_action": "",
                "local_ssd_recovery_timeout": [],
                "min_node_cpus": 0,
                "node_affinities": [],
                "on_host_maintenance": "MIGRATE",
                "preemptible": false,
                "provisioning_model": "STANDARD"
              }
            ],
            "self_link": "https://www.googleapis.com/compute/v1/projects/race-tf/global/instanceTemplates/template-backend",
            "self_link_unique": "https://www.googleapis.com/compute/v1/projects/race-tf/global/instanceTemplates/template-backend?uniqueId=1478659708752871655",
            "service_account": [
              {
                "email": "compute-sa@race-tf.iam.gserviceaccount.com",
                "scopes": [
                  "https://www.googleapis.com/auth/compute.readonly",
                  "https://www.googleapis.com/auth/devstorage.read_only",
                  "https://www.googleapis.com/auth/userinfo.email"
                ]
              }
            ],
            "shielded_instance_config": [],
            "tags": [
              "lb-vm"
            ],
            "tags_fingerprint": "",
            "terraform_labels": {},
            "timeouts": null
          },
          "sensitive_attributes": [],
          "private": "eyJlMmJmYjczMC1lY2FhLTExZTYtOGY4OC0zNDM2M2JjN2M0YzAiOnsiY3JlYXRlIjoyNDAwMDAwMDAwMDAsImRlbGV0ZSI6MjQwMDAwMDAwMDAwfSwic2NoZW1hX3ZlcnNpb24iOiIxIn0=",
          "dependencies": [
            "google_compute_global_address.reserved_ip_range",
            "google_compute_network.network",
            "google_compute_subnetwork.subnet",
            "google_service_account.compute_sa",
            "google_service_networking_connection.private_access",
            "google_sql_database_instance.instance"
          ]
        }
      ]
    },
    {
      "mode": "managed",
      "type": "google_compute_instance_template",
      "name": "frontend_template_asia",
      "provider": "provider[\"registry.terraform.io/hashicorp/google\"]",
      "instances": [
        {
          "schema_version": 1,
          "attributes": {
            "advanced_machine_features": [],
            "can_ip_forward": false,
            "confidential_instance_config": null,
            "description": "",
            "disk": [
              {
                "auto_delete": true,
                "boot": true,
                "device_name": "persistent-disk-0",
                "disk_encryption_key": [],
                "disk_name": "",
                "disk_size_gb": 0,
                "disk_type": "pd-standard",
                "interface": "SCSI",
                "labels": null,
                "mode": "READ_WRITE",
                "provisioned_iops": 0,
                "resource_policies": null,
                "source": "",
                "source_image": "projects/debian-cloud/global/images/family/debian-11",
                "source_image_encryption_key": [],
                "source_snapshot": "",
                "source_snapshot_encryption_key": [],
                "type": "PERSISTENT"
              }
            ],
            "effective_labels": {},
            "guest_accelerator": [],
            "id": "projects/race-tf/global/instanceTemplates/template-frontend-asia",
            "instance_description": "",
            "labels": null,
            "machine_type": "n1-standard-1",
            "metadata": {
              "backend": "192.168.0.3",
              "startup-script": "#! /bin/bash\n# updating the apt-get package \n\napt update\n# installing nodejs\napt install nginx -y\napt install nodejs -y\n# installing npm\napt install npm -y \n\n\nmkdir /app\ncd /app\n# copying the app files from cloud storage to gce instance\ngsutil cp -r gs://race-gce-files/frontend/* .\nexport BACKEND=$(curl http://metadata.google.internal/computeMetadata/v1/instance/attributes/backend -H \"Metadata-Flavor: Google\")\nsed -i \"s/BACKEND_IP_ADDRESS/${BACKEND}/g\" server.js\n# installing process manager module to automate the deployment process\nnpm i -g pm2\nnpm i \npm2 start server.js --name frontend\n# copying the nginx.conf file from cloud storage to required location\n# this enables nginx to act as a reverse proxy on port 80 and serve nodejs  website as a response\ngsutil cp gs://race-gce-files/config/nginx.conf /etc/nginx/nginx.conf\n# restarting the nginx service to reflect the changes\nservice nginx restart\n"
            },
            "metadata_fingerprint": "7jQC7Lqv9Q8=",
            "metadata_startup_script": null,
            "min_cpu_platform": "",
            "name": "template-frontend-asia",
            "name_prefix": null,
            "network_interface": [
              {
                "access_config": [],
                "alias_ip_range": [],
                "internal_ipv6_prefix_length": 0,
                "ipv6_access_config": [],
                "ipv6_access_type": "",
                "ipv6_address": "",
                "name": "nic0",
                "network": "https://www.googleapis.com/compute/v1/projects/race-tf/global/networks/network-race",
                "network_ip": "",
                "nic_type": "",
                "queue_count": 0,
                "stack_type": "",
                "subnetwork": "https://www.googleapis.com/compute/v1/projects/race-tf/regions/us-central1/subnetworks/frontend-us",
                "subnetwork_project": "race-tf"
              }
            ],
            "network_performance_config": [],
            "project": "race-tf",
            "region": "us-central1",
            "reservation_affinity": [],
            "resource_policies": null,
            "scheduling": [
              {
                "automatic_restart": true,
                "instance_termination_action": "",
                "local_ssd_recovery_timeout": [],
                "min_node_cpus": 0,
                "node_affinities": [],
                "on_host_maintenance": "MIGRATE",
                "preemptible": false,
                "provisioning_model": "STANDARD"
              }
            ],
            "self_link": "https://www.googleapis.com/compute/v1/projects/race-tf/global/instanceTemplates/template-frontend-asia",
            "self_link_unique": "https://www.googleapis.com/compute/v1/projects/race-tf/global/instanceTemplates/template-frontend-asia?uniqueId=4673101567126520041",
            "service_account": [
              {
                "email": "compute-sa@race-tf.iam.gserviceaccount.com",
                "scopes": [
                  "https://www.googleapis.com/auth/compute.readonly",
                  "https://www.googleapis.com/auth/devstorage.read_only",
                  "https://www.googleapis.com/auth/userinfo.email"
                ]
              }
            ],
            "shielded_instance_config": [],
            "tags": [
              "lb-vm"
            ],
            "tags_fingerprint": "",
            "terraform_labels": {},
            "timeouts": null
          },
          "sensitive_attributes": [],
          "private": "eyJlMmJmYjczMC1lY2FhLTExZTYtOGY4OC0zNDM2M2JjN2M0YzAiOnsiY3JlYXRlIjoyNDAwMDAwMDAwMDAsImRlbGV0ZSI6MjQwMDAwMDAwMDAwfSwic2NoZW1hX3ZlcnNpb24iOiIxIn0=",
          "dependencies": [
            "google_compute_address.backend_ip",
            "google_compute_network.network",
            "google_compute_subnetwork.subnet",
            "google_service_account.compute_sa"
          ]
        }
      ]
    },
    {
      "mode": "managed",
      "type": "google_compute_instance_template",
      "name": "frontend_template_us",
      "provider": "provider[\"registry.terraform.io/hashicorp/google\"]",
      "instances": [
        {
          "schema_version": 1,
          "attributes": {
            "advanced_machine_features": [],
            "can_ip_forward": false,
            "confidential_instance_config": null,
            "description": "",
            "disk": [
              {
                "auto_delete": true,
                "boot": true,
                "device_name": "persistent-disk-0",
                "disk_encryption_key": [],
                "disk_name": "",
                "disk_size_gb": 0,
                "disk_type": "pd-standard",
                "interface": "SCSI",
                "labels": null,
                "mode": "READ_WRITE",
                "provisioned_iops": 0,
                "resource_policies": null,
                "source": "",
                "source_image": "projects/debian-cloud/global/images/family/debian-11",
                "source_image_encryption_key": [],
                "source_snapshot": "",
                "source_snapshot_encryption_key": [],
                "type": "PERSISTENT"
              }
            ],
            "effective_labels": {},
            "guest_accelerator": [],
            "id": "projects/race-tf/global/instanceTemplates/template-frontend-us",
            "instance_description": "",
            "labels": null,
            "machine_type": "n1-standard-1",
            "metadata": {
              "backend": "192.168.0.3",
              "startup-script": "#! /bin/bash\n# updating the apt-get package \n\napt update\n# installing nodejs\napt install nginx -y\napt install nodejs -y\n# installing npm\napt install npm -y \n\n\nmkdir /app\ncd /app\n# copying the app files from cloud storage to gce instance\ngsutil cp -r gs://race-gce-files/frontend/* .\nexport BACKEND=$(curl http://metadata.google.internal/computeMetadata/v1/instance/attributes/backend -H \"Metadata-Flavor: Google\")\nsed -i \"s/BACKEND_IP_ADDRESS/${BACKEND}/g\" server.js\n# installing process manager module to automate the deployment process\nnpm i -g pm2\nnpm i \npm2 start server.js --name frontend\n# copying the nginx.conf file from cloud storage to required location\n# this enables nginx to act as a reverse proxy on port 80 and serve nodejs  website as a response\ngsutil cp gs://race-gce-files/config/nginx.conf /etc/nginx/nginx.conf\n# restarting the nginx service to reflect the changes\nservice nginx restart\n"
            },
            "metadata_fingerprint": "7jQC7Lqv9Q8=",
            "metadata_startup_script": null,
            "min_cpu_platform": "",
            "name": "template-frontend-us",
            "name_prefix": null,
            "network_interface": [
              {
                "access_config": [],
                "alias_ip_range": [],
                "internal_ipv6_prefix_length": 0,
                "ipv6_access_config": [],
                "ipv6_access_type": "",
                "ipv6_address": "",
                "name": "nic0",
                "network": "https://www.googleapis.com/compute/v1/projects/race-tf/global/networks/network-race",
                "network_ip": "",
                "nic_type": "",
                "queue_count": 0,
                "stack_type": "",
                "subnetwork": "https://www.googleapis.com/compute/v1/projects/race-tf/regions/asia-south2/subnetworks/backend-asia",
                "subnetwork_project": "race-tf"
              }
            ],
            "network_performance_config": [],
            "project": "race-tf",
            "region": "asia-south2",
            "reservation_affinity": [],
            "resource_policies": null,
            "scheduling": [
              {
                "automatic_restart": true,
                "instance_termination_action": "",
                "local_ssd_recovery_timeout": [],
                "min_node_cpus": 0,
                "node_affinities": [],
                "on_host_maintenance": "MIGRATE",
                "preemptible": false,
                "provisioning_model": "STANDARD"
              }
            ],
            "self_link": "https://www.googleapis.com/compute/v1/projects/race-tf/global/instanceTemplates/template-frontend-us",
            "self_link_unique": "https://www.googleapis.com/compute/v1/projects/race-tf/global/instanceTemplates/template-frontend-us?uniqueId=5471980263164985571",
            "service_account": [
              {
                "email": "compute-sa@race-tf.iam.gserviceaccount.com",
                "scopes": [
                  "https://www.googleapis.com/auth/compute.readonly",
                  "https://www.googleapis.com/auth/devstorage.read_only",
                  "https://www.googleapis.com/auth/userinfo.email"
                ]
              }
            ],
            "shielded_instance_config": [],
            "tags": [
              "lb-vm"
            ],
            "tags_fingerprint": "",
            "terraform_labels": {},
            "timeouts": null
          },
          "sensitive_attributes": [],
          "private": "eyJlMmJmYjczMC1lY2FhLTExZTYtOGY4OC0zNDM2M2JjN2M0YzAiOnsiY3JlYXRlIjoyNDAwMDAwMDAwMDAsImRlbGV0ZSI6MjQwMDAwMDAwMDAwfSwic2NoZW1hX3ZlcnNpb24iOiIxIn0=",
          "dependencies": [
            "google_compute_address.backend_ip",
            "google_compute_network.network",
            "google_compute_subnetwork.subnet",
            "google_service_account.compute_sa"
          ]
        }
      ]
    },
    {
      "mode": "managed",
      "type": "google_compute_network",
      "name": "network",
      "provider": "provider[\"registry.terraform.io/hashicorp/google\"]",
      "instances": [
        {
          "schema_version": 0,
          "attributes": {
            "auto_create_subnetworks": false,
            "delete_default_routes_on_create": false,
            "description": "",
            "enable_ula_internal_ipv6": false,
            "gateway_ipv4": "",
            "id": "projects/race-tf/global/networks/network-race",
            "internal_ipv6_range": "",
            "mtu": 0,
            "name": "network-race",
            "network_firewall_policy_enforcement_order": "AFTER_CLASSIC_FIREWALL",
            "project": "race-tf",
            "routing_mode": "REGIONAL",
            "self_link": "https://www.googleapis.com/compute/v1/projects/race-tf/global/networks/network-race",
            "timeouts": null
          },
          "sensitive_attributes": [],
          "private": "eyJlMmJmYjczMC1lY2FhLTExZTYtOGY4OC0zNDM2M2JjN2M0YzAiOnsiY3JlYXRlIjoxMjAwMDAwMDAwMDAwLCJkZWxldGUiOjEyMDAwMDAwMDAwMDAsInVwZGF0ZSI6MTIwMDAwMDAwMDAwMH19"
        }
      ]
    },
    {
      "mode": "managed",
      "type": "google_compute_region_backend_service",
      "name": "backend_service",
      "provider": "provider[\"registry.terraform.io/hashicorp/google\"]",
      "instances": [
        {
          "schema_version": 1,
          "attributes": {
            "affinity_cookie_ttl_sec": 0,
            "backend": [
              {
                "balancing_mode": "UTILIZATION",
                "capacity_scaler": 1,
                "description": "",
                "failover": false,
                "group": "https://www.googleapis.com/compute/v1/projects/race-tf/zones/asia-south2-a/instanceGroups/backend-asia",
                "max_connections": 0,
                "max_connections_per_endpoint": 0,
                "max_connections_per_instance": 0,
                "max_rate": 0,
                "max_rate_per_endpoint": 0,
                "max_rate_per_instance": 0,
                "max_utilization": 0
              }
            ],
            "cdn_policy": [],
            "circuit_breakers": [],
            "connection_draining_timeout_sec": 0,
            "consistent_hash": [],
            "creation_timestamp": "2023-11-05T21:48:40.801-08:00",
            "description": "",
            "enable_cdn": false,
            "failover_policy": [],
            "fingerprint": "ZOdF4ivoOBw=",
            "health_checks": [
              "https://www.googleapis.com/compute/v1/projects/race-tf/regions/asia-south2/healthChecks/health-check-backend"
            ],
            "iap": [],
            "id": "projects/race-tf/regions/asia-south2/backendServices/backend-bs",
            "load_balancing_scheme": "INTERNAL_MANAGED",
            "locality_lb_policy": "",
            "log_config": [],
            "name": "backend-bs",
            "network": "",
            "outlier_detection": [],
            "port_name": "http",
            "project": "race-tf",
            "protocol": "HTTP",
            "region": "asia-south2",
            "self_link": "https://www.googleapis.com/compute/v1/projects/race-tf/regions/asia-south2/backendServices/backend-bs",
            "session_affinity": "NONE",
            "timeout_sec": 30,
            "timeouts": null
          },
          "sensitive_attributes": [],
          "private": "eyJlMmJmYjczMC1lY2FhLTExZTYtOGY4OC0zNDM2M2JjN2M0YzAiOnsiY3JlYXRlIjoxMjAwMDAwMDAwMDAwLCJkZWxldGUiOjEyMDAwMDAwMDAwMDAsInVwZGF0ZSI6MTIwMDAwMDAwMDAwMH0sInNjaGVtYV92ZXJzaW9uIjoiMSJ9",
          "dependencies": [
            "google_compute_global_address.reserved_ip_range",
            "google_compute_instance_group_manager.backend_asia",
            "google_compute_instance_template.backend_template_asia",
            "google_compute_network.network",
            "google_compute_region_health_check.backend",
            "google_compute_subnetwork.subnet",
            "google_service_account.compute_sa",
            "google_service_networking_connection.private_access",
            "google_sql_database_instance.instance"
          ]
        }
      ]
    },
    {
      "mode": "managed",
      "type": "google_compute_region_health_check",
      "name": "backend",
      "provider": "provider[\"registry.terraform.io/hashicorp/google\"]",
      "instances": [
        {
          "schema_version": 0,
          "attributes": {
            "check_interval_sec": 5,
            "creation_timestamp": "2023-11-05T21:46:16.321-08:00",
            "description": "",
            "grpc_health_check": [],
            "healthy_threshold": 2,
            "http2_health_check": [],
            "http_health_check": [
              {
                "host": "",
                "port": 0,
                "port_name": "",
                "port_specification": "USE_SERVING_PORT",
                "proxy_header": "NONE",
                "request_path": "/",
                "response": ""
              }
            ],
            "https_health_check": [],
            "id": "projects/race-tf/regions/asia-south2/healthChecks/health-check-backend",
            "log_config": [
              {
                "enable": false
              }
            ],
            "name": "health-check-backend",
            "project": "race-tf",
            "region": "asia-south2",
            "self_link": "https://www.googleapis.com/compute/v1/projects/race-tf/regions/asia-south2/healthChecks/health-check-backend",
            "ssl_health_check": [],
            "tcp_health_check": [],
            "timeout_sec": 1,
            "timeouts": null,
            "type": "HTTP",
            "unhealthy_threshold": 2
          },
          "sensitive_attributes": [],
          "private": "eyJlMmJmYjczMC1lY2FhLTExZTYtOGY4OC0zNDM2M2JjN2M0YzAiOnsiY3JlYXRlIjoxMjAwMDAwMDAwMDAwLCJkZWxldGUiOjEyMDAwMDAwMDAwMDAsInVwZGF0ZSI6MTIwMDAwMDAwMDAwMH19"
        }
      ]
    },
    {
      "mode": "managed",
      "type": "google_compute_region_target_http_proxy",
      "name": "proxy_backend",
      "provider": "provider[\"registry.terraform.io/hashicorp/google\"]",
      "instances": [
        {
          "schema_version": 0,
          "attributes": {
            "creation_timestamp": "2023-11-05T21:49:15.607-08:00",
            "description": "",
            "id": "projects/race-tf/regions/asia-south2/targetHttpProxies/proxy-backend",
            "name": "proxy-backend",
            "project": "race-tf",
            "proxy_id": 7406438012934275252,
            "region": "asia-south2",
            "self_link": "https://www.googleapis.com/compute/v1/projects/race-tf/regions/asia-south2/targetHttpProxies/proxy-backend",
            "timeouts": null,
            "url_map": "https://www.googleapis.com/compute/v1/projects/race-tf/regions/asia-south2/urlMaps/backend-url-map"
          },
          "sensitive_attributes": [],
          "private": "eyJlMmJmYjczMC1lY2FhLTExZTYtOGY4OC0zNDM2M2JjN2M0YzAiOnsiY3JlYXRlIjoxMjAwMDAwMDAwMDAwLCJkZWxldGUiOjEyMDAwMDAwMDAwMDAsInVwZGF0ZSI6MTIwMDAwMDAwMDAwMH19",
          "dependencies": [
            "google_compute_global_address.reserved_ip_range",
            "google_compute_instance_group_manager.backend_asia",
            "google_compute_instance_template.backend_template_asia",
            "google_compute_network.network",
            "google_compute_region_backend_service.backend_service",
            "google_compute_region_health_check.backend",
            "google_compute_region_url_map.backend_url_map",
            "google_compute_subnetwork.subnet",
            "google_service_account.compute_sa",
            "google_service_networking_connection.private_access",
            "google_sql_database_instance.instance"
          ]
        }
      ]
    },
    {
      "mode": "managed",
      "type": "google_compute_region_url_map",
      "name": "backend_url_map",
      "provider": "provider[\"registry.terraform.io/hashicorp/google\"]",
      "instances": [
        {
          "schema_version": 0,
          "attributes": {
            "creation_timestamp": "2023-11-05T21:49:04.001-08:00",
            "default_route_action": [],
            "default_service": "https://www.googleapis.com/compute/v1/projects/race-tf/regions/asia-south2/backendServices/backend-bs",
            "default_url_redirect": [],
            "description": "",
            "fingerprint": "hRSJHSAjmZM=",
            "host_rule": [],
            "id": "projects/race-tf/regions/asia-south2/urlMaps/backend-url-map",
            "map_id": 5030602309699485856,
            "name": "backend-url-map",
            "path_matcher": [],
            "project": "race-tf",
            "region": "asia-south2",
            "self_link": "https://www.googleapis.com/compute/v1/projects/race-tf/regions/asia-south2/urlMaps/backend-url-map",
            "test": [],
            "timeouts": null
          },
          "sensitive_attributes": [],
          "private": "eyJlMmJmYjczMC1lY2FhLTExZTYtOGY4OC0zNDM2M2JjN2M0YzAiOnsiY3JlYXRlIjoxMjAwMDAwMDAwMDAwLCJkZWxldGUiOjEyMDAwMDAwMDAwMDAsInVwZGF0ZSI6MTIwMDAwMDAwMDAwMH19",
          "dependencies": [
            "google_compute_global_address.reserved_ip_range",
            "google_compute_instance_group_manager.backend_asia",
            "google_compute_instance_template.backend_template_asia",
            "google_compute_network.network",
            "google_compute_region_backend_service.backend_service",
            "google_compute_region_health_check.backend",
            "google_compute_subnetwork.subnet",
            "google_service_account.compute_sa",
            "google_service_networking_connection.private_access",
            "google_sql_database_instance.instance"
          ]
        }
      ]
    },
    {
      "mode": "managed",
      "type": "google_compute_router",
      "name": "router-asia",
      "provider": "provider[\"registry.terraform.io/hashicorp/google\"]",
      "instances": [
        {
          "schema_version": 0,
          "attributes": {
            "bgp": [
              {
                "advertise_mode": "DEFAULT",
                "advertised_groups": [],
                "advertised_ip_ranges": [],
                "asn": 64514,
                "keepalive_interval": 20
              }
            ],
            "creation_timestamp": "2023-11-05T20:29:36.718-08:00",
            "description": "",
            "encrypted_interconnect_router": false,
            "id": "projects/race-tf/regions/asia-south2/routers/router-asia",
            "name": "router-asia",
            "network": "https://www.googleapis.com/compute/v1/projects/race-tf/global/networks/network-race",
            "project": "race-tf",
            "region": "asia-south2",
            "self_link": "https://www.googleapis.com/compute/v1/projects/race-tf/regions/asia-south2/routers/router-asia",
            "timeouts": null
          },
          "sensitive_attributes": [],
          "private": "eyJlMmJmYjczMC1lY2FhLTExZTYtOGY4OC0zNDM2M2JjN2M0YzAiOnsiY3JlYXRlIjoxMjAwMDAwMDAwMDAwLCJkZWxldGUiOjEyMDAwMDAwMDAwMDAsInVwZGF0ZSI6MTIwMDAwMDAwMDAwMH19",
          "dependencies": [
            "google_compute_network.network"
          ]
        }
      ]
    },
    {
      "mode": "managed",
      "type": "google_compute_router",
      "name": "router-us",
      "provider": "provider[\"registry.terraform.io/hashicorp/google\"]",
      "instances": [
        {
          "schema_version": 0,
          "attributes": {
            "bgp": [
              {
                "advertise_mode": "DEFAULT",
                "advertised_groups": [],
                "advertised_ip_ranges": [],
                "asn": 64514,
                "keepalive_interval": 20
              }
            ],
            "creation_timestamp": "2023-11-05T20:29:38.963-08:00",
            "description": "",
            "encrypted_interconnect_router": false,
            "id": "projects/race-tf/regions/us-central1/routers/router-us",
            "name": "router-us",
            "network": "https://www.googleapis.com/compute/v1/projects/race-tf/global/networks/network-race",
            "project": "race-tf",
            "region": "us-central1",
            "self_link": "https://www.googleapis.com/compute/v1/projects/race-tf/regions/us-central1/routers/router-us",
            "timeouts": null
          },
          "sensitive_attributes": [],
          "private": "eyJlMmJmYjczMC1lY2FhLTExZTYtOGY4OC0zNDM2M2JjN2M0YzAiOnsiY3JlYXRlIjoxMjAwMDAwMDAwMDAwLCJkZWxldGUiOjEyMDAwMDAwMDAwMDAsInVwZGF0ZSI6MTIwMDAwMDAwMDAwMH19",
          "dependencies": [
            "google_compute_network.network"
          ]
        }
      ]
    },
    {
      "mode": "managed",
      "type": "google_compute_router_nat",
      "name": "nat-asia",
      "provider": "provider[\"registry.terraform.io/hashicorp/google\"]",
      "instances": [
        {
          "schema_version": 0,
          "attributes": {
            "drain_nat_ips": [],
            "enable_dynamic_port_allocation": false,
            "enable_endpoint_independent_mapping": false,
            "icmp_idle_timeout_sec": 30,
            "id": "race-tf/asia-south2/router-asia/router-nat-asia",
            "log_config": [
              {
                "enable": true,
                "filter": "ALL"
              }
            ],
            "max_ports_per_vm": 0,
            "min_ports_per_vm": 0,
            "name": "router-nat-asia",
            "nat_ip_allocate_option": "AUTO_ONLY",
            "nat_ips": [],
            "project": "race-tf",
            "region": "asia-south2",
            "router": "router-asia",
            "rules": [],
            "source_subnetwork_ip_ranges_to_nat": "ALL_SUBNETWORKS_ALL_PRIMARY_IP_RANGES",
            "subnetwork": [],
            "tcp_established_idle_timeout_sec": 1200,
            "tcp_time_wait_timeout_sec": 120,
            "tcp_transitory_idle_timeout_sec": 30,
            "timeouts": null,
            "udp_idle_timeout_sec": 30
          },
          "sensitive_attributes": [],
          "private": "eyJlMmJmYjczMC1lY2FhLTExZTYtOGY4OC0zNDM2M2JjN2M0YzAiOnsiY3JlYXRlIjoxMjAwMDAwMDAwMDAwLCJkZWxldGUiOjEyMDAwMDAwMDAwMDAsInVwZGF0ZSI6MTIwMDAwMDAwMDAwMH19",
          "dependencies": [
            "google_compute_network.network",
            "google_compute_router.router-asia"
          ]
        }
      ]
    },
    {
      "mode": "managed",
      "type": "google_compute_router_nat",
      "name": "nat-us",
      "provider": "provider[\"registry.terraform.io/hashicorp/google\"]",
      "instances": [
        {
          "schema_version": 0,
          "attributes": {
            "drain_nat_ips": [],
            "enable_dynamic_port_allocation": false,
            "enable_endpoint_independent_mapping": false,
            "icmp_idle_timeout_sec": 30,
            "id": "race-tf/us-central1/router-us/router-nat-us",
            "log_config": [
              {
                "enable": true,
                "filter": "ALL"
              }
            ],
            "max_ports_per_vm": 0,
            "min_ports_per_vm": 0,
            "name": "router-nat-us",
            "nat_ip_allocate_option": "AUTO_ONLY",
            "nat_ips": [],
            "project": "race-tf",
            "region": "us-central1",
            "router": "router-us",
            "rules": [],
            "source_subnetwork_ip_ranges_to_nat": "ALL_SUBNETWORKS_ALL_PRIMARY_IP_RANGES",
            "subnetwork": [],
            "tcp_established_idle_timeout_sec": 1200,
            "tcp_time_wait_timeout_sec": 120,
            "tcp_transitory_idle_timeout_sec": 30,
            "timeouts": null,
            "udp_idle_timeout_sec": 30
          },
          "sensitive_attributes": [],
          "private": "eyJlMmJmYjczMC1lY2FhLTExZTYtOGY4OC0zNDM2M2JjN2M0YzAiOnsiY3JlYXRlIjoxMjAwMDAwMDAwMDAwLCJkZWxldGUiOjEyMDAwMDAwMDAwMDAsInVwZGF0ZSI6MTIwMDAwMDAwMDAwMH19",
          "dependencies": [
            "google_compute_network.network",
            "google_compute_router.router-us"
          ]
        }
      ]
    },
    {
      "mode": "managed",
      "type": "google_compute_subnetwork",
      "name": "proxy_subnet",
      "provider": "provider[\"registry.terraform.io/hashicorp/google\"]",
      "instances": [
        {
          "schema_version": 0,
          "attributes": {
            "creation_timestamp": "2023-11-05T20:29:39.389-08:00",
            "description": "",
            "external_ipv6_prefix": "",
            "fingerprint": null,
            "gateway_address": "192.168.3.1",
            "id": "projects/race-tf/regions/asia-south2/subnetworks/proxy-lb-asia",
            "internal_ipv6_prefix": "",
            "ip_cidr_range": "192.168.3.0/24",
            "ipv6_access_type": "",
            "ipv6_cidr_range": "",
            "log_config": [],
            "name": "proxy-lb-asia",
            "network": "https://www.googleapis.com/compute/v1/projects/race-tf/global/networks/network-race",
            "private_ip_google_access": false,
            "private_ipv6_google_access": "DISABLE_GOOGLE_ACCESS",
            "project": "race-tf",
            "purpose": "REGIONAL_MANAGED_PROXY",
            "region": "asia-south2",
            "role": "ACTIVE",
            "secondary_ip_range": [],
            "self_link": "https://www.googleapis.com/compute/v1/projects/race-tf/regions/asia-south2/subnetworks/proxy-lb-asia",
            "stack_type": "",
            "timeouts": null
          },
          "sensitive_attributes": [],
          "private": "eyJlMmJmYjczMC1lY2FhLTExZTYtOGY4OC0zNDM2M2JjN2M0YzAiOnsiY3JlYXRlIjoxMjAwMDAwMDAwMDAwLCJkZWxldGUiOjEyMDAwMDAwMDAwMDAsInVwZGF0ZSI6MTIwMDAwMDAwMDAwMH19",
          "dependencies": [
            "google_compute_network.network"
          ]
        }
      ]
    },
    {
      "mode": "managed",
      "type": "google_compute_subnetwork",
      "name": "subnet",
      "provider": "provider[\"registry.terraform.io/hashicorp/google\"]",
      "instances": [
        {
          "index_key": "backend-asia",
          "schema_version": 0,
          "attributes": {
            "creation_timestamp": "2023-11-05T20:29:39.992-08:00",
            "description": "",
            "external_ipv6_prefix": "",
            "fingerprint": null,
            "gateway_address": "192.168.2.1",
            "id": "projects/race-tf/regions/asia-south2/subnetworks/backend-asia",
            "internal_ipv6_prefix": "",
            "ip_cidr_range": "192.168.2.0/24",
            "ipv6_access_type": "",
            "ipv6_cidr_range": "",
            "log_config": [],
            "name": "backend-asia",
            "network": "https://www.googleapis.com/compute/v1/projects/race-tf/global/networks/network-race",
            "private_ip_google_access": true,
            "private_ipv6_google_access": "DISABLE_GOOGLE_ACCESS",
            "project": "race-tf",
            "purpose": "PRIVATE",
            "region": "asia-south2",
            "role": "",
            "secondary_ip_range": [],
            "self_link": "https://www.googleapis.com/compute/v1/projects/race-tf/regions/asia-south2/subnetworks/backend-asia",
            "stack_type": "IPV4_ONLY",
            "timeouts": null
          },
          "sensitive_attributes": [],
          "private": "eyJlMmJmYjczMC1lY2FhLTExZTYtOGY4OC0zNDM2M2JjN2M0YzAiOnsiY3JlYXRlIjoxMjAwMDAwMDAwMDAwLCJkZWxldGUiOjEyMDAwMDAwMDAwMDAsInVwZGF0ZSI6MTIwMDAwMDAwMDAwMH19",
          "dependencies": [
            "google_compute_network.network"
          ]
        },
        {
          "index_key": "frontend-asia",
          "schema_version": 0,
          "attributes": {
            "creation_timestamp": "2023-11-05T20:29:39.888-08:00",
            "description": "",
            "external_ipv6_prefix": "",
            "fingerprint": null,
            "gateway_address": "192.168.0.1",
            "id": "projects/race-tf/regions/asia-south2/subnetworks/frontend-asia",
            "internal_ipv6_prefix": "",
            "ip_cidr_range": "192.168.0.0/24",
            "ipv6_access_type": "",
            "ipv6_cidr_range": "",
            "log_config": [],
            "name": "frontend-asia",
            "network": "https://www.googleapis.com/compute/v1/projects/race-tf/global/networks/network-race",
            "private_ip_google_access": true,
            "private_ipv6_google_access": "DISABLE_GOOGLE_ACCESS",
            "project": "race-tf",
            "purpose": "PRIVATE",
            "region": "asia-south2",
            "role": "",
            "secondary_ip_range": [],
            "self_link": "https://www.googleapis.com/compute/v1/projects/race-tf/regions/asia-south2/subnetworks/frontend-asia",
            "stack_type": "IPV4_ONLY",
            "timeouts": null
          },
          "sensitive_attributes": [],
          "private": "eyJlMmJmYjczMC1lY2FhLTExZTYtOGY4OC0zNDM2M2JjN2M0YzAiOnsiY3JlYXRlIjoxMjAwMDAwMDAwMDAwLCJkZWxldGUiOjEyMDAwMDAwMDAwMDAsInVwZGF0ZSI6MTIwMDAwMDAwMDAwMH19",
          "dependencies": [
            "google_compute_network.network"
          ]
        },
        {
          "index_key": "frontend-us",
          "schema_version": 0,
          "attributes": {
            "creation_timestamp": "2023-11-05T20:29:38.092-08:00",
            "description": "",
            "external_ipv6_prefix": "",
            "fingerprint": null,
            "gateway_address": "192.168.1.1",
            "id": "projects/race-tf/regions/us-central1/subnetworks/frontend-us",
            "internal_ipv6_prefix": "",
            "ip_cidr_range": "192.168.1.0/24",
            "ipv6_access_type": "",
            "ipv6_cidr_range": "",
            "log_config": [],
            "name": "frontend-us",
            "network": "https://www.googleapis.com/compute/v1/projects/race-tf/global/networks/network-race",
            "private_ip_google_access": true,
            "private_ipv6_google_access": "DISABLE_GOOGLE_ACCESS",
            "project": "race-tf",
            "purpose": "PRIVATE",
            "region": "us-central1",
            "role": "",
            "secondary_ip_range": [],
            "self_link": "https://www.googleapis.com/compute/v1/projects/race-tf/regions/us-central1/subnetworks/frontend-us",
            "stack_type": "IPV4_ONLY",
            "timeouts": null
          },
          "sensitive_attributes": [],
          "private": "eyJlMmJmYjczMC1lY2FhLTExZTYtOGY4OC0zNDM2M2JjN2M0YzAiOnsiY3JlYXRlIjoxMjAwMDAwMDAwMDAwLCJkZWxldGUiOjEyMDAwMDAwMDAwMDAsInVwZGF0ZSI6MTIwMDAwMDAwMDAwMH19",
          "dependencies": [
            "google_compute_network.network"
          ]
        }
      ]
    },
    {
      "mode": "managed",
      "type": "google_compute_target_http_proxy",
      "name": "proxy_frontend",
      "provider": "provider[\"registry.terraform.io/hashicorp/google\"]",
      "instances": [
        {
          "schema_version": 0,
          "attributes": {
            "creation_timestamp": "2023-11-05T21:49:43.564-08:00",
            "description": "a description",
            "http_keep_alive_timeout_sec": 0,
            "id": "projects/race-tf/global/targetHttpProxies/frontend-fw",
            "name": "frontend-fw",
            "project": "race-tf",
            "proxy_bind": false,
            "proxy_id": 7480764165748277400,
            "self_link": "https://www.googleapis.com/compute/v1/projects/race-tf/global/targetHttpProxies/frontend-fw",
            "timeouts": null,
            "url_map": "https://www.googleapis.com/compute/v1/projects/race-tf/global/urlMaps/frontend-url-map"
          },
          "sensitive_attributes": [],
          "private": "eyJlMmJmYjczMC1lY2FhLTExZTYtOGY4OC0zNDM2M2JjN2M0YzAiOnsiY3JlYXRlIjoxMjAwMDAwMDAwMDAwLCJkZWxldGUiOjEyMDAwMDAwMDAwMDAsInVwZGF0ZSI6MTIwMDAwMDAwMDAwMH19",
          "dependencies": [
            "google_compute_address.backend_ip",
            "google_compute_backend_service.frontend_service",
            "google_compute_http_health_check.frontend_health_check",
            "google_compute_instance_group_manager.frontend_asia",
            "google_compute_instance_group_manager.frontend_us",
            "google_compute_instance_template.frontend_template_asia",
            "google_compute_instance_template.frontend_template_us",
            "google_compute_network.network",
            "google_compute_subnetwork.subnet",
            "google_compute_url_map.frontend_url_map",
            "google_service_account.compute_sa"
          ]
        }
      ]
    },
    {
      "mode": "managed",
      "type": "google_compute_url_map",
      "name": "frontend_url_map",
      "provider": "provider[\"registry.terraform.io/hashicorp/google\"]",
      "instances": [
        {
          "schema_version": 0,
          "attributes": {
            "creation_timestamp": "2023-11-05T21:49:31.609-08:00",
            "default_route_action": [],
            "default_service": "https://www.googleapis.com/compute/v1/projects/race-tf/global/backendServices/frontend-bs",
            "default_url_redirect": [],
            "description": "a description",
            "fingerprint": "wRQ6wQV0Dgc=",
            "header_action": [],
            "host_rule": [],
            "id": "projects/race-tf/global/urlMaps/frontend-url-map",
            "map_id": 113440895577473157,
            "name": "frontend-url-map",
            "path_matcher": [],
            "project": "race-tf",
            "self_link": "https://www.googleapis.com/compute/v1/projects/race-tf/global/urlMaps/frontend-url-map",
            "test": [],
            "timeouts": null
          },
          "sensitive_attributes": [],
          "private": "eyJlMmJmYjczMC1lY2FhLTExZTYtOGY4OC0zNDM2M2JjN2M0YzAiOnsiY3JlYXRlIjoxMjAwMDAwMDAwMDAwLCJkZWxldGUiOjEyMDAwMDAwMDAwMDAsInVwZGF0ZSI6MTIwMDAwMDAwMDAwMH19",
          "dependencies": [
            "google_compute_address.backend_ip",
            "google_compute_backend_service.frontend_service",
            "google_compute_http_health_check.frontend_health_check",
            "google_compute_instance_group_manager.frontend_asia",
            "google_compute_instance_group_manager.frontend_us",
            "google_compute_instance_template.frontend_template_asia",
            "google_compute_instance_template.frontend_template_us",
            "google_compute_network.network",
            "google_compute_subnetwork.subnet",
            "google_service_account.compute_sa"
          ]
        }
      ]
    },
    {
      "mode": "managed",
      "type": "google_project_iam_binding",
      "name": "sa_iam_binding",
      "provider": "provider[\"registry.terraform.io/hashicorp/google\"]",
      "instances": [
        {
          "schema_version": 0,
          "attributes": {
            "condition": [],
            "etag": "BwYJdWUqbxc=",
            "id": "race-tf/roles/storage.admin",
            "members": [
              "serviceAccount:compute-sa@race-tf.iam.gserviceaccount.com"
            ],
            "project": "race-tf",
            "role": "roles/storage.admin"
          },
          "sensitive_attributes": [],
          "private": "bnVsbA==",
          "dependencies": [
            "google_service_account.compute_sa"
          ]
        }
      ]
    },
    {
      "mode": "managed",
      "type": "google_service_account",
      "name": "compute_sa",
      "provider": "provider[\"registry.terraform.io/hashicorp/google\"]",
      "instances": [
        {
          "schema_version": 0,
          "attributes": {
            "account_id": "compute-sa",
            "description": "",
            "disabled": false,
            "display_name": "Compute Service Account",
            "email": "compute-sa@race-tf.iam.gserviceaccount.com",
            "id": "projects/race-tf/serviceAccounts/compute-sa@race-tf.iam.gserviceaccount.com",
            "member": "serviceAccount:compute-sa@race-tf.iam.gserviceaccount.com",
            "name": "projects/race-tf/serviceAccounts/compute-sa@race-tf.iam.gserviceaccount.com",
            "project": "race-tf",
            "timeouts": null,
            "unique_id": "113018666170814894611"
          },
          "sensitive_attributes": [],
          "private": "eyJlMmJmYjczMC1lY2FhLTExZTYtOGY4OC0zNDM2M2JjN2M0YzAiOnsiY3JlYXRlIjozMDAwMDAwMDAwMDB9fQ=="
        }
      ]
    },
    {
      "mode": "managed",
      "type": "google_service_networking_connection",
      "name": "private_access",
      "provider": "provider[\"registry.terraform.io/hashicorp/google-beta\"]",
      "instances": [
        {
          "schema_version": 0,
          "attributes": {
            "id": "projects%2Frace-tf%2Fglobal%2Fnetworks%2Fnetwork-race:servicenetworking.googleapis.com",
            "network": "projects/race-tf/global/networks/network-race",
            "peering": "servicenetworking-googleapis-com",
            "reserved_peering_ranges": [
              "sql-range"
            ],
            "service": "servicenetworking.googleapis.com",
            "timeouts": null
          },
          "sensitive_attributes": [],
          "private": "eyJlMmJmYjczMC1lY2FhLTExZTYtOGY4OC0zNDM2M2JjN2M0YzAiOnsiY3JlYXRlIjo2MDAwMDAwMDAwMDAsImRlbGV0ZSI6NjAwMDAwMDAwMDAwLCJ1cGRhdGUiOjYwMDAwMDAwMDAwMH19",
          "dependencies": [
            "google_compute_global_address.reserved_ip_range",
            "google_compute_network.network"
          ]
        }
      ]
    },
    {
      "mode": "managed",
      "type": "google_sql_database",
      "name": "database",
      "provider": "provider[\"registry.terraform.io/hashicorp/google\"]",
      "instances": [
        {
          "schema_version": 0,
          "attributes": {
            "charset": "utf8",
            "collation": "utf8_general_ci",
            "deletion_policy": "DELETE",
            "id": "projects/race-tf/instances/sql-race-game/databases/race_game",
            "instance": "sql-race-game",
            "name": "race_game",
            "project": "race-tf",
            "self_link": "https://sqladmin.googleapis.com/sql/v1beta4/projects/race-tf/instances/sql-race-game/databases/race_game",
            "timeouts": null
          },
          "sensitive_attributes": [],
          "private": "eyJlMmJmYjczMC1lY2FhLTExZTYtOGY4OC0zNDM2M2JjN2M0YzAiOnsiY3JlYXRlIjoxMjAwMDAwMDAwMDAwLCJkZWxldGUiOjEyMDAwMDAwMDAwMDAsInVwZGF0ZSI6MTIwMDAwMDAwMDAwMH19",
          "dependencies": [
            "google_compute_global_address.reserved_ip_range",
            "google_compute_network.network",
            "google_service_networking_connection.private_access",
            "google_sql_database_instance.instance"
          ]
        }
      ]
    },
    {
      "mode": "managed",
      "type": "google_sql_database_instance",
      "name": "instance",
      "provider": "provider[\"registry.terraform.io/hashicorp/google-beta\"]",
      "instances": [
        {
          "schema_version": 0,
          "attributes": {
            "available_maintenance_versions": [],
            "clone": [],
            "connection_name": "race-tf:asia-south2:sql-race-game",
            "database_version": "MYSQL_5_7",
            "deletion_protection": true,
            "dns_name": "",
            "encryption_key_name": null,
            "first_ip_address": "34.131.1.223",
            "id": "sql-race-game",
            "instance_type": "CLOUD_SQL_INSTANCE",
            "ip_address": [
              {
                "ip_address": "34.131.1.223",
                "time_to_retire": "",
                "type": "PRIMARY"
              },
              {
                "ip_address": "10.58.0.3",
                "time_to_retire": "",
                "type": "PRIVATE"
              }
            ],
            "maintenance_version": "MYSQL_5_7_43.R20230909.02_07",
            "master_instance_name": "",
            "name": "sql-race-game",
            "private_ip_address": "10.58.0.3",
            "project": "race-tf",
            "psc_service_attachment_link": "",
            "public_ip_address": "34.131.1.223",
            "region": "asia-south2",
            "replica_configuration": [],
            "restore_backup_context": [],
            "root_password": "gkem1234",
            "self_link": "https://sqladmin.googleapis.com/sql/v1beta4/projects/race-tf/instances/sql-race-game",
            "server_ca_cert": [
              {
                "cert": "-----BEGIN CERTIFICATE-----\nMIIDfzCCAmegAwIBAgIBADANBgkqhkiG9w0BAQsFADB3MS0wKwYDVQQuEyQ1NmIw\nMTI3Ni01M2YxLTQ0YzYtODk0Mi0yMDM5ZDA1MTIyNjYxIzAhBgNVBAMTGkdvb2ds\nZSBDbG91ZCBTUUwgU2VydmVyIENBMRQwEgYDVQQKEwtHb29nbGUsIEluYzELMAkG\nA1UEBhMCVVMwHhcNMjMxMTA2MDQzNDQzWhcNMzMxMTAzMDQzNTQzWjB3MS0wKwYD\nVQQuEyQ1NmIwMTI3Ni01M2YxLTQ0YzYtODk0Mi0yMDM5ZDA1MTIyNjYxIzAhBgNV\nBAMTGkdvb2dsZSBDbG91ZCBTUUwgU2VydmVyIENBMRQwEgYDVQQKEwtHb29nbGUs\nIEluYzELMAkGA1UEBhMCVVMwggEiMA0GCSqGSIb3DQEBAQUAA4IBDwAwggEKAoIB\nAQCogSnbo6S0e45HqHyygLvov6w3ZOUGdJO0HsCQARsuDxxLZSG6dzWB/hjIPBtb\nyePFzt20CZR9pk3Y6zGtpmcGlN3oSyZb9ie42x9b92NWaJjesyJvgyX09upjYgDE\nspxuVDELn7w9ebWjMsnaGeDRwMY9QEk5U+C0skSAE6oDzlZt/rSiYShc4p+f7NAm\na10uNBfPBC3NHnRGQhIIloa+4y6DMtqlEW/+tCzz9kyYziJo9nZMvqiEgdOOqMLh\nebHOQuenTTtHtjIQydD6bJtog1+MKRTcupfjNVf1EubnvM31OdnAk3MNohD0MR1s\nMtwB8J3pD82wIeECfAa8d0pXAgMBAAGjFjAUMBIGA1UdEwEB/wQIMAYBAf8CAQAw\nDQYJKoZIhvcNAQELBQADggEBAFZTAfN941sVjSqbuoRCXUvj3iK7hzWmHWtbUiea\nyJlf+ik0ASQPwDMVg1wGdxHahYAJsyFpOCek3XanZLDXV7UhkBcoXOYCZj/TDF0a\nJBxRY9bJJ4M+llh+2TLtPn06TkKe8Ua/etO6VZBmagqQsCq+bSQBHBbt4DAh7wxV\n1X07asDu/aZ8mgqGiRqYdjsVOiRXTMOBtTu+/n746RHtuhA7KQepueQR/3AYyHRk\nZsrZ4VG+xOKdTkR8QSKR0ByQeqLX6NosZ3QXyqJ4ItSoJeTs5+psOd+I+u7Mt6KE\ndn673qTnpR/+ROeYF81yQcjhewtyvDg++qw26d/t0/JB8WM=\n-----END CERTIFICATE-----",
                "common_name": "C=US,O=Google\\, Inc,CN=Google Cloud SQL Server CA,dnQualifier=56b01276-53f1-44c6-8942-2039d0512266",
                "create_time": "2023-11-06T04:34:43.128Z",
                "expiration_time": "2033-11-03T04:35:43.128Z",
                "sha1_fingerprint": "41ab2b43ca92d747d72a2554e32ac4312a6582d2"
              }
            ],
            "service_account_email_address": "p1053960743965-2oyxwt@gcp-sa-cloud-sql.iam.gserviceaccount.com",
            "settings": [
              {
                "activation_policy": "ALWAYS",
                "active_directory_config": [],
                "advanced_machine_features": [],
                "availability_type": "ZONAL",
                "backup_configuration": [
                  {
                    "backup_retention_settings": [
                      {
                        "retained_backups": 7,
                        "retention_unit": "COUNT"
                      }
                    ],
                    "binary_log_enabled": false,
                    "enabled": false,
                    "location": "",
                    "point_in_time_recovery_enabled": false,
                    "start_time": "19:00",
                    "transaction_log_retention_days": 7
                  }
                ],
                "collation": "",
                "connector_enforcement": "NOT_REQUIRED",
                "data_cache_config": [],
                "database_flags": [],
                "deletion_protection_enabled": false,
                "deny_maintenance_period": [],
                "disk_autoresize": true,
                "disk_autoresize_limit": 0,
                "disk_size": 10,
                "disk_type": "PD_SSD",
                "edition": "ENTERPRISE",
                "insights_config": [],
                "ip_configuration": [
                  {
                    "allocated_ip_range": "",
                    "authorized_networks": [],
                    "enable_private_path_for_google_cloud_services": true,
                    "ipv4_enabled": true,
                    "private_network": "projects/race-tf/global/networks/network-race",
                    "psc_config": [],
                    "require_ssl": false
                  }
                ],
                "location_preference": [
                  {
                    "follow_gae_application": "",
                    "secondary_zone": "",
                    "zone": "asia-south2-b"
                  }
                ],
                "maintenance_window": [],
                "password_validation_policy": [],
                "pricing_plan": "PER_USE",
                "sql_server_audit_config": [],
                "tier": "db-f1-micro",
                "time_zone": "",
                "user_labels": {},
                "version": 15
              }
            ],
            "timeouts": null
          },
          "sensitive_attributes": [],
          "private": "eyJlMmJmYjczMC1lY2FhLTExZTYtOGY4OC0zNDM2M2JjN2M0YzAiOnsiY3JlYXRlIjoyNDAwMDAwMDAwMDAwLCJkZWxldGUiOjE4MDAwMDAwMDAwMDAsInVwZGF0ZSI6MTgwMDAwMDAwMDAwMH19",
          "dependencies": [
            "google_compute_global_address.reserved_ip_range",
            "google_compute_network.network",
            "google_service_networking_connection.private_access"
          ]
        }
      ]
    },
    {
      "mode": "managed",
      "type": "google_sql_user",
      "name": "iam_user",
      "provider": "provider[\"registry.terraform.io/hashicorp/google\"]",
      "instances": [
        {
          "schema_version": 1,
          "attributes": {
            "deletion_policy": null,
            "host": "",
            "id": "root//sql-race-game",
            "instance": "sql-race-game",
            "name": "root",
            "password": null,
            "password_policy": [],
            "project": "race-tf",
            "sql_server_user_details": [],
            "timeouts": null,
            "type": ""
          },
          "sensitive_attributes": [],
          "private": "eyJlMmJmYjczMC1lY2FhLTExZTYtOGY4OC0zNDM2M2JjN2M0YzAiOnsiY3JlYXRlIjo2MDAwMDAwMDAwMDAsImRlbGV0ZSI6NjAwMDAwMDAwMDAwLCJ1cGRhdGUiOjYwMDAwMDAwMDAwMH0sInNjaGVtYV92ZXJzaW9uIjoiMSJ9",
          "dependencies": [
            "google_compute_global_address.reserved_ip_range",
            "google_compute_network.network",
            "google_service_networking_connection.private_access",
            "google_sql_database_instance.instance"
          ]
        }
      ]
    },
    {
      "mode": "managed",
      "type": "google_storage_bucket",
      "name": "bucket",
      "provider": "provider[\"registry.terraform.io/hashicorp/google\"]",
      "instances": [
        {
          "schema_version": 1,
          "attributes": {
            "autoclass": [],
            "cors": [],
            "custom_placement_config": [],
            "default_event_based_hold": false,
            "effective_labels": {},
            "encryption": [],
            "force_destroy": false,
            "id": "race-gce-files",
            "labels": {},
            "lifecycle_rule": [],
            "location": "US",
            "logging": [],
            "name": "race-gce-files",
            "project": "race-tf",
            "public_access_prevention": "inherited",
            "requester_pays": false,
            "retention_policy": [],
            "self_link": "https://www.googleapis.com/storage/v1/b/race-gce-files",
            "storage_class": "STANDARD",
            "terraform_labels": {},
            "timeouts": null,
            "uniform_bucket_level_access": false,
            "url": "gs://race-gce-files",
            "versioning": [],
            "website": []
          },
          "sensitive_attributes": [],
          "private": "eyJlMmJmYjczMC1lY2FhLTExZTYtOGY4OC0zNDM2M2JjN2M0YzAiOnsiY3JlYXRlIjo2MDAwMDAwMDAwMDAsInJlYWQiOjI0MDAwMDAwMDAwMCwidXBkYXRlIjoyNDAwMDAwMDAwMDB9LCJzY2hlbWFfdmVyc2lvbiI6IjEifQ=="
        }
      ]
    },
    {
      "mode": "managed",
      "type": "google_storage_bucket_object",
      "name": "example_objects",
      "provider": "provider[\"registry.terraform.io/hashicorp/google\"]",
      "instances": [
        {
          "index_key": "app/package-lock.json",
          "schema_version": 0,
          "attributes": {
            "bucket": "race-gce-files",
            "cache_control": "",
            "content": null,
            "content_disposition": "",
            "content_encoding": "",
            "content_language": "",
            "content_type": "text/plain; charset=utf-8",
            "crc32c": "wm5x+w==",
            "customer_encryption": [],
            "detect_md5hash": "bAQWFo0VPcom9YQkf9puWw==",
            "event_based_hold": false,
            "id": "race-gce-files-app/package-lock.json",
            "kms_key_name": "",
            "md5hash": "bAQWFo0VPcom9YQkf9puWw==",
            "media_link": "https://storage.googleapis.com/download/storage/v1/b/race-gce-files/o/app%2Fpackage-lock.json?generation=1699244961655297\u0026alt=media",
            "metadata": {},
            "name": "app/package-lock.json",
            "output_name": "app/package-lock.json",
            "self_link": "https://www.googleapis.com/storage/v1/b/race-gce-files/o/app%2Fpackage-lock.json",
            "source": "../app/package-lock.json",
            "storage_class": "STANDARD",
            "temporary_hold": false,
            "timeouts": null
          },
          "sensitive_attributes": [],
          "private": "eyJlMmJmYjczMC1lY2FhLTExZTYtOGY4OC0zNDM2M2JjN2M0YzAiOnsiY3JlYXRlIjoyNDAwMDAwMDAwMDAsImRlbGV0ZSI6MjQwMDAwMDAwMDAwLCJ1cGRhdGUiOjI0MDAwMDAwMDAwMH19",
          "dependencies": [
            "google_storage_bucket.bucket"
          ]
        },
        {
          "index_key": "app/package.json",
          "schema_version": 0,
          "attributes": {
            "bucket": "race-gce-files",
            "cache_control": "",
            "content": null,
            "content_disposition": "",
            "content_encoding": "",
            "content_language": "",
            "content_type": "text/plain; charset=utf-8",
            "crc32c": "21GnYQ==",
            "customer_encryption": [],
            "detect_md5hash": "i7GiKnKb6gvBDgINBQC1FQ==",
            "event_based_hold": false,
            "id": "race-gce-files-app/package.json",
            "kms_key_name": "",
            "md5hash": "i7GiKnKb6gvBDgINBQC1FQ==",
            "media_link": "https://storage.googleapis.com/download/storage/v1/b/race-gce-files/o/app%2Fpackage.json?generation=1699244953556459\u0026alt=media",
            "metadata": {},
            "name": "app/package.json",
            "output_name": "app/package.json",
            "self_link": "https://www.googleapis.com/storage/v1/b/race-gce-files/o/app%2Fpackage.json",
            "source": "../app/package.json",
            "storage_class": "STANDARD",
            "temporary_hold": false,
            "timeouts": null
          },
          "sensitive_attributes": [],
          "private": "eyJlMmJmYjczMC1lY2FhLTExZTYtOGY4OC0zNDM2M2JjN2M0YzAiOnsiY3JlYXRlIjoyNDAwMDAwMDAwMDAsImRlbGV0ZSI6MjQwMDAwMDAwMDAwLCJ1cGRhdGUiOjI0MDAwMDAwMDAwMH19",
          "dependencies": [
            "google_storage_bucket.bucket"
          ]
        },
        {
          "index_key": "app/server.js",
          "schema_version": 0,
          "attributes": {
            "bucket": "race-gce-files",
            "cache_control": "",
            "content": null,
            "content_disposition": "",
            "content_encoding": "",
            "content_language": "",
            "content_type": "text/plain; charset=utf-8",
            "crc32c": "eVPO3Q==",
            "customer_encryption": [],
            "detect_md5hash": "jMAfMK9qYJ+Il6rtl87DMg==",
            "event_based_hold": false,
            "id": "race-gce-files-app/server.js",
            "kms_key_name": "",
            "md5hash": "jMAfMK9qYJ+Il6rtl87DMg==",
            "media_link": "https://storage.googleapis.com/download/storage/v1/b/race-gce-files/o/app%2Fserver.js?generation=1699244957853095\u0026alt=media",
            "metadata": {},
            "name": "app/server.js",
            "output_name": "app/server.js",
            "self_link": "https://www.googleapis.com/storage/v1/b/race-gce-files/o/app%2Fserver.js",
            "source": "../app/server.js",
            "storage_class": "STANDARD",
            "temporary_hold": false,
            "timeouts": null
          },
          "sensitive_attributes": [],
          "private": "eyJlMmJmYjczMC1lY2FhLTExZTYtOGY4OC0zNDM2M2JjN2M0YzAiOnsiY3JlYXRlIjoyNDAwMDAwMDAwMDAsImRlbGV0ZSI6MjQwMDAwMDAwMDAwLCJ1cGRhdGUiOjI0MDAwMDAwMDAwMH19",
          "dependencies": [
            "google_storage_bucket.bucket"
          ]
        },
        {
          "index_key": "backend-startup-script.sh",
          "schema_version": 0,
          "attributes": {
            "bucket": "race-gce-files",
            "cache_control": "",
            "content": null,
            "content_disposition": "",
            "content_encoding": "",
            "content_language": "",
            "content_type": "text/plain; charset=utf-8",
            "crc32c": "36zoQg==",
            "customer_encryption": [],
            "detect_md5hash": "aawKu+ahxwHDiqLBSAAuvw==",
            "event_based_hold": false,
            "id": "race-gce-files-backend-startup-script.sh",
            "kms_key_name": "",
            "md5hash": "aawKu+ahxwHDiqLBSAAuvw==",
            "media_link": "https://storage.googleapis.com/download/storage/v1/b/race-gce-files/o/backend-startup-script.sh?generation=1699244964055292\u0026alt=media",
            "metadata": {},
            "name": "backend-startup-script.sh",
            "output_name": "backend-startup-script.sh",
            "self_link": "https://www.googleapis.com/storage/v1/b/race-gce-files/o/backend-startup-script.sh",
            "source": "../backend-startup-script.sh",
            "storage_class": "STANDARD",
            "temporary_hold": false,
            "timeouts": null
          },
          "sensitive_attributes": [],
          "private": "eyJlMmJmYjczMC1lY2FhLTExZTYtOGY4OC0zNDM2M2JjN2M0YzAiOnsiY3JlYXRlIjoyNDAwMDAwMDAwMDAsImRlbGV0ZSI6MjQwMDAwMDAwMDAwLCJ1cGRhdGUiOjI0MDAwMDAwMDAwMH19",
          "dependencies": [
            "google_storage_bucket.bucket"
          ]
        },
        {
          "index_key": "config/nginx.conf",
          "schema_version": 0,
          "attributes": {
            "bucket": "race-gce-files",
            "cache_control": "",
            "content": null,
            "content_disposition": "",
            "content_encoding": "",
            "content_language": "",
            "content_type": "text/plain; charset=utf-8",
            "crc32c": "W95pXg==",
            "customer_encryption": [],
            "detect_md5hash": "7Cgx6xvQX5ReDSjh+PCmVw==",
            "event_based_hold": false,
            "id": "race-gce-files-config/nginx.conf",
            "kms_key_name": "",
            "md5hash": "7Cgx6xvQX5ReDSjh+PCmVw==",
            "media_link": "https://storage.googleapis.com/download/storage/v1/b/race-gce-files/o/config%2Fnginx.conf?generation=1699244963355181\u0026alt=media",
            "metadata": {},
            "name": "config/nginx.conf",
            "output_name": "config/nginx.conf",
            "self_link": "https://www.googleapis.com/storage/v1/b/race-gce-files/o/config%2Fnginx.conf",
            "source": "../config/nginx.conf",
            "storage_class": "STANDARD",
            "temporary_hold": false,
            "timeouts": null
          },
          "sensitive_attributes": [],
          "private": "eyJlMmJmYjczMC1lY2FhLTExZTYtOGY4OC0zNDM2M2JjN2M0YzAiOnsiY3JlYXRlIjoyNDAwMDAwMDAwMDAsImRlbGV0ZSI6MjQwMDAwMDAwMDAwLCJ1cGRhdGUiOjI0MDAwMDAwMDAwMH19",
          "dependencies": [
            "google_storage_bucket.bucket"
          ]
        },
        {
          "index_key": "frontend-git/package-lock.json",
          "schema_version": 0,
          "attributes": {
            "bucket": "race-gce-files",
            "cache_control": "",
            "content": null,
            "content_disposition": "",
            "content_encoding": "",
            "content_language": "",
            "content_type": "text/plain; charset=utf-8",
            "crc32c": "LTQOow==",
            "customer_encryption": [],
            "detect_md5hash": "wcQPnLyeNfsPPZkYqfAD7Q==",
            "event_based_hold": false,
            "id": "race-gce-files-frontend-git/package-lock.json",
            "kms_key_name": "",
            "md5hash": "wcQPnLyeNfsPPZkYqfAD7Q==",
            "media_link": "https://storage.googleapis.com/download/storage/v1/b/race-gce-files/o/frontend-git%2Fpackage-lock.json?generation=1699244955854797\u0026alt=media",
            "metadata": {},
            "name": "frontend-git/package-lock.json",
            "output_name": "frontend-git/package-lock.json",
            "self_link": "https://www.googleapis.com/storage/v1/b/race-gce-files/o/frontend-git%2Fpackage-lock.json",
            "source": "../frontend-git/package-lock.json",
            "storage_class": "STANDARD",
            "temporary_hold": false,
            "timeouts": null
          },
          "sensitive_attributes": [],
          "private": "eyJlMmJmYjczMC1lY2FhLTExZTYtOGY4OC0zNDM2M2JjN2M0YzAiOnsiY3JlYXRlIjoyNDAwMDAwMDAwMDAsImRlbGV0ZSI6MjQwMDAwMDAwMDAwLCJ1cGRhdGUiOjI0MDAwMDAwMDAwMH19",
          "dependencies": [
            "google_storage_bucket.bucket"
          ]
        },
        {
          "index_key": "frontend-git/package.json",
          "schema_version": 0,
          "attributes": {
            "bucket": "race-gce-files",
            "cache_control": "",
            "content": null,
            "content_disposition": "",
            "content_encoding": "",
            "content_language": "",
            "content_type": "text/plain; charset=utf-8",
            "crc32c": "rHPwfQ==",
            "customer_encryption": [],
            "detect_md5hash": "vPJ/FeljuiX4EWVKyz5zyQ==",
            "event_based_hold": false,
            "id": "race-gce-files-frontend-git/package.json",
            "kms_key_name": "",
            "md5hash": "vPJ/FeljuiX4EWVKyz5zyQ==",
            "media_link": "https://storage.googleapis.com/download/storage/v1/b/race-gce-files/o/frontend-git%2Fpackage.json?generation=1699244953960461\u0026alt=media",
            "metadata": {},
            "name": "frontend-git/package.json",
            "output_name": "frontend-git/package.json",
            "self_link": "https://www.googleapis.com/storage/v1/b/race-gce-files/o/frontend-git%2Fpackage.json",
            "source": "../frontend-git/package.json",
            "storage_class": "STANDARD",
            "temporary_hold": false,
            "timeouts": null
          },
          "sensitive_attributes": [],
          "private": "eyJlMmJmYjczMC1lY2FhLTExZTYtOGY4OC0zNDM2M2JjN2M0YzAiOnsiY3JlYXRlIjoyNDAwMDAwMDAwMDAsImRlbGV0ZSI6MjQwMDAwMDAwMDAwLCJ1cGRhdGUiOjI0MDAwMDAwMDAwMH19",
          "dependencies": [
            "google_storage_bucket.bucket"
          ]
        },
        {
          "index_key": "frontend-git/public/back.jpg",
          "schema_version": 0,
          "attributes": {
            "bucket": "race-gce-files",
            "cache_control": "",
            "content": null,
            "content_disposition": "",
            "content_encoding": "",
            "content_language": "",
            "content_type": "image/jpeg",
            "crc32c": "7mEltg==",
            "customer_encryption": [],
            "detect_md5hash": "ODnY6ImD7hTy0iZzfrCjqA==",
            "event_based_hold": false,
            "id": "race-gce-files-frontend-git/public/back.jpg",
            "kms_key_name": "",
            "md5hash": "ODnY6ImD7hTy0iZzfrCjqA==",
            "media_link": "https://storage.googleapis.com/download/storage/v1/b/race-gce-files/o/frontend-git%2Fpublic%2Fback.jpg?generation=1699244960156229\u0026alt=media",
            "metadata": {},
            "name": "frontend-git/public/back.jpg",
            "output_name": "frontend-git/public/back.jpg",
            "self_link": "https://www.googleapis.com/storage/v1/b/race-gce-files/o/frontend-git%2Fpublic%2Fback.jpg",
            "source": "../frontend-git/public/back.jpg",
            "storage_class": "STANDARD",
            "temporary_hold": false,
            "timeouts": null
          },
          "sensitive_attributes": [],
          "private": "eyJlMmJmYjczMC1lY2FhLTExZTYtOGY4OC0zNDM2M2JjN2M0YzAiOnsiY3JlYXRlIjoyNDAwMDAwMDAwMDAsImRlbGV0ZSI6MjQwMDAwMDAwMDAwLCJ1cGRhdGUiOjI0MDAwMDAwMDAwMH19",
          "dependencies": [
            "google_storage_bucket.bucket"
          ]
        },
        {
          "index_key": "frontend-git/public/background.jpg",
          "schema_version": 0,
          "attributes": {
            "bucket": "race-gce-files",
            "cache_control": "",
            "content": null,
            "content_disposition": "",
            "content_encoding": "",
            "content_language": "",
            "content_type": "image/jpeg",
            "crc32c": "7mEltg==",
            "customer_encryption": [],
            "detect_md5hash": "ODnY6ImD7hTy0iZzfrCjqA==",
            "event_based_hold": false,
            "id": "race-gce-files-frontend-git/public/background.jpg",
            "kms_key_name": "",
            "md5hash": "ODnY6ImD7hTy0iZzfrCjqA==",
            "media_link": "https://storage.googleapis.com/download/storage/v1/b/race-gce-files/o/frontend-git%2Fpublic%2Fbackground.jpg?generation=1699244959253215\u0026alt=media",
            "metadata": {},
            "name": "frontend-git/public/background.jpg",
            "output_name": "frontend-git/public/background.jpg",
            "self_link": "https://www.googleapis.com/storage/v1/b/race-gce-files/o/frontend-git%2Fpublic%2Fbackground.jpg",
            "source": "../frontend-git/public/background.jpg",
            "storage_class": "STANDARD",
            "temporary_hold": false,
            "timeouts": null
          },
          "sensitive_attributes": [],
          "private": "eyJlMmJmYjczMC1lY2FhLTExZTYtOGY4OC0zNDM2M2JjN2M0YzAiOnsiY3JlYXRlIjoyNDAwMDAwMDAwMDAsImRlbGV0ZSI6MjQwMDAwMDAwMDAwLCJ1cGRhdGUiOjI0MDAwMDAwMDAwMH19",
          "dependencies": [
            "google_storage_bucket.bucket"
          ]
        },
        {
          "index_key": "frontend-git/public/car.png",
          "schema_version": 0,
          "attributes": {
            "bucket": "race-gce-files",
            "cache_control": "",
            "content": null,
            "content_disposition": "",
            "content_encoding": "",
            "content_language": "",
            "content_type": "image/png",
            "crc32c": "opOOMQ==",
            "customer_encryption": [],
            "detect_md5hash": "utK661dOXuPz1dUY0nDKIg==",
            "event_based_hold": false,
            "id": "race-gce-files-frontend-git/public/car.png",
            "kms_key_name": "",
            "md5hash": "utK661dOXuPz1dUY0nDKIg==",
            "media_link": "https://storage.googleapis.com/download/storage/v1/b/race-gce-files/o/frontend-git%2Fpublic%2Fcar.png?generation=1699244961454774\u0026alt=media",
            "metadata": {},
            "name": "frontend-git/public/car.png",
            "output_name": "frontend-git/public/car.png",
            "self_link": "https://www.googleapis.com/storage/v1/b/race-gce-files/o/frontend-git%2Fpublic%2Fcar.png",
            "source": "../frontend-git/public/car.png",
            "storage_class": "STANDARD",
            "temporary_hold": false,
            "timeouts": null
          },
          "sensitive_attributes": [],
          "private": "eyJlMmJmYjczMC1lY2FhLTExZTYtOGY4OC0zNDM2M2JjN2M0YzAiOnsiY3JlYXRlIjoyNDAwMDAwMDAwMDAsImRlbGV0ZSI6MjQwMDAwMDAwMDAwLCJ1cGRhdGUiOjI0MDAwMDAwMDAwMH19",
          "dependencies": [
            "google_storage_bucket.bucket"
          ]
        },
        {
          "index_key": "frontend-git/public/car2.jpg",
          "schema_version": 0,
          "attributes": {
            "bucket": "race-gce-files",
            "cache_control": "",
            "content": null,
            "content_disposition": "",
            "content_encoding": "",
            "content_language": "",
            "content_type": "image/jpeg",
            "crc32c": "prKyoQ==",
            "customer_encryption": [],
            "detect_md5hash": "tBbeE711y+nk+4Wd3vYpYA==",
            "event_based_hold": false,
            "id": "race-gce-files-frontend-git/public/car2.jpg",
            "kms_key_name": "",
            "md5hash": "tBbeE711y+nk+4Wd3vYpYA==",
            "media_link": "https://storage.googleapis.com/download/storage/v1/b/race-gce-files/o/frontend-git%2Fpublic%2Fcar2.jpg?generation=1699244960053261\u0026alt=media",
            "metadata": {},
            "name": "frontend-git/public/car2.jpg",
            "output_name": "frontend-git/public/car2.jpg",
            "self_link": "https://www.googleapis.com/storage/v1/b/race-gce-files/o/frontend-git%2Fpublic%2Fcar2.jpg",
            "source": "../frontend-git/public/car2.jpg",
            "storage_class": "STANDARD",
            "temporary_hold": false,
            "timeouts": null
          },
          "sensitive_attributes": [],
          "private": "eyJlMmJmYjczMC1lY2FhLTExZTYtOGY4OC0zNDM2M2JjN2M0YzAiOnsiY3JlYXRlIjoyNDAwMDAwMDAwMDAsImRlbGV0ZSI6MjQwMDAwMDAwMDAwLCJ1cGRhdGUiOjI0MDAwMDAwMDAwMH19",
          "dependencies": [
            "google_storage_bucket.bucket"
          ]
        },
        {
          "index_key": "frontend-git/public/home.css",
          "schema_version": 0,
          "attributes": {
            "bucket": "race-gce-files",
            "cache_control": "",
            "content": null,
            "content_disposition": "",
            "content_encoding": "",
            "content_language": "",
            "content_type": "text/plain; charset=utf-8",
            "crc32c": "plux5w==",
            "customer_encryption": [],
            "detect_md5hash": "nvVgP5HenJgnTTpXYvmoAQ==",
            "event_based_hold": false,
            "id": "race-gce-files-frontend-git/public/home.css",
            "kms_key_name": "",
            "md5hash": "nvVgP5HenJgnTTpXYvmoAQ==",
            "media_link": "https://storage.googleapis.com/download/storage/v1/b/race-gce-files/o/frontend-git%2Fpublic%2Fhome.css?generation=1699244964055187\u0026alt=media",
            "metadata": {},
            "name": "frontend-git/public/home.css",
            "output_name": "frontend-git/public/home.css",
            "self_link": "https://www.googleapis.com/storage/v1/b/race-gce-files/o/frontend-git%2Fpublic%2Fhome.css",
            "source": "../frontend-git/public/home.css",
            "storage_class": "STANDARD",
            "temporary_hold": false,
            "timeouts": null
          },
          "sensitive_attributes": [],
          "private": "eyJlMmJmYjczMC1lY2FhLTExZTYtOGY4OC0zNDM2M2JjN2M0YzAiOnsiY3JlYXRlIjoyNDAwMDAwMDAwMDAsImRlbGV0ZSI6MjQwMDAwMDAwMDAwLCJ1cGRhdGUiOjI0MDAwMDAwMDAwMH19",
          "dependencies": [
            "google_storage_bucket.bucket"
          ]
        },
        {
          "index_key": "frontend-git/public/js/race.js",
          "schema_version": 0,
          "attributes": {
            "bucket": "race-gce-files",
            "cache_control": "",
            "content": null,
            "content_disposition": "",
            "content_encoding": "",
            "content_language": "",
            "content_type": "text/plain; charset=utf-8",
            "crc32c": "tklpeA==",
            "customer_encryption": [],
            "detect_md5hash": "pek8skI7Xh4+jEoq4H3ESQ==",
            "event_based_hold": false,
            "id": "race-gce-files-frontend-git/public/js/race.js",
            "kms_key_name": "",
            "md5hash": "pek8skI7Xh4+jEoq4H3ESQ==",
            "media_link": "https://storage.googleapis.com/download/storage/v1/b/race-gce-files/o/frontend-git%2Fpublic%2Fjs%2Frace.js?generation=1699244955354825\u0026alt=media",
            "metadata": {},
            "name": "frontend-git/public/js/race.js",
            "output_name": "frontend-git/public/js/race.js",
            "self_link": "https://www.googleapis.com/storage/v1/b/race-gce-files/o/frontend-git%2Fpublic%2Fjs%2Frace.js",
            "source": "../frontend-git/public/js/race.js",
            "storage_class": "STANDARD",
            "temporary_hold": false,
            "timeouts": null
          },
          "sensitive_attributes": [],
          "private": "eyJlMmJmYjczMC1lY2FhLTExZTYtOGY4OC0zNDM2M2JjN2M0YzAiOnsiY3JlYXRlIjoyNDAwMDAwMDAwMDAsImRlbGV0ZSI6MjQwMDAwMDAwMDAwLCJ1cGRhdGUiOjI0MDAwMDAwMDAwMH19",
          "dependencies": [
            "google_storage_bucket.bucket"
          ]
        },
        {
          "index_key": "frontend-git/public/leaderboard.css",
          "schema_version": 0,
          "attributes": {
            "bucket": "race-gce-files",
            "cache_control": "",
            "content": null,
            "content_disposition": "",
            "content_encoding": "",
            "content_language": "",
            "content_type": "text/plain; charset=utf-8",
            "crc32c": "URjWpg==",
            "customer_encryption": [],
            "detect_md5hash": "05OBLzffTYySmtZ18S0uwQ==",
            "event_based_hold": false,
            "id": "race-gce-files-frontend-git/public/leaderboard.css",
            "kms_key_name": "",
            "md5hash": "05OBLzffTYySmtZ18S0uwQ==",
            "media_link": "https://storage.googleapis.com/download/storage/v1/b/race-gce-files/o/frontend-git%2Fpublic%2Fleaderboard.css?generation=1699244964759134\u0026alt=media",
            "metadata": {},
            "name": "frontend-git/public/leaderboard.css",
            "output_name": "frontend-git/public/leaderboard.css",
            "self_link": "https://www.googleapis.com/storage/v1/b/race-gce-files/o/frontend-git%2Fpublic%2Fleaderboard.css",
            "source": "../frontend-git/public/leaderboard.css",
            "storage_class": "STANDARD",
            "temporary_hold": false,
            "timeouts": null
          },
          "sensitive_attributes": [],
          "private": "eyJlMmJmYjczMC1lY2FhLTExZTYtOGY4OC0zNDM2M2JjN2M0YzAiOnsiY3JlYXRlIjoyNDAwMDAwMDAwMDAsImRlbGV0ZSI6MjQwMDAwMDAwMDAwLCJ1cGRhdGUiOjI0MDAwMDAwMDAwMH19",
          "dependencies": [
            "google_storage_bucket.bucket"
          ]
        },
        {
          "index_key": "frontend-git/public/login.css",
          "schema_version": 0,
          "attributes": {
            "bucket": "race-gce-files",
            "cache_control": "",
            "content": null,
            "content_disposition": "",
            "content_encoding": "",
            "content_language": "",
            "content_type": "text/plain; charset=utf-8",
            "crc32c": "K8oMNA==",
            "customer_encryption": [],
            "detect_md5hash": "Asdxt3mLTXgw8UfwLXGkPQ==",
            "event_based_hold": false,
            "id": "race-gce-files-frontend-git/public/login.css",
            "kms_key_name": "",
            "md5hash": "Asdxt3mLTXgw8UfwLXGkPQ==",
            "media_link": "https://storage.googleapis.com/download/storage/v1/b/race-gce-files/o/frontend-git%2Fpublic%2Flogin.css?generation=1699244969556685\u0026alt=media",
            "metadata": {},
            "name": "frontend-git/public/login.css",
            "output_name": "frontend-git/public/login.css",
            "self_link": "https://www.googleapis.com/storage/v1/b/race-gce-files/o/frontend-git%2Fpublic%2Flogin.css",
            "source": "../frontend-git/public/login.css",
            "storage_class": "STANDARD",
            "temporary_hold": false,
            "timeouts": null
          },
          "sensitive_attributes": [],
          "private": "eyJlMmJmYjczMC1lY2FhLTExZTYtOGY4OC0zNDM2M2JjN2M0YzAiOnsiY3JlYXRlIjoyNDAwMDAwMDAwMDAsImRlbGV0ZSI6MjQwMDAwMDAwMDAwLCJ1cGRhdGUiOjI0MDAwMDAwMDAwMH19",
          "dependencies": [
            "google_storage_bucket.bucket"
          ]
        },
        {
          "index_key": "frontend-git/public/race.css",
          "schema_version": 0,
          "attributes": {
            "bucket": "race-gce-files",
            "cache_control": "",
            "content": null,
            "content_disposition": "",
            "content_encoding": "",
            "content_language": "",
            "content_type": "text/plain; charset=utf-8",
            "crc32c": "sRLTGg==",
            "customer_encryption": [],
            "detect_md5hash": "qBVPB2VM0C9DD2d126WOCA==",
            "event_based_hold": false,
            "id": "race-gce-files-frontend-git/public/race.css",
            "kms_key_name": "",
            "md5hash": "qBVPB2VM0C9DD2d126WOCA==",
            "media_link": "https://storage.googleapis.com/download/storage/v1/b/race-gce-files/o/frontend-git%2Fpublic%2Frace.css?generation=1699244956360066\u0026alt=media",
            "metadata": {},
            "name": "frontend-git/public/race.css",
            "output_name": "frontend-git/public/race.css",
            "self_link": "https://www.googleapis.com/storage/v1/b/race-gce-files/o/frontend-git%2Fpublic%2Frace.css",
            "source": "../frontend-git/public/race.css",
            "storage_class": "STANDARD",
            "temporary_hold": false,
            "timeouts": null
          },
          "sensitive_attributes": [],
          "private": "eyJlMmJmYjczMC1lY2FhLTExZTYtOGY4OC0zNDM2M2JjN2M0YzAiOnsiY3JlYXRlIjoyNDAwMDAwMDAwMDAsImRlbGV0ZSI6MjQwMDAwMDAwMDAwLCJ1cGRhdGUiOjI0MDAwMDAwMDAwMH19",
          "dependencies": [
            "google_storage_bucket.bucket"
          ]
        },
        {
          "index_key": "frontend-git/server.js",
          "schema_version": 0,
          "attributes": {
            "bucket": "race-gce-files",
            "cache_control": "",
            "content": null,
            "content_disposition": "",
            "content_encoding": "",
            "content_language": "",
            "content_type": "text/plain; charset=utf-8",
            "crc32c": "A9Rq3A==",
            "customer_encryption": [],
            "detect_md5hash": "9dQamgGhZNXZDuVIIPQu9w==",
            "event_based_hold": false,
            "id": "race-gce-files-frontend-git/server.js",
            "kms_key_name": "",
            "md5hash": "9dQamgGhZNXZDuVIIPQu9w==",
            "media_link": "https://storage.googleapis.com/download/storage/v1/b/race-gce-files/o/frontend-git%2Fserver.js?generation=1699244953958005\u0026alt=media",
            "metadata": {},
            "name": "frontend-git/server.js",
            "output_name": "frontend-git/server.js",
            "self_link": "https://www.googleapis.com/storage/v1/b/race-gce-files/o/frontend-git%2Fserver.js",
            "source": "../frontend-git/server.js",
            "storage_class": "STANDARD",
            "temporary_hold": false,
            "timeouts": null
          },
          "sensitive_attributes": [],
          "private": "eyJlMmJmYjczMC1lY2FhLTExZTYtOGY4OC0zNDM2M2JjN2M0YzAiOnsiY3JlYXRlIjoyNDAwMDAwMDAwMDAsImRlbGV0ZSI6MjQwMDAwMDAwMDAwLCJ1cGRhdGUiOjI0MDAwMDAwMDAwMH19",
          "dependencies": [
            "google_storage_bucket.bucket"
          ]
        },
        {
          "index_key": "frontend-git/views/home.ejs",
          "schema_version": 0,
          "attributes": {
            "bucket": "race-gce-files",
            "cache_control": "",
            "content": null,
            "content_disposition": "",
            "content_encoding": "",
            "content_language": "",
            "content_type": "text/html; charset=utf-8",
            "crc32c": "4ChORA==",
            "customer_encryption": [],
            "detect_md5hash": "FpMnXweuSat207I1rbp4YQ==",
            "event_based_hold": false,
            "id": "race-gce-files-frontend-git/views/home.ejs",
            "kms_key_name": "",
            "md5hash": "FpMnXweuSat207I1rbp4YQ==",
            "media_link": "https://storage.googleapis.com/download/storage/v1/b/race-gce-files/o/frontend-git%2Fviews%2Fhome.ejs?generation=1699244967454917\u0026alt=media",
            "metadata": {},
            "name": "frontend-git/views/home.ejs",
            "output_name": "frontend-git/views/home.ejs",
            "self_link": "https://www.googleapis.com/storage/v1/b/race-gce-files/o/frontend-git%2Fviews%2Fhome.ejs",
            "source": "../frontend-git/views/home.ejs",
            "storage_class": "STANDARD",
            "temporary_hold": false,
            "timeouts": null
          },
          "sensitive_attributes": [],
          "private": "eyJlMmJmYjczMC1lY2FhLTExZTYtOGY4OC0zNDM2M2JjN2M0YzAiOnsiY3JlYXRlIjoyNDAwMDAwMDAwMDAsImRlbGV0ZSI6MjQwMDAwMDAwMDAwLCJ1cGRhdGUiOjI0MDAwMDAwMDAwMH19",
          "dependencies": [
            "google_storage_bucket.bucket"
          ]
        },
        {
          "index_key": "frontend-git/views/leaderboard.ejs",
          "schema_version": 0,
          "attributes": {
            "bucket": "race-gce-files",
            "cache_control": "",
            "content": null,
            "content_disposition": "",
            "content_encoding": "",
            "content_language": "",
            "content_type": "text/html; charset=utf-8",
            "crc32c": "+bcCYg==",
            "customer_encryption": [],
            "detect_md5hash": "hryFd9YwbSQt9uzfgjaEvQ==",
            "event_based_hold": false,
            "id": "race-gce-files-frontend-git/views/leaderboard.ejs",
            "kms_key_name": "",
            "md5hash": "hryFd9YwbSQt9uzfgjaEvQ==",
            "media_link": "https://storage.googleapis.com/download/storage/v1/b/race-gce-files/o/frontend-git%2Fviews%2Fleaderboard.ejs?generation=1699244966257373\u0026alt=media",
            "metadata": {},
            "name": "frontend-git/views/leaderboard.ejs",
            "output_name": "frontend-git/views/leaderboard.ejs",
            "self_link": "https://www.googleapis.com/storage/v1/b/race-gce-files/o/frontend-git%2Fviews%2Fleaderboard.ejs",
            "source": "../frontend-git/views/leaderboard.ejs",
            "storage_class": "STANDARD",
            "temporary_hold": false,
            "timeouts": null
          },
          "sensitive_attributes": [],
          "private": "eyJlMmJmYjczMC1lY2FhLTExZTYtOGY4OC0zNDM2M2JjN2M0YzAiOnsiY3JlYXRlIjoyNDAwMDAwMDAwMDAsImRlbGV0ZSI6MjQwMDAwMDAwMDAwLCJ1cGRhdGUiOjI0MDAwMDAwMDAwMH19",
          "dependencies": [
            "google_storage_bucket.bucket"
          ]
        },
        {
          "index_key": "frontend-git/views/login.ejs",
          "schema_version": 0,
          "attributes": {
            "bucket": "race-gce-files",
            "cache_control": "",
            "content": null,
            "content_disposition": "",
            "content_encoding": "",
            "content_language": "",
            "content_type": "text/html; charset=utf-8",
            "crc32c": "ieo3Vw==",
            "customer_encryption": [],
            "detect_md5hash": "plOjXYbay9k12pRejiRiYA==",
            "event_based_hold": false,
            "id": "race-gce-files-frontend-git/views/login.ejs",
            "kms_key_name": "",
            "md5hash": "plOjXYbay9k12pRejiRiYA==",
            "media_link": "https://storage.googleapis.com/download/storage/v1/b/race-gce-files/o/frontend-git%2Fviews%2Flogin.ejs?generation=1699244963350240\u0026alt=media",
            "metadata": {},
            "name": "frontend-git/views/login.ejs",
            "output_name": "frontend-git/views/login.ejs",
            "self_link": "https://www.googleapis.com/storage/v1/b/race-gce-files/o/frontend-git%2Fviews%2Flogin.ejs",
            "source": "../frontend-git/views/login.ejs",
            "storage_class": "STANDARD",
            "temporary_hold": false,
            "timeouts": null
          },
          "sensitive_attributes": [],
          "private": "eyJlMmJmYjczMC1lY2FhLTExZTYtOGY4OC0zNDM2M2JjN2M0YzAiOnsiY3JlYXRlIjoyNDAwMDAwMDAwMDAsImRlbGV0ZSI6MjQwMDAwMDAwMDAwLCJ1cGRhdGUiOjI0MDAwMDAwMDAwMH19",
          "dependencies": [
            "google_storage_bucket.bucket"
          ]
        },
        {
          "index_key": "frontend-git/views/race.ejs",
          "schema_version": 0,
          "attributes": {
            "bucket": "race-gce-files",
            "cache_control": "",
            "content": null,
            "content_disposition": "",
            "content_encoding": "",
            "content_language": "",
            "content_type": "text/html; charset=utf-8",
            "crc32c": "+CnIcA==",
            "customer_encryption": [],
            "detect_md5hash": "04G7EPJvgDPp/CQt7oA0HA==",
            "event_based_hold": false,
            "id": "race-gce-files-frontend-git/views/race.ejs",
            "kms_key_name": "",
            "md5hash": "04G7EPJvgDPp/CQt7oA0HA==",
            "media_link": "https://storage.googleapis.com/download/storage/v1/b/race-gce-files/o/frontend-git%2Fviews%2Frace.ejs?generation=1699244966753330\u0026alt=media",
            "metadata": {},
            "name": "frontend-git/views/race.ejs",
            "output_name": "frontend-git/views/race.ejs",
            "self_link": "https://www.googleapis.com/storage/v1/b/race-gce-files/o/frontend-git%2Fviews%2Frace.ejs",
            "source": "../frontend-git/views/race.ejs",
            "storage_class": "STANDARD",
            "temporary_hold": false,
            "timeouts": null
          },
          "sensitive_attributes": [],
          "private": "eyJlMmJmYjczMC1lY2FhLTExZTYtOGY4OC0zNDM2M2JjN2M0YzAiOnsiY3JlYXRlIjoyNDAwMDAwMDAwMDAsImRlbGV0ZSI6MjQwMDAwMDAwMDAwLCJ1cGRhdGUiOjI0MDAwMDAwMDAwMH19",
          "dependencies": [
            "google_storage_bucket.bucket"
          ]
        },
        {
          "index_key": "frontend-startup-script.sh",
          "schema_version": 0,
          "attributes": {
            "bucket": "race-gce-files",
            "cache_control": "",
            "content": null,
            "content_disposition": "",
            "content_encoding": "",
            "content_language": "",
            "content_type": "text/plain; charset=utf-8",
            "crc32c": "HKkkRw==",
            "customer_encryption": [],
            "detect_md5hash": "tJlQr/sqIhMR6nWZJLB75w==",
            "event_based_hold": false,
            "id": "race-gce-files-frontend-startup-script.sh",
            "kms_key_name": "",
            "md5hash": "tJlQr/sqIhMR6nWZJLB75w==",
            "media_link": "https://storage.googleapis.com/download/storage/v1/b/race-gce-files/o/frontend-startup-script.sh?generation=1699244966077467\u0026alt=media",
            "metadata": {},
            "name": "frontend-startup-script.sh",
            "output_name": "frontend-startup-script.sh",
            "self_link": "https://www.googleapis.com/storage/v1/b/race-gce-files/o/frontend-startup-script.sh",
            "source": "../frontend-startup-script.sh",
            "storage_class": "STANDARD",
            "temporary_hold": false,
            "timeouts": null
          },
          "sensitive_attributes": [],
          "private": "eyJlMmJmYjczMC1lY2FhLTExZTYtOGY4OC0zNDM2M2JjN2M0YzAiOnsiY3JlYXRlIjoyNDAwMDAwMDAwMDAsImRlbGV0ZSI6MjQwMDAwMDAwMDAwLCJ1cGRhdGUiOjI0MDAwMDAwMDAwMH19",
          "dependencies": [
            "google_storage_bucket.bucket"
          ]
        },
        {
          "index_key": "frontend-v1/package-lock.json",
          "schema_version": 0,
          "attributes": {
            "bucket": "race-gce-files",
            "cache_control": "",
            "content": null,
            "content_disposition": "",
            "content_encoding": "",
            "content_language": "",
            "content_type": "text/plain; charset=utf-8",
            "crc32c": "LTQOow==",
            "customer_encryption": [],
            "detect_md5hash": "wcQPnLyeNfsPPZkYqfAD7Q==",
            "event_based_hold": false,
            "id": "race-gce-files-frontend-v1/package-lock.json",
            "kms_key_name": "",
            "md5hash": "wcQPnLyeNfsPPZkYqfAD7Q==",
            "media_link": "https://storage.googleapis.com/download/storage/v1/b/race-gce-files/o/frontend-v1%2Fpackage-lock.json?generation=1699244955854326\u0026alt=media",
            "metadata": {},
            "name": "frontend-v1/package-lock.json",
            "output_name": "frontend-v1/package-lock.json",
            "self_link": "https://www.googleapis.com/storage/v1/b/race-gce-files/o/frontend-v1%2Fpackage-lock.json",
            "source": "../frontend-v1/package-lock.json",
            "storage_class": "STANDARD",
            "temporary_hold": false,
            "timeouts": null
          },
          "sensitive_attributes": [],
          "private": "eyJlMmJmYjczMC1lY2FhLTExZTYtOGY4OC0zNDM2M2JjN2M0YzAiOnsiY3JlYXRlIjoyNDAwMDAwMDAwMDAsImRlbGV0ZSI6MjQwMDAwMDAwMDAwLCJ1cGRhdGUiOjI0MDAwMDAwMDAwMH19",
          "dependencies": [
            "google_storage_bucket.bucket"
          ]
        },
        {
          "index_key": "frontend-v1/package.json",
          "schema_version": 0,
          "attributes": {
            "bucket": "race-gce-files",
            "cache_control": "",
            "content": null,
            "content_disposition": "",
            "content_encoding": "",
            "content_language": "",
            "content_type": "text/plain; charset=utf-8",
            "crc32c": "rHPwfQ==",
            "customer_encryption": [],
            "detect_md5hash": "vPJ/FeljuiX4EWVKyz5zyQ==",
            "event_based_hold": false,
            "id": "race-gce-files-frontend-v1/package.json",
            "kms_key_name": "",
            "md5hash": "vPJ/FeljuiX4EWVKyz5zyQ==",
            "media_link": "https://storage.googleapis.com/download/storage/v1/b/race-gce-files/o/frontend-v1%2Fpackage.json?generation=1699244959348917\u0026alt=media",
            "metadata": {},
            "name": "frontend-v1/package.json",
            "output_name": "frontend-v1/package.json",
            "self_link": "https://www.googleapis.com/storage/v1/b/race-gce-files/o/frontend-v1%2Fpackage.json",
            "source": "../frontend-v1/package.json",
            "storage_class": "STANDARD",
            "temporary_hold": false,
            "timeouts": null
          },
          "sensitive_attributes": [],
          "private": "eyJlMmJmYjczMC1lY2FhLTExZTYtOGY4OC0zNDM2M2JjN2M0YzAiOnsiY3JlYXRlIjoyNDAwMDAwMDAwMDAsImRlbGV0ZSI6MjQwMDAwMDAwMDAwLCJ1cGRhdGUiOjI0MDAwMDAwMDAwMH19",
          "dependencies": [
            "google_storage_bucket.bucket"
          ]
        },
        {
          "index_key": "frontend-v1/public/back.jpg",
          "schema_version": 0,
          "attributes": {
            "bucket": "race-gce-files",
            "cache_control": "",
            "content": null,
            "content_disposition": "",
            "content_encoding": "",
            "content_language": "",
            "content_type": "image/jpeg",
            "crc32c": "7mEltg==",
            "customer_encryption": [],
            "detect_md5hash": "ODnY6ImD7hTy0iZzfrCjqA==",
            "event_based_hold": false,
            "id": "race-gce-files-frontend-v1/public/back.jpg",
            "kms_key_name": "",
            "md5hash": "ODnY6ImD7hTy0iZzfrCjqA==",
            "media_link": "https://storage.googleapis.com/download/storage/v1/b/race-gce-files/o/frontend-v1%2Fpublic%2Fback.jpg?generation=1699244960754378\u0026alt=media",
            "metadata": {},
            "name": "frontend-v1/public/back.jpg",
            "output_name": "frontend-v1/public/back.jpg",
            "self_link": "https://www.googleapis.com/storage/v1/b/race-gce-files/o/frontend-v1%2Fpublic%2Fback.jpg",
            "source": "../frontend-v1/public/back.jpg",
            "storage_class": "STANDARD",
            "temporary_hold": false,
            "timeouts": null
          },
          "sensitive_attributes": [],
          "private": "eyJlMmJmYjczMC1lY2FhLTExZTYtOGY4OC0zNDM2M2JjN2M0YzAiOnsiY3JlYXRlIjoyNDAwMDAwMDAwMDAsImRlbGV0ZSI6MjQwMDAwMDAwMDAwLCJ1cGRhdGUiOjI0MDAwMDAwMDAwMH19",
          "dependencies": [
            "google_storage_bucket.bucket"
          ]
        },
        {
          "index_key": "frontend-v1/public/background.jpg",
          "schema_version": 0,
          "attributes": {
            "bucket": "race-gce-files",
            "cache_control": "",
            "content": null,
            "content_disposition": "",
            "content_encoding": "",
            "content_language": "",
            "content_type": "image/jpeg",
            "crc32c": "7mEltg==",
            "customer_encryption": [],
            "detect_md5hash": "ODnY6ImD7hTy0iZzfrCjqA==",
            "event_based_hold": false,
            "id": "race-gce-files-frontend-v1/public/background.jpg",
            "kms_key_name": "",
            "md5hash": "ODnY6ImD7hTy0iZzfrCjqA==",
            "media_link": "https://storage.googleapis.com/download/storage/v1/b/race-gce-files/o/frontend-v1%2Fpublic%2Fbackground.jpg?generation=1699244962652125\u0026alt=media",
            "metadata": {},
            "name": "frontend-v1/public/background.jpg",
            "output_name": "frontend-v1/public/background.jpg",
            "self_link": "https://www.googleapis.com/storage/v1/b/race-gce-files/o/frontend-v1%2Fpublic%2Fbackground.jpg",
            "source": "../frontend-v1/public/background.jpg",
            "storage_class": "STANDARD",
            "temporary_hold": false,
            "timeouts": null
          },
          "sensitive_attributes": [],
          "private": "eyJlMmJmYjczMC1lY2FhLTExZTYtOGY4OC0zNDM2M2JjN2M0YzAiOnsiY3JlYXRlIjoyNDAwMDAwMDAwMDAsImRlbGV0ZSI6MjQwMDAwMDAwMDAwLCJ1cGRhdGUiOjI0MDAwMDAwMDAwMH19",
          "dependencies": [
            "google_storage_bucket.bucket"
          ]
        },
        {
          "index_key": "frontend-v1/public/car.png",
          "schema_version": 0,
          "attributes": {
            "bucket": "race-gce-files",
            "cache_control": "",
            "content": null,
            "content_disposition": "",
            "content_encoding": "",
            "content_language": "",
            "content_type": "image/png",
            "crc32c": "opOOMQ==",
            "customer_encryption": [],
            "detect_md5hash": "utK661dOXuPz1dUY0nDKIg==",
            "event_based_hold": false,
            "id": "race-gce-files-frontend-v1/public/car.png",
            "kms_key_name": "",
            "md5hash": "utK661dOXuPz1dUY0nDKIg==",
            "media_link": "https://storage.googleapis.com/download/storage/v1/b/race-gce-files/o/frontend-v1%2Fpublic%2Fcar.png?generation=1699244972556726\u0026alt=media",
            "metadata": {},
            "name": "frontend-v1/public/car.png",
            "output_name": "frontend-v1/public/car.png",
            "self_link": "https://www.googleapis.com/storage/v1/b/race-gce-files/o/frontend-v1%2Fpublic%2Fcar.png",
            "source": "../frontend-v1/public/car.png",
            "storage_class": "STANDARD",
            "temporary_hold": false,
            "timeouts": null
          },
          "sensitive_attributes": [],
          "private": "eyJlMmJmYjczMC1lY2FhLTExZTYtOGY4OC0zNDM2M2JjN2M0YzAiOnsiY3JlYXRlIjoyNDAwMDAwMDAwMDAsImRlbGV0ZSI6MjQwMDAwMDAwMDAwLCJ1cGRhdGUiOjI0MDAwMDAwMDAwMH19",
          "dependencies": [
            "google_storage_bucket.bucket"
          ]
        },
        {
          "index_key": "frontend-v1/public/car2.jpg",
          "schema_version": 0,
          "attributes": {
            "bucket": "race-gce-files",
            "cache_control": "",
            "content": null,
            "content_disposition": "",
            "content_encoding": "",
            "content_language": "",
            "content_type": "image/jpeg",
            "crc32c": "prKyoQ==",
            "customer_encryption": [],
            "detect_md5hash": "tBbeE711y+nk+4Wd3vYpYA==",
            "event_based_hold": false,
            "id": "race-gce-files-frontend-v1/public/car2.jpg",
            "kms_key_name": "",
            "md5hash": "tBbeE711y+nk+4Wd3vYpYA==",
            "media_link": "https://storage.googleapis.com/download/storage/v1/b/race-gce-files/o/frontend-v1%2Fpublic%2Fcar2.jpg?generation=1699244972681054\u0026alt=media",
            "metadata": {},
            "name": "frontend-v1/public/car2.jpg",
            "output_name": "frontend-v1/public/car2.jpg",
            "self_link": "https://www.googleapis.com/storage/v1/b/race-gce-files/o/frontend-v1%2Fpublic%2Fcar2.jpg",
            "source": "../frontend-v1/public/car2.jpg",
            "storage_class": "STANDARD",
            "temporary_hold": false,
            "timeouts": null
          },
          "sensitive_attributes": [],
          "private": "eyJlMmJmYjczMC1lY2FhLTExZTYtOGY4OC0zNDM2M2JjN2M0YzAiOnsiY3JlYXRlIjoyNDAwMDAwMDAwMDAsImRlbGV0ZSI6MjQwMDAwMDAwMDAwLCJ1cGRhdGUiOjI0MDAwMDAwMDAwMH19",
          "dependencies": [
            "google_storage_bucket.bucket"
          ]
        },
        {
          "index_key": "frontend-v1/public/home.css",
          "schema_version": 0,
          "attributes": {
            "bucket": "race-gce-files",
            "cache_control": "",
            "content": null,
            "content_disposition": "",
            "content_encoding": "",
            "content_language": "",
            "content_type": "text/plain; charset=utf-8",
            "crc32c": "plux5w==",
            "customer_encryption": [],
            "detect_md5hash": "nvVgP5HenJgnTTpXYvmoAQ==",
            "event_based_hold": false,
            "id": "race-gce-files-frontend-v1/public/home.css",
            "kms_key_name": "",
            "md5hash": "nvVgP5HenJgnTTpXYvmoAQ==",
            "media_link": "https://storage.googleapis.com/download/storage/v1/b/race-gce-files/o/frontend-v1%2Fpublic%2Fhome.css?generation=1699244963256469\u0026alt=media",
            "metadata": {},
            "name": "frontend-v1/public/home.css",
            "output_name": "frontend-v1/public/home.css",
            "self_link": "https://www.googleapis.com/storage/v1/b/race-gce-files/o/frontend-v1%2Fpublic%2Fhome.css",
            "source": "../frontend-v1/public/home.css",
            "storage_class": "STANDARD",
            "temporary_hold": false,
            "timeouts": null
          },
          "sensitive_attributes": [],
          "private": "eyJlMmJmYjczMC1lY2FhLTExZTYtOGY4OC0zNDM2M2JjN2M0YzAiOnsiY3JlYXRlIjoyNDAwMDAwMDAwMDAsImRlbGV0ZSI6MjQwMDAwMDAwMDAwLCJ1cGRhdGUiOjI0MDAwMDAwMDAwMH19",
          "dependencies": [
            "google_storage_bucket.bucket"
          ]
        },
        {
          "index_key": "frontend-v1/public/js/race.js",
          "schema_version": 0,
          "attributes": {
            "bucket": "race-gce-files",
            "cache_control": "",
            "content": null,
            "content_disposition": "",
            "content_encoding": "",
            "content_language": "",
            "content_type": "text/plain; charset=utf-8",
            "crc32c": "tklpeA==",
            "customer_encryption": [],
            "detect_md5hash": "pek8skI7Xh4+jEoq4H3ESQ==",
            "event_based_hold": false,
            "id": "race-gce-files-frontend-v1/public/js/race.js",
            "kms_key_name": "",
            "md5hash": "pek8skI7Xh4+jEoq4H3ESQ==",
            "media_link": "https://storage.googleapis.com/download/storage/v1/b/race-gce-files/o/frontend-v1%2Fpublic%2Fjs%2Frace.js?generation=1699244965452609\u0026alt=media",
            "metadata": {},
            "name": "frontend-v1/public/js/race.js",
            "output_name": "frontend-v1/public/js/race.js",
            "self_link": "https://www.googleapis.com/storage/v1/b/race-gce-files/o/frontend-v1%2Fpublic%2Fjs%2Frace.js",
            "source": "../frontend-v1/public/js/race.js",
            "storage_class": "STANDARD",
            "temporary_hold": false,
            "timeouts": null
          },
          "sensitive_attributes": [],
          "private": "eyJlMmJmYjczMC1lY2FhLTExZTYtOGY4OC0zNDM2M2JjN2M0YzAiOnsiY3JlYXRlIjoyNDAwMDAwMDAwMDAsImRlbGV0ZSI6MjQwMDAwMDAwMDAwLCJ1cGRhdGUiOjI0MDAwMDAwMDAwMH19",
          "dependencies": [
            "google_storage_bucket.bucket"
          ]
        },
        {
          "index_key": "frontend-v1/public/leaderboard.css",
          "schema_version": 0,
          "attributes": {
            "bucket": "race-gce-files",
            "cache_control": "",
            "content": null,
            "content_disposition": "",
            "content_encoding": "",
            "content_language": "",
            "content_type": "text/plain; charset=utf-8",
            "crc32c": "URjWpg==",
            "customer_encryption": [],
            "detect_md5hash": "05OBLzffTYySmtZ18S0uwQ==",
            "event_based_hold": false,
            "id": "race-gce-files-frontend-v1/public/leaderboard.css",
            "kms_key_name": "",
            "md5hash": "05OBLzffTYySmtZ18S0uwQ==",
            "media_link": "https://storage.googleapis.com/download/storage/v1/b/race-gce-files/o/frontend-v1%2Fpublic%2Fleaderboard.css?generation=1699244962357717\u0026alt=media",
            "metadata": {},
            "name": "frontend-v1/public/leaderboard.css",
            "output_name": "frontend-v1/public/leaderboard.css",
            "self_link": "https://www.googleapis.com/storage/v1/b/race-gce-files/o/frontend-v1%2Fpublic%2Fleaderboard.css",
            "source": "../frontend-v1/public/leaderboard.css",
            "storage_class": "STANDARD",
            "temporary_hold": false,
            "timeouts": null
          },
          "sensitive_attributes": [],
          "private": "eyJlMmJmYjczMC1lY2FhLTExZTYtOGY4OC0zNDM2M2JjN2M0YzAiOnsiY3JlYXRlIjoyNDAwMDAwMDAwMDAsImRlbGV0ZSI6MjQwMDAwMDAwMDAwLCJ1cGRhdGUiOjI0MDAwMDAwMDAwMH19",
          "dependencies": [
            "google_storage_bucket.bucket"
          ]
        },
        {
          "index_key": "frontend-v1/public/login.css",
          "schema_version": 0,
          "attributes": {
            "bucket": "race-gce-files",
            "cache_control": "",
            "content": null,
            "content_disposition": "",
            "content_encoding": "",
            "content_language": "",
            "content_type": "text/plain; charset=utf-8",
            "crc32c": "K8oMNA==",
            "customer_encryption": [],
            "detect_md5hash": "Asdxt3mLTXgw8UfwLXGkPQ==",
            "event_based_hold": false,
            "id": "race-gce-files-frontend-v1/public/login.css",
            "kms_key_name": "",
            "md5hash": "Asdxt3mLTXgw8UfwLXGkPQ==",
            "media_link": "https://storage.googleapis.com/download/storage/v1/b/race-gce-files/o/frontend-v1%2Fpublic%2Flogin.css?generation=1699244961651808\u0026alt=media",
            "metadata": {},
            "name": "frontend-v1/public/login.css",
            "output_name": "frontend-v1/public/login.css",
            "self_link": "https://www.googleapis.com/storage/v1/b/race-gce-files/o/frontend-v1%2Fpublic%2Flogin.css",
            "source": "../frontend-v1/public/login.css",
            "storage_class": "STANDARD",
            "temporary_hold": false,
            "timeouts": null
          },
          "sensitive_attributes": [],
          "private": "eyJlMmJmYjczMC1lY2FhLTExZTYtOGY4OC0zNDM2M2JjN2M0YzAiOnsiY3JlYXRlIjoyNDAwMDAwMDAwMDAsImRlbGV0ZSI6MjQwMDAwMDAwMDAwLCJ1cGRhdGUiOjI0MDAwMDAwMDAwMH19",
          "dependencies": [
            "google_storage_bucket.bucket"
          ]
        },
        {
          "index_key": "frontend-v1/public/race.css",
          "schema_version": 0,
          "attributes": {
            "bucket": "race-gce-files",
            "cache_control": "",
            "content": null,
            "content_disposition": "",
            "content_encoding": "",
            "content_language": "",
            "content_type": "text/plain; charset=utf-8",
            "crc32c": "sRLTGg==",
            "customer_encryption": [],
            "detect_md5hash": "qBVPB2VM0C9DD2d126WOCA==",
            "event_based_hold": false,
            "id": "race-gce-files-frontend-v1/public/race.css",
            "kms_key_name": "",
            "md5hash": "qBVPB2VM0C9DD2d126WOCA==",
            "media_link": "https://storage.googleapis.com/download/storage/v1/b/race-gce-files/o/frontend-v1%2Fpublic%2Frace.css?generation=1699244966252911\u0026alt=media",
            "metadata": {},
            "name": "frontend-v1/public/race.css",
            "output_name": "frontend-v1/public/race.css",
            "self_link": "https://www.googleapis.com/storage/v1/b/race-gce-files/o/frontend-v1%2Fpublic%2Frace.css",
            "source": "../frontend-v1/public/race.css",
            "storage_class": "STANDARD",
            "temporary_hold": false,
            "timeouts": null
          },
          "sensitive_attributes": [],
          "private": "eyJlMmJmYjczMC1lY2FhLTExZTYtOGY4OC0zNDM2M2JjN2M0YzAiOnsiY3JlYXRlIjoyNDAwMDAwMDAwMDAsImRlbGV0ZSI6MjQwMDAwMDAwMDAwLCJ1cGRhdGUiOjI0MDAwMDAwMDAwMH19",
          "dependencies": [
            "google_storage_bucket.bucket"
          ]
        },
        {
          "index_key": "frontend-v1/server.js",
          "schema_version": 0,
          "attributes": {
            "bucket": "race-gce-files",
            "cache_control": "",
            "content": null,
            "content_disposition": "",
            "content_encoding": "",
            "content_language": "",
            "content_type": "text/plain; charset=utf-8",
            "crc32c": "A9Rq3A==",
            "customer_encryption": [],
            "detect_md5hash": "9dQamgGhZNXZDuVIIPQu9w==",
            "event_based_hold": false,
            "id": "race-gce-files-frontend-v1/server.js",
            "kms_key_name": "",
            "md5hash": "9dQamgGhZNXZDuVIIPQu9w==",
            "media_link": "https://storage.googleapis.com/download/storage/v1/b/race-gce-files/o/frontend-v1%2Fserver.js?generation=1699244960648758\u0026alt=media",
            "metadata": {},
            "name": "frontend-v1/server.js",
            "output_name": "frontend-v1/server.js",
            "self_link": "https://www.googleapis.com/storage/v1/b/race-gce-files/o/frontend-v1%2Fserver.js",
            "source": "../frontend-v1/server.js",
            "storage_class": "STANDARD",
            "temporary_hold": false,
            "timeouts": null
          },
          "sensitive_attributes": [],
          "private": "eyJlMmJmYjczMC1lY2FhLTExZTYtOGY4OC0zNDM2M2JjN2M0YzAiOnsiY3JlYXRlIjoyNDAwMDAwMDAwMDAsImRlbGV0ZSI6MjQwMDAwMDAwMDAwLCJ1cGRhdGUiOjI0MDAwMDAwMDAwMH19",
          "dependencies": [
            "google_storage_bucket.bucket"
          ]
        },
        {
          "index_key": "frontend-v1/views/home.ejs",
          "schema_version": 0,
          "attributes": {
            "bucket": "race-gce-files",
            "cache_control": "",
            "content": null,
            "content_disposition": "",
            "content_encoding": "",
            "content_language": "",
            "content_type": "text/html; charset=utf-8",
            "crc32c": "4ChORA==",
            "customer_encryption": [],
            "detect_md5hash": "FpMnXweuSat207I1rbp4YQ==",
            "event_based_hold": false,
            "id": "race-gce-files-frontend-v1/views/home.ejs",
            "kms_key_name": "",
            "md5hash": "FpMnXweuSat207I1rbp4YQ==",
            "media_link": "https://storage.googleapis.com/download/storage/v1/b/race-gce-files/o/frontend-v1%2Fviews%2Fhome.ejs?generation=1699244960947138\u0026alt=media",
            "metadata": {},
            "name": "frontend-v1/views/home.ejs",
            "output_name": "frontend-v1/views/home.ejs",
            "self_link": "https://www.googleapis.com/storage/v1/b/race-gce-files/o/frontend-v1%2Fviews%2Fhome.ejs",
            "source": "../frontend-v1/views/home.ejs",
            "storage_class": "STANDARD",
            "temporary_hold": false,
            "timeouts": null
          },
          "sensitive_attributes": [],
          "private": "eyJlMmJmYjczMC1lY2FhLTExZTYtOGY4OC0zNDM2M2JjN2M0YzAiOnsiY3JlYXRlIjoyNDAwMDAwMDAwMDAsImRlbGV0ZSI6MjQwMDAwMDAwMDAwLCJ1cGRhdGUiOjI0MDAwMDAwMDAwMH19",
          "dependencies": [
            "google_storage_bucket.bucket"
          ]
        },
        {
          "index_key": "frontend-v1/views/leaderboard.ejs",
          "schema_version": 0,
          "attributes": {
            "bucket": "race-gce-files",
            "cache_control": "",
            "content": null,
            "content_disposition": "",
            "content_encoding": "",
            "content_language": "",
            "content_type": "text/html; charset=utf-8",
            "crc32c": "+bcCYg==",
            "customer_encryption": [],
            "detect_md5hash": "hryFd9YwbSQt9uzfgjaEvQ==",
            "event_based_hold": false,
            "id": "race-gce-files-frontend-v1/views/leaderboard.ejs",
            "kms_key_name": "",
            "md5hash": "hryFd9YwbSQt9uzfgjaEvQ==",
            "media_link": "https://storage.googleapis.com/download/storage/v1/b/race-gce-files/o/frontend-v1%2Fviews%2Fleaderboard.ejs?generation=1699244973450199\u0026alt=media",
            "metadata": {},
            "name": "frontend-v1/views/leaderboard.ejs",
            "output_name": "frontend-v1/views/leaderboard.ejs",
            "self_link": "https://www.googleapis.com/storage/v1/b/race-gce-files/o/frontend-v1%2Fviews%2Fleaderboard.ejs",
            "source": "../frontend-v1/views/leaderboard.ejs",
            "storage_class": "STANDARD",
            "temporary_hold": false,
            "timeouts": null
          },
          "sensitive_attributes": [],
          "private": "eyJlMmJmYjczMC1lY2FhLTExZTYtOGY4OC0zNDM2M2JjN2M0YzAiOnsiY3JlYXRlIjoyNDAwMDAwMDAwMDAsImRlbGV0ZSI6MjQwMDAwMDAwMDAwLCJ1cGRhdGUiOjI0MDAwMDAwMDAwMH19",
          "dependencies": [
            "google_storage_bucket.bucket"
          ]
        },
        {
          "index_key": "frontend-v1/views/login.ejs",
          "schema_version": 0,
          "attributes": {
            "bucket": "race-gce-files",
            "cache_control": "",
            "content": null,
            "content_disposition": "",
            "content_encoding": "",
            "content_language": "",
            "content_type": "text/html; charset=utf-8",
            "crc32c": "ieo3Vw==",
            "customer_encryption": [],
            "detect_md5hash": "plOjXYbay9k12pRejiRiYA==",
            "event_based_hold": false,
            "id": "race-gce-files-frontend-v1/views/login.ejs",
            "kms_key_name": "",
            "md5hash": "plOjXYbay9k12pRejiRiYA==",
            "media_link": "https://storage.googleapis.com/download/storage/v1/b/race-gce-files/o/frontend-v1%2Fviews%2Flogin.ejs?generation=1699244954955636\u0026alt=media",
            "metadata": {},
            "name": "frontend-v1/views/login.ejs",
            "output_name": "frontend-v1/views/login.ejs",
            "self_link": "https://www.googleapis.com/storage/v1/b/race-gce-files/o/frontend-v1%2Fviews%2Flogin.ejs",
            "source": "../frontend-v1/views/login.ejs",
            "storage_class": "STANDARD",
            "temporary_hold": false,
            "timeouts": null
          },
          "sensitive_attributes": [],
          "private": "eyJlMmJmYjczMC1lY2FhLTExZTYtOGY4OC0zNDM2M2JjN2M0YzAiOnsiY3JlYXRlIjoyNDAwMDAwMDAwMDAsImRlbGV0ZSI6MjQwMDAwMDAwMDAwLCJ1cGRhdGUiOjI0MDAwMDAwMDAwMH19",
          "dependencies": [
            "google_storage_bucket.bucket"
          ]
        },
        {
          "index_key": "frontend-v1/views/race.ejs",
          "schema_version": 0,
          "attributes": {
            "bucket": "race-gce-files",
            "cache_control": "",
            "content": null,
            "content_disposition": "",
            "content_encoding": "",
            "content_language": "",
            "content_type": "text/html; charset=utf-8",
            "crc32c": "+CnIcA==",
            "customer_encryption": [],
            "detect_md5hash": "04G7EPJvgDPp/CQt7oA0HA==",
            "event_based_hold": false,
            "id": "race-gce-files-frontend-v1/views/race.ejs",
            "kms_key_name": "",
            "md5hash": "04G7EPJvgDPp/CQt7oA0HA==",
            "media_link": "https://storage.googleapis.com/download/storage/v1/b/race-gce-files/o/frontend-v1%2Fviews%2Frace.ejs?generation=1699244956655568\u0026alt=media",
            "metadata": {},
            "name": "frontend-v1/views/race.ejs",
            "output_name": "frontend-v1/views/race.ejs",
            "self_link": "https://www.googleapis.com/storage/v1/b/race-gce-files/o/frontend-v1%2Fviews%2Frace.ejs",
            "source": "../frontend-v1/views/race.ejs",
            "storage_class": "STANDARD",
            "temporary_hold": false,
            "timeouts": null
          },
          "sensitive_attributes": [],
          "private": "eyJlMmJmYjczMC1lY2FhLTExZTYtOGY4OC0zNDM2M2JjN2M0YzAiOnsiY3JlYXRlIjoyNDAwMDAwMDAwMDAsImRlbGV0ZSI6MjQwMDAwMDAwMDAwLCJ1cGRhdGUiOjI0MDAwMDAwMDAwMH19",
          "dependencies": [
            "google_storage_bucket.bucket"
          ]
        },
        {
          "index_key": "frontend/package-lock.json",
          "schema_version": 0,
          "attributes": {
            "bucket": "race-gce-files",
            "cache_control": "",
            "content": null,
            "content_disposition": "",
            "content_encoding": "",
            "content_language": "",
            "content_type": "text/plain; charset=utf-8",
            "crc32c": "LTQOow==",
            "customer_encryption": [],
            "detect_md5hash": "wcQPnLyeNfsPPZkYqfAD7Q==",
            "event_based_hold": false,
            "id": "race-gce-files-frontend/package-lock.json",
            "kms_key_name": "",
            "md5hash": "wcQPnLyeNfsPPZkYqfAD7Q==",
            "media_link": "https://storage.googleapis.com/download/storage/v1/b/race-gce-files/o/frontend%2Fpackage-lock.json?generation=1699244973255560\u0026alt=media",
            "metadata": {},
            "name": "frontend/package-lock.json",
            "output_name": "frontend/package-lock.json",
            "self_link": "https://www.googleapis.com/storage/v1/b/race-gce-files/o/frontend%2Fpackage-lock.json",
            "source": "../frontend/package-lock.json",
            "storage_class": "STANDARD",
            "temporary_hold": false,
            "timeouts": null
          },
          "sensitive_attributes": [],
          "private": "eyJlMmJmYjczMC1lY2FhLTExZTYtOGY4OC0zNDM2M2JjN2M0YzAiOnsiY3JlYXRlIjoyNDAwMDAwMDAwMDAsImRlbGV0ZSI6MjQwMDAwMDAwMDAwLCJ1cGRhdGUiOjI0MDAwMDAwMDAwMH19",
          "dependencies": [
            "google_storage_bucket.bucket"
          ]
        },
        {
          "index_key": "frontend/package.json",
          "schema_version": 0,
          "attributes": {
            "bucket": "race-gce-files",
            "cache_control": "",
            "content": null,
            "content_disposition": "",
            "content_encoding": "",
            "content_language": "",
            "content_type": "text/plain; charset=utf-8",
            "crc32c": "rHPwfQ==",
            "customer_encryption": [],
            "detect_md5hash": "vPJ/FeljuiX4EWVKyz5zyQ==",
            "event_based_hold": false,
            "id": "race-gce-files-frontend/package.json",
            "kms_key_name": "",
            "md5hash": "vPJ/FeljuiX4EWVKyz5zyQ==",
            "media_link": "https://storage.googleapis.com/download/storage/v1/b/race-gce-files/o/frontend%2Fpackage.json?generation=1699244952860499\u0026alt=media",
            "metadata": {},
            "name": "frontend/package.json",
            "output_name": "frontend/package.json",
            "self_link": "https://www.googleapis.com/storage/v1/b/race-gce-files/o/frontend%2Fpackage.json",
            "source": "../frontend/package.json",
            "storage_class": "STANDARD",
            "temporary_hold": false,
            "timeouts": null
          },
          "sensitive_attributes": [],
          "private": "eyJlMmJmYjczMC1lY2FhLTExZTYtOGY4OC0zNDM2M2JjN2M0YzAiOnsiY3JlYXRlIjoyNDAwMDAwMDAwMDAsImRlbGV0ZSI6MjQwMDAwMDAwMDAwLCJ1cGRhdGUiOjI0MDAwMDAwMDAwMH19",
          "dependencies": [
            "google_storage_bucket.bucket"
          ]
        },
        {
          "index_key": "frontend/public/back.jpg",
          "schema_version": 0,
          "attributes": {
            "bucket": "race-gce-files",
            "cache_control": "",
            "content": null,
            "content_disposition": "",
            "content_encoding": "",
            "content_language": "",
            "content_type": "image/jpeg",
            "crc32c": "7mEltg==",
            "customer_encryption": [],
            "detect_md5hash": "ODnY6ImD7hTy0iZzfrCjqA==",
            "event_based_hold": false,
            "id": "race-gce-files-frontend/public/back.jpg",
            "kms_key_name": "",
            "md5hash": "ODnY6ImD7hTy0iZzfrCjqA==",
            "media_link": "https://storage.googleapis.com/download/storage/v1/b/race-gce-files/o/frontend%2Fpublic%2Fback.jpg?generation=1699244958855857\u0026alt=media",
            "metadata": {},
            "name": "frontend/public/back.jpg",
            "output_name": "frontend/public/back.jpg",
            "self_link": "https://www.googleapis.com/storage/v1/b/race-gce-files/o/frontend%2Fpublic%2Fback.jpg",
            "source": "../frontend/public/back.jpg",
            "storage_class": "STANDARD",
            "temporary_hold": false,
            "timeouts": null
          },
          "sensitive_attributes": [],
          "private": "eyJlMmJmYjczMC1lY2FhLTExZTYtOGY4OC0zNDM2M2JjN2M0YzAiOnsiY3JlYXRlIjoyNDAwMDAwMDAwMDAsImRlbGV0ZSI6MjQwMDAwMDAwMDAwLCJ1cGRhdGUiOjI0MDAwMDAwMDAwMH19",
          "dependencies": [
            "google_storage_bucket.bucket"
          ]
        },
        {
          "index_key": "frontend/public/background.jpg",
          "schema_version": 0,
          "attributes": {
            "bucket": "race-gce-files",
            "cache_control": "",
            "content": null,
            "content_disposition": "",
            "content_encoding": "",
            "content_language": "",
            "content_type": "image/jpeg",
            "crc32c": "7mEltg==",
            "customer_encryption": [],
            "detect_md5hash": "ODnY6ImD7hTy0iZzfrCjqA==",
            "event_based_hold": false,
            "id": "race-gce-files-frontend/public/background.jpg",
            "kms_key_name": "",
            "md5hash": "ODnY6ImD7hTy0iZzfrCjqA==",
            "media_link": "https://storage.googleapis.com/download/storage/v1/b/race-gce-files/o/frontend%2Fpublic%2Fbackground.jpg?generation=1699244957055748\u0026alt=media",
            "metadata": {},
            "name": "frontend/public/background.jpg",
            "output_name": "frontend/public/background.jpg",
            "self_link": "https://www.googleapis.com/storage/v1/b/race-gce-files/o/frontend%2Fpublic%2Fbackground.jpg",
            "source": "../frontend/public/background.jpg",
            "storage_class": "STANDARD",
            "temporary_hold": false,
            "timeouts": null
          },
          "sensitive_attributes": [],
          "private": "eyJlMmJmYjczMC1lY2FhLTExZTYtOGY4OC0zNDM2M2JjN2M0YzAiOnsiY3JlYXRlIjoyNDAwMDAwMDAwMDAsImRlbGV0ZSI6MjQwMDAwMDAwMDAwLCJ1cGRhdGUiOjI0MDAwMDAwMDAwMH19",
          "dependencies": [
            "google_storage_bucket.bucket"
          ]
        },
        {
          "index_key": "frontend/public/car.png",
          "schema_version": 0,
          "attributes": {
            "bucket": "race-gce-files",
            "cache_control": "",
            "content": null,
            "content_disposition": "",
            "content_encoding": "",
            "content_language": "",
            "content_type": "image/png",
            "crc32c": "opOOMQ==",
            "customer_encryption": [],
            "detect_md5hash": "utK661dOXuPz1dUY0nDKIg==",
            "event_based_hold": false,
            "id": "race-gce-files-frontend/public/car.png",
            "kms_key_name": "",
            "md5hash": "utK661dOXuPz1dUY0nDKIg==",
            "media_link": "https://storage.googleapis.com/download/storage/v1/b/race-gce-files/o/frontend%2Fpublic%2Fcar.png?generation=1699244954851071\u0026alt=media",
            "metadata": {},
            "name": "frontend/public/car.png",
            "output_name": "frontend/public/car.png",
            "self_link": "https://www.googleapis.com/storage/v1/b/race-gce-files/o/frontend%2Fpublic%2Fcar.png",
            "source": "../frontend/public/car.png",
            "storage_class": "STANDARD",
            "temporary_hold": false,
            "timeouts": null
          },
          "sensitive_attributes": [],
          "private": "eyJlMmJmYjczMC1lY2FhLTExZTYtOGY4OC0zNDM2M2JjN2M0YzAiOnsiY3JlYXRlIjoyNDAwMDAwMDAwMDAsImRlbGV0ZSI6MjQwMDAwMDAwMDAwLCJ1cGRhdGUiOjI0MDAwMDAwMDAwMH19",
          "dependencies": [
            "google_storage_bucket.bucket"
          ]
        },
        {
          "index_key": "frontend/public/car2.jpg",
          "schema_version": 0,
          "attributes": {
            "bucket": "race-gce-files",
            "cache_control": "",
            "content": null,
            "content_disposition": "",
            "content_encoding": "",
            "content_language": "",
            "content_type": "image/jpeg",
            "crc32c": "prKyoQ==",
            "customer_encryption": [],
            "detect_md5hash": "tBbeE711y+nk+4Wd3vYpYA==",
            "event_based_hold": false,
            "id": "race-gce-files-frontend/public/car2.jpg",
            "kms_key_name": "",
            "md5hash": "tBbeE711y+nk+4Wd3vYpYA==",
            "media_link": "https://storage.googleapis.com/download/storage/v1/b/race-gce-files/o/frontend%2Fpublic%2Fcar2.jpg?generation=1699244973958247\u0026alt=media",
            "metadata": {},
            "name": "frontend/public/car2.jpg",
            "output_name": "frontend/public/car2.jpg",
            "self_link": "https://www.googleapis.com/storage/v1/b/race-gce-files/o/frontend%2Fpublic%2Fcar2.jpg",
            "source": "../frontend/public/car2.jpg",
            "storage_class": "STANDARD",
            "temporary_hold": false,
            "timeouts": null
          },
          "sensitive_attributes": [],
          "private": "eyJlMmJmYjczMC1lY2FhLTExZTYtOGY4OC0zNDM2M2JjN2M0YzAiOnsiY3JlYXRlIjoyNDAwMDAwMDAwMDAsImRlbGV0ZSI6MjQwMDAwMDAwMDAwLCJ1cGRhdGUiOjI0MDAwMDAwMDAwMH19",
          "dependencies": [
            "google_storage_bucket.bucket"
          ]
        },
        {
          "index_key": "frontend/public/home.css",
          "schema_version": 0,
          "attributes": {
            "bucket": "race-gce-files",
            "cache_control": "",
            "content": null,
            "content_disposition": "",
            "content_encoding": "",
            "content_language": "",
            "content_type": "text/plain; charset=utf-8",
            "crc32c": "oerINg==",
            "customer_encryption": [],
            "detect_md5hash": "F/QKIWrLb6W0Zr9Pr1zWQQ==",
            "event_based_hold": false,
            "id": "race-gce-files-frontend/public/home.css",
            "kms_key_name": "",
            "md5hash": "F/QKIWrLb6W0Zr9Pr1zWQQ==",
            "media_link": "https://storage.googleapis.com/download/storage/v1/b/race-gce-files/o/frontend%2Fpublic%2Fhome.css?generation=1699244960852394\u0026alt=media",
            "metadata": {},
            "name": "frontend/public/home.css",
            "output_name": "frontend/public/home.css",
            "self_link": "https://www.googleapis.com/storage/v1/b/race-gce-files/o/frontend%2Fpublic%2Fhome.css",
            "source": "../frontend/public/home.css",
            "storage_class": "STANDARD",
            "temporary_hold": false,
            "timeouts": null
          },
          "sensitive_attributes": [],
          "private": "eyJlMmJmYjczMC1lY2FhLTExZTYtOGY4OC0zNDM2M2JjN2M0YzAiOnsiY3JlYXRlIjoyNDAwMDAwMDAwMDAsImRlbGV0ZSI6MjQwMDAwMDAwMDAwLCJ1cGRhdGUiOjI0MDAwMDAwMDAwMH19",
          "dependencies": [
            "google_storage_bucket.bucket"
          ]
        },
        {
          "index_key": "frontend/public/js/race.js",
          "schema_version": 0,
          "attributes": {
            "bucket": "race-gce-files",
            "cache_control": "",
            "content": null,
            "content_disposition": "",
            "content_encoding": "",
            "content_language": "",
            "content_type": "text/plain; charset=utf-8",
            "crc32c": "tklpeA==",
            "customer_encryption": [],
            "detect_md5hash": "pek8skI7Xh4+jEoq4H3ESQ==",
            "event_based_hold": false,
            "id": "race-gce-files-frontend/public/js/race.js",
            "kms_key_name": "",
            "md5hash": "pek8skI7Xh4+jEoq4H3ESQ==",
            "media_link": "https://storage.googleapis.com/download/storage/v1/b/race-gce-files/o/frontend%2Fpublic%2Fjs%2Frace.js?generation=1699244968858465\u0026alt=media",
            "metadata": {},
            "name": "frontend/public/js/race.js",
            "output_name": "frontend/public/js/race.js",
            "self_link": "https://www.googleapis.com/storage/v1/b/race-gce-files/o/frontend%2Fpublic%2Fjs%2Frace.js",
            "source": "../frontend/public/js/race.js",
            "storage_class": "STANDARD",
            "temporary_hold": false,
            "timeouts": null
          },
          "sensitive_attributes": [],
          "private": "eyJlMmJmYjczMC1lY2FhLTExZTYtOGY4OC0zNDM2M2JjN2M0YzAiOnsiY3JlYXRlIjoyNDAwMDAwMDAwMDAsImRlbGV0ZSI6MjQwMDAwMDAwMDAwLCJ1cGRhdGUiOjI0MDAwMDAwMDAwMH19",
          "dependencies": [
            "google_storage_bucket.bucket"
          ]
        },
        {
          "index_key": "frontend/public/leaderboard.css",
          "schema_version": 0,
          "attributes": {
            "bucket": "race-gce-files",
            "cache_control": "",
            "content": null,
            "content_disposition": "",
            "content_encoding": "",
            "content_language": "",
            "content_type": "text/plain; charset=utf-8",
            "crc32c": "SsWj3g==",
            "customer_encryption": [],
            "detect_md5hash": "LRYx+oTVNURo62rs6obkMg==",
            "event_based_hold": false,
            "id": "race-gce-files-frontend/public/leaderboard.css",
            "kms_key_name": "",
            "md5hash": "LRYx+oTVNURo62rs6obkMg==",
            "media_link": "https://storage.googleapis.com/download/storage/v1/b/race-gce-files/o/frontend%2Fpublic%2Fleaderboard.css?generation=1699244955847394\u0026alt=media",
            "metadata": {},
            "name": "frontend/public/leaderboard.css",
            "output_name": "frontend/public/leaderboard.css",
            "self_link": "https://www.googleapis.com/storage/v1/b/race-gce-files/o/frontend%2Fpublic%2Fleaderboard.css",
            "source": "../frontend/public/leaderboard.css",
            "storage_class": "STANDARD",
            "temporary_hold": false,
            "timeouts": null
          },
          "sensitive_attributes": [],
          "private": "eyJlMmJmYjczMC1lY2FhLTExZTYtOGY4OC0zNDM2M2JjN2M0YzAiOnsiY3JlYXRlIjoyNDAwMDAwMDAwMDAsImRlbGV0ZSI6MjQwMDAwMDAwMDAwLCJ1cGRhdGUiOjI0MDAwMDAwMDAwMH19",
          "dependencies": [
            "google_storage_bucket.bucket"
          ]
        },
        {
          "index_key": "frontend/public/login.css",
          "schema_version": 0,
          "attributes": {
            "bucket": "race-gce-files",
            "cache_control": "",
            "content": null,
            "content_disposition": "",
            "content_encoding": "",
            "content_language": "",
            "content_type": "text/plain; charset=utf-8",
            "crc32c": "K8oMNA==",
            "customer_encryption": [],
            "detect_md5hash": "Asdxt3mLTXgw8UfwLXGkPQ==",
            "event_based_hold": false,
            "id": "race-gce-files-frontend/public/login.css",
            "kms_key_name": "",
            "md5hash": "Asdxt3mLTXgw8UfwLXGkPQ==",
            "media_link": "https://storage.googleapis.com/download/storage/v1/b/race-gce-files/o/frontend%2Fpublic%2Flogin.css?generation=1699244959053736\u0026alt=media",
            "metadata": {},
            "name": "frontend/public/login.css",
            "output_name": "frontend/public/login.css",
            "self_link": "https://www.googleapis.com/storage/v1/b/race-gce-files/o/frontend%2Fpublic%2Flogin.css",
            "source": "../frontend/public/login.css",
            "storage_class": "STANDARD",
            "temporary_hold": false,
            "timeouts": null
          },
          "sensitive_attributes": [],
          "private": "eyJlMmJmYjczMC1lY2FhLTExZTYtOGY4OC0zNDM2M2JjN2M0YzAiOnsiY3JlYXRlIjoyNDAwMDAwMDAwMDAsImRlbGV0ZSI6MjQwMDAwMDAwMDAwLCJ1cGRhdGUiOjI0MDAwMDAwMDAwMH19",
          "dependencies": [
            "google_storage_bucket.bucket"
          ]
        },
        {
          "index_key": "frontend/public/race.css",
          "schema_version": 0,
          "attributes": {
            "bucket": "race-gce-files",
            "cache_control": "",
            "content": null,
            "content_disposition": "",
            "content_encoding": "",
            "content_language": "",
            "content_type": "text/plain; charset=utf-8",
            "crc32c": "xWZiuA==",
            "customer_encryption": [],
            "detect_md5hash": "/XTWdLpE/ZWIqItRWBN1Zg==",
            "event_based_hold": false,
            "id": "race-gce-files-frontend/public/race.css",
            "kms_key_name": "",
            "md5hash": "/XTWdLpE/ZWIqItRWBN1Zg==",
            "media_link": "https://storage.googleapis.com/download/storage/v1/b/race-gce-files/o/frontend%2Fpublic%2Frace.css?generation=1699244967754631\u0026alt=media",
            "metadata": {},
            "name": "frontend/public/race.css",
            "output_name": "frontend/public/race.css",
            "self_link": "https://www.googleapis.com/storage/v1/b/race-gce-files/o/frontend%2Fpublic%2Frace.css",
            "source": "../frontend/public/race.css",
            "storage_class": "STANDARD",
            "temporary_hold": false,
            "timeouts": null
          },
          "sensitive_attributes": [],
          "private": "eyJlMmJmYjczMC1lY2FhLTExZTYtOGY4OC0zNDM2M2JjN2M0YzAiOnsiY3JlYXRlIjoyNDAwMDAwMDAwMDAsImRlbGV0ZSI6MjQwMDAwMDAwMDAwLCJ1cGRhdGUiOjI0MDAwMDAwMDAwMH19",
          "dependencies": [
            "google_storage_bucket.bucket"
          ]
        },
        {
          "index_key": "frontend/server.js",
          "schema_version": 0,
          "attributes": {
            "bucket": "race-gce-files",
            "cache_control": "",
            "content": null,
            "content_disposition": "",
            "content_encoding": "",
            "content_language": "",
            "content_type": "text/plain; charset=utf-8",
            "crc32c": "Swa4Zw==",
            "customer_encryption": [],
            "detect_md5hash": "5eEUmnXg0bMCMbwd319OlA==",
            "event_based_hold": false,
            "id": "race-gce-files-frontend/server.js",
            "kms_key_name": "",
            "md5hash": "5eEUmnXg0bMCMbwd319OlA==",
            "media_link": "https://storage.googleapis.com/download/storage/v1/b/race-gce-files/o/frontend%2Fserver.js?generation=1699244964756417\u0026alt=media",
            "metadata": {},
            "name": "frontend/server.js",
            "output_name": "frontend/server.js",
            "self_link": "https://www.googleapis.com/storage/v1/b/race-gce-files/o/frontend%2Fserver.js",
            "source": "../frontend/server.js",
            "storage_class": "STANDARD",
            "temporary_hold": false,
            "timeouts": null
          },
          "sensitive_attributes": [],
          "private": "eyJlMmJmYjczMC1lY2FhLTExZTYtOGY4OC0zNDM2M2JjN2M0YzAiOnsiY3JlYXRlIjoyNDAwMDAwMDAwMDAsImRlbGV0ZSI6MjQwMDAwMDAwMDAwLCJ1cGRhdGUiOjI0MDAwMDAwMDAwMH19",
          "dependencies": [
            "google_storage_bucket.bucket"
          ]
        },
        {
          "index_key": "frontend/views/home.ejs",
          "schema_version": 0,
          "attributes": {
            "bucket": "race-gce-files",
            "cache_control": "",
            "content": null,
            "content_disposition": "",
            "content_encoding": "",
            "content_language": "",
            "content_type": "text/html; charset=utf-8",
            "crc32c": "6qyAfg==",
            "customer_encryption": [],
            "detect_md5hash": "Jdjx2rGFkl2m6DRhhaoDjw==",
            "event_based_hold": false,
            "id": "race-gce-files-frontend/views/home.ejs",
            "kms_key_name": "",
            "md5hash": "Jdjx2rGFkl2m6DRhhaoDjw==",
            "media_link": "https://storage.googleapis.com/download/storage/v1/b/race-gce-files/o/frontend%2Fviews%2Fhome.ejs?generation=1699244963356817\u0026alt=media",
            "metadata": {},
            "name": "frontend/views/home.ejs",
            "output_name": "frontend/views/home.ejs",
            "self_link": "https://www.googleapis.com/storage/v1/b/race-gce-files/o/frontend%2Fviews%2Fhome.ejs",
            "source": "../frontend/views/home.ejs",
            "storage_class": "STANDARD",
            "temporary_hold": false,
            "timeouts": null
          },
          "sensitive_attributes": [],
          "private": "eyJlMmJmYjczMC1lY2FhLTExZTYtOGY4OC0zNDM2M2JjN2M0YzAiOnsiY3JlYXRlIjoyNDAwMDAwMDAwMDAsImRlbGV0ZSI6MjQwMDAwMDAwMDAwLCJ1cGRhdGUiOjI0MDAwMDAwMDAwMH19",
          "dependencies": [
            "google_storage_bucket.bucket"
          ]
        },
        {
          "index_key": "frontend/views/leaderboard.ejs",
          "schema_version": 0,
          "attributes": {
            "bucket": "race-gce-files",
            "cache_control": "",
            "content": null,
            "content_disposition": "",
            "content_encoding": "",
            "content_language": "",
            "content_type": "text/html; charset=utf-8",
            "crc32c": "lLBjlQ==",
            "customer_encryption": [],
            "detect_md5hash": "aHS6JstkBuUamV75wkFA1w==",
            "event_based_hold": false,
            "id": "race-gce-files-frontend/views/leaderboard.ejs",
            "kms_key_name": "",
            "md5hash": "aHS6JstkBuUamV75wkFA1w==",
            "media_link": "https://storage.googleapis.com/download/storage/v1/b/race-gce-files/o/frontend%2Fviews%2Fleaderboard.ejs?generation=1699244954154354\u0026alt=media",
            "metadata": {},
            "name": "frontend/views/leaderboard.ejs",
            "output_name": "frontend/views/leaderboard.ejs",
            "self_link": "https://www.googleapis.com/storage/v1/b/race-gce-files/o/frontend%2Fviews%2Fleaderboard.ejs",
            "source": "../frontend/views/leaderboard.ejs",
            "storage_class": "STANDARD",
            "temporary_hold": false,
            "timeouts": null
          },
          "sensitive_attributes": [],
          "private": "eyJlMmJmYjczMC1lY2FhLTExZTYtOGY4OC0zNDM2M2JjN2M0YzAiOnsiY3JlYXRlIjoyNDAwMDAwMDAwMDAsImRlbGV0ZSI6MjQwMDAwMDAwMDAwLCJ1cGRhdGUiOjI0MDAwMDAwMDAwMH19",
          "dependencies": [
            "google_storage_bucket.bucket"
          ]
        },
        {
          "index_key": "frontend/views/login.ejs",
          "schema_version": 0,
          "attributes": {
            "bucket": "race-gce-files",
            "cache_control": "",
            "content": null,
            "content_disposition": "",
            "content_encoding": "",
            "content_language": "",
            "content_type": "text/html; charset=utf-8",
            "crc32c": "ieo3Vw==",
            "customer_encryption": [],
            "detect_md5hash": "plOjXYbay9k12pRejiRiYA==",
            "event_based_hold": false,
            "id": "race-gce-files-frontend/views/login.ejs",
            "kms_key_name": "",
            "md5hash": "plOjXYbay9k12pRejiRiYA==",
            "media_link": "https://storage.googleapis.com/download/storage/v1/b/race-gce-files/o/frontend%2Fviews%2Flogin.ejs?generation=1699244971859778\u0026alt=media",
            "metadata": {},
            "name": "frontend/views/login.ejs",
            "output_name": "frontend/views/login.ejs",
            "self_link": "https://www.googleapis.com/storage/v1/b/race-gce-files/o/frontend%2Fviews%2Flogin.ejs",
            "source": "../frontend/views/login.ejs",
            "storage_class": "STANDARD",
            "temporary_hold": false,
            "timeouts": null
          },
          "sensitive_attributes": [],
          "private": "eyJlMmJmYjczMC1lY2FhLTExZTYtOGY4OC0zNDM2M2JjN2M0YzAiOnsiY3JlYXRlIjoyNDAwMDAwMDAwMDAsImRlbGV0ZSI6MjQwMDAwMDAwMDAwLCJ1cGRhdGUiOjI0MDAwMDAwMDAwMH19",
          "dependencies": [
            "google_storage_bucket.bucket"
          ]
        },
        {
          "index_key": "frontend/views/race.ejs",
          "schema_version": 0,
          "attributes": {
            "bucket": "race-gce-files",
            "cache_control": "",
            "content": null,
            "content_disposition": "",
            "content_encoding": "",
            "content_language": "",
            "content_type": "text/html; charset=utf-8",
            "crc32c": "vq7v9A==",
            "customer_encryption": [],
            "detect_md5hash": "dwGXkZyZH7J5/wSdsOELfA==",
            "event_based_hold": false,
            "id": "race-gce-files-frontend/views/race.ejs",
            "kms_key_name": "",
            "md5hash": "dwGXkZyZH7J5/wSdsOELfA==",
            "media_link": "https://storage.googleapis.com/download/storage/v1/b/race-gce-files/o/frontend%2Fviews%2Frace.ejs?generation=1699244962355653\u0026alt=media",
            "metadata": {},
            "name": "frontend/views/race.ejs",
            "output_name": "frontend/views/race.ejs",
            "self_link": "https://www.googleapis.com/storage/v1/b/race-gce-files/o/frontend%2Fviews%2Frace.ejs",
            "source": "../frontend/views/race.ejs",
            "storage_class": "STANDARD",
            "temporary_hold": false,
            "timeouts": null
          },
          "sensitive_attributes": [],
          "private": "eyJlMmJmYjczMC1lY2FhLTExZTYtOGY4OC0zNDM2M2JjN2M0YzAiOnsiY3JlYXRlIjoyNDAwMDAwMDAwMDAsImRlbGV0ZSI6MjQwMDAwMDAwMDAwLCJ1cGRhdGUiOjI0MDAwMDAwMDAwMH19",
          "dependencies": [
            "google_storage_bucket.bucket"
          ]
        },
        {
          "index_key": "packer-nodejs/image.pkr.hcl",
          "schema_version": 0,
          "attributes": {
            "bucket": "race-gce-files",
            "cache_control": "",
            "content": null,
            "content_disposition": "",
            "content_encoding": "",
            "content_language": "",
            "content_type": "text/plain; charset=utf-8",
            "crc32c": "ZvMikw==",
            "customer_encryption": [],
            "detect_md5hash": "fPaS8DBG/RW9lz4+T/rZQQ==",
            "event_based_hold": false,
            "id": "race-gce-files-packer-nodejs/image.pkr.hcl",
            "kms_key_name": "",
            "md5hash": "fPaS8DBG/RW9lz4+T/rZQQ==",
            "media_link": "https://storage.googleapis.com/download/storage/v1/b/race-gce-files/o/packer-nodejs%2Fimage.pkr.hcl?generation=1699244974154728\u0026alt=media",
            "metadata": {},
            "name": "packer-nodejs/image.pkr.hcl",
            "output_name": "packer-nodejs/image.pkr.hcl",
            "self_link": "https://www.googleapis.com/storage/v1/b/race-gce-files/o/packer-nodejs%2Fimage.pkr.hcl",
            "source": "../packer-nodejs/image.pkr.hcl",
            "storage_class": "STANDARD",
            "temporary_hold": false,
            "timeouts": null
          },
          "sensitive_attributes": [],
          "private": "eyJlMmJmYjczMC1lY2FhLTExZTYtOGY4OC0zNDM2M2JjN2M0YzAiOnsiY3JlYXRlIjoyNDAwMDAwMDAwMDAsImRlbGV0ZSI6MjQwMDAwMDAwMDAwLCJ1cGRhdGUiOjI0MDAwMDAwMDAwMH19",
          "dependencies": [
            "google_storage_bucket.bucket"
          ]
        },
        {
          "index_key": "packer-nodejs/main.pkr.hcl",
          "schema_version": 0,
          "attributes": {
            "bucket": "race-gce-files",
            "cache_control": "",
            "content": null,
            "content_disposition": "",
            "content_encoding": "",
            "content_language": "",
            "content_type": "text/plain; charset=utf-8",
            "crc32c": "FW88aA==",
            "customer_encryption": [],
            "detect_md5hash": "nJ433W58+jVCCIypfzBkNQ==",
            "event_based_hold": false,
            "id": "race-gce-files-packer-nodejs/main.pkr.hcl",
            "kms_key_name": "",
            "md5hash": "nJ433W58+jVCCIypfzBkNQ==",
            "media_link": "https://storage.googleapis.com/download/storage/v1/b/race-gce-files/o/packer-nodejs%2Fmain.pkr.hcl?generation=1699244952856093\u0026alt=media",
            "metadata": {},
            "name": "packer-nodejs/main.pkr.hcl",
            "output_name": "packer-nodejs/main.pkr.hcl",
            "self_link": "https://www.googleapis.com/storage/v1/b/race-gce-files/o/packer-nodejs%2Fmain.pkr.hcl",
            "source": "../packer-nodejs/main.pkr.hcl",
            "storage_class": "STANDARD",
            "temporary_hold": false,
            "timeouts": null
          },
          "sensitive_attributes": [],
          "private": "eyJlMmJmYjczMC1lY2FhLTExZTYtOGY4OC0zNDM2M2JjN2M0YzAiOnsiY3JlYXRlIjoyNDAwMDAwMDAwMDAsImRlbGV0ZSI6MjQwMDAwMDAwMDAwLCJ1cGRhdGUiOjI0MDAwMDAwMDAwMH19",
          "dependencies": [
            "google_storage_bucket.bucket"
          ]
        },
        {
          "index_key": "race.ejs",
          "schema_version": 0,
          "attributes": {
            "bucket": "race-gce-files",
            "cache_control": "",
            "content": null,
            "content_disposition": "",
            "content_encoding": "",
            "content_language": "",
            "content_type": "text/html; charset=utf-8",
            "crc32c": "vq7v9A==",
            "customer_encryption": [],
            "detect_md5hash": "dwGXkZyZH7J5/wSdsOELfA==",
            "event_based_hold": false,
            "id": "race-gce-files-race.ejs",
            "kms_key_name": "",
            "md5hash": "dwGXkZyZH7J5/wSdsOELfA==",
            "media_link": "https://storage.googleapis.com/download/storage/v1/b/race-gce-files/o/race.ejs?generation=1699244966951930\u0026alt=media",
            "metadata": {},
            "name": "race.ejs",
            "output_name": "race.ejs",
            "self_link": "https://www.googleapis.com/storage/v1/b/race-gce-files/o/race.ejs",
            "source": "../race.ejs",
            "storage_class": "STANDARD",
            "temporary_hold": false,
            "timeouts": null
          },
          "sensitive_attributes": [],
          "private": "eyJlMmJmYjczMC1lY2FhLTExZTYtOGY4OC0zNDM2M2JjN2M0YzAiOnsiY3JlYXRlIjoyNDAwMDAwMDAwMDAsImRlbGV0ZSI6MjQwMDAwMDAwMDAwLCJ1cGRhdGUiOjI0MDAwMDAwMDAwMH19",
          "dependencies": [
            "google_storage_bucket.bucket"
          ]
        },
        {
          "index_key": "service_account_sql_client.tf",
          "schema_version": 0,
          "attributes": {
            "bucket": "race-gce-files",
            "cache_control": "",
            "content": null,
            "content_disposition": "",
            "content_encoding": "",
            "content_language": "",
            "content_type": "text/plain; charset=utf-8",
            "crc32c": "/n79oA==",
            "customer_encryption": [],
            "detect_md5hash": "gQOV8VNrCg/wmoS6ZKHI9A==",
            "event_based_hold": false,
            "id": "race-gce-files-service_account_sql_client.tf",
            "kms_key_name": "",
            "md5hash": "gQOV8VNrCg/wmoS6ZKHI9A==",
            "media_link": "https://storage.googleapis.com/download/storage/v1/b/race-gce-files/o/service_account_sql_client.tf?generation=1699244956666014\u0026alt=media",
            "metadata": {},
            "name": "service_account_sql_client.tf",
            "output_name": "service_account_sql_client.tf",
            "self_link": "https://www.googleapis.com/storage/v1/b/race-gce-files/o/service_account_sql_client.tf",
            "source": "../service_account_sql_client.tf",
            "storage_class": "STANDARD",
            "temporary_hold": false,
            "timeouts": null
          },
          "sensitive_attributes": [],
          "private": "eyJlMmJmYjczMC1lY2FhLTExZTYtOGY4OC0zNDM2M2JjN2M0YzAiOnsiY3JlYXRlIjoyNDAwMDAwMDAwMDAsImRlbGV0ZSI6MjQwMDAwMDAwMDAwLCJ1cGRhdGUiOjI0MDAwMDAwMDAwMH19",
          "dependencies": [
            "google_storage_bucket.bucket"
          ]
        },
        {
          "index_key": "startup-script.sh",
          "schema_version": 0,
          "attributes": {
            "bucket": "race-gce-files",
            "cache_control": "",
            "content": null,
            "content_disposition": "",
            "content_encoding": "",
            "content_language": "",
            "content_type": "text/plain; charset=utf-8",
            "crc32c": "Dhw/Ig==",
            "customer_encryption": [],
            "detect_md5hash": "+ORH86FnCajhDTdsQ3b2xg==",
            "event_based_hold": false,
            "id": "race-gce-files-startup-script.sh",
            "kms_key_name": "",
            "md5hash": "+ORH86FnCajhDTdsQ3b2xg==",
            "media_link": "https://storage.googleapis.com/download/storage/v1/b/race-gce-files/o/startup-script.sh?generation=1699244974255472\u0026alt=media",
            "metadata": {},
            "name": "startup-script.sh",
            "output_name": "startup-script.sh",
            "self_link": "https://www.googleapis.com/storage/v1/b/race-gce-files/o/startup-script.sh",
            "source": "../startup-script.sh",
            "storage_class": "STANDARD",
            "temporary_hold": false,
            "timeouts": null
          },
          "sensitive_attributes": [],
          "private": "eyJlMmJmYjczMC1lY2FhLTExZTYtOGY4OC0zNDM2M2JjN2M0YzAiOnsiY3JlYXRlIjoyNDAwMDAwMDAwMDAsImRlbGV0ZSI6MjQwMDAwMDAwMDAwLCJ1cGRhdGUiOjI0MDAwMDAwMDAwMH19",
          "dependencies": [
            "google_storage_bucket.bucket"
          ]
        },
        {
          "index_key": "tf-1/.terraform.lock.hcl",
          "schema_version": 0,
          "attributes": {
            "bucket": "race-gce-files",
            "cache_control": "",
            "content": null,
            "content_disposition": "",
            "content_encoding": "",
            "content_language": "",
            "content_type": "text/plain; charset=utf-8",
            "crc32c": "9Va2vA==",
            "customer_encryption": [],
            "detect_md5hash": "CHfisSd7H35natZrP6ZwQg==",
            "event_based_hold": false,
            "id": "race-gce-files-tf-1/.terraform.lock.hcl",
            "kms_key_name": "",
            "md5hash": "CHfisSd7H35natZrP6ZwQg==",
            "media_link": "https://storage.googleapis.com/download/storage/v1/b/race-gce-files/o/tf-1%2F.terraform.lock.hcl?generation=1699244955056014\u0026alt=media",
            "metadata": {},
            "name": "tf-1/.terraform.lock.hcl",
            "output_name": "tf-1/.terraform.lock.hcl",
            "self_link": "https://www.googleapis.com/storage/v1/b/race-gce-files/o/tf-1%2F.terraform.lock.hcl",
            "source": "../tf-1/.terraform.lock.hcl",
            "storage_class": "STANDARD",
            "temporary_hold": false,
            "timeouts": null
          },
          "sensitive_attributes": [],
          "private": "eyJlMmJmYjczMC1lY2FhLTExZTYtOGY4OC0zNDM2M2JjN2M0YzAiOnsiY3JlYXRlIjoyNDAwMDAwMDAwMDAsImRlbGV0ZSI6MjQwMDAwMDAwMDAwLCJ1cGRhdGUiOjI0MDAwMDAwMDAwMH19",
          "dependencies": [
            "google_storage_bucket.bucket"
          ]
        },
        {
          "index_key": "tf-1/.terraform/providers/registry.terraform.io/hashicorp/google/5.4.0/linux_amd64/terraform-provider-google_v5.4.0_x5",
          "schema_version": 0,
          "attributes": {
            "bucket": "race-gce-files",
            "cache_control": "",
            "content": null,
            "content_disposition": "",
            "content_encoding": "",
            "content_language": "",
            "content_type": "application/octet-stream",
            "crc32c": "F5rOxQ==",
            "customer_encryption": [],
            "detect_md5hash": "J6I7bsdfBNt8YykEEQ7vUw==",
            "event_based_hold": false,
            "id": "race-gce-files-tf-1/.terraform/providers/registry.terraform.io/hashicorp/google/5.4.0/linux_amd64/terraform-provider-google_v5.4.0_x5",
            "kms_key_name": "",
            "md5hash": "J6I7bsdfBNt8YykEEQ7vUw==",
            "media_link": "https://storage.googleapis.com/download/storage/v1/b/race-gce-files/o/tf-1%2F.terraform%2Fproviders%2Fregistry.terraform.io%2Fhashicorp%2Fgoogle%2F5.4.0%2Flinux_amd64%2Fterraform-provider-google_v5.4.0_x5?generation=1699244980552743\u0026alt=media",
            "metadata": {},
            "name": "tf-1/.terraform/providers/registry.terraform.io/hashicorp/google/5.4.0/linux_amd64/terraform-provider-google_v5.4.0_x5",
            "output_name": "tf-1/.terraform/providers/registry.terraform.io/hashicorp/google/5.4.0/linux_amd64/terraform-provider-google_v5.4.0_x5",
            "self_link": "https://www.googleapis.com/storage/v1/b/race-gce-files/o/tf-1%2F.terraform%2Fproviders%2Fregistry.terraform.io%2Fhashicorp%2Fgoogle%2F5.4.0%2Flinux_amd64%2Fterraform-provider-google_v5.4.0_x5",
            "source": "../tf-1/.terraform/providers/registry.terraform.io/hashicorp/google/5.4.0/linux_amd64/terraform-provider-google_v5.4.0_x5",
            "storage_class": "STANDARD",
            "temporary_hold": false,
            "timeouts": null
          },
          "sensitive_attributes": [],
          "private": "eyJlMmJmYjczMC1lY2FhLTExZTYtOGY4OC0zNDM2M2JjN2M0YzAiOnsiY3JlYXRlIjoyNDAwMDAwMDAwMDAsImRlbGV0ZSI6MjQwMDAwMDAwMDAwLCJ1cGRhdGUiOjI0MDAwMDAwMDAwMH19",
          "dependencies": [
            "google_storage_bucket.bucket"
          ]
        },
        {
          "index_key": "tf-1/cloudsql.tf",
          "schema_version": 0,
          "attributes": {
            "bucket": "race-gce-files",
            "cache_control": "",
            "content": null,
            "content_disposition": "",
            "content_encoding": "",
            "content_language": "",
            "content_type": "text/plain; charset=utf-8",
            "crc32c": "IgMbAw==",
            "customer_encryption": [],
            "detect_md5hash": "USp+kXBoyLcQh1ioSTa1dA==",
            "event_based_hold": false,
            "id": "race-gce-files-tf-1/cloudsql.tf",
            "kms_key_name": "",
            "md5hash": "USp+kXBoyLcQh1ioSTa1dA==",
            "media_link": "https://storage.googleapis.com/download/storage/v1/b/race-gce-files/o/tf-1%2Fcloudsql.tf?generation=1699244967653252\u0026alt=media",
            "metadata": {},
            "name": "tf-1/cloudsql.tf",
            "output_name": "tf-1/cloudsql.tf",
            "self_link": "https://www.googleapis.com/storage/v1/b/race-gce-files/o/tf-1%2Fcloudsql.tf",
            "source": "../tf-1/cloudsql.tf",
            "storage_class": "STANDARD",
            "temporary_hold": false,
            "timeouts": null
          },
          "sensitive_attributes": [],
          "private": "eyJlMmJmYjczMC1lY2FhLTExZTYtOGY4OC0zNDM2M2JjN2M0YzAiOnsiY3JlYXRlIjoyNDAwMDAwMDAwMDAsImRlbGV0ZSI6MjQwMDAwMDAwMDAwLCJ1cGRhdGUiOjI0MDAwMDAwMDAwMH19",
          "dependencies": [
            "google_storage_bucket.bucket"
          ]
        },
        {
          "index_key": "tf-1/nat.tf",
          "schema_version": 0,
          "attributes": {
            "bucket": "race-gce-files",
            "cache_control": "",
            "content": null,
            "content_disposition": "",
            "content_encoding": "",
            "content_language": "",
            "content_type": "text/plain; charset=utf-8",
            "crc32c": "w/+56g==",
            "customer_encryption": [],
            "detect_md5hash": "9bBd4XtzeYBNOBamJD3v7g==",
            "event_based_hold": false,
            "id": "race-gce-files-tf-1/nat.tf",
            "kms_key_name": "",
            "md5hash": "9bBd4XtzeYBNOBamJD3v7g==",
            "media_link": "https://storage.googleapis.com/download/storage/v1/b/race-gce-files/o/tf-1%2Fnat.tf?generation=1699244964053960\u0026alt=media",
            "metadata": {},
            "name": "tf-1/nat.tf",
            "output_name": "tf-1/nat.tf",
            "self_link": "https://www.googleapis.com/storage/v1/b/race-gce-files/o/tf-1%2Fnat.tf",
            "source": "../tf-1/nat.tf",
            "storage_class": "STANDARD",
            "temporary_hold": false,
            "timeouts": null
          },
          "sensitive_attributes": [],
          "private": "eyJlMmJmYjczMC1lY2FhLTExZTYtOGY4OC0zNDM2M2JjN2M0YzAiOnsiY3JlYXRlIjoyNDAwMDAwMDAwMDAsImRlbGV0ZSI6MjQwMDAwMDAwMDAwLCJ1cGRhdGUiOjI0MDAwMDAwMDAwMH19",
          "dependencies": [
            "google_storage_bucket.bucket"
          ]
        },
        {
          "index_key": "tf-1/provider.tf",
          "schema_version": 0,
          "attributes": {
            "bucket": "race-gce-files",
            "cache_control": "",
            "content": null,
            "content_disposition": "",
            "content_encoding": "",
            "content_language": "",
            "content_type": "text/plain; charset=utf-8",
            "crc32c": "AU77TA==",
            "customer_encryption": [],
            "detect_md5hash": "t6qDsboenirQmHJ9i/FeiA==",
            "event_based_hold": false,
            "id": "race-gce-files-tf-1/provider.tf",
            "kms_key_name": "",
            "md5hash": "t6qDsboenirQmHJ9i/FeiA==",
            "media_link": "https://storage.googleapis.com/download/storage/v1/b/race-gce-files/o/tf-1%2Fprovider.tf?generation=1699244966959330\u0026alt=media",
            "metadata": {},
            "name": "tf-1/provider.tf",
            "output_name": "tf-1/provider.tf",
            "self_link": "https://www.googleapis.com/storage/v1/b/race-gce-files/o/tf-1%2Fprovider.tf",
            "source": "../tf-1/provider.tf",
            "storage_class": "STANDARD",
            "temporary_hold": false,
            "timeouts": null
          },
          "sensitive_attributes": [],
          "private": "eyJlMmJmYjczMC1lY2FhLTExZTYtOGY4OC0zNDM2M2JjN2M0YzAiOnsiY3JlYXRlIjoyNDAwMDAwMDAwMDAsImRlbGV0ZSI6MjQwMDAwMDAwMDAwLCJ1cGRhdGUiOjI0MDAwMDAwMDAwMH19",
          "dependencies": [
            "google_storage_bucket.bucket"
          ]
        },
        {
          "index_key": "tf-1/terraform.tfstate",
          "schema_version": 0,
          "attributes": {
            "bucket": "race-gce-files",
            "cache_control": "",
            "content": null,
            "content_disposition": "",
            "content_encoding": "",
            "content_language": "",
            "content_type": "text/plain; charset=utf-8",
            "crc32c": "ad4Ulw==",
            "customer_encryption": [],
            "detect_md5hash": "8vrvRbUtiLtTIZ0ITJCBug==",
            "event_based_hold": false,
            "id": "race-gce-files-tf-1/terraform.tfstate",
            "kms_key_name": "",
            "md5hash": "8vrvRbUtiLtTIZ0ITJCBug==",
            "media_link": "https://storage.googleapis.com/download/storage/v1/b/race-gce-files/o/tf-1%2Fterraform.tfstate?generation=1699244957854681\u0026alt=media",
            "metadata": {},
            "name": "tf-1/terraform.tfstate",
            "output_name": "tf-1/terraform.tfstate",
            "self_link": "https://www.googleapis.com/storage/v1/b/race-gce-files/o/tf-1%2Fterraform.tfstate",
            "source": "../tf-1/terraform.tfstate",
            "storage_class": "STANDARD",
            "temporary_hold": false,
            "timeouts": null
          },
          "sensitive_attributes": [],
          "private": "eyJlMmJmYjczMC1lY2FhLTExZTYtOGY4OC0zNDM2M2JjN2M0YzAiOnsiY3JlYXRlIjoyNDAwMDAwMDAwMDAsImRlbGV0ZSI6MjQwMDAwMDAwMDAwLCJ1cGRhdGUiOjI0MDAwMDAwMDAwMH19",
          "dependencies": [
            "google_storage_bucket.bucket"
          ]
        },
        {
          "index_key": "tf-1/terraform.tfstate.backup",
          "schema_version": 0,
          "attributes": {
            "bucket": "race-gce-files",
            "cache_control": "",
            "content": null,
            "content_disposition": "",
            "content_encoding": "",
            "content_language": "",
            "content_type": "text/plain; charset=utf-8",
            "crc32c": "9K38lA==",
            "customer_encryption": [],
            "detect_md5hash": "YzxGKZXE0cfFISpc2IQzVQ==",
            "event_based_hold": false,
            "id": "race-gce-files-tf-1/terraform.tfstate.backup",
            "kms_key_name": "",
            "md5hash": "YzxGKZXE0cfFISpc2IQzVQ==",
            "media_link": "https://storage.googleapis.com/download/storage/v1/b/race-gce-files/o/tf-1%2Fterraform.tfstate.backup?generation=1699244952652270\u0026alt=media",
            "metadata": {},
            "name": "tf-1/terraform.tfstate.backup",
            "output_name": "tf-1/terraform.tfstate.backup",
            "self_link": "https://www.googleapis.com/storage/v1/b/race-gce-files/o/tf-1%2Fterraform.tfstate.backup",
            "source": "../tf-1/terraform.tfstate.backup",
            "storage_class": "STANDARD",
            "temporary_hold": false,
            "timeouts": null
          },
          "sensitive_attributes": [],
          "private": "eyJlMmJmYjczMC1lY2FhLTExZTYtOGY4OC0zNDM2M2JjN2M0YzAiOnsiY3JlYXRlIjoyNDAwMDAwMDAwMDAsImRlbGV0ZSI6MjQwMDAwMDAwMDAwLCJ1cGRhdGUiOjI0MDAwMDAwMDAwMH19",
          "dependencies": [
            "google_storage_bucket.bucket"
          ]
        },
        {
          "index_key": "tf-1/variables.tf",
          "schema_version": 0,
          "attributes": {
            "bucket": "race-gce-files",
            "cache_control": "",
            "content": null,
            "content_disposition": "",
            "content_encoding": "",
            "content_language": "",
            "content_type": "text/plain; charset=utf-8",
            "crc32c": "rwxyrg==",
            "customer_encryption": [],
            "detect_md5hash": "8vzKu5Rv3LJdUVnWb3TInw==",
            "event_based_hold": false,
            "id": "race-gce-files-tf-1/variables.tf",
            "kms_key_name": "",
            "md5hash": "8vzKu5Rv3LJdUVnWb3TInw==",
            "media_link": "https://storage.googleapis.com/download/storage/v1/b/race-gce-files/o/tf-1%2Fvariables.tf?generation=1699244959055593\u0026alt=media",
            "metadata": {},
            "name": "tf-1/variables.tf",
            "output_name": "tf-1/variables.tf",
            "self_link": "https://www.googleapis.com/storage/v1/b/race-gce-files/o/tf-1%2Fvariables.tf",
            "source": "../tf-1/variables.tf",
            "storage_class": "STANDARD",
            "temporary_hold": false,
            "timeouts": null
          },
          "sensitive_attributes": [],
          "private": "eyJlMmJmYjczMC1lY2FhLTExZTYtOGY4OC0zNDM2M2JjN2M0YzAiOnsiY3JlYXRlIjoyNDAwMDAwMDAwMDAsImRlbGV0ZSI6MjQwMDAwMDAwMDAwLCJ1cGRhdGUiOjI0MDAwMDAwMDAwMH19",
          "dependencies": [
            "google_storage_bucket.bucket"
          ]
        },
        {
          "index_key": "tf-1/vars.auto.tfvars",
          "schema_version": 0,
          "attributes": {
            "bucket": "race-gce-files",
            "cache_control": "",
            "content": null,
            "content_disposition": "",
            "content_encoding": "",
            "content_language": "",
            "content_type": "text/plain; charset=utf-8",
            "crc32c": "hVt/ZQ==",
            "customer_encryption": [],
            "detect_md5hash": "woN667uvz4IfAB3qyAB57w==",
            "event_based_hold": false,
            "id": "race-gce-files-tf-1/vars.auto.tfvars",
            "kms_key_name": "",
            "md5hash": "woN667uvz4IfAB3qyAB57w==",
            "media_link": "https://storage.googleapis.com/download/storage/v1/b/race-gce-files/o/tf-1%2Fvars.auto.tfvars?generation=1699244968156417\u0026alt=media",
            "metadata": {},
            "name": "tf-1/vars.auto.tfvars",
            "output_name": "tf-1/vars.auto.tfvars",
            "self_link": "https://www.googleapis.com/storage/v1/b/race-gce-files/o/tf-1%2Fvars.auto.tfvars",
            "source": "../tf-1/vars.auto.tfvars",
            "storage_class": "STANDARD",
            "temporary_hold": false,
            "timeouts": null
          },
          "sensitive_attributes": [],
          "private": "eyJlMmJmYjczMC1lY2FhLTExZTYtOGY4OC0zNDM2M2JjN2M0YzAiOnsiY3JlYXRlIjoyNDAwMDAwMDAwMDAsImRlbGV0ZSI6MjQwMDAwMDAwMDAwLCJ1cGRhdGUiOjI0MDAwMDAwMDAwMH19",
          "dependencies": [
            "google_storage_bucket.bucket"
          ]
        },
        {
          "index_key": "tf-1/vpc.tf",
          "schema_version": 0,
          "attributes": {
            "bucket": "race-gce-files",
            "cache_control": "",
            "content": null,
            "content_disposition": "",
            "content_encoding": "",
            "content_language": "",
            "content_type": "text/plain; charset=utf-8",
            "crc32c": "nz2egQ==",
            "customer_encryption": [],
            "detect_md5hash": "Gz6owOO7zIcXUCEMpJK0rA==",
            "event_based_hold": false,
            "id": "race-gce-files-tf-1/vpc.tf",
            "kms_key_name": "",
            "md5hash": "Gz6owOO7zIcXUCEMpJK0rA==",
            "media_link": "https://storage.googleapis.com/download/storage/v1/b/race-gce-files/o/tf-1%2Fvpc.tf?generation=1699244958256252\u0026alt=media",
            "metadata": {},
            "name": "tf-1/vpc.tf",
            "output_name": "tf-1/vpc.tf",
            "self_link": "https://www.googleapis.com/storage/v1/b/race-gce-files/o/tf-1%2Fvpc.tf",
            "source": "../tf-1/vpc.tf",
            "storage_class": "STANDARD",
            "temporary_hold": false,
            "timeouts": null
          },
          "sensitive_attributes": [],
          "private": "eyJlMmJmYjczMC1lY2FhLTExZTYtOGY4OC0zNDM2M2JjN2M0YzAiOnsiY3JlYXRlIjoyNDAwMDAwMDAwMDAsImRlbGV0ZSI6MjQwMDAwMDAwMDAwLCJ1cGRhdGUiOjI0MDAwMDAwMDAwMH19",
          "dependencies": [
            "google_storage_bucket.bucket"
          ]
        },
        {
          "index_key": "tf-fin/.terraform.lock.hcl",
          "schema_version": 0,
          "attributes": {
            "bucket": "race-gce-files",
            "cache_control": "",
            "content": null,
            "content_disposition": "",
            "content_encoding": "",
            "content_language": "",
            "content_type": "text/plain; charset=utf-8",
            "crc32c": "bbe8xg==",
            "customer_encryption": [],
            "detect_md5hash": "IlRW9eOuQcpepi0pFCwhdw==",
            "event_based_hold": false,
            "id": "race-gce-files-tf-fin/.terraform.lock.hcl",
            "kms_key_name": "",
            "md5hash": "IlRW9eOuQcpepi0pFCwhdw==",
            "media_link": "https://storage.googleapis.com/download/storage/v1/b/race-gce-files/o/tf-fin%2F.terraform.lock.hcl?generation=1699244955847289\u0026alt=media",
            "metadata": {},
            "name": "tf-fin/.terraform.lock.hcl",
            "output_name": "tf-fin/.terraform.lock.hcl",
            "self_link": "https://www.googleapis.com/storage/v1/b/race-gce-files/o/tf-fin%2F.terraform.lock.hcl",
            "source": "../tf-fin/.terraform.lock.hcl",
            "storage_class": "STANDARD",
            "temporary_hold": false,
            "timeouts": null
          },
          "sensitive_attributes": [],
          "private": "eyJlMmJmYjczMC1lY2FhLTExZTYtOGY4OC0zNDM2M2JjN2M0YzAiOnsiY3JlYXRlIjoyNDAwMDAwMDAwMDAsImRlbGV0ZSI6MjQwMDAwMDAwMDAwLCJ1cGRhdGUiOjI0MDAwMDAwMDAwMH19",
          "dependencies": [
            "google_storage_bucket.bucket"
          ]
        },
        {
          "index_key": "tf-fin/.terraform.tfstate.lock.info",
          "schema_version": 0,
          "attributes": {
            "bucket": "race-gce-files",
            "cache_control": "",
            "content": null,
            "content_disposition": "",
            "content_encoding": "",
            "content_language": "",
            "content_type": "text/plain; charset=utf-8",
            "crc32c": "CaZqAA==",
            "customer_encryption": [],
            "detect_md5hash": "mJRq0oEZuJfr12kxuej4EA==",
            "event_based_hold": false,
            "id": "race-gce-files-tf-fin/.terraform.tfstate.lock.info",
            "kms_key_name": "",
            "md5hash": "mJRq0oEZuJfr12kxuej4EA==",
            "media_link": "https://storage.googleapis.com/download/storage/v1/b/race-gce-files/o/tf-fin%2F.terraform.tfstate.lock.info?generation=1699249666749652\u0026alt=media",
            "metadata": null,
            "name": "tf-fin/.terraform.tfstate.lock.info",
            "output_name": "tf-fin/.terraform.tfstate.lock.info",
            "self_link": "https://www.googleapis.com/storage/v1/b/race-gce-files/o/tf-fin%2F.terraform.tfstate.lock.info",
            "source": "../tf-fin/.terraform.tfstate.lock.info",
            "storage_class": "STANDARD",
            "temporary_hold": false,
            "timeouts": null
          },
          "sensitive_attributes": [],
          "private": "eyJlMmJmYjczMC1lY2FhLTExZTYtOGY4OC0zNDM2M2JjN2M0YzAiOnsiY3JlYXRlIjoyNDAwMDAwMDAwMDAsImRlbGV0ZSI6MjQwMDAwMDAwMDAwLCJ1cGRhdGUiOjI0MDAwMDAwMDAwMH19",
          "dependencies": [
            "google_storage_bucket.bucket"
          ]
        },
        {
          "index_key": "tf-fin/.terraform/providers/registry.terraform.io/hashicorp/google-beta/5.4.0/linux_amd64/terraform-provider-google-beta_v5.4.0_x5",
          "schema_version": 0,
          "attributes": {
            "bucket": "race-gce-files",
            "cache_control": "",
            "content": null,
            "content_disposition": "",
            "content_encoding": "",
            "content_language": "",
            "content_type": "application/octet-stream",
            "crc32c": "pwYJRw==",
            "customer_encryption": [],
            "detect_md5hash": "M5qk69WAs/6KelmO92HglQ==",
            "event_based_hold": false,
            "id": "race-gce-files-tf-fin/.terraform/providers/registry.terraform.io/hashicorp/google-beta/5.4.0/linux_amd64/terraform-provider-google-beta_v5.4.0_x5",
            "kms_key_name": "",
            "md5hash": "M5qk69WAs/6KelmO92HglQ==",
            "media_link": "https://storage.googleapis.com/download/storage/v1/b/race-gce-files/o/tf-fin%2F.terraform%2Fproviders%2Fregistry.terraform.io%2Fhashicorp%2Fgoogle-beta%2F5.4.0%2Flinux_amd64%2Fterraform-provider-google-beta_v5.4.0_x5?generation=1699244980795401\u0026alt=media",
            "metadata": {},
            "name": "tf-fin/.terraform/providers/registry.terraform.io/hashicorp/google-beta/5.4.0/linux_amd64/terraform-provider-google-beta_v5.4.0_x5",
            "output_name": "tf-fin/.terraform/providers/registry.terraform.io/hashicorp/google-beta/5.4.0/linux_amd64/terraform-provider-google-beta_v5.4.0_x5",
            "self_link": "https://www.googleapis.com/storage/v1/b/race-gce-files/o/tf-fin%2F.terraform%2Fproviders%2Fregistry.terraform.io%2Fhashicorp%2Fgoogle-beta%2F5.4.0%2Flinux_amd64%2Fterraform-provider-google-beta_v5.4.0_x5",
            "source": "../tf-fin/.terraform/providers/registry.terraform.io/hashicorp/google-beta/5.4.0/linux_amd64/terraform-provider-google-beta_v5.4.0_x5",
            "storage_class": "STANDARD",
            "temporary_hold": false,
            "timeouts": null
          },
          "sensitive_attributes": [],
          "private": "eyJlMmJmYjczMC1lY2FhLTExZTYtOGY4OC0zNDM2M2JjN2M0YzAiOnsiY3JlYXRlIjoyNDAwMDAwMDAwMDAsImRlbGV0ZSI6MjQwMDAwMDAwMDAwLCJ1cGRhdGUiOjI0MDAwMDAwMDAwMH19",
          "dependencies": [
            "google_storage_bucket.bucket"
          ]
        },
        {
          "index_key": "tf-fin/.terraform/providers/registry.terraform.io/hashicorp/google/5.4.0/linux_amd64/terraform-provider-google_v5.4.0_x5",
          "schema_version": 0,
          "attributes": {
            "bucket": "race-gce-files",
            "cache_control": "",
            "content": null,
            "content_disposition": "",
            "content_encoding": "",
            "content_language": "",
            "content_type": "application/octet-stream",
            "crc32c": "F5rOxQ==",
            "customer_encryption": [],
            "detect_md5hash": "J6I7bsdfBNt8YykEEQ7vUw==",
            "event_based_hold": false,
            "id": "race-gce-files-tf-fin/.terraform/providers/registry.terraform.io/hashicorp/google/5.4.0/linux_amd64/terraform-provider-google_v5.4.0_x5",
            "kms_key_name": "",
            "md5hash": "J6I7bsdfBNt8YykEEQ7vUw==",
            "media_link": "https://storage.googleapis.com/download/storage/v1/b/race-gce-files/o/tf-fin%2F.terraform%2Fproviders%2Fregistry.terraform.io%2Fhashicorp%2Fgoogle%2F5.4.0%2Flinux_amd64%2Fterraform-provider-google_v5.4.0_x5?generation=1699244974652810\u0026alt=media",
            "metadata": {},
            "name": "tf-fin/.terraform/providers/registry.terraform.io/hashicorp/google/5.4.0/linux_amd64/terraform-provider-google_v5.4.0_x5",
            "output_name": "tf-fin/.terraform/providers/registry.terraform.io/hashicorp/google/5.4.0/linux_amd64/terraform-provider-google_v5.4.0_x5",
            "self_link": "https://www.googleapis.com/storage/v1/b/race-gce-files/o/tf-fin%2F.terraform%2Fproviders%2Fregistry.terraform.io%2Fhashicorp%2Fgoogle%2F5.4.0%2Flinux_amd64%2Fterraform-provider-google_v5.4.0_x5",
            "source": "../tf-fin/.terraform/providers/registry.terraform.io/hashicorp/google/5.4.0/linux_amd64/terraform-provider-google_v5.4.0_x5",
            "storage_class": "STANDARD",
            "temporary_hold": false,
            "timeouts": null
          },
          "sensitive_attributes": [],
          "private": "eyJlMmJmYjczMC1lY2FhLTExZTYtOGY4OC0zNDM2M2JjN2M0YzAiOnsiY3JlYXRlIjoyNDAwMDAwMDAwMDAsImRlbGV0ZSI6MjQwMDAwMDAwMDAwLCJ1cGRhdGUiOjI0MDAwMDAwMDAwMH19",
          "dependencies": [
            "google_storage_bucket.bucket"
          ]
        },
        {
          "index_key": "tf-fin/.terraform/providers/registry.terraform.io/hashicorp/null/3.2.1/linux_amd64/terraform-provider-null_v3.2.1_x5",
          "schema_version": 0,
          "attributes": {
            "bucket": "race-gce-files",
            "cache_control": "",
            "content": null,
            "content_disposition": "",
            "content_encoding": "",
            "content_language": "",
            "content_type": "application/octet-stream",
            "crc32c": "/HCUFQ==",
            "customer_encryption": [],
            "detect_md5hash": "nuhsNg948suaCOSJe7SluQ==",
            "event_based_hold": false,
            "id": "race-gce-files-tf-fin/.terraform/providers/registry.terraform.io/hashicorp/null/3.2.1/linux_amd64/terraform-provider-null_v3.2.1_x5",
            "kms_key_name": "",
            "md5hash": "nuhsNg948suaCOSJe7SluQ==",
            "media_link": "https://storage.googleapis.com/download/storage/v1/b/race-gce-files/o/tf-fin%2F.terraform%2Fproviders%2Fregistry.terraform.io%2Fhashicorp%2Fnull%2F3.2.1%2Flinux_amd64%2Fterraform-provider-null_v3.2.1_x5?generation=1699244958256312\u0026alt=media",
            "metadata": {},
            "name": "tf-fin/.terraform/providers/registry.terraform.io/hashicorp/null/3.2.1/linux_amd64/terraform-provider-null_v3.2.1_x5",
            "output_name": "tf-fin/.terraform/providers/registry.terraform.io/hashicorp/null/3.2.1/linux_amd64/terraform-provider-null_v3.2.1_x5",
            "self_link": "https://www.googleapis.com/storage/v1/b/race-gce-files/o/tf-fin%2F.terraform%2Fproviders%2Fregistry.terraform.io%2Fhashicorp%2Fnull%2F3.2.1%2Flinux_amd64%2Fterraform-provider-null_v3.2.1_x5",
            "source": "../tf-fin/.terraform/providers/registry.terraform.io/hashicorp/null/3.2.1/linux_amd64/terraform-provider-null_v3.2.1_x5",
            "storage_class": "STANDARD",
            "temporary_hold": false,
            "timeouts": null
          },
          "sensitive_attributes": [],
          "private": "eyJlMmJmYjczMC1lY2FhLTExZTYtOGY4OC0zNDM2M2JjN2M0YzAiOnsiY3JlYXRlIjoyNDAwMDAwMDAwMDAsImRlbGV0ZSI6MjQwMDAwMDAwMDAwLCJ1cGRhdGUiOjI0MDAwMDAwMDAwMH19",
          "dependencies": [
            "google_storage_bucket.bucket"
          ]
        },
        {
          "index_key": "tf-fin/backend_instance_lb.tf",
          "schema_version": 0,
          "attributes": {
            "bucket": "race-gce-files",
            "cache_control": "",
            "content": null,
            "content_disposition": "",
            "content_encoding": "",
            "content_language": "",
            "content_type": "text/plain; charset=utf-8",
            "crc32c": "lEIgUA==",
            "customer_encryption": [],
            "detect_md5hash": "xn5HjrqdLJPCHSgV5/rnAw==",
            "event_based_hold": false,
            "id": "race-gce-files-tf-fin/backend_instance_lb.tf",
            "kms_key_name": "",
            "md5hash": "xn5HjrqdLJPCHSgV5/rnAw==",
            "media_link": "https://storage.googleapis.com/download/storage/v1/b/race-gce-files/o/tf-fin%2Fbackend_instance_lb.tf?generation=1699246796957585\u0026alt=media",
            "metadata": {},
            "name": "tf-fin/backend_instance_lb.tf",
            "output_name": "tf-fin/backend_instance_lb.tf",
            "self_link": "https://www.googleapis.com/storage/v1/b/race-gce-files/o/tf-fin%2Fbackend_instance_lb.tf",
            "source": "../tf-fin/backend_instance_lb.tf",
            "storage_class": "STANDARD",
            "temporary_hold": false,
            "timeouts": null
          },
          "sensitive_attributes": [],
          "private": "eyJlMmJmYjczMC1lY2FhLTExZTYtOGY4OC0zNDM2M2JjN2M0YzAiOnsiY3JlYXRlIjoyNDAwMDAwMDAwMDAsImRlbGV0ZSI6MjQwMDAwMDAwMDAwLCJ1cGRhdGUiOjI0MDAwMDAwMDAwMH19",
          "dependencies": [
            "google_storage_bucket.bucket"
          ]
        },
        {
          "index_key": "tf-fin/cloud-sql-proxy",
          "schema_version": 0,
          "attributes": {
            "bucket": "race-gce-files",
            "cache_control": "",
            "content": null,
            "content_disposition": "",
            "content_encoding": "",
            "content_language": "",
            "content_type": "application/octet-stream",
            "crc32c": "s15SjQ==",
            "customer_encryption": [],
            "detect_md5hash": "Leg9O0pN0WA3Y/AnXIlTSA==",
            "event_based_hold": false,
            "id": "race-gce-files-tf-fin/cloud-sql-proxy",
            "kms_key_name": "",
            "md5hash": "Leg9O0pN0WA3Y/AnXIlTSA==",
            "media_link": "https://storage.googleapis.com/download/storage/v1/b/race-gce-files/o/tf-fin%2Fcloud-sql-proxy?generation=1699244971855471\u0026alt=media",
            "metadata": {},
            "name": "tf-fin/cloud-sql-proxy",
            "output_name": "tf-fin/cloud-sql-proxy",
            "self_link": "https://www.googleapis.com/storage/v1/b/race-gce-files/o/tf-fin%2Fcloud-sql-proxy",
            "source": "../tf-fin/cloud-sql-proxy",
            "storage_class": "STANDARD",
            "temporary_hold": false,
            "timeouts": null
          },
          "sensitive_attributes": [],
          "private": "eyJlMmJmYjczMC1lY2FhLTExZTYtOGY4OC0zNDM2M2JjN2M0YzAiOnsiY3JlYXRlIjoyNDAwMDAwMDAwMDAsImRlbGV0ZSI6MjQwMDAwMDAwMDAwLCJ1cGRhdGUiOjI0MDAwMDAwMDAwMH19",
          "dependencies": [
            "google_storage_bucket.bucket"
          ]
        },
        {
          "index_key": "tf-fin/cloudsql.tf",
          "schema_version": 0,
          "attributes": {
            "bucket": "race-gce-files",
            "cache_control": "",
            "content": null,
            "content_disposition": "",
            "content_encoding": "",
            "content_language": "",
            "content_type": "text/plain; charset=utf-8",
            "crc32c": "BB7ZDQ==",
            "customer_encryption": [],
            "detect_md5hash": "KfNXOk6B6zS7Eb8gvaxVqQ==",
            "event_based_hold": false,
            "id": "race-gce-files-tf-fin/cloudsql.tf",
            "kms_key_name": "",
            "md5hash": "KfNXOk6B6zS7Eb8gvaxVqQ==",
            "media_link": "https://storage.googleapis.com/download/storage/v1/b/race-gce-files/o/tf-fin%2Fcloudsql.tf?generation=1699249576071583\u0026alt=media",
            "metadata": {},
            "name": "tf-fin/cloudsql.tf",
            "output_name": "tf-fin/cloudsql.tf",
            "self_link": "https://www.googleapis.com/storage/v1/b/race-gce-files/o/tf-fin%2Fcloudsql.tf",
            "source": "../tf-fin/cloudsql.tf",
            "storage_class": "STANDARD",
            "temporary_hold": false,
            "timeouts": null
          },
          "sensitive_attributes": [],
          "private": "eyJlMmJmYjczMC1lY2FhLTExZTYtOGY4OC0zNDM2M2JjN2M0YzAiOnsiY3JlYXRlIjoyNDAwMDAwMDAwMDAsImRlbGV0ZSI6MjQwMDAwMDAwMDAwLCJ1cGRhdGUiOjI0MDAwMDAwMDAwMH19",
          "dependencies": [
            "google_storage_bucket.bucket"
          ]
        },
        {
          "index_key": "tf-fin/database.sql",
          "schema_version": 0,
          "attributes": {
            "bucket": "race-gce-files",
            "cache_control": "",
            "content": null,
            "content_disposition": "",
            "content_encoding": "",
            "content_language": "",
            "content_type": "text/plain; charset=utf-8",
            "crc32c": "6VVa5g==",
            "customer_encryption": [],
            "detect_md5hash": "RilXfoDijgV0ugyWYwtJ4Q==",
            "event_based_hold": false,
            "id": "race-gce-files-tf-fin/database.sql",
            "kms_key_name": "",
            "md5hash": "RilXfoDijgV0ugyWYwtJ4Q==",
            "media_link": "https://storage.googleapis.com/download/storage/v1/b/race-gce-files/o/tf-fin%2Fdatabase.sql?generation=1699249152971721\u0026alt=media",
            "metadata": {},
            "name": "tf-fin/database.sql",
            "output_name": "tf-fin/database.sql",
            "self_link": "https://www.googleapis.com/storage/v1/b/race-gce-files/o/tf-fin%2Fdatabase.sql",
            "source": "../tf-fin/database.sql",
            "storage_class": "STANDARD",
            "temporary_hold": false,
            "timeouts": null
          },
          "sensitive_attributes": [],
          "private": "eyJlMmJmYjczMC1lY2FhLTExZTYtOGY4OC0zNDM2M2JjN2M0YzAiOnsiY3JlYXRlIjoyNDAwMDAwMDAwMDAsImRlbGV0ZSI6MjQwMDAwMDAwMDAwLCJ1cGRhdGUiOjI0MDAwMDAwMDAwMH19",
          "dependencies": [
            "google_storage_bucket.bucket"
          ]
        },
        {
          "index_key": "tf-fin/firewall-rules.tf",
          "schema_version": 0,
          "attributes": {
            "bucket": "race-gce-files",
            "cache_control": "",
            "content": null,
            "content_disposition": "",
            "content_encoding": "",
            "content_language": "",
            "content_type": "text/plain; charset=utf-8",
            "crc32c": "i8Ea0Q==",
            "customer_encryption": [],
            "detect_md5hash": "0j4iYZk6mhWQf2nrfafLQg==",
            "event_based_hold": false,
            "id": "race-gce-files-tf-fin/firewall-rules.tf",
            "kms_key_name": "",
            "md5hash": "0j4iYZk6mhWQf2nrfafLQg==",
            "media_link": "https://storage.googleapis.com/download/storage/v1/b/race-gce-files/o/tf-fin%2Ffirewall-rules.tf?generation=1699244965559906\u0026alt=media",
            "metadata": {},
            "name": "tf-fin/firewall-rules.tf",
            "output_name": "tf-fin/firewall-rules.tf",
            "self_link": "https://www.googleapis.com/storage/v1/b/race-gce-files/o/tf-fin%2Ffirewall-rules.tf",
            "source": "../tf-fin/firewall-rules.tf",
            "storage_class": "STANDARD",
            "temporary_hold": false,
            "timeouts": null
          },
          "sensitive_attributes": [],
          "private": "eyJlMmJmYjczMC1lY2FhLTExZTYtOGY4OC0zNDM2M2JjN2M0YzAiOnsiY3JlYXRlIjoyNDAwMDAwMDAwMDAsImRlbGV0ZSI6MjQwMDAwMDAwMDAwLCJ1cGRhdGUiOjI0MDAwMDAwMDAwMH19",
          "dependencies": [
            "google_storage_bucket.bucket"
          ]
        },
        {
          "index_key": "tf-fin/frontend_instance_lb.tf",
          "schema_version": 0,
          "attributes": {
            "bucket": "race-gce-files",
            "cache_control": "",
            "content": null,
            "content_disposition": "",
            "content_encoding": "",
            "content_language": "",
            "content_type": "text/plain; charset=utf-8",
            "crc32c": "NnseDg==",
            "customer_encryption": [],
            "detect_md5hash": "uqzT2xAd+MvEtMJypDaunw==",
            "event_based_hold": false,
            "id": "race-gce-files-tf-fin/frontend_instance_lb.tf",
            "kms_key_name": "",
            "md5hash": "uqzT2xAd+MvEtMJypDaunw==",
            "media_link": "https://storage.googleapis.com/download/storage/v1/b/race-gce-files/o/tf-fin%2Ffrontend_instance_lb.tf?generation=1699247651828309\u0026alt=media",
            "metadata": {},
            "name": "tf-fin/frontend_instance_lb.tf",
            "output_name": "tf-fin/frontend_instance_lb.tf",
            "self_link": "https://www.googleapis.com/storage/v1/b/race-gce-files/o/tf-fin%2Ffrontend_instance_lb.tf",
            "source": "../tf-fin/frontend_instance_lb.tf",
            "storage_class": "STANDARD",
            "temporary_hold": false,
            "timeouts": null
          },
          "sensitive_attributes": [],
          "private": "eyJlMmJmYjczMC1lY2FhLTExZTYtOGY4OC0zNDM2M2JjN2M0YzAiOnsiY3JlYXRlIjoyNDAwMDAwMDAwMDAsImRlbGV0ZSI6MjQwMDAwMDAwMDAwLCJ1cGRhdGUiOjI0MDAwMDAwMDAwMH19",
          "dependencies": [
            "google_storage_bucket.bucket"
          ]
        },
        {
          "index_key": "tf-fin/instance_templates.tf",
          "schema_version": 0,
          "attributes": {
            "bucket": "race-gce-files",
            "cache_control": "",
            "content": null,
            "content_disposition": "",
            "content_encoding": "",
            "content_language": "",
            "content_type": "text/plain; charset=utf-8",
            "crc32c": "9u8i3Q==",
            "customer_encryption": [],
            "detect_md5hash": "kSqbCLM3MEd914iCyk/2IA==",
            "event_based_hold": false,
            "id": "race-gce-files-tf-fin/instance_templates.tf",
            "kms_key_name": "",
            "md5hash": "kSqbCLM3MEd914iCyk/2IA==",
            "media_link": "https://storage.googleapis.com/download/storage/v1/b/race-gce-files/o/tf-fin%2Finstance_templates.tf?generation=1699249152894397\u0026alt=media",
            "metadata": {},
            "name": "tf-fin/instance_templates.tf",
            "output_name": "tf-fin/instance_templates.tf",
            "self_link": "https://www.googleapis.com/storage/v1/b/race-gce-files/o/tf-fin%2Finstance_templates.tf",
            "source": "../tf-fin/instance_templates.tf",
            "storage_class": "STANDARD",
            "temporary_hold": false,
            "timeouts": null
          },
          "sensitive_attributes": [],
          "private": "eyJlMmJmYjczMC1lY2FhLTExZTYtOGY4OC0zNDM2M2JjN2M0YzAiOnsiY3JlYXRlIjoyNDAwMDAwMDAwMDAsImRlbGV0ZSI6MjQwMDAwMDAwMDAwLCJ1cGRhdGUiOjI0MDAwMDAwMDAwMH19",
          "dependencies": [
            "google_storage_bucket.bucket"
          ]
        },
        {
          "index_key": "tf-fin/nat.tf",
          "schema_version": 0,
          "attributes": {
            "bucket": "race-gce-files",
            "cache_control": "",
            "content": null,
            "content_disposition": "",
            "content_encoding": "",
            "content_language": "",
            "content_type": "text/plain; charset=utf-8",
            "crc32c": "w/+56g==",
            "customer_encryption": [],
            "detect_md5hash": "9bBd4XtzeYBNOBamJD3v7g==",
            "event_based_hold": false,
            "id": "race-gce-files-tf-fin/nat.tf",
            "kms_key_name": "",
            "md5hash": "9bBd4XtzeYBNOBamJD3v7g==",
            "media_link": "https://storage.googleapis.com/download/storage/v1/b/race-gce-files/o/tf-fin%2Fnat.tf?generation=1699244957555117\u0026alt=media",
            "metadata": {},
            "name": "tf-fin/nat.tf",
            "output_name": "tf-fin/nat.tf",
            "self_link": "https://www.googleapis.com/storage/v1/b/race-gce-files/o/tf-fin%2Fnat.tf",
            "source": "../tf-fin/nat.tf",
            "storage_class": "STANDARD",
            "temporary_hold": false,
            "timeouts": null
          },
          "sensitive_attributes": [],
          "private": "eyJlMmJmYjczMC1lY2FhLTExZTYtOGY4OC0zNDM2M2JjN2M0YzAiOnsiY3JlYXRlIjoyNDAwMDAwMDAwMDAsImRlbGV0ZSI6MjQwMDAwMDAwMDAwLCJ1cGRhdGUiOjI0MDAwMDAwMDAwMH19",
          "dependencies": [
            "google_storage_bucket.bucket"
          ]
        },
        {
          "index_key": "tf-fin/output.txt",
          "schema_version": 0,
          "attributes": {
            "bucket": "race-gce-files",
            "cache_control": "",
            "content": null,
            "content_disposition": "",
            "content_encoding": "",
            "content_language": "",
            "content_type": "text/plain; charset=utf-8",
            "crc32c": "TFAsRQ==",
            "customer_encryption": [],
            "detect_md5hash": "6d/crgOGfTTCEVsV7OPffQ==",
            "event_based_hold": false,
            "id": "race-gce-files-tf-fin/output.txt",
            "kms_key_name": "",
            "md5hash": "6d/crgOGfTTCEVsV7OPffQ==",
            "media_link": "https://storage.googleapis.com/download/storage/v1/b/race-gce-files/o/tf-fin%2Foutput.txt?generation=1699244974755456\u0026alt=media",
            "metadata": {},
            "name": "tf-fin/output.txt",
            "output_name": "tf-fin/output.txt",
            "self_link": "https://www.googleapis.com/storage/v1/b/race-gce-files/o/tf-fin%2Foutput.txt",
            "source": "../tf-fin/output.txt",
            "storage_class": "STANDARD",
            "temporary_hold": false,
            "timeouts": null
          },
          "sensitive_attributes": [],
          "private": "eyJlMmJmYjczMC1lY2FhLTExZTYtOGY4OC0zNDM2M2JjN2M0YzAiOnsiY3JlYXRlIjoyNDAwMDAwMDAwMDAsImRlbGV0ZSI6MjQwMDAwMDAwMDAwLCJ1cGRhdGUiOjI0MDAwMDAwMDAwMH19",
          "dependencies": [
            "google_storage_bucket.bucket"
          ]
        },
        {
          "index_key": "tf-fin/provider.tf",
          "schema_version": 0,
          "attributes": {
            "bucket": "race-gce-files",
            "cache_control": "",
            "content": null,
            "content_disposition": "",
            "content_encoding": "",
            "content_language": "",
            "content_type": "text/plain; charset=utf-8",
            "crc32c": "WOKaRQ==",
            "customer_encryption": [],
            "detect_md5hash": "9CiVsmvBZUqikKhJeDDc5g==",
            "event_based_hold": false,
            "id": "race-gce-files-tf-fin/provider.tf",
            "kms_key_name": "",
            "md5hash": "9CiVsmvBZUqikKhJeDDc5g==",
            "media_link": "https://storage.googleapis.com/download/storage/v1/b/race-gce-files/o/tf-fin%2Fprovider.tf?generation=1699244964155886\u0026alt=media",
            "metadata": {},
            "name": "tf-fin/provider.tf",
            "output_name": "tf-fin/provider.tf",
            "self_link": "https://www.googleapis.com/storage/v1/b/race-gce-files/o/tf-fin%2Fprovider.tf",
            "source": "../tf-fin/provider.tf",
            "storage_class": "STANDARD",
            "temporary_hold": false,
            "timeouts": null
          },
          "sensitive_attributes": [],
          "private": "eyJlMmJmYjczMC1lY2FhLTExZTYtOGY4OC0zNDM2M2JjN2M0YzAiOnsiY3JlYXRlIjoyNDAwMDAwMDAwMDAsImRlbGV0ZSI6MjQwMDAwMDAwMDAwLCJ1cGRhdGUiOjI0MDAwMDAwMDAwMH19",
          "dependencies": [
            "google_storage_bucket.bucket"
          ]
        },
        {
          "index_key": "tf-fin/storage_bucket.tf",
          "schema_version": 0,
          "attributes": {
            "bucket": "race-gce-files",
            "cache_control": "",
            "content": null,
            "content_disposition": "",
            "content_encoding": "",
            "content_language": "",
            "content_type": "text/plain; charset=utf-8",
            "crc32c": "7w0kRg==",
            "customer_encryption": [],
            "detect_md5hash": "AE0fF/Q4wBA+QTveeiBF5w==",
            "event_based_hold": false,
            "id": "race-gce-files-tf-fin/storage_bucket.tf",
            "kms_key_name": "",
            "md5hash": "AE0fF/Q4wBA+QTveeiBF5w==",
            "media_link": "https://storage.googleapis.com/download/storage/v1/b/race-gce-files/o/tf-fin%2Fstorage_bucket.tf?generation=1699244971656337\u0026alt=media",
            "metadata": {},
            "name": "tf-fin/storage_bucket.tf",
            "output_name": "tf-fin/storage_bucket.tf",
            "self_link": "https://www.googleapis.com/storage/v1/b/race-gce-files/o/tf-fin%2Fstorage_bucket.tf",
            "source": "../tf-fin/storage_bucket.tf",
            "storage_class": "STANDARD",
            "temporary_hold": false,
            "timeouts": null
          },
          "sensitive_attributes": [],
          "private": "eyJlMmJmYjczMC1lY2FhLTExZTYtOGY4OC0zNDM2M2JjN2M0YzAiOnsiY3JlYXRlIjoyNDAwMDAwMDAwMDAsImRlbGV0ZSI6MjQwMDAwMDAwMDAwLCJ1cGRhdGUiOjI0MDAwMDAwMDAwMH19",
          "dependencies": [
            "google_storage_bucket.bucket"
          ]
        },
        {
          "index_key": "tf-fin/terraform.tfstate",
          "schema_version": 0,
          "attributes": {
            "bucket": "race-gce-files",
            "cache_control": "",
            "content": null,
            "content_disposition": "",
            "content_encoding": "",
            "content_language": "",
            "content_type": "text/plain; charset=utf-8",
            "crc32c": "0mabQA==",
            "customer_encryption": [],
            "detect_md5hash": "LGIRuqdYSJT67Ikk8mMlNg==",
            "event_based_hold": false,
            "id": "race-gce-files-tf-fin/terraform.tfstate",
            "kms_key_name": "",
            "md5hash": "LGIRuqdYSJT67Ikk8mMlNg==",
            "media_link": "https://storage.googleapis.com/download/storage/v1/b/race-gce-files/o/tf-fin%2Fterraform.tfstate?generation=1699249667468680\u0026alt=media",
            "metadata": null,
            "name": "tf-fin/terraform.tfstate",
            "output_name": "tf-fin/terraform.tfstate",
            "self_link": "https://www.googleapis.com/storage/v1/b/race-gce-files/o/tf-fin%2Fterraform.tfstate",
            "source": "../tf-fin/terraform.tfstate",
            "storage_class": "STANDARD",
            "temporary_hold": false,
            "timeouts": null
          },
          "sensitive_attributes": [],
          "private": "eyJlMmJmYjczMC1lY2FhLTExZTYtOGY4OC0zNDM2M2JjN2M0YzAiOnsiY3JlYXRlIjoyNDAwMDAwMDAwMDAsImRlbGV0ZSI6MjQwMDAwMDAwMDAwLCJ1cGRhdGUiOjI0MDAwMDAwMDAwMH19",
          "dependencies": [
            "google_storage_bucket.bucket"
          ]
        },
        {
          "index_key": "tf-fin/terraform.tfstate.backup",
          "schema_version": 0,
          "attributes": {
            "bucket": "race-gce-files",
            "cache_control": "",
            "content": null,
            "content_disposition": "",
            "content_encoding": "",
            "content_language": "",
            "content_type": "text/plain; charset=utf-8",
            "crc32c": "zGeRmw==",
            "customer_encryption": [],
            "detect_md5hash": "0QjuYIwjM5kX4TaeE+7GAA==",
            "event_based_hold": false,
            "id": "race-gce-files-tf-fin/terraform.tfstate.backup",
            "kms_key_name": "",
            "md5hash": "0QjuYIwjM5kX4TaeE+7GAA==",
            "media_link": "https://storage.googleapis.com/download/storage/v1/b/race-gce-files/o/tf-fin%2Fterraform.tfstate.backup?generation=1699249668356113\u0026alt=media",
            "metadata": null,
            "name": "tf-fin/terraform.tfstate.backup",
            "output_name": "tf-fin/terraform.tfstate.backup",
            "self_link": "https://www.googleapis.com/storage/v1/b/race-gce-files/o/tf-fin%2Fterraform.tfstate.backup",
            "source": "../tf-fin/terraform.tfstate.backup",
            "storage_class": "STANDARD",
            "temporary_hold": false,
            "timeouts": null
          },
          "sensitive_attributes": [],
          "private": "eyJlMmJmYjczMC1lY2FhLTExZTYtOGY4OC0zNDM2M2JjN2M0YzAiOnsiY3JlYXRlIjoyNDAwMDAwMDAwMDAsImRlbGV0ZSI6MjQwMDAwMDAwMDAwLCJ1cGRhdGUiOjI0MDAwMDAwMDAwMH19",
          "dependencies": [
            "google_storage_bucket.bucket"
          ]
        },
        {
          "index_key": "tf-fin/variables.tf",
          "schema_version": 0,
          "attributes": {
            "bucket": "race-gce-files",
            "cache_control": "",
            "content": null,
            "content_disposition": "",
            "content_encoding": "",
            "content_language": "",
            "content_type": "text/plain; charset=utf-8",
            "crc32c": "1IjYIQ==",
            "customer_encryption": [],
            "detect_md5hash": "Y3G9EUQbJU+xfvxKmKj+tg==",
            "event_based_hold": false,
            "id": "race-gce-files-tf-fin/variables.tf",
            "kms_key_name": "",
            "md5hash": "Y3G9EUQbJU+xfvxKmKj+tg==",
            "media_link": "https://storage.googleapis.com/download/storage/v1/b/race-gce-files/o/tf-fin%2Fvariables.tf?generation=1699244954052435\u0026alt=media",
            "metadata": {},
            "name": "tf-fin/variables.tf",
            "output_name": "tf-fin/variables.tf",
            "self_link": "https://www.googleapis.com/storage/v1/b/race-gce-files/o/tf-fin%2Fvariables.tf",
            "source": "../tf-fin/variables.tf",
            "storage_class": "STANDARD",
            "temporary_hold": false,
            "timeouts": null
          },
          "sensitive_attributes": [],
          "private": "eyJlMmJmYjczMC1lY2FhLTExZTYtOGY4OC0zNDM2M2JjN2M0YzAiOnsiY3JlYXRlIjoyNDAwMDAwMDAwMDAsImRlbGV0ZSI6MjQwMDAwMDAwMDAwLCJ1cGRhdGUiOjI0MDAwMDAwMDAwMH19",
          "dependencies": [
            "google_storage_bucket.bucket"
          ]
        },
        {
          "index_key": "tf-fin/vars.auto.tfvars",
          "schema_version": 0,
          "attributes": {
            "bucket": "race-gce-files",
            "cache_control": "",
            "content": null,
            "content_disposition": "",
            "content_encoding": "",
            "content_language": "",
            "content_type": "text/plain; charset=utf-8",
            "crc32c": "upu01Q==",
            "customer_encryption": [],
            "detect_md5hash": "iYMWKrpCBAf83ahNZx/e5Q==",
            "event_based_hold": false,
            "id": "race-gce-files-tf-fin/vars.auto.tfvars",
            "kms_key_name": "",
            "md5hash": "iYMWKrpCBAf83ahNZx/e5Q==",
            "media_link": "https://storage.googleapis.com/download/storage/v1/b/race-gce-files/o/tf-fin%2Fvars.auto.tfvars?generation=1699244958554309\u0026alt=media",
            "metadata": {},
            "name": "tf-fin/vars.auto.tfvars",
            "output_name": "tf-fin/vars.auto.tfvars",
            "self_link": "https://www.googleapis.com/storage/v1/b/race-gce-files/o/tf-fin%2Fvars.auto.tfvars",
            "source": "../tf-fin/vars.auto.tfvars",
            "storage_class": "STANDARD",
            "temporary_hold": false,
            "timeouts": null
          },
          "sensitive_attributes": [],
          "private": "eyJlMmJmYjczMC1lY2FhLTExZTYtOGY4OC0zNDM2M2JjN2M0YzAiOnsiY3JlYXRlIjoyNDAwMDAwMDAwMDAsImRlbGV0ZSI6MjQwMDAwMDAwMDAwLCJ1cGRhdGUiOjI0MDAwMDAwMDAwMH19",
          "dependencies": [
            "google_storage_bucket.bucket"
          ]
        },
        {
          "index_key": "tf-fin/vpc.tf",
          "schema_version": 0,
          "attributes": {
            "bucket": "race-gce-files",
            "cache_control": "",
            "content": null,
            "content_disposition": "",
            "content_encoding": "",
            "content_language": "",
            "content_type": "text/plain; charset=utf-8",
            "crc32c": "2qZB1A==",
            "customer_encryption": [],
            "detect_md5hash": "KxROZ4+b0fW6Q+RYhN7SNg==",
            "event_based_hold": false,
            "id": "race-gce-files-tf-fin/vpc.tf",
            "kms_key_name": "",
            "md5hash": "KxROZ4+b0fW6Q+RYhN7SNg==",
            "media_link": "https://storage.googleapis.com/download/storage/v1/b/race-gce-files/o/tf-fin%2Fvpc.tf?generation=1699244972684884\u0026alt=media",
            "metadata": {},
            "name": "tf-fin/vpc.tf",
            "output_name": "tf-fin/vpc.tf",
            "self_link": "https://www.googleapis.com/storage/v1/b/race-gce-files/o/tf-fin%2Fvpc.tf",
            "source": "../tf-fin/vpc.tf",
            "storage_class": "STANDARD",
            "temporary_hold": false,
            "timeouts": null
          },
          "sensitive_attributes": [],
          "private": "eyJlMmJmYjczMC1lY2FhLTExZTYtOGY4OC0zNDM2M2JjN2M0YzAiOnsiY3JlYXRlIjoyNDAwMDAwMDAwMDAsImRlbGV0ZSI6MjQwMDAwMDAwMDAwLCJ1cGRhdGUiOjI0MDAwMDAwMDAwMH19",
          "dependencies": [
            "google_storage_bucket.bucket"
          ]
        },
        {
          "index_key": "tf-final/.terraform.lock.hcl",
          "schema_version": 0,
          "attributes": {
            "bucket": "race-gce-files",
            "cache_control": "",
            "content": null,
            "content_disposition": "",
            "content_encoding": "",
            "content_language": "",
            "content_type": "text/plain; charset=utf-8",
            "crc32c": "bbe8xg==",
            "customer_encryption": [],
            "detect_md5hash": "IlRW9eOuQcpepi0pFCwhdw==",
            "event_based_hold": false,
            "id": "race-gce-files-tf-final/.terraform.lock.hcl",
            "kms_key_name": "",
            "md5hash": "IlRW9eOuQcpepi0pFCwhdw==",
            "media_link": "https://storage.googleapis.com/download/storage/v1/b/race-gce-files/o/tf-final%2F.terraform.lock.hcl?generation=1699244955251960\u0026alt=media",
            "metadata": {},
            "name": "tf-final/.terraform.lock.hcl",
            "output_name": "tf-final/.terraform.lock.hcl",
            "self_link": "https://www.googleapis.com/storage/v1/b/race-gce-files/o/tf-final%2F.terraform.lock.hcl",
            "source": "../tf-final/.terraform.lock.hcl",
            "storage_class": "STANDARD",
            "temporary_hold": false,
            "timeouts": null
          },
          "sensitive_attributes": [],
          "private": "eyJlMmJmYjczMC1lY2FhLTExZTYtOGY4OC0zNDM2M2JjN2M0YzAiOnsiY3JlYXRlIjoyNDAwMDAwMDAwMDAsImRlbGV0ZSI6MjQwMDAwMDAwMDAwLCJ1cGRhdGUiOjI0MDAwMDAwMDAwMH19",
          "dependencies": [
            "google_storage_bucket.bucket"
          ]
        },
        {
          "index_key": "tf-final/.terraform/providers/registry.terraform.io/hashicorp/google-beta/5.4.0/linux_amd64/terraform-provider-google-beta_v5.4.0_x5",
          "schema_version": 0,
          "attributes": {
            "bucket": "race-gce-files",
            "cache_control": "",
            "content": null,
            "content_disposition": "",
            "content_encoding": "",
            "content_language": "",
            "content_type": "application/octet-stream",
            "crc32c": "pwYJRw==",
            "customer_encryption": [],
            "detect_md5hash": "M5qk69WAs/6KelmO92HglQ==",
            "event_based_hold": false,
            "id": "race-gce-files-tf-final/.terraform/providers/registry.terraform.io/hashicorp/google-beta/5.4.0/linux_amd64/terraform-provider-google-beta_v5.4.0_x5",
            "kms_key_name": "",
            "md5hash": "M5qk69WAs/6KelmO92HglQ==",
            "media_link": "https://storage.googleapis.com/download/storage/v1/b/race-gce-files/o/tf-final%2F.terraform%2Fproviders%2Fregistry.terraform.io%2Fhashicorp%2Fgoogle-beta%2F5.4.0%2Flinux_amd64%2Fterraform-provider-google-beta_v5.4.0_x5?generation=1699244983255270\u0026alt=media",
            "metadata": {},
            "name": "tf-final/.terraform/providers/registry.terraform.io/hashicorp/google-beta/5.4.0/linux_amd64/terraform-provider-google-beta_v5.4.0_x5",
            "output_name": "tf-final/.terraform/providers/registry.terraform.io/hashicorp/google-beta/5.4.0/linux_amd64/terraform-provider-google-beta_v5.4.0_x5",
            "self_link": "https://www.googleapis.com/storage/v1/b/race-gce-files/o/tf-final%2F.terraform%2Fproviders%2Fregistry.terraform.io%2Fhashicorp%2Fgoogle-beta%2F5.4.0%2Flinux_amd64%2Fterraform-provider-google-beta_v5.4.0_x5",
            "source": "../tf-final/.terraform/providers/registry.terraform.io/hashicorp/google-beta/5.4.0/linux_amd64/terraform-provider-google-beta_v5.4.0_x5",
            "storage_class": "STANDARD",
            "temporary_hold": false,
            "timeouts": null
          },
          "sensitive_attributes": [],
          "private": "eyJlMmJmYjczMC1lY2FhLTExZTYtOGY4OC0zNDM2M2JjN2M0YzAiOnsiY3JlYXRlIjoyNDAwMDAwMDAwMDAsImRlbGV0ZSI6MjQwMDAwMDAwMDAwLCJ1cGRhdGUiOjI0MDAwMDAwMDAwMH19",
          "dependencies": [
            "google_storage_bucket.bucket"
          ]
        },
        {
          "index_key": "tf-final/.terraform/providers/registry.terraform.io/hashicorp/google/5.4.0/linux_amd64/terraform-provider-google_v5.4.0_x5",
          "schema_version": 0,
          "attributes": {
            "bucket": "race-gce-files",
            "cache_control": "",
            "content": null,
            "content_disposition": "",
            "content_encoding": "",
            "content_language": "",
            "content_type": "application/octet-stream",
            "crc32c": "F5rOxQ==",
            "customer_encryption": [],
            "detect_md5hash": "J6I7bsdfBNt8YykEEQ7vUw==",
            "event_based_hold": false,
            "id": "race-gce-files-tf-final/.terraform/providers/registry.terraform.io/hashicorp/google/5.4.0/linux_amd64/terraform-provider-google_v5.4.0_x5",
            "kms_key_name": "",
            "md5hash": "J6I7bsdfBNt8YykEEQ7vUw==",
            "media_link": "https://storage.googleapis.com/download/storage/v1/b/race-gce-files/o/tf-final%2F.terraform%2Fproviders%2Fregistry.terraform.io%2Fhashicorp%2Fgoogle%2F5.4.0%2Flinux_amd64%2Fterraform-provider-google_v5.4.0_x5?generation=1699244987658364\u0026alt=media",
            "metadata": {},
            "name": "tf-final/.terraform/providers/registry.terraform.io/hashicorp/google/5.4.0/linux_amd64/terraform-provider-google_v5.4.0_x5",
            "output_name": "tf-final/.terraform/providers/registry.terraform.io/hashicorp/google/5.4.0/linux_amd64/terraform-provider-google_v5.4.0_x5",
            "self_link": "https://www.googleapis.com/storage/v1/b/race-gce-files/o/tf-final%2F.terraform%2Fproviders%2Fregistry.terraform.io%2Fhashicorp%2Fgoogle%2F5.4.0%2Flinux_amd64%2Fterraform-provider-google_v5.4.0_x5",
            "source": "../tf-final/.terraform/providers/registry.terraform.io/hashicorp/google/5.4.0/linux_amd64/terraform-provider-google_v5.4.0_x5",
            "storage_class": "STANDARD",
            "temporary_hold": false,
            "timeouts": null
          },
          "sensitive_attributes": [],
          "private": "eyJlMmJmYjczMC1lY2FhLTExZTYtOGY4OC0zNDM2M2JjN2M0YzAiOnsiY3JlYXRlIjoyNDAwMDAwMDAwMDAsImRlbGV0ZSI6MjQwMDAwMDAwMDAwLCJ1cGRhdGUiOjI0MDAwMDAwMDAwMH19",
          "dependencies": [
            "google_storage_bucket.bucket"
          ]
        },
        {
          "index_key": "tf-final/.terraform/providers/registry.terraform.io/hashicorp/null/3.2.1/linux_amd64/terraform-provider-null_v3.2.1_x5",
          "schema_version": 0,
          "attributes": {
            "bucket": "race-gce-files",
            "cache_control": "",
            "content": null,
            "content_disposition": "",
            "content_encoding": "",
            "content_language": "",
            "content_type": "application/octet-stream",
            "crc32c": "/HCUFQ==",
            "customer_encryption": [],
            "detect_md5hash": "nuhsNg948suaCOSJe7SluQ==",
            "event_based_hold": false,
            "id": "race-gce-files-tf-final/.terraform/providers/registry.terraform.io/hashicorp/null/3.2.1/linux_amd64/terraform-provider-null_v3.2.1_x5",
            "kms_key_name": "",
            "md5hash": "nuhsNg948suaCOSJe7SluQ==",
            "media_link": "https://storage.googleapis.com/download/storage/v1/b/race-gce-files/o/tf-final%2F.terraform%2Fproviders%2Fregistry.terraform.io%2Fhashicorp%2Fnull%2F3.2.1%2Flinux_amd64%2Fterraform-provider-null_v3.2.1_x5?generation=1699244971654661\u0026alt=media",
            "metadata": {},
            "name": "tf-final/.terraform/providers/registry.terraform.io/hashicorp/null/3.2.1/linux_amd64/terraform-provider-null_v3.2.1_x5",
            "output_name": "tf-final/.terraform/providers/registry.terraform.io/hashicorp/null/3.2.1/linux_amd64/terraform-provider-null_v3.2.1_x5",
            "self_link": "https://www.googleapis.com/storage/v1/b/race-gce-files/o/tf-final%2F.terraform%2Fproviders%2Fregistry.terraform.io%2Fhashicorp%2Fnull%2F3.2.1%2Flinux_amd64%2Fterraform-provider-null_v3.2.1_x5",
            "source": "../tf-final/.terraform/providers/registry.terraform.io/hashicorp/null/3.2.1/linux_amd64/terraform-provider-null_v3.2.1_x5",
            "storage_class": "STANDARD",
            "temporary_hold": false,
            "timeouts": null
          },
          "sensitive_attributes": [],
          "private": "eyJlMmJmYjczMC1lY2FhLTExZTYtOGY4OC0zNDM2M2JjN2M0YzAiOnsiY3JlYXRlIjoyNDAwMDAwMDAwMDAsImRlbGV0ZSI6MjQwMDAwMDAwMDAwLCJ1cGRhdGUiOjI0MDAwMDAwMDAwMH19",
          "dependencies": [
            "google_storage_bucket.bucket"
          ]
        },
        {
          "index_key": "tf-final/backend_instance_lb.tf",
          "schema_version": 0,
          "attributes": {
            "bucket": "race-gce-files",
            "cache_control": "",
            "content": null,
            "content_disposition": "",
            "content_encoding": "",
            "content_language": "",
            "content_type": "text/plain; charset=utf-8",
            "crc32c": "lEIgUA==",
            "customer_encryption": [],
            "detect_md5hash": "xn5HjrqdLJPCHSgV5/rnAw==",
            "event_based_hold": false,
            "id": "race-gce-files-tf-final/backend_instance_lb.tf",
            "kms_key_name": "",
            "md5hash": "xn5HjrqdLJPCHSgV5/rnAw==",
            "media_link": "https://storage.googleapis.com/download/storage/v1/b/race-gce-files/o/tf-final%2Fbackend_instance_lb.tf?generation=1699247652546907\u0026alt=media",
            "metadata": {},
            "name": "tf-final/backend_instance_lb.tf",
            "output_name": "tf-final/backend_instance_lb.tf",
            "self_link": "https://www.googleapis.com/storage/v1/b/race-gce-files/o/tf-final%2Fbackend_instance_lb.tf",
            "source": "../tf-final/backend_instance_lb.tf",
            "storage_class": "STANDARD",
            "temporary_hold": false,
            "timeouts": null
          },
          "sensitive_attributes": [],
          "private": "eyJlMmJmYjczMC1lY2FhLTExZTYtOGY4OC0zNDM2M2JjN2M0YzAiOnsiY3JlYXRlIjoyNDAwMDAwMDAwMDAsImRlbGV0ZSI6MjQwMDAwMDAwMDAwLCJ1cGRhdGUiOjI0MDAwMDAwMDAwMH19",
          "dependencies": [
            "google_storage_bucket.bucket"
          ]
        },
        {
          "index_key": "tf-final/cloud-sql-proxy",
          "schema_version": 0,
          "attributes": {
            "bucket": "race-gce-files",
            "cache_control": "",
            "content": null,
            "content_disposition": "",
            "content_encoding": "",
            "content_language": "",
            "content_type": "application/octet-stream",
            "crc32c": "s15SjQ==",
            "customer_encryption": [],
            "detect_md5hash": "Leg9O0pN0WA3Y/AnXIlTSA==",
            "event_based_hold": false,
            "id": "race-gce-files-tf-final/cloud-sql-proxy",
            "kms_key_name": "",
            "md5hash": "Leg9O0pN0WA3Y/AnXIlTSA==",
            "media_link": "https://storage.googleapis.com/download/storage/v1/b/race-gce-files/o/tf-final%2Fcloud-sql-proxy?generation=1699244976055159\u0026alt=media",
            "metadata": {},
            "name": "tf-final/cloud-sql-proxy",
            "output_name": "tf-final/cloud-sql-proxy",
            "self_link": "https://www.googleapis.com/storage/v1/b/race-gce-files/o/tf-final%2Fcloud-sql-proxy",
            "source": "../tf-final/cloud-sql-proxy",
            "storage_class": "STANDARD",
            "temporary_hold": false,
            "timeouts": null
          },
          "sensitive_attributes": [],
          "private": "eyJlMmJmYjczMC1lY2FhLTExZTYtOGY4OC0zNDM2M2JjN2M0YzAiOnsiY3JlYXRlIjoyNDAwMDAwMDAwMDAsImRlbGV0ZSI6MjQwMDAwMDAwMDAwLCJ1cGRhdGUiOjI0MDAwMDAwMDAwMH19",
          "dependencies": [
            "google_storage_bucket.bucket"
          ]
        },
        {
          "index_key": "tf-final/cloudsql.tf",
          "schema_version": 0,
          "attributes": {
            "bucket": "race-gce-files",
            "cache_control": "",
            "content": null,
            "content_disposition": "",
            "content_encoding": "",
            "content_language": "",
            "content_type": "text/plain; charset=utf-8",
            "crc32c": "UJHzzg==",
            "customer_encryption": [],
            "detect_md5hash": "CgOARBFiz3voCEHA1EKpVQ==",
            "event_based_hold": false,
            "id": "race-gce-files-tf-final/cloudsql.tf",
            "kms_key_name": "",
            "md5hash": "CgOARBFiz3voCEHA1EKpVQ==",
            "media_link": "https://storage.googleapis.com/download/storage/v1/b/race-gce-files/o/tf-final%2Fcloudsql.tf?generation=1699244962356202\u0026alt=media",
            "metadata": {},
            "name": "tf-final/cloudsql.tf",
            "output_name": "tf-final/cloudsql.tf",
            "self_link": "https://www.googleapis.com/storage/v1/b/race-gce-files/o/tf-final%2Fcloudsql.tf",
            "source": "../tf-final/cloudsql.tf",
            "storage_class": "STANDARD",
            "temporary_hold": false,
            "timeouts": null
          },
          "sensitive_attributes": [],
          "private": "eyJlMmJmYjczMC1lY2FhLTExZTYtOGY4OC0zNDM2M2JjN2M0YzAiOnsiY3JlYXRlIjoyNDAwMDAwMDAwMDAsImRlbGV0ZSI6MjQwMDAwMDAwMDAwLCJ1cGRhdGUiOjI0MDAwMDAwMDAwMH19",
          "dependencies": [
            "google_storage_bucket.bucket"
          ]
        },
        {
          "index_key": "tf-final/database.sql",
          "schema_version": 0,
          "attributes": {
            "bucket": "race-gce-files",
            "cache_control": "",
            "content": null,
            "content_disposition": "",
            "content_encoding": "",
            "content_language": "",
            "content_type": "text/plain; charset=utf-8",
            "crc32c": "F/S/8g==",
            "customer_encryption": [],
            "detect_md5hash": "pzY+rmoTstYEHRy1tkQzbw==",
            "event_based_hold": false,
            "id": "race-gce-files-tf-final/database.sql",
            "kms_key_name": "",
            "md5hash": "pzY+rmoTstYEHRy1tkQzbw==",
            "media_link": "https://storage.googleapis.com/download/storage/v1/b/race-gce-files/o/tf-final%2Fdatabase.sql?generation=1699244952855304\u0026alt=media",
            "metadata": {},
            "name": "tf-final/database.sql",
            "output_name": "tf-final/database.sql",
            "self_link": "https://www.googleapis.com/storage/v1/b/race-gce-files/o/tf-final%2Fdatabase.sql",
            "source": "../tf-final/database.sql",
            "storage_class": "STANDARD",
            "temporary_hold": false,
            "timeouts": null
          },
          "sensitive_attributes": [],
          "private": "eyJlMmJmYjczMC1lY2FhLTExZTYtOGY4OC0zNDM2M2JjN2M0YzAiOnsiY3JlYXRlIjoyNDAwMDAwMDAwMDAsImRlbGV0ZSI6MjQwMDAwMDAwMDAwLCJ1cGRhdGUiOjI0MDAwMDAwMDAwMH19",
          "dependencies": [
            "google_storage_bucket.bucket"
          ]
        },
        {
          "index_key": "tf-final/firewall-rules.tf",
          "schema_version": 0,
          "attributes": {
            "bucket": "race-gce-files",
            "cache_control": "",
            "content": null,
            "content_disposition": "",
            "content_encoding": "",
            "content_language": "",
            "content_type": "text/plain; charset=utf-8",
            "crc32c": "i8Ea0Q==",
            "customer_encryption": [],
            "detect_md5hash": "0j4iYZk6mhWQf2nrfafLQg==",
            "event_based_hold": false,
            "id": "race-gce-files-tf-final/firewall-rules.tf",
            "kms_key_name": "",
            "md5hash": "0j4iYZk6mhWQf2nrfafLQg==",
            "media_link": "https://storage.googleapis.com/download/storage/v1/b/race-gce-files/o/tf-final%2Ffirewall-rules.tf?generation=1699244953456003\u0026alt=media",
            "metadata": {},
            "name": "tf-final/firewall-rules.tf",
            "output_name": "tf-final/firewall-rules.tf",
            "self_link": "https://www.googleapis.com/storage/v1/b/race-gce-files/o/tf-final%2Ffirewall-rules.tf",
            "source": "../tf-final/firewall-rules.tf",
            "storage_class": "STANDARD",
            "temporary_hold": false,
            "timeouts": null
          },
          "sensitive_attributes": [],
          "private": "eyJlMmJmYjczMC1lY2FhLTExZTYtOGY4OC0zNDM2M2JjN2M0YzAiOnsiY3JlYXRlIjoyNDAwMDAwMDAwMDAsImRlbGV0ZSI6MjQwMDAwMDAwMDAwLCJ1cGRhdGUiOjI0MDAwMDAwMDAwMH19",
          "dependencies": [
            "google_storage_bucket.bucket"
          ]
        },
        {
          "index_key": "tf-final/frontend_instance_lb.tf",
          "schema_version": 0,
          "attributes": {
            "bucket": "race-gce-files",
            "cache_control": "",
            "content": null,
            "content_disposition": "",
            "content_encoding": "",
            "content_language": "",
            "content_type": "text/plain; charset=utf-8",
            "crc32c": "kHFMKw==",
            "customer_encryption": [],
            "detect_md5hash": "OUb/PVB80+sy0xiBtGbseQ==",
            "event_based_hold": false,
            "id": "race-gce-files-tf-final/frontend_instance_lb.tf",
            "kms_key_name": "",
            "md5hash": "OUb/PVB80+sy0xiBtGbseQ==",
            "media_link": "https://storage.googleapis.com/download/storage/v1/b/race-gce-files/o/tf-final%2Ffrontend_instance_lb.tf?generation=1699247652475346\u0026alt=media",
            "metadata": {},
            "name": "tf-final/frontend_instance_lb.tf",
            "output_name": "tf-final/frontend_instance_lb.tf",
            "self_link": "https://www.googleapis.com/storage/v1/b/race-gce-files/o/tf-final%2Ffrontend_instance_lb.tf",
            "source": "../tf-final/frontend_instance_lb.tf",
            "storage_class": "STANDARD",
            "temporary_hold": false,
            "timeouts": null
          },
          "sensitive_attributes": [],
          "private": "eyJlMmJmYjczMC1lY2FhLTExZTYtOGY4OC0zNDM2M2JjN2M0YzAiOnsiY3JlYXRlIjoyNDAwMDAwMDAwMDAsImRlbGV0ZSI6MjQwMDAwMDAwMDAwLCJ1cGRhdGUiOjI0MDAwMDAwMDAwMH19",
          "dependencies": [
            "google_storage_bucket.bucket"
          ]
        },
        {
          "index_key": "tf-final/instance_templates.tf",
          "schema_version": 0,
          "attributes": {
            "bucket": "race-gce-files",
            "cache_control": "",
            "content": null,
            "content_disposition": "",
            "content_encoding": "",
            "content_language": "",
            "content_type": "text/plain; charset=utf-8",
            "crc32c": "6tz7Kw==",
            "customer_encryption": [],
            "detect_md5hash": "828aXn7CkY2mg1tdWiVj7A==",
            "event_based_hold": false,
            "id": "race-gce-files-tf-final/instance_templates.tf",
            "kms_key_name": "",
            "md5hash": "828aXn7CkY2mg1tdWiVj7A==",
            "media_link": "https://storage.googleapis.com/download/storage/v1/b/race-gce-files/o/tf-final%2Finstance_templates.tf?generation=1699247651977512\u0026alt=media",
            "metadata": {},
            "name": "tf-final/instance_templates.tf",
            "output_name": "tf-final/instance_templates.tf",
            "self_link": "https://www.googleapis.com/storage/v1/b/race-gce-files/o/tf-final%2Finstance_templates.tf",
            "source": "../tf-final/instance_templates.tf",
            "storage_class": "STANDARD",
            "temporary_hold": false,
            "timeouts": null
          },
          "sensitive_attributes": [],
          "private": "eyJlMmJmYjczMC1lY2FhLTExZTYtOGY4OC0zNDM2M2JjN2M0YzAiOnsiY3JlYXRlIjoyNDAwMDAwMDAwMDAsImRlbGV0ZSI6MjQwMDAwMDAwMDAwLCJ1cGRhdGUiOjI0MDAwMDAwMDAwMH19",
          "dependencies": [
            "google_storage_bucket.bucket"
          ]
        },
        {
          "index_key": "tf-final/nat.tf",
          "schema_version": 0,
          "attributes": {
            "bucket": "race-gce-files",
            "cache_control": "",
            "content": null,
            "content_disposition": "",
            "content_encoding": "",
            "content_language": "",
            "content_type": "text/plain; charset=utf-8",
            "crc32c": "w/+56g==",
            "customer_encryption": [],
            "detect_md5hash": "9bBd4XtzeYBNOBamJD3v7g==",
            "event_based_hold": false,
            "id": "race-gce-files-tf-final/nat.tf",
            "kms_key_name": "",
            "md5hash": "9bBd4XtzeYBNOBamJD3v7g==",
            "media_link": "https://storage.googleapis.com/download/storage/v1/b/race-gce-files/o/tf-final%2Fnat.tf?generation=1699244959550123\u0026alt=media",
            "metadata": {},
            "name": "tf-final/nat.tf",
            "output_name": "tf-final/nat.tf",
            "self_link": "https://www.googleapis.com/storage/v1/b/race-gce-files/o/tf-final%2Fnat.tf",
            "source": "../tf-final/nat.tf",
            "storage_class": "STANDARD",
            "temporary_hold": false,
            "timeouts": null
          },
          "sensitive_attributes": [],
          "private": "eyJlMmJmYjczMC1lY2FhLTExZTYtOGY4OC0zNDM2M2JjN2M0YzAiOnsiY3JlYXRlIjoyNDAwMDAwMDAwMDAsImRlbGV0ZSI6MjQwMDAwMDAwMDAwLCJ1cGRhdGUiOjI0MDAwMDAwMDAwMH19",
          "dependencies": [
            "google_storage_bucket.bucket"
          ]
        },
        {
          "index_key": "tf-final/output.txt",
          "schema_version": 0,
          "attributes": {
            "bucket": "race-gce-files",
            "cache_control": "",
            "content": null,
            "content_disposition": "",
            "content_encoding": "",
            "content_language": "",
            "content_type": "text/plain; charset=utf-8",
            "crc32c": "TFAsRQ==",
            "customer_encryption": [],
            "detect_md5hash": "6d/crgOGfTTCEVsV7OPffQ==",
            "event_based_hold": false,
            "id": "race-gce-files-tf-final/output.txt",
            "kms_key_name": "",
            "md5hash": "6d/crgOGfTTCEVsV7OPffQ==",
            "media_link": "https://storage.googleapis.com/download/storage/v1/b/race-gce-files/o/tf-final%2Foutput.txt?generation=1699247652347794\u0026alt=media",
            "metadata": {},
            "name": "tf-final/output.txt",
            "output_name": "tf-final/output.txt",
            "self_link": "https://www.googleapis.com/storage/v1/b/race-gce-files/o/tf-final%2Foutput.txt",
            "source": "../tf-final/output.txt",
            "storage_class": "STANDARD",
            "temporary_hold": false,
            "timeouts": null
          },
          "sensitive_attributes": [],
          "private": "eyJlMmJmYjczMC1lY2FhLTExZTYtOGY4OC0zNDM2M2JjN2M0YzAiOnsiY3JlYXRlIjoyNDAwMDAwMDAwMDAsImRlbGV0ZSI6MjQwMDAwMDAwMDAwLCJ1cGRhdGUiOjI0MDAwMDAwMDAwMH19",
          "dependencies": [
            "google_storage_bucket.bucket"
          ]
        },
        {
          "index_key": "tf-final/provider.tf",
          "schema_version": 0,
          "attributes": {
            "bucket": "race-gce-files",
            "cache_control": "",
            "content": null,
            "content_disposition": "",
            "content_encoding": "",
            "content_language": "",
            "content_type": "text/plain; charset=utf-8",
            "crc32c": "WOKaRQ==",
            "customer_encryption": [],
            "detect_md5hash": "9CiVsmvBZUqikKhJeDDc5g==",
            "event_based_hold": false,
            "id": "race-gce-files-tf-final/provider.tf",
            "kms_key_name": "",
            "md5hash": "9CiVsmvBZUqikKhJeDDc5g==",
            "media_link": "https://storage.googleapis.com/download/storage/v1/b/race-gce-files/o/tf-final%2Fprovider.tf?generation=1699244954757855\u0026alt=media",
            "metadata": {},
            "name": "tf-final/provider.tf",
            "output_name": "tf-final/provider.tf",
            "self_link": "https://www.googleapis.com/storage/v1/b/race-gce-files/o/tf-final%2Fprovider.tf",
            "source": "../tf-final/provider.tf",
            "storage_class": "STANDARD",
            "temporary_hold": false,
            "timeouts": null
          },
          "sensitive_attributes": [],
          "private": "eyJlMmJmYjczMC1lY2FhLTExZTYtOGY4OC0zNDM2M2JjN2M0YzAiOnsiY3JlYXRlIjoyNDAwMDAwMDAwMDAsImRlbGV0ZSI6MjQwMDAwMDAwMDAwLCJ1cGRhdGUiOjI0MDAwMDAwMDAwMH19",
          "dependencies": [
            "google_storage_bucket.bucket"
          ]
        },
        {
          "index_key": "tf-final/storage_bucket.tf",
          "schema_version": 0,
          "attributes": {
            "bucket": "race-gce-files",
            "cache_control": "",
            "content": null,
            "content_disposition": "",
            "content_encoding": "",
            "content_language": "",
            "content_type": "text/plain; charset=utf-8",
            "crc32c": "7w0kRg==",
            "customer_encryption": [],
            "detect_md5hash": "AE0fF/Q4wBA+QTveeiBF5w==",
            "event_based_hold": false,
            "id": "race-gce-files-tf-final/storage_bucket.tf",
            "kms_key_name": "",
            "md5hash": "AE0fF/Q4wBA+QTveeiBF5w==",
            "media_link": "https://storage.googleapis.com/download/storage/v1/b/race-gce-files/o/tf-final%2Fstorage_bucket.tf?generation=1699247652544209\u0026alt=media",
            "metadata": {},
            "name": "tf-final/storage_bucket.tf",
            "output_name": "tf-final/storage_bucket.tf",
            "self_link": "https://www.googleapis.com/storage/v1/b/race-gce-files/o/tf-final%2Fstorage_bucket.tf",
            "source": "../tf-final/storage_bucket.tf",
            "storage_class": "STANDARD",
            "temporary_hold": false,
            "timeouts": null
          },
          "sensitive_attributes": [],
          "private": "eyJlMmJmYjczMC1lY2FhLTExZTYtOGY4OC0zNDM2M2JjN2M0YzAiOnsiY3JlYXRlIjoyNDAwMDAwMDAwMDAsImRlbGV0ZSI6MjQwMDAwMDAwMDAwLCJ1cGRhdGUiOjI0MDAwMDAwMDAwMH19",
          "dependencies": [
            "google_storage_bucket.bucket"
          ]
        },
        {
          "index_key": "tf-final/terraform.tfstate",
          "schema_version": 0,
          "attributes": {
            "bucket": "race-gce-files",
            "cache_control": "",
            "content": null,
            "content_disposition": "",
            "content_encoding": "",
            "content_language": "",
            "content_type": "text/plain; charset=utf-8",
            "crc32c": "LobV5Q==",
            "customer_encryption": [],
            "detect_md5hash": "uYt/zFrDLgrzzvGivW0kCg==",
            "event_based_hold": false,
            "id": "race-gce-files-tf-final/terraform.tfstate",
            "kms_key_name": "",
            "md5hash": "uYt/zFrDLgrzzvGivW0kCg==",
            "media_link": "https://storage.googleapis.com/download/storage/v1/b/race-gce-files/o/tf-final%2Fterraform.tfstate?generation=1699247652445963\u0026alt=media",
            "metadata": {},
            "name": "tf-final/terraform.tfstate",
            "output_name": "tf-final/terraform.tfstate",
            "self_link": "https://www.googleapis.com/storage/v1/b/race-gce-files/o/tf-final%2Fterraform.tfstate",
            "source": "../tf-final/terraform.tfstate",
            "storage_class": "STANDARD",
            "temporary_hold": false,
            "timeouts": null
          },
          "sensitive_attributes": [],
          "private": "eyJlMmJmYjczMC1lY2FhLTExZTYtOGY4OC0zNDM2M2JjN2M0YzAiOnsiY3JlYXRlIjoyNDAwMDAwMDAwMDAsImRlbGV0ZSI6MjQwMDAwMDAwMDAwLCJ1cGRhdGUiOjI0MDAwMDAwMDAwMH19",
          "dependencies": [
            "google_storage_bucket.bucket"
          ]
        },
        {
          "index_key": "tf-final/terraform.tfstate.backup",
          "schema_version": 0,
          "attributes": {
            "bucket": "race-gce-files",
            "cache_control": "",
            "content": null,
            "content_disposition": "",
            "content_encoding": "",
            "content_language": "",
            "content_type": "text/plain; charset=utf-8",
            "crc32c": "/Nol9Q==",
            "customer_encryption": [],
            "detect_md5hash": "JTtBDldvvz/oGQWI9Tp0og==",
            "event_based_hold": false,
            "id": "race-gce-files-tf-final/terraform.tfstate.backup",
            "kms_key_name": "",
            "md5hash": "JTtBDldvvz/oGQWI9Tp0og==",
            "media_link": "https://storage.googleapis.com/download/storage/v1/b/race-gce-files/o/tf-final%2Fterraform.tfstate.backup?generation=1699247652298879\u0026alt=media",
            "metadata": {},
            "name": "tf-final/terraform.tfstate.backup",
            "output_name": "tf-final/terraform.tfstate.backup",
            "self_link": "https://www.googleapis.com/storage/v1/b/race-gce-files/o/tf-final%2Fterraform.tfstate.backup",
            "source": "../tf-final/terraform.tfstate.backup",
            "storage_class": "STANDARD",
            "temporary_hold": false,
            "timeouts": null
          },
          "sensitive_attributes": [],
          "private": "eyJlMmJmYjczMC1lY2FhLTExZTYtOGY4OC0zNDM2M2JjN2M0YzAiOnsiY3JlYXRlIjoyNDAwMDAwMDAwMDAsImRlbGV0ZSI6MjQwMDAwMDAwMDAwLCJ1cGRhdGUiOjI0MDAwMDAwMDAwMH19",
          "dependencies": [
            "google_storage_bucket.bucket"
          ]
        },
        {
          "index_key": "tf-final/variables.tf",
          "schema_version": 0,
          "attributes": {
            "bucket": "race-gce-files",
            "cache_control": "",
            "content": null,
            "content_disposition": "",
            "content_encoding": "",
            "content_language": "",
            "content_type": "text/plain; charset=utf-8",
            "crc32c": "1IjYIQ==",
            "customer_encryption": [],
            "detect_md5hash": "Y3G9EUQbJU+xfvxKmKj+tg==",
            "event_based_hold": false,
            "id": "race-gce-files-tf-final/variables.tf",
            "kms_key_name": "",
            "md5hash": "Y3G9EUQbJU+xfvxKmKj+tg==",
            "media_link": "https://storage.googleapis.com/download/storage/v1/b/race-gce-files/o/tf-final%2Fvariables.tf?generation=1699247651816302\u0026alt=media",
            "metadata": {},
            "name": "tf-final/variables.tf",
            "output_name": "tf-final/variables.tf",
            "self_link": "https://www.googleapis.com/storage/v1/b/race-gce-files/o/tf-final%2Fvariables.tf",
            "source": "../tf-final/variables.tf",
            "storage_class": "STANDARD",
            "temporary_hold": false,
            "timeouts": null
          },
          "sensitive_attributes": [],
          "private": "eyJlMmJmYjczMC1lY2FhLTExZTYtOGY4OC0zNDM2M2JjN2M0YzAiOnsiY3JlYXRlIjoyNDAwMDAwMDAwMDAsImRlbGV0ZSI6MjQwMDAwMDAwMDAwLCJ1cGRhdGUiOjI0MDAwMDAwMDAwMH19",
          "dependencies": [
            "google_storage_bucket.bucket"
          ]
        },
        {
          "index_key": "tf-final/vars.auto.tfvars",
          "schema_version": 0,
          "attributes": {
            "bucket": "race-gce-files",
            "cache_control": "",
            "content": null,
            "content_disposition": "",
            "content_encoding": "",
            "content_language": "",
            "content_type": "text/plain; charset=utf-8",
            "crc32c": "upu01Q==",
            "customer_encryption": [],
            "detect_md5hash": "iYMWKrpCBAf83ahNZx/e5Q==",
            "event_based_hold": false,
            "id": "race-gce-files-tf-final/vars.auto.tfvars",
            "kms_key_name": "",
            "md5hash": "iYMWKrpCBAf83ahNZx/e5Q==",
            "media_link": "https://storage.googleapis.com/download/storage/v1/b/race-gce-files/o/tf-final%2Fvars.auto.tfvars?generation=1699247652702024\u0026alt=media",
            "metadata": {},
            "name": "tf-final/vars.auto.tfvars",
            "output_name": "tf-final/vars.auto.tfvars",
            "self_link": "https://www.googleapis.com/storage/v1/b/race-gce-files/o/tf-final%2Fvars.auto.tfvars",
            "source": "../tf-final/vars.auto.tfvars",
            "storage_class": "STANDARD",
            "temporary_hold": false,
            "timeouts": null
          },
          "sensitive_attributes": [],
          "private": "eyJlMmJmYjczMC1lY2FhLTExZTYtOGY4OC0zNDM2M2JjN2M0YzAiOnsiY3JlYXRlIjoyNDAwMDAwMDAwMDAsImRlbGV0ZSI6MjQwMDAwMDAwMDAwLCJ1cGRhdGUiOjI0MDAwMDAwMDAwMH19",
          "dependencies": [
            "google_storage_bucket.bucket"
          ]
        },
        {
          "index_key": "tf-final/vpc.tf",
          "schema_version": 0,
          "attributes": {
            "bucket": "race-gce-files",
            "cache_control": "",
            "content": null,
            "content_disposition": "",
            "content_encoding": "",
            "content_language": "",
            "content_type": "text/plain; charset=utf-8",
            "crc32c": "2qZB1A==",
            "customer_encryption": [],
            "detect_md5hash": "KxROZ4+b0fW6Q+RYhN7SNg==",
            "event_based_hold": false,
            "id": "race-gce-files-tf-final/vpc.tf",
            "kms_key_name": "",
            "md5hash": "KxROZ4+b0fW6Q+RYhN7SNg==",
            "media_link": "https://storage.googleapis.com/download/storage/v1/b/race-gce-files/o/tf-final%2Fvpc.tf?generation=1699244956855571\u0026alt=media",
            "metadata": {},
            "name": "tf-final/vpc.tf",
            "output_name": "tf-final/vpc.tf",
            "self_link": "https://www.googleapis.com/storage/v1/b/race-gce-files/o/tf-final%2Fvpc.tf",
            "source": "../tf-final/vpc.tf",
            "storage_class": "STANDARD",
            "temporary_hold": false,
            "timeouts": null
          },
          "sensitive_attributes": [],
          "private": "eyJlMmJmYjczMC1lY2FhLTExZTYtOGY4OC0zNDM2M2JjN2M0YzAiOnsiY3JlYXRlIjoyNDAwMDAwMDAwMDAsImRlbGV0ZSI6MjQwMDAwMDAwMDAwLCJ1cGRhdGUiOjI0MDAwMDAwMDAwMH19",
          "dependencies": [
            "google_storage_bucket.bucket"
          ]
        }
      ]
    },
    {
      "mode": "managed",
      "type": "null_resource",
      "name": "replace_storage_bucket_name",
      "provider": "provider[\"registry.terraform.io/hashicorp/null\"]",
      "instances": [
        {
          "schema_version": 0,
          "attributes": {
            "id": "160547852569813916",
            "triggers": {
              "bucket_name": "race-gce-files"
            }
          },
          "sensitive_attributes": []
        }
      ]
    }
  ],
  "check_results": null
}
